{
  "version": 4,
  "terraform_version": "1.3.2",
  "serial": 0,
  "lineage": "1c3dc9aa-b099-ea78-cd80-f01590ffab42",
  "outputs": {
    "dmz_subnets": {
      "value": {
        "LZdemo-Hub-vcn-Firewall-subnet": {
          "cidr_block": "10.0.0.0/25",
          "dns_label": "firewall",
          "id": "ocid1.subnet.oc1.eu-paris-1.aaaaaaaajii3madnca2mrw43yupqmvmzoeqnlfekbg2etr5ot572vjwm365q",
          "private": false,
          "vcn_id": "ocid1.vcn.oc1.eu-paris-1.amaaaaaa6aytp6aa5knogs5dcrepiphvj5uta5nktl2frbaj7ztqqgzwd3pa"
        },
        "LZdemo-Hub-vcn-PublicLB-subnet": {
          "cidr_block": "10.0.0.128/25",
          "dns_label": "publiclb",
          "id": "ocid1.subnet.oc1.eu-paris-1.aaaaaaaaqgf6ue4nhf3f4iss4ycogkhmgm2y3ijv24d3xfjml2lg5u7yo6ja",
          "private": true,
          "vcn_id": "ocid1.vcn.oc1.eu-paris-1.amaaaaaa6aytp6aa5knogs5dcrepiphvj5uta5nktl2frbaj7ztqqgzwd3pa"
        }
      },
      "type": [
        "object",
        {
          "LZdemo-Hub-vcn-Firewall-subnet": [
            "object",
            {
              "cidr_block": "string",
              "dns_label": "string",
              "id": "string",
              "private": "bool",
              "vcn_id": "string"
            }
          ],
          "LZdemo-Hub-vcn-PublicLB-subnet": [
            "object",
            {
              "cidr_block": "string",
              "dns_label": "string",
              "id": "string",
              "private": "bool",
              "vcn_id": "string"
            }
          ]
        }
      ]
    },
    "dmz_vcn": {
      "value": {
        "LZdemo-Hub-vcn": {
          "cidr_block": "10.0.0.0/24",
          "dns_label": "hub",
          "id": "ocid1.vcn.oc1.eu-paris-1.amaaaaaa6aytp6aa5knogs5dcrepiphvj5uta5nktl2frbaj7ztqqgzwd3pa"
        }
      },
      "type": [
        "object",
        {
          "LZdemo-Hub-vcn": [
            "object",
            {
              "cidr_block": "string",
              "dns_label": "string",
              "id": "string"
            }
          ]
        }
      ]
    },
    "drg": {
      "value": {
        "id": "ocid1.drg.oc1.eu-paris-1.aaaaaaaaoa5f4qhi3pgl4jybmvr2i57p6ae6usao6jvt5khdd3seyvsbvrmq",
        "name": "LZdemo-drg",
        "parent_id": "ocid1.compartment.oc1..aaaaaaaarcnomheb6ckz3wxjsdweboj7vreg2kx725ltq4ng3qohyfrupgxa",
        "time_created": "2024-05-22 14:27:20.904 +0000 UTC"
      },
      "type": [
        "object",
        {
          "id": "string",
          "name": "string",
          "parent_id": "string",
          "time_created": "string"
        }
      ]
    },
    "lz-compartments": {
      "value": {
        "LZdemo-devops-nprod-cmp": {
          "id": "ocid1.compartment.oc1..aaaaaaaazxskkhfpbjhfx25ude2qb7uqquuhz4vpo2ffzciyfo6qx2aczglq",
          "name": "LandingZoneComp",
          "parent_id": "ocid1.tenancy.oc1..aaaaaaaaybaroxvhi6u2kygooe3qswfhxfc6q7jo3gyh26r27pl7lfwriq2a",
          "time_created": "2023-10-16 14:01:50.296 +0000 UTC"
        },
        "LZdemo-devops-prod-cmp": {
          "id": "ocid1.compartment.oc1..aaaaaaaazxskkhfpbjhfx25ude2qb7uqquuhz4vpo2ffzciyfo6qx2aczglq",
          "name": "LandingZoneComp",
          "parent_id": "ocid1.tenancy.oc1..aaaaaaaaybaroxvhi6u2kygooe3qswfhxfc6q7jo3gyh26r27pl7lfwriq2a",
          "time_created": "2023-10-16 14:01:50.296 +0000 UTC"
        },
        "LZdemo-network-cmp": {
          "id": "ocid1.compartment.oc1..aaaaaaaazxskkhfpbjhfx25ude2qb7uqquuhz4vpo2ffzciyfo6qx2aczglq",
          "name": "LandingZoneComp",
          "parent_id": "ocid1.tenancy.oc1..aaaaaaaaybaroxvhi6u2kygooe3qswfhxfc6q7jo3gyh26r27pl7lfwriq2a",
          "time_created": "2023-10-16 14:01:50.296 +0000 UTC"
        },
        "LZdemo-nprod-cmp": {
          "id": "ocid1.compartment.oc1..aaaaaaaazxskkhfpbjhfx25ude2qb7uqquuhz4vpo2ffzciyfo6qx2aczglq",
          "name": "LandingZoneComp",
          "parent_id": "ocid1.tenancy.oc1..aaaaaaaaybaroxvhi6u2kygooe3qswfhxfc6q7jo3gyh26r27pl7lfwriq2a",
          "time_created": "2023-10-16 14:01:50.296 +0000 UTC"
        },
        "LZdemo-prod-cmp": {
          "id": "ocid1.compartment.oc1..aaaaaaaazxskkhfpbjhfx25ude2qb7uqquuhz4vpo2ffzciyfo6qx2aczglq",
          "name": "LandingZoneComp",
          "parent_id": "ocid1.tenancy.oc1..aaaaaaaaybaroxvhi6u2kygooe3qswfhxfc6q7jo3gyh26r27pl7lfwriq2a",
          "time_created": "2023-10-16 14:01:50.296 +0000 UTC"
        }
      },
      "type": [
        "object",
        {
          "LZdemo-devops-nprod-cmp": [
            "object",
            {
              "id": "string",
              "name": "string",
              "parent_id": "string",
              "time_created": "string"
            }
          ],
          "LZdemo-devops-prod-cmp": [
            "object",
            {
              "id": "string",
              "name": "string",
              "parent_id": "string",
              "time_created": "string"
            }
          ],
          "LZdemo-network-cmp": [
            "object",
            {
              "id": "string",
              "name": "string",
              "parent_id": "string",
              "time_created": "string"
            }
          ],
          "LZdemo-nprod-cmp": [
            "object",
            {
              "id": "string",
              "name": "string",
              "parent_id": "string",
              "time_created": "string"
            }
          ],
          "LZdemo-prod-cmp": [
            "object",
            {
              "id": "string",
              "name": "string",
              "parent_id": "string",
              "time_created": "string"
            }
          ]
        }
      ]
    },
    "lz_exacs_vcns": {
      "value": {
        "all_services": {
          "filter": null,
          "id": "CoreServicesDataSource-0",
          "services": [
            {
              "cidr_block": "all-cdg-services-in-oracle-services-network",
              "description": "All CDG Services In Oracle Services Network",
              "id": "ocid1.service.oc1.eu-paris-1.aaaaaaaafwyotwbtosc3eimj7ibd6vku4gefufvbradnhdv6vukydma4ainq",
              "name": "All CDG Services In Oracle Services Network"
            },
            {
              "cidr_block": "oci-cdg-objectstorage",
              "description": "OCI CDG Object Storage",
              "id": "ocid1.service.oc1.eu-paris-1.aaaaaaaak2id5zido6sf6rd75pfipcj2l7x6v3gtxpmu4rpdhcrzucal6sga",
              "name": "OCI CDG Object Storage"
            }
          ]
        },
        "internet_gateways": {},
        "nat_gateways": {},
        "security_lists": {},
        "service_gateways": {},
        "subnets": {},
        "vcns": {}
      },
      "type": [
        "object",
        {
          "all_services": [
            "object",
            {
              "filter": [
                "set",
                [
                  "object",
                  {
                    "name": "string",
                    "regex": "bool",
                    "values": [
                      "list",
                      "string"
                    ]
                  }
                ]
              ],
              "id": "string",
              "services": [
                "list",
                [
                  "object",
                  {
                    "cidr_block": "string",
                    "description": "string",
                    "id": "string",
                    "name": "string"
                  }
                ]
              ]
            }
          ],
          "internet_gateways": [
            "object",
            {}
          ],
          "nat_gateways": [
            "object",
            {}
          ],
          "security_lists": [
            "object",
            {}
          ],
          "service_gateways": [
            "object",
            {}
          ],
          "subnets": [
            "object",
            {}
          ],
          "vcns": [
            "object",
            {}
          ]
        }
      ]
    },
    "lz_vcn_dmz": {
      "value": {
        "all_services": {
          "filter": null,
          "id": "CoreServicesDataSource-0",
          "services": [
            {
              "cidr_block": "all-cdg-services-in-oracle-services-network",
              "description": "All CDG Services In Oracle Services Network",
              "id": "ocid1.service.oc1.eu-paris-1.aaaaaaaafwyotwbtosc3eimj7ibd6vku4gefufvbradnhdv6vukydma4ainq",
              "name": "All CDG Services In Oracle Services Network"
            },
            {
              "cidr_block": "oci-cdg-objectstorage",
              "description": "OCI CDG Object Storage",
              "id": "ocid1.service.oc1.eu-paris-1.aaaaaaaak2id5zido6sf6rd75pfipcj2l7x6v3gtxpmu4rpdhcrzucal6sga",
              "name": "OCI CDG Object Storage"
            }
          ]
        },
        "internet_gateways": {
          "ocid1.vcn.oc1.eu-paris-1.amaaaaaa6aytp6aa5knogs5dcrepiphvj5uta5nktl2frbaj7ztqqgzwd3pa": {
            "compartment_id": "ocid1.compartment.oc1..aaaaaaaarcnomheb6ckz3wxjsdweboj7vreg2kx725ltq4ng3qohyfrupgxa",
            "defined_tags": {
              "Oracle-Tags.CreatedBy": "default/mohamed.youssef.fersi@looyas.com",
              "Oracle-Tags.CreatedOn": "2024-05-22T14:27:39.214Z"
            },
            "display_name": "LZdemo-Hub-vcn-igw",
            "enabled": true,
            "freeform_tags": {
              "cis-landing-zone": "LZdemo-quickstart"
            },
            "id": "ocid1.internetgateway.oc1.eu-paris-1.aaaaaaaadkkonzxblb7yqwz3m2g5vcwjfcxgilcgmfzadg4yivcaxejtce4q",
            "route_table_id": null,
            "state": "AVAILABLE",
            "time_created": "2024-05-22 14:27:39.253 +0000 UTC",
            "timeouts": null,
            "vcn_id": "ocid1.vcn.oc1.eu-paris-1.amaaaaaa6aytp6aa5knogs5dcrepiphvj5uta5nktl2frbaj7ztqqgzwd3pa"
          }
        },
        "nat_gateways": {
          "ocid1.vcn.oc1.eu-paris-1.amaaaaaa6aytp6aa5knogs5dcrepiphvj5uta5nktl2frbaj7ztqqgzwd3pa": {
            "block_traffic": false,
            "compartment_id": "ocid1.compartment.oc1..aaaaaaaarcnomheb6ckz3wxjsdweboj7vreg2kx725ltq4ng3qohyfrupgxa",
            "defined_tags": {
              "Oracle-Tags.CreatedBy": "default/mohamed.youssef.fersi@looyas.com",
              "Oracle-Tags.CreatedOn": "2024-05-22T14:27:39.148Z"
            },
            "display_name": "LZdemo-Hub-vcn-natgw",
            "freeform_tags": {
              "cis-landing-zone": "LZdemo-quickstart"
            },
            "id": "ocid1.natgateway.oc1.eu-paris-1.aaaaaaaahidpylnvk6aykb2vmlnwfynwspkfifixpwjrg4z2o7fdryqg3c4a",
            "nat_ip": "89.168.47.230",
            "public_ip_id": "ocid1.publicip.oc1.eu-paris-1.aaaaaaaactmmyddcbeth6wxdav76cgka7cr3e2q37wrl5opleu5fy4qpv74a",
            "route_table_id": null,
            "state": "AVAILABLE",
            "time_created": "2024-05-22 14:27:39.324 +0000 UTC",
            "timeouts": null,
            "vcn_id": "ocid1.vcn.oc1.eu-paris-1.amaaaaaa6aytp6aa5knogs5dcrepiphvj5uta5nktl2frbaj7ztqqgzwd3pa"
          }
        },
        "security_lists": {
          "LZdemo-Hub-vcn-Firewall-subnet-security-list": {
            "compartment_id": "ocid1.compartment.oc1..aaaaaaaarcnomheb6ckz3wxjsdweboj7vreg2kx725ltq4ng3qohyfrupgxa",
            "defined_tags": {
              "Oracle-Tags.CreatedBy": "default/mohamed.youssef.fersi@looyas.com",
              "Oracle-Tags.CreatedOn": "2024-05-22T14:27:39.182Z"
            },
            "display_name": "LZdemo-Hub-vcn-Firewall-subnet-security-list",
            "egress_security_rules": [],
            "freeform_tags": {
              "cis-landing-zone": "LZdemo-quickstart"
            },
            "id": "ocid1.securitylist.oc1.eu-paris-1.aaaaaaaajszikgf7poyre73f4dval6vsn4z7bnk4qcnr7kczvcsyh6bip5nq",
            "ingress_security_rules": [
              {
                "description": "Allow ICMP traffic for 3 Destination Unreachable",
                "icmp_options": [
                  {
                    "code": -1,
                    "type": 3
                  }
                ],
                "protocol": "1",
                "source": "10.0.0.0/24",
                "source_type": "CIDR_BLOCK",
                "stateless": false,
                "tcp_options": [],
                "udp_options": []
              },
              {
                "description": "Allow ICMP traffic for 3,4 Destination Unreachable: Fragmentation Needed and Don't Fragment was Set",
                "icmp_options": [
                  {
                    "code": 4,
                    "type": 3
                  }
                ],
                "protocol": "1",
                "source": "0.0.0.0/0",
                "source_type": "CIDR_BLOCK",
                "stateless": false,
                "tcp_options": [],
                "udp_options": []
              },
              {
                "description": "Allow ICMP traffic for 8 Echo",
                "icmp_options": [
                  {
                    "code": -1,
                    "type": 8
                  }
                ],
                "protocol": "1",
                "source": "10.0.0.0/8",
                "source_type": "CIDR_BLOCK",
                "stateless": false,
                "tcp_options": [],
                "udp_options": []
              },
              {
                "description": "Allow SSH traffic from anywhere",
                "icmp_options": [],
                "protocol": "6",
                "source": "0.0.0.0/0",
                "source_type": "CIDR_BLOCK",
                "stateless": false,
                "tcp_options": [
                  {
                    "max": 22,
                    "min": 22,
                    "source_port_range": []
                  }
                ],
                "udp_options": []
              }
            ],
            "state": "AVAILABLE",
            "time_created": "2024-05-22 14:27:39.207 +0000 UTC",
            "timeouts": null,
            "vcn_id": "ocid1.vcn.oc1.eu-paris-1.amaaaaaa6aytp6aa5knogs5dcrepiphvj5uta5nktl2frbaj7ztqqgzwd3pa"
          },
          "LZdemo-Hub-vcn-PublicLB-subnet-security-list": {
            "compartment_id": "ocid1.compartment.oc1..aaaaaaaarcnomheb6ckz3wxjsdweboj7vreg2kx725ltq4ng3qohyfrupgxa",
            "defined_tags": {
              "Oracle-Tags.CreatedBy": "default/mohamed.youssef.fersi@looyas.com",
              "Oracle-Tags.CreatedOn": "2024-05-22T14:27:39.185Z"
            },
            "display_name": "LZdemo-Hub-vcn-PublicLB-subnet-security-list",
            "egress_security_rules": [],
            "freeform_tags": {
              "cis-landing-zone": "LZdemo-quickstart"
            },
            "id": "ocid1.securitylist.oc1.eu-paris-1.aaaaaaaapovvxt6qelrr4u4ijst6pms5kzrerxp7cfg7kcd4uk5f7bgexulq",
            "ingress_security_rules": [
              {
                "description": "Allow ICMP traffic for 3 Destination Unreachable",
                "icmp_options": [
                  {
                    "code": -1,
                    "type": 3
                  }
                ],
                "protocol": "1",
                "source": "10.0.0.0/24",
                "source_type": "CIDR_BLOCK",
                "stateless": false,
                "tcp_options": [],
                "udp_options": []
              },
              {
                "description": "Allow ICMP traffic for 3,4 Destination Unreachable: Fragmentation Needed and Don't Fragment was Set",
                "icmp_options": [
                  {
                    "code": 4,
                    "type": 3
                  }
                ],
                "protocol": "1",
                "source": "0.0.0.0/0",
                "source_type": "CIDR_BLOCK",
                "stateless": false,
                "tcp_options": [],
                "udp_options": []
              },
              {
                "description": "Allow ICMP traffic for 8 Echo",
                "icmp_options": [
                  {
                    "code": -1,
                    "type": 8
                  }
                ],
                "protocol": "1",
                "source": "10.0.0.0/8",
                "source_type": "CIDR_BLOCK",
                "stateless": false,
                "tcp_options": [],
                "udp_options": []
              },
              {
                "description": "Allow SSH traffic from anywhere",
                "icmp_options": [],
                "protocol": "6",
                "source": "0.0.0.0/0",
                "source_type": "CIDR_BLOCK",
                "stateless": false,
                "tcp_options": [
                  {
                    "max": 22,
                    "min": 22,
                    "source_port_range": []
                  }
                ],
                "udp_options": []
              }
            ],
            "state": "AVAILABLE",
            "time_created": "2024-05-22 14:27:39.216 +0000 UTC",
            "timeouts": null,
            "vcn_id": "ocid1.vcn.oc1.eu-paris-1.amaaaaaa6aytp6aa5knogs5dcrepiphvj5uta5nktl2frbaj7ztqqgzwd3pa"
          }
        },
        "service_gateways": {
          "ocid1.vcn.oc1.eu-paris-1.amaaaaaa6aytp6aa5knogs5dcrepiphvj5uta5nktl2frbaj7ztqqgzwd3pa": {
            "block_traffic": false,
            "compartment_id": "ocid1.compartment.oc1..aaaaaaaarcnomheb6ckz3wxjsdweboj7vreg2kx725ltq4ng3qohyfrupgxa",
            "defined_tags": {
              "Oracle-Tags.CreatedBy": "default/mohamed.youssef.fersi@looyas.com",
              "Oracle-Tags.CreatedOn": "2024-05-22T14:27:38.890Z"
            },
            "display_name": "LZdemo-Hub-vcn-sgw",
            "freeform_tags": {
              "cis-landing-zone": "LZdemo-quickstart"
            },
            "id": "ocid1.servicegateway.oc1.eu-paris-1.aaaaaaaawyvbjn423c67c6wgy4tqvf6ch2brsovikf7xjvvyadopdiz25ocq",
            "route_table_id": null,
            "services": [
              {
                "service_id": "ocid1.service.oc1.eu-paris-1.aaaaaaaafwyotwbtosc3eimj7ibd6vku4gefufvbradnhdv6vukydma4ainq",
                "service_name": "All CDG Services In Oracle Services Network"
              }
            ],
            "state": "AVAILABLE",
            "time_created": "2024-05-22 14:27:40.467 +0000 UTC",
            "timeouts": null,
            "vcn_id": "ocid1.vcn.oc1.eu-paris-1.amaaaaaa6aytp6aa5knogs5dcrepiphvj5uta5nktl2frbaj7ztqqgzwd3pa"
          }
        },
        "subnets": {
          "LZdemo-Hub-vcn-Firewall-subnet": {
            "availability_domain": null,
            "cidr_block": "10.0.0.0/25",
            "compartment_id": "ocid1.compartment.oc1..aaaaaaaarcnomheb6ckz3wxjsdweboj7vreg2kx725ltq4ng3qohyfrupgxa",
            "defined_tags": {
              "Oracle-Tags.CreatedBy": "default/mohamed.youssef.fersi@looyas.com",
              "Oracle-Tags.CreatedOn": "2024-05-22T14:27:40.195Z"
            },
            "dhcp_options_id": "ocid1.dhcpoptions.oc1.eu-paris-1.aaaaaaaatvdj7nmje4fpflbh6vtsflm4zyjf2ifpp2rwaeibgfkicjcj75va",
            "display_name": "LZdemo-Hub-vcn-Firewall-subnet",
            "dns_label": "firewall",
            "freeform_tags": {
              "cis-landing-zone": "LZdemo-quickstart"
            },
            "id": "ocid1.subnet.oc1.eu-paris-1.aaaaaaaajii3madnca2mrw43yupqmvmzoeqnlfekbg2etr5ot572vjwm365q",
            "ipv6cidr_block": null,
            "ipv6cidr_blocks": [],
            "ipv6virtual_router_ip": null,
            "prohibit_internet_ingress": false,
            "prohibit_public_ip_on_vnic": false,
            "route_table_id": "ocid1.routetable.oc1.eu-paris-1.aaaaaaaas5xkigmyhgjdpmjzifrfvt2uolqtcwy2e2bnqlxnatdjsfjc5bjq",
            "security_list_ids": [
              "ocid1.securitylist.oc1.eu-paris-1.aaaaaaaajszikgf7poyre73f4dval6vsn4z7bnk4qcnr7kczvcsyh6bip5nq",
              "ocid1.securitylist.oc1.eu-paris-1.aaaaaaaak65warp5uuqmfraggtnm3tvxbllj4gopq2qbfc3z36mfs6khrusq"
            ],
            "state": "AVAILABLE",
            "subnet_domain_name": "firewall.hub.oraclevcn.com",
            "time_created": "2024-05-22 14:27:40.232 +0000 UTC",
            "timeouts": null,
            "vcn_id": "ocid1.vcn.oc1.eu-paris-1.amaaaaaa6aytp6aa5knogs5dcrepiphvj5uta5nktl2frbaj7ztqqgzwd3pa",
            "virtual_router_ip": "10.0.0.1",
            "virtual_router_mac": "00:00:17:59:EA:CF"
          },
          "LZdemo-Hub-vcn-PublicLB-subnet": {
            "availability_domain": null,
            "cidr_block": "10.0.0.128/25",
            "compartment_id": "ocid1.compartment.oc1..aaaaaaaarcnomheb6ckz3wxjsdweboj7vreg2kx725ltq4ng3qohyfrupgxa",
            "defined_tags": {
              "Oracle-Tags.CreatedBy": "default/mohamed.youssef.fersi@looyas.com",
              "Oracle-Tags.CreatedOn": "2024-05-22T14:27:40.205Z"
            },
            "dhcp_options_id": "ocid1.dhcpoptions.oc1.eu-paris-1.aaaaaaaatvdj7nmje4fpflbh6vtsflm4zyjf2ifpp2rwaeibgfkicjcj75va",
            "display_name": "LZdemo-Hub-vcn-PublicLB-subnet",
            "dns_label": "publiclb",
            "freeform_tags": {
              "cis-landing-zone": "LZdemo-quickstart"
            },
            "id": "ocid1.subnet.oc1.eu-paris-1.aaaaaaaaqgf6ue4nhf3f4iss4ycogkhmgm2y3ijv24d3xfjml2lg5u7yo6ja",
            "ipv6cidr_block": null,
            "ipv6cidr_blocks": [],
            "ipv6virtual_router_ip": null,
            "prohibit_internet_ingress": true,
            "prohibit_public_ip_on_vnic": true,
            "route_table_id": "ocid1.routetable.oc1.eu-paris-1.aaaaaaaas5xkigmyhgjdpmjzifrfvt2uolqtcwy2e2bnqlxnatdjsfjc5bjq",
            "security_list_ids": [
              "ocid1.securitylist.oc1.eu-paris-1.aaaaaaaak65warp5uuqmfraggtnm3tvxbllj4gopq2qbfc3z36mfs6khrusq",
              "ocid1.securitylist.oc1.eu-paris-1.aaaaaaaapovvxt6qelrr4u4ijst6pms5kzrerxp7cfg7kcd4uk5f7bgexulq"
            ],
            "state": "AVAILABLE",
            "subnet_domain_name": "publiclb.hub.oraclevcn.com",
            "time_created": "2024-05-22 14:27:40.753 +0000 UTC",
            "timeouts": null,
            "vcn_id": "ocid1.vcn.oc1.eu-paris-1.amaaaaaa6aytp6aa5knogs5dcrepiphvj5uta5nktl2frbaj7ztqqgzwd3pa",
            "virtual_router_ip": "10.0.0.129",
            "virtual_router_mac": "00:00:17:59:EA:CF"
          }
        },
        "vcns": {
          "LZdemo-Hub-vcn": {
            "cidr_block": "10.0.0.0/24",
            "default_security_list_id": "ocid1.securitylist.oc1.eu-paris-1.aaaaaaaak65warp5uuqmfraggtnm3tvxbllj4gopq2qbfc3z36mfs6khrusq",
            "dns_label": "hub",
            "id": "ocid1.vcn.oc1.eu-paris-1.amaaaaaa6aytp6aa5knogs5dcrepiphvj5uta5nktl2frbaj7ztqqgzwd3pa"
          }
        }
      },
      "type": [
        "object",
        {
          "all_services": [
            "object",
            {
              "filter": [
                "set",
                [
                  "object",
                  {
                    "name": "string",
                    "regex": "bool",
                    "values": [
                      "list",
                      "string"
                    ]
                  }
                ]
              ],
              "id": "string",
              "services": [
                "list",
                [
                  "object",
                  {
                    "cidr_block": "string",
                    "description": "string",
                    "id": "string",
                    "name": "string"
                  }
                ]
              ]
            }
          ],
          "internet_gateways": [
            "object",
            {
              "ocid1.vcn.oc1.eu-paris-1.amaaaaaa6aytp6aa5knogs5dcrepiphvj5uta5nktl2frbaj7ztqqgzwd3pa": [
                "object",
                {
                  "compartment_id": "string",
                  "defined_tags": [
                    "map",
                    "string"
                  ],
                  "display_name": "string",
                  "enabled": "bool",
                  "freeform_tags": [
                    "map",
                    "string"
                  ],
                  "id": "string",
                  "route_table_id": "string",
                  "state": "string",
                  "time_created": "string",
                  "timeouts": [
                    "object",
                    {
                      "create": "string",
                      "delete": "string",
                      "update": "string"
                    }
                  ],
                  "vcn_id": "string"
                }
              ]
            }
          ],
          "nat_gateways": [
            "object",
            {
              "ocid1.vcn.oc1.eu-paris-1.amaaaaaa6aytp6aa5knogs5dcrepiphvj5uta5nktl2frbaj7ztqqgzwd3pa": [
                "object",
                {
                  "block_traffic": "bool",
                  "compartment_id": "string",
                  "defined_tags": [
                    "map",
                    "string"
                  ],
                  "display_name": "string",
                  "freeform_tags": [
                    "map",
                    "string"
                  ],
                  "id": "string",
                  "nat_ip": "string",
                  "public_ip_id": "string",
                  "route_table_id": "string",
                  "state": "string",
                  "time_created": "string",
                  "timeouts": [
                    "object",
                    {
                      "create": "string",
                      "delete": "string",
                      "update": "string"
                    }
                  ],
                  "vcn_id": "string"
                }
              ]
            }
          ],
          "security_lists": [
            "object",
            {
              "LZdemo-Hub-vcn-Firewall-subnet-security-list": [
                "object",
                {
                  "compartment_id": "string",
                  "defined_tags": [
                    "map",
                    "string"
                  ],
                  "display_name": "string",
                  "egress_security_rules": [
                    "set",
                    [
                      "object",
                      {
                        "description": "string",
                        "destination": "string",
                        "destination_type": "string",
                        "icmp_options": [
                          "list",
                          [
                            "object",
                            {
                              "code": "number",
                              "type": "number"
                            }
                          ]
                        ],
                        "protocol": "string",
                        "stateless": "bool",
                        "tcp_options": [
                          "list",
                          [
                            "object",
                            {
                              "max": "number",
                              "min": "number",
                              "source_port_range": [
                                "list",
                                [
                                  "object",
                                  {
                                    "max": "number",
                                    "min": "number"
                                  }
                                ]
                              ]
                            }
                          ]
                        ],
                        "udp_options": [
                          "list",
                          [
                            "object",
                            {
                              "max": "number",
                              "min": "number",
                              "source_port_range": [
                                "list",
                                [
                                  "object",
                                  {
                                    "max": "number",
                                    "min": "number"
                                  }
                                ]
                              ]
                            }
                          ]
                        ]
                      }
                    ]
                  ],
                  "freeform_tags": [
                    "map",
                    "string"
                  ],
                  "id": "string",
                  "ingress_security_rules": [
                    "set",
                    [
                      "object",
                      {
                        "description": "string",
                        "icmp_options": [
                          "list",
                          [
                            "object",
                            {
                              "code": "number",
                              "type": "number"
                            }
                          ]
                        ],
                        "protocol": "string",
                        "source": "string",
                        "source_type": "string",
                        "stateless": "bool",
                        "tcp_options": [
                          "list",
                          [
                            "object",
                            {
                              "max": "number",
                              "min": "number",
                              "source_port_range": [
                                "list",
                                [
                                  "object",
                                  {
                                    "max": "number",
                                    "min": "number"
                                  }
                                ]
                              ]
                            }
                          ]
                        ],
                        "udp_options": [
                          "list",
                          [
                            "object",
                            {
                              "max": "number",
                              "min": "number",
                              "source_port_range": [
                                "list",
                                [
                                  "object",
                                  {
                                    "max": "number",
                                    "min": "number"
                                  }
                                ]
                              ]
                            }
                          ]
                        ]
                      }
                    ]
                  ],
                  "state": "string",
                  "time_created": "string",
                  "timeouts": [
                    "object",
                    {
                      "create": "string",
                      "delete": "string",
                      "update": "string"
                    }
                  ],
                  "vcn_id": "string"
                }
              ],
              "LZdemo-Hub-vcn-PublicLB-subnet-security-list": [
                "object",
                {
                  "compartment_id": "string",
                  "defined_tags": [
                    "map",
                    "string"
                  ],
                  "display_name": "string",
                  "egress_security_rules": [
                    "set",
                    [
                      "object",
                      {
                        "description": "string",
                        "destination": "string",
                        "destination_type": "string",
                        "icmp_options": [
                          "list",
                          [
                            "object",
                            {
                              "code": "number",
                              "type": "number"
                            }
                          ]
                        ],
                        "protocol": "string",
                        "stateless": "bool",
                        "tcp_options": [
                          "list",
                          [
                            "object",
                            {
                              "max": "number",
                              "min": "number",
                              "source_port_range": [
                                "list",
                                [
                                  "object",
                                  {
                                    "max": "number",
                                    "min": "number"
                                  }
                                ]
                              ]
                            }
                          ]
                        ],
                        "udp_options": [
                          "list",
                          [
                            "object",
                            {
                              "max": "number",
                              "min": "number",
                              "source_port_range": [
                                "list",
                                [
                                  "object",
                                  {
                                    "max": "number",
                                    "min": "number"
                                  }
                                ]
                              ]
                            }
                          ]
                        ]
                      }
                    ]
                  ],
                  "freeform_tags": [
                    "map",
                    "string"
                  ],
                  "id": "string",
                  "ingress_security_rules": [
                    "set",
                    [
                      "object",
                      {
                        "description": "string",
                        "icmp_options": [
                          "list",
                          [
                            "object",
                            {
                              "code": "number",
                              "type": "number"
                            }
                          ]
                        ],
                        "protocol": "string",
                        "source": "string",
                        "source_type": "string",
                        "stateless": "bool",
                        "tcp_options": [
                          "list",
                          [
                            "object",
                            {
                              "max": "number",
                              "min": "number",
                              "source_port_range": [
                                "list",
                                [
                                  "object",
                                  {
                                    "max": "number",
                                    "min": "number"
                                  }
                                ]
                              ]
                            }
                          ]
                        ],
                        "udp_options": [
                          "list",
                          [
                            "object",
                            {
                              "max": "number",
                              "min": "number",
                              "source_port_range": [
                                "list",
                                [
                                  "object",
                                  {
                                    "max": "number",
                                    "min": "number"
                                  }
                                ]
                              ]
                            }
                          ]
                        ]
                      }
                    ]
                  ],
                  "state": "string",
                  "time_created": "string",
                  "timeouts": [
                    "object",
                    {
                      "create": "string",
                      "delete": "string",
                      "update": "string"
                    }
                  ],
                  "vcn_id": "string"
                }
              ]
            }
          ],
          "service_gateways": [
            "object",
            {
              "ocid1.vcn.oc1.eu-paris-1.amaaaaaa6aytp6aa5knogs5dcrepiphvj5uta5nktl2frbaj7ztqqgzwd3pa": [
                "object",
                {
                  "block_traffic": "bool",
                  "compartment_id": "string",
                  "defined_tags": [
                    "map",
                    "string"
                  ],
                  "display_name": "string",
                  "freeform_tags": [
                    "map",
                    "string"
                  ],
                  "id": "string",
                  "route_table_id": "string",
                  "services": [
                    "set",
                    [
                      "object",
                      {
                        "service_id": "string",
                        "service_name": "string"
                      }
                    ]
                  ],
                  "state": "string",
                  "time_created": "string",
                  "timeouts": [
                    "object",
                    {
                      "create": "string",
                      "delete": "string",
                      "update": "string"
                    }
                  ],
                  "vcn_id": "string"
                }
              ]
            }
          ],
          "subnets": [
            "object",
            {
              "LZdemo-Hub-vcn-Firewall-subnet": [
                "object",
                {
                  "availability_domain": "string",
                  "cidr_block": "string",
                  "compartment_id": "string",
                  "defined_tags": [
                    "map",
                    "string"
                  ],
                  "dhcp_options_id": "string",
                  "display_name": "string",
                  "dns_label": "string",
                  "freeform_tags": [
                    "map",
                    "string"
                  ],
                  "id": "string",
                  "ipv6cidr_block": "string",
                  "ipv6cidr_blocks": [
                    "list",
                    "string"
                  ],
                  "ipv6virtual_router_ip": "string",
                  "prohibit_internet_ingress": "bool",
                  "prohibit_public_ip_on_vnic": "bool",
                  "route_table_id": "string",
                  "security_list_ids": [
                    "set",
                    "string"
                  ],
                  "state": "string",
                  "subnet_domain_name": "string",
                  "time_created": "string",
                  "timeouts": [
                    "object",
                    {
                      "create": "string",
                      "delete": "string",
                      "update": "string"
                    }
                  ],
                  "vcn_id": "string",
                  "virtual_router_ip": "string",
                  "virtual_router_mac": "string"
                }
              ],
              "LZdemo-Hub-vcn-PublicLB-subnet": [
                "object",
                {
                  "availability_domain": "string",
                  "cidr_block": "string",
                  "compartment_id": "string",
                  "defined_tags": [
                    "map",
                    "string"
                  ],
                  "dhcp_options_id": "string",
                  "display_name": "string",
                  "dns_label": "string",
                  "freeform_tags": [
                    "map",
                    "string"
                  ],
                  "id": "string",
                  "ipv6cidr_block": "string",
                  "ipv6cidr_blocks": [
                    "list",
                    "string"
                  ],
                  "ipv6virtual_router_ip": "string",
                  "prohibit_internet_ingress": "bool",
                  "prohibit_public_ip_on_vnic": "bool",
                  "route_table_id": "string",
                  "security_list_ids": [
                    "set",
                    "string"
                  ],
                  "state": "string",
                  "subnet_domain_name": "string",
                  "time_created": "string",
                  "timeouts": [
                    "object",
                    {
                      "create": "string",
                      "delete": "string",
                      "update": "string"
                    }
                  ],
                  "vcn_id": "string",
                  "virtual_router_ip": "string",
                  "virtual_router_mac": "string"
                }
              ]
            }
          ],
          "vcns": [
            "object",
            {
              "LZdemo-Hub-vcn": [
                "object",
                {
                  "cidr_block": "string",
                  "default_security_list_id": "string",
                  "dns_label": "string",
                  "id": "string"
                }
              ]
            }
          ]
        }
      ]
    },
    "lz_vcn_spokes": {
      "value": {
        "all_services": {
          "filter": null,
          "id": "CoreServicesDataSource-0",
          "services": [
            {
              "cidr_block": "all-cdg-services-in-oracle-services-network",
              "description": "All CDG Services In Oracle Services Network",
              "id": "ocid1.service.oc1.eu-paris-1.aaaaaaaafwyotwbtosc3eimj7ibd6vku4gefufvbradnhdv6vukydma4ainq",
              "name": "All CDG Services In Oracle Services Network"
            },
            {
              "cidr_block": "oci-cdg-objectstorage",
              "description": "OCI CDG Object Storage",
              "id": "ocid1.service.oc1.eu-paris-1.aaaaaaaak2id5zido6sf6rd75pfipcj2l7x6v3gtxpmu4rpdhcrzucal6sga",
              "name": "OCI CDG Object Storage"
            }
          ]
        },
        "internet_gateways": {},
        "nat_gateways": {},
        "security_lists": {
          "Spoke-Devops-Devops-subnet-security-list": {
            "compartment_id": "ocid1.compartment.oc1..aaaaaaaarcnomheb6ckz3wxjsdweboj7vreg2kx725ltq4ng3qohyfrupgxa",
            "defined_tags": {
              "Oracle-Tags.CreatedBy": "default/mohamed.youssef.fersi@looyas.com",
              "Oracle-Tags.CreatedOn": "2024-05-22T14:27:22.023Z"
            },
            "display_name": "Spoke-Devops-Devops-subnet-security-list",
            "egress_security_rules": [],
            "freeform_tags": {
              "cis-landing-zone": "LZdemo-quickstart"
            },
            "id": "ocid1.securitylist.oc1.eu-paris-1.aaaaaaaacb7zipbw3oyuyznyr7an3bvst5c7uvnnm2wxcrz6s4ujrmjk4bqa",
            "ingress_security_rules": [
              {
                "description": "Allow ICMP traffic for 3 Destination Unreachable",
                "icmp_options": [
                  {
                    "code": -1,
                    "type": 3
                  }
                ],
                "protocol": "1",
                "source": "10.1.0.0/24",
                "source_type": "CIDR_BLOCK",
                "stateless": false,
                "tcp_options": [],
                "udp_options": []
              },
              {
                "description": "Allow ICMP traffic for 3,4 Destination Unreachable: Fragmentation Needed and Don't Fragment was Set",
                "icmp_options": [
                  {
                    "code": 4,
                    "type": 3
                  }
                ],
                "protocol": "1",
                "source": "0.0.0.0/0",
                "source_type": "CIDR_BLOCK",
                "stateless": false,
                "tcp_options": [],
                "udp_options": []
              },
              {
                "description": "Allow ICMP traffic for 8 Echo",
                "icmp_options": [
                  {
                    "code": -1,
                    "type": 8
                  }
                ],
                "protocol": "1",
                "source": "10.0.0.0/8",
                "source_type": "CIDR_BLOCK",
                "stateless": false,
                "tcp_options": [],
                "udp_options": []
              },
              {
                "description": "Allow SSH traffic from anywhere",
                "icmp_options": [],
                "protocol": "6",
                "source": "0.0.0.0/0",
                "source_type": "CIDR_BLOCK",
                "stateless": false,
                "tcp_options": [
                  {
                    "max": 22,
                    "min": 22,
                    "source_port_range": []
                  }
                ],
                "udp_options": []
              }
            ],
            "state": "AVAILABLE",
            "time_created": "2024-05-22 14:27:22.052 +0000 UTC",
            "timeouts": null,
            "vcn_id": "ocid1.vcn.oc1.eu-paris-1.amaaaaaa6aytp6aazf6akbvprd2b6sblai6eawwmhnljrbkdzh77rewyi73a"
          },
          "Spoke-prod-DB-subnet-security-list": {
            "compartment_id": "ocid1.compartment.oc1..aaaaaaaarcnomheb6ckz3wxjsdweboj7vreg2kx725ltq4ng3qohyfrupgxa",
            "defined_tags": {
              "Oracle-Tags.CreatedBy": "default/mohamed.youssef.fersi@looyas.com",
              "Oracle-Tags.CreatedOn": "2024-05-22T14:27:22.020Z"
            },
            "display_name": "Spoke-prod-DB-subnet-security-list",
            "egress_security_rules": [],
            "freeform_tags": {
              "cis-landing-zone": "LZdemo-quickstart"
            },
            "id": "ocid1.securitylist.oc1.eu-paris-1.aaaaaaaaztd3qoitvjei2bvlvttt4bzycfb7dhd5lfqzxqdexn6n7dgsz7bq",
            "ingress_security_rules": [
              {
                "description": "Allow ICMP traffic for 3 Destination Unreachable",
                "icmp_options": [
                  {
                    "code": -1,
                    "type": 3
                  }
                ],
                "protocol": "1",
                "source": "10.2.0.0/24",
                "source_type": "CIDR_BLOCK",
                "stateless": false,
                "tcp_options": [],
                "udp_options": []
              },
              {
                "description": "Allow ICMP traffic for 3,4 Destination Unreachable: Fragmentation Needed and Don't Fragment was Set",
                "icmp_options": [
                  {
                    "code": 4,
                    "type": 3
                  }
                ],
                "protocol": "1",
                "source": "0.0.0.0/0",
                "source_type": "CIDR_BLOCK",
                "stateless": false,
                "tcp_options": [],
                "udp_options": []
              },
              {
                "description": "Allow ICMP traffic for 8 Echo",
                "icmp_options": [
                  {
                    "code": -1,
                    "type": 8
                  }
                ],
                "protocol": "1",
                "source": "10.0.0.0/8",
                "source_type": "CIDR_BLOCK",
                "stateless": false,
                "tcp_options": [],
                "udp_options": []
              },
              {
                "description": "Allow SSH traffic from anywhere",
                "icmp_options": [],
                "protocol": "6",
                "source": "0.0.0.0/0",
                "source_type": "CIDR_BLOCK",
                "stateless": false,
                "tcp_options": [
                  {
                    "max": 22,
                    "min": 22,
                    "source_port_range": []
                  }
                ],
                "udp_options": []
              }
            ],
            "state": "AVAILABLE",
            "time_created": "2024-05-22 14:27:22.05 +0000 UTC",
            "timeouts": null,
            "vcn_id": "ocid1.vcn.oc1.eu-paris-1.amaaaaaa6aytp6aai4vgjjy22dk3sfxrfgkxvfovizqhgs6qr4jgbwgx7hxq"
          },
          "Spoke-prod-oke-subnet-security-list": {
            "compartment_id": "ocid1.compartment.oc1..aaaaaaaarcnomheb6ckz3wxjsdweboj7vreg2kx725ltq4ng3qohyfrupgxa",
            "defined_tags": {
              "Oracle-Tags.CreatedBy": "default/mohamed.youssef.fersi@looyas.com",
              "Oracle-Tags.CreatedOn": "2024-05-22T14:27:22.020Z"
            },
            "display_name": "Spoke-prod-oke-subnet-security-list",
            "egress_security_rules": [],
            "freeform_tags": {
              "cis-landing-zone": "LZdemo-quickstart"
            },
            "id": "ocid1.securitylist.oc1.eu-paris-1.aaaaaaaau5rozpbjqopaadclb5tzz36jreodu7idketk3bjahescdfviqexa",
            "ingress_security_rules": [
              {
                "description": "Allow ICMP traffic for 3 Destination Unreachable",
                "icmp_options": [
                  {
                    "code": -1,
                    "type": 3
                  }
                ],
                "protocol": "1",
                "source": "10.2.0.0/24",
                "source_type": "CIDR_BLOCK",
                "stateless": false,
                "tcp_options": [],
                "udp_options": []
              },
              {
                "description": "Allow ICMP traffic for 3,4 Destination Unreachable: Fragmentation Needed and Don't Fragment was Set",
                "icmp_options": [
                  {
                    "code": 4,
                    "type": 3
                  }
                ],
                "protocol": "1",
                "source": "0.0.0.0/0",
                "source_type": "CIDR_BLOCK",
                "stateless": false,
                "tcp_options": [],
                "udp_options": []
              },
              {
                "description": "Allow ICMP traffic for 8 Echo",
                "icmp_options": [
                  {
                    "code": -1,
                    "type": 8
                  }
                ],
                "protocol": "1",
                "source": "10.0.0.0/8",
                "source_type": "CIDR_BLOCK",
                "stateless": false,
                "tcp_options": [],
                "udp_options": []
              },
              {
                "description": "Allow SSH traffic from anywhere",
                "icmp_options": [],
                "protocol": "6",
                "source": "0.0.0.0/0",
                "source_type": "CIDR_BLOCK",
                "stateless": false,
                "tcp_options": [
                  {
                    "max": 22,
                    "min": 22,
                    "source_port_range": []
                  }
                ],
                "udp_options": []
              }
            ],
            "state": "AVAILABLE",
            "time_created": "2024-05-22 14:27:22.054 +0000 UTC",
            "timeouts": null,
            "vcn_id": "ocid1.vcn.oc1.eu-paris-1.amaaaaaa6aytp6aai4vgjjy22dk3sfxrfgkxvfovizqhgs6qr4jgbwgx7hxq"
          },
          "Spoke-prod-opensearch-subnet-security-list": {
            "compartment_id": "ocid1.compartment.oc1..aaaaaaaarcnomheb6ckz3wxjsdweboj7vreg2kx725ltq4ng3qohyfrupgxa",
            "defined_tags": {
              "Oracle-Tags.CreatedBy": "default/mohamed.youssef.fersi@looyas.com",
              "Oracle-Tags.CreatedOn": "2024-05-22T14:27:22.175Z"
            },
            "display_name": "Spoke-prod-opensearch-subnet-security-list",
            "egress_security_rules": [],
            "freeform_tags": {
              "cis-landing-zone": "LZdemo-quickstart"
            },
            "id": "ocid1.securitylist.oc1.eu-paris-1.aaaaaaaapcdoghvbzxihiqdewmj2gupr5q6ge2wmdprykyhr2ozupxgmwhna",
            "ingress_security_rules": [
              {
                "description": "Allow ICMP traffic for 3 Destination Unreachable",
                "icmp_options": [
                  {
                    "code": -1,
                    "type": 3
                  }
                ],
                "protocol": "1",
                "source": "10.2.0.0/24",
                "source_type": "CIDR_BLOCK",
                "stateless": false,
                "tcp_options": [],
                "udp_options": []
              },
              {
                "description": "Allow ICMP traffic for 3,4 Destination Unreachable: Fragmentation Needed and Don't Fragment was Set",
                "icmp_options": [
                  {
                    "code": 4,
                    "type": 3
                  }
                ],
                "protocol": "1",
                "source": "0.0.0.0/0",
                "source_type": "CIDR_BLOCK",
                "stateless": false,
                "tcp_options": [],
                "udp_options": []
              },
              {
                "description": "Allow ICMP traffic for 8 Echo",
                "icmp_options": [
                  {
                    "code": -1,
                    "type": 8
                  }
                ],
                "protocol": "1",
                "source": "10.0.0.0/8",
                "source_type": "CIDR_BLOCK",
                "stateless": false,
                "tcp_options": [],
                "udp_options": []
              },
              {
                "description": "Allow SSH traffic from anywhere",
                "icmp_options": [],
                "protocol": "6",
                "source": "0.0.0.0/0",
                "source_type": "CIDR_BLOCK",
                "stateless": false,
                "tcp_options": [
                  {
                    "max": 22,
                    "min": 22,
                    "source_port_range": []
                  }
                ],
                "udp_options": []
              }
            ],
            "state": "AVAILABLE",
            "time_created": "2024-05-22 14:27:22.211 +0000 UTC",
            "timeouts": null,
            "vcn_id": "ocid1.vcn.oc1.eu-paris-1.amaaaaaa6aytp6aai4vgjjy22dk3sfxrfgkxvfovizqhgs6qr4jgbwgx7hxq"
          }
        },
        "service_gateways": {
          "ocid1.vcn.oc1.eu-paris-1.amaaaaaa6aytp6aai4vgjjy22dk3sfxrfgkxvfovizqhgs6qr4jgbwgx7hxq": {
            "block_traffic": false,
            "compartment_id": "ocid1.compartment.oc1..aaaaaaaarcnomheb6ckz3wxjsdweboj7vreg2kx725ltq4ng3qohyfrupgxa",
            "defined_tags": {
              "Oracle-Tags.CreatedBy": "default/mohamed.youssef.fersi@looyas.com",
              "Oracle-Tags.CreatedOn": "2024-05-22T14:27:21.695Z"
            },
            "display_name": "Spoke-prod-sgw",
            "freeform_tags": {
              "cis-landing-zone": "LZdemo-quickstart"
            },
            "id": "ocid1.servicegateway.oc1.eu-paris-1.aaaaaaaanv7xn6odnkel55iqbqdzdj3brzs2674c7fni6g3qk7lqqvp677dq",
            "route_table_id": null,
            "services": [
              {
                "service_id": "ocid1.service.oc1.eu-paris-1.aaaaaaaafwyotwbtosc3eimj7ibd6vku4gefufvbradnhdv6vukydma4ainq",
                "service_name": "All CDG Services In Oracle Services Network"
              }
            ],
            "state": "AVAILABLE",
            "time_created": "2024-05-22 14:27:23.076 +0000 UTC",
            "timeouts": null,
            "vcn_id": "ocid1.vcn.oc1.eu-paris-1.amaaaaaa6aytp6aai4vgjjy22dk3sfxrfgkxvfovizqhgs6qr4jgbwgx7hxq"
          },
          "ocid1.vcn.oc1.eu-paris-1.amaaaaaa6aytp6aazf6akbvprd2b6sblai6eawwmhnljrbkdzh77rewyi73a": {
            "block_traffic": false,
            "compartment_id": "ocid1.compartment.oc1..aaaaaaaarcnomheb6ckz3wxjsdweboj7vreg2kx725ltq4ng3qohyfrupgxa",
            "defined_tags": {
              "Oracle-Tags.CreatedBy": "default/mohamed.youssef.fersi@looyas.com",
              "Oracle-Tags.CreatedOn": "2024-05-22T14:27:21.707Z"
            },
            "display_name": "Spoke-Devops-sgw",
            "freeform_tags": {
              "cis-landing-zone": "LZdemo-quickstart"
            },
            "id": "ocid1.servicegateway.oc1.eu-paris-1.aaaaaaaaqeyqlurioh4nudzq5ijgwpvgoxachaoliaxhn6jqn4vjqafqggvq",
            "route_table_id": null,
            "services": [
              {
                "service_id": "ocid1.service.oc1.eu-paris-1.aaaaaaaafwyotwbtosc3eimj7ibd6vku4gefufvbradnhdv6vukydma4ainq",
                "service_name": "All CDG Services In Oracle Services Network"
              }
            ],
            "state": "AVAILABLE",
            "time_created": "2024-05-22 14:27:23.876 +0000 UTC",
            "timeouts": null,
            "vcn_id": "ocid1.vcn.oc1.eu-paris-1.amaaaaaa6aytp6aazf6akbvprd2b6sblai6eawwmhnljrbkdzh77rewyi73a"
          }
        },
        "subnets": {
          "Spoke-Devops-Devops-subnet": {
            "availability_domain": null,
            "cidr_block": "10.1.0.0/26",
            "compartment_id": "ocid1.compartment.oc1..aaaaaaaarcnomheb6ckz3wxjsdweboj7vreg2kx725ltq4ng3qohyfrupgxa",
            "defined_tags": {
              "Oracle-Tags.CreatedBy": "default/mohamed.youssef.fersi@looyas.com",
              "Oracle-Tags.CreatedOn": "2024-05-22T14:27:22.853Z"
            },
            "dhcp_options_id": "ocid1.dhcpoptions.oc1.eu-paris-1.aaaaaaaak6fbs6t5ecb6sxzxpn4qtxcmbuuzxxokgtasdjbmsql3wt4lie2q",
            "display_name": "Spoke-Devops-Devops-subnet",
            "dns_label": "devops",
            "freeform_tags": {
              "cis-landing-zone": "LZdemo-quickstart"
            },
            "id": "ocid1.subnet.oc1.eu-paris-1.aaaaaaaa6px3t3y6azwrixko2v2mawttpoj5s2o277sn34yvj4pmojkz7wma",
            "ipv6cidr_block": null,
            "ipv6cidr_blocks": [],
            "ipv6virtual_router_ip": null,
            "prohibit_internet_ingress": true,
            "prohibit_public_ip_on_vnic": true,
            "route_table_id": "ocid1.routetable.oc1.eu-paris-1.aaaaaaaatunjrwqnsshy5zsgjkevalm53fcncwka4msybf5wce2yozbokevq",
            "security_list_ids": [
              "ocid1.securitylist.oc1.eu-paris-1.aaaaaaaacb7zipbw3oyuyznyr7an3bvst5c7uvnnm2wxcrz6s4ujrmjk4bqa",
              "ocid1.securitylist.oc1.eu-paris-1.aaaaaaaasba3s3duvtifl2gy6vwgghskvp5sjokunxbifnu6ppxqxwfsuyya"
            ],
            "state": "AVAILABLE",
            "subnet_domain_name": "devops.spokedevopscdg.oraclevcn.com",
            "time_created": "2024-05-22 14:27:22.921 +0000 UTC",
            "timeouts": null,
            "vcn_id": "ocid1.vcn.oc1.eu-paris-1.amaaaaaa6aytp6aazf6akbvprd2b6sblai6eawwmhnljrbkdzh77rewyi73a",
            "virtual_router_ip": "10.1.0.1",
            "virtual_router_mac": "00:00:17:A3:78:94"
          },
          "Spoke-prod-DB-subnet": {
            "availability_domain": null,
            "cidr_block": "10.2.0.128/26",
            "compartment_id": "ocid1.compartment.oc1..aaaaaaaarcnomheb6ckz3wxjsdweboj7vreg2kx725ltq4ng3qohyfrupgxa",
            "defined_tags": {
              "Oracle-Tags.CreatedBy": "default/mohamed.youssef.fersi@looyas.com",
              "Oracle-Tags.CreatedOn": "2024-05-22T14:27:22.629Z"
            },
            "dhcp_options_id": "ocid1.dhcpoptions.oc1.eu-paris-1.aaaaaaaabz4d2ryqvbdn6nlqv76qep6jylzc44inpi3ksxvtzyu5blqrrkka",
            "display_name": "Spoke-prod-DB-subnet",
            "dns_label": "db",
            "freeform_tags": {
              "cis-landing-zone": "LZdemo-quickstart"
            },
            "id": "ocid1.subnet.oc1.eu-paris-1.aaaaaaaazryp2bevqeqxifxkqvkiits6lfnzi7qdkbszzakyzpx3bfhb7g2q",
            "ipv6cidr_block": null,
            "ipv6cidr_blocks": [],
            "ipv6virtual_router_ip": null,
            "prohibit_internet_ingress": true,
            "prohibit_public_ip_on_vnic": true,
            "route_table_id": "ocid1.routetable.oc1.eu-paris-1.aaaaaaaa6o6klkb3nykwddq6o47zu7tx4366jsp33kr7g342c76edgtgpswa",
            "security_list_ids": [
              "ocid1.securitylist.oc1.eu-paris-1.aaaaaaaamwcio5rtixaku3xu74zsfs4kki72zgc375wkhqcjyv4gv6vasxta",
              "ocid1.securitylist.oc1.eu-paris-1.aaaaaaaaztd3qoitvjei2bvlvttt4bzycfb7dhd5lfqzxqdexn6n7dgsz7bq"
            ],
            "state": "AVAILABLE",
            "subnet_domain_name": "db.spokeprodcdg.oraclevcn.com",
            "time_created": "2024-05-22 14:27:22.671 +0000 UTC",
            "timeouts": null,
            "vcn_id": "ocid1.vcn.oc1.eu-paris-1.amaaaaaa6aytp6aai4vgjjy22dk3sfxrfgkxvfovizqhgs6qr4jgbwgx7hxq",
            "virtual_router_ip": "10.2.0.129",
            "virtual_router_mac": "00:00:17:22:EC:D6"
          },
          "Spoke-prod-oke-subnet": {
            "availability_domain": null,
            "cidr_block": "10.2.0.0/26",
            "compartment_id": "ocid1.compartment.oc1..aaaaaaaarcnomheb6ckz3wxjsdweboj7vreg2kx725ltq4ng3qohyfrupgxa",
            "defined_tags": {
              "Oracle-Tags.CreatedBy": "default/mohamed.youssef.fersi@looyas.com",
              "Oracle-Tags.CreatedOn": "2024-05-22T14:27:22.841Z"
            },
            "dhcp_options_id": "ocid1.dhcpoptions.oc1.eu-paris-1.aaaaaaaabz4d2ryqvbdn6nlqv76qep6jylzc44inpi3ksxvtzyu5blqrrkka",
            "display_name": "Spoke-prod-oke-subnet",
            "dns_label": "oke",
            "freeform_tags": {
              "cis-landing-zone": "LZdemo-quickstart"
            },
            "id": "ocid1.subnet.oc1.eu-paris-1.aaaaaaaa3iukwcenknaqcneuar5hruqbb2jqbombwe3wvizyzxtawezisc5q",
            "ipv6cidr_block": null,
            "ipv6cidr_blocks": [],
            "ipv6virtual_router_ip": null,
            "prohibit_internet_ingress": true,
            "prohibit_public_ip_on_vnic": true,
            "route_table_id": "ocid1.routetable.oc1.eu-paris-1.aaaaaaaa6o6klkb3nykwddq6o47zu7tx4366jsp33kr7g342c76edgtgpswa",
            "security_list_ids": [
              "ocid1.securitylist.oc1.eu-paris-1.aaaaaaaamwcio5rtixaku3xu74zsfs4kki72zgc375wkhqcjyv4gv6vasxta",
              "ocid1.securitylist.oc1.eu-paris-1.aaaaaaaau5rozpbjqopaadclb5tzz36jreodu7idketk3bjahescdfviqexa"
            ],
            "state": "AVAILABLE",
            "subnet_domain_name": "oke.spokeprodcdg.oraclevcn.com",
            "time_created": "2024-05-22 14:27:23.257 +0000 UTC",
            "timeouts": null,
            "vcn_id": "ocid1.vcn.oc1.eu-paris-1.amaaaaaa6aytp6aai4vgjjy22dk3sfxrfgkxvfovizqhgs6qr4jgbwgx7hxq",
            "virtual_router_ip": "10.2.0.1",
            "virtual_router_mac": "00:00:17:22:EC:D6"
          },
          "Spoke-prod-opensearch-subnet": {
            "availability_domain": null,
            "cidr_block": "10.2.0.64/26",
            "compartment_id": "ocid1.compartment.oc1..aaaaaaaarcnomheb6ckz3wxjsdweboj7vreg2kx725ltq4ng3qohyfrupgxa",
            "defined_tags": {
              "Oracle-Tags.CreatedBy": "default/mohamed.youssef.fersi@looyas.com",
              "Oracle-Tags.CreatedOn": "2024-05-22T14:27:22.629Z"
            },
            "dhcp_options_id": "ocid1.dhcpoptions.oc1.eu-paris-1.aaaaaaaabz4d2ryqvbdn6nlqv76qep6jylzc44inpi3ksxvtzyu5blqrrkka",
            "display_name": "Spoke-prod-opensearch-subnet",
            "dns_label": "opensearch",
            "freeform_tags": {
              "cis-landing-zone": "LZdemo-quickstart"
            },
            "id": "ocid1.subnet.oc1.eu-paris-1.aaaaaaaarkdfj6ynczingsk22qmk57ohrz2v5xnnkhovx7hp5aev6vtmq4wq",
            "ipv6cidr_block": null,
            "ipv6cidr_blocks": [],
            "ipv6virtual_router_ip": null,
            "prohibit_internet_ingress": true,
            "prohibit_public_ip_on_vnic": true,
            "route_table_id": "ocid1.routetable.oc1.eu-paris-1.aaaaaaaa6o6klkb3nykwddq6o47zu7tx4366jsp33kr7g342c76edgtgpswa",
            "security_list_ids": [
              "ocid1.securitylist.oc1.eu-paris-1.aaaaaaaamwcio5rtixaku3xu74zsfs4kki72zgc375wkhqcjyv4gv6vasxta",
              "ocid1.securitylist.oc1.eu-paris-1.aaaaaaaapcdoghvbzxihiqdewmj2gupr5q6ge2wmdprykyhr2ozupxgmwhna"
            ],
            "state": "AVAILABLE",
            "subnet_domain_name": "opensearch.spokeprodcdg.oraclevcn.com",
            "time_created": "2024-05-22 14:27:23.005 +0000 UTC",
            "timeouts": null,
            "vcn_id": "ocid1.vcn.oc1.eu-paris-1.amaaaaaa6aytp6aai4vgjjy22dk3sfxrfgkxvfovizqhgs6qr4jgbwgx7hxq",
            "virtual_router_ip": "10.2.0.65",
            "virtual_router_mac": "00:00:17:22:EC:D6"
          }
        },
        "vcns": {
          "Spoke-Devops": {
            "cidr_block": "10.1.0.0/24",
            "default_security_list_id": "ocid1.securitylist.oc1.eu-paris-1.aaaaaaaasba3s3duvtifl2gy6vwgghskvp5sjokunxbifnu6ppxqxwfsuyya",
            "dns_label": "spokedevopscdg",
            "id": "ocid1.vcn.oc1.eu-paris-1.amaaaaaa6aytp6aazf6akbvprd2b6sblai6eawwmhnljrbkdzh77rewyi73a"
          },
          "Spoke-prod": {
            "cidr_block": "10.2.0.0/24",
            "default_security_list_id": "ocid1.securitylist.oc1.eu-paris-1.aaaaaaaamwcio5rtixaku3xu74zsfs4kki72zgc375wkhqcjyv4gv6vasxta",
            "dns_label": "spokeprodcdg",
            "id": "ocid1.vcn.oc1.eu-paris-1.amaaaaaa6aytp6aai4vgjjy22dk3sfxrfgkxvfovizqhgs6qr4jgbwgx7hxq"
          }
        }
      },
      "type": [
        "object",
        {
          "all_services": [
            "object",
            {
              "filter": [
                "set",
                [
                  "object",
                  {
                    "name": "string",
                    "regex": "bool",
                    "values": [
                      "list",
                      "string"
                    ]
                  }
                ]
              ],
              "id": "string",
              "services": [
                "list",
                [
                  "object",
                  {
                    "cidr_block": "string",
                    "description": "string",
                    "id": "string",
                    "name": "string"
                  }
                ]
              ]
            }
          ],
          "internet_gateways": [
            "object",
            {}
          ],
          "nat_gateways": [
            "object",
            {}
          ],
          "security_lists": [
            "object",
            {
              "Spoke-Devops-Devops-subnet-security-list": [
                "object",
                {
                  "compartment_id": "string",
                  "defined_tags": [
                    "map",
                    "string"
                  ],
                  "display_name": "string",
                  "egress_security_rules": [
                    "set",
                    [
                      "object",
                      {
                        "description": "string",
                        "destination": "string",
                        "destination_type": "string",
                        "icmp_options": [
                          "list",
                          [
                            "object",
                            {
                              "code": "number",
                              "type": "number"
                            }
                          ]
                        ],
                        "protocol": "string",
                        "stateless": "bool",
                        "tcp_options": [
                          "list",
                          [
                            "object",
                            {
                              "max": "number",
                              "min": "number",
                              "source_port_range": [
                                "list",
                                [
                                  "object",
                                  {
                                    "max": "number",
                                    "min": "number"
                                  }
                                ]
                              ]
                            }
                          ]
                        ],
                        "udp_options": [
                          "list",
                          [
                            "object",
                            {
                              "max": "number",
                              "min": "number",
                              "source_port_range": [
                                "list",
                                [
                                  "object",
                                  {
                                    "max": "number",
                                    "min": "number"
                                  }
                                ]
                              ]
                            }
                          ]
                        ]
                      }
                    ]
                  ],
                  "freeform_tags": [
                    "map",
                    "string"
                  ],
                  "id": "string",
                  "ingress_security_rules": [
                    "set",
                    [
                      "object",
                      {
                        "description": "string",
                        "icmp_options": [
                          "list",
                          [
                            "object",
                            {
                              "code": "number",
                              "type": "number"
                            }
                          ]
                        ],
                        "protocol": "string",
                        "source": "string",
                        "source_type": "string",
                        "stateless": "bool",
                        "tcp_options": [
                          "list",
                          [
                            "object",
                            {
                              "max": "number",
                              "min": "number",
                              "source_port_range": [
                                "list",
                                [
                                  "object",
                                  {
                                    "max": "number",
                                    "min": "number"
                                  }
                                ]
                              ]
                            }
                          ]
                        ],
                        "udp_options": [
                          "list",
                          [
                            "object",
                            {
                              "max": "number",
                              "min": "number",
                              "source_port_range": [
                                "list",
                                [
                                  "object",
                                  {
                                    "max": "number",
                                    "min": "number"
                                  }
                                ]
                              ]
                            }
                          ]
                        ]
                      }
                    ]
                  ],
                  "state": "string",
                  "time_created": "string",
                  "timeouts": [
                    "object",
                    {
                      "create": "string",
                      "delete": "string",
                      "update": "string"
                    }
                  ],
                  "vcn_id": "string"
                }
              ],
              "Spoke-prod-DB-subnet-security-list": [
                "object",
                {
                  "compartment_id": "string",
                  "defined_tags": [
                    "map",
                    "string"
                  ],
                  "display_name": "string",
                  "egress_security_rules": [
                    "set",
                    [
                      "object",
                      {
                        "description": "string",
                        "destination": "string",
                        "destination_type": "string",
                        "icmp_options": [
                          "list",
                          [
                            "object",
                            {
                              "code": "number",
                              "type": "number"
                            }
                          ]
                        ],
                        "protocol": "string",
                        "stateless": "bool",
                        "tcp_options": [
                          "list",
                          [
                            "object",
                            {
                              "max": "number",
                              "min": "number",
                              "source_port_range": [
                                "list",
                                [
                                  "object",
                                  {
                                    "max": "number",
                                    "min": "number"
                                  }
                                ]
                              ]
                            }
                          ]
                        ],
                        "udp_options": [
                          "list",
                          [
                            "object",
                            {
                              "max": "number",
                              "min": "number",
                              "source_port_range": [
                                "list",
                                [
                                  "object",
                                  {
                                    "max": "number",
                                    "min": "number"
                                  }
                                ]
                              ]
                            }
                          ]
                        ]
                      }
                    ]
                  ],
                  "freeform_tags": [
                    "map",
                    "string"
                  ],
                  "id": "string",
                  "ingress_security_rules": [
                    "set",
                    [
                      "object",
                      {
                        "description": "string",
                        "icmp_options": [
                          "list",
                          [
                            "object",
                            {
                              "code": "number",
                              "type": "number"
                            }
                          ]
                        ],
                        "protocol": "string",
                        "source": "string",
                        "source_type": "string",
                        "stateless": "bool",
                        "tcp_options": [
                          "list",
                          [
                            "object",
                            {
                              "max": "number",
                              "min": "number",
                              "source_port_range": [
                                "list",
                                [
                                  "object",
                                  {
                                    "max": "number",
                                    "min": "number"
                                  }
                                ]
                              ]
                            }
                          ]
                        ],
                        "udp_options": [
                          "list",
                          [
                            "object",
                            {
                              "max": "number",
                              "min": "number",
                              "source_port_range": [
                                "list",
                                [
                                  "object",
                                  {
                                    "max": "number",
                                    "min": "number"
                                  }
                                ]
                              ]
                            }
                          ]
                        ]
                      }
                    ]
                  ],
                  "state": "string",
                  "time_created": "string",
                  "timeouts": [
                    "object",
                    {
                      "create": "string",
                      "delete": "string",
                      "update": "string"
                    }
                  ],
                  "vcn_id": "string"
                }
              ],
              "Spoke-prod-oke-subnet-security-list": [
                "object",
                {
                  "compartment_id": "string",
                  "defined_tags": [
                    "map",
                    "string"
                  ],
                  "display_name": "string",
                  "egress_security_rules": [
                    "set",
                    [
                      "object",
                      {
                        "description": "string",
                        "destination": "string",
                        "destination_type": "string",
                        "icmp_options": [
                          "list",
                          [
                            "object",
                            {
                              "code": "number",
                              "type": "number"
                            }
                          ]
                        ],
                        "protocol": "string",
                        "stateless": "bool",
                        "tcp_options": [
                          "list",
                          [
                            "object",
                            {
                              "max": "number",
                              "min": "number",
                              "source_port_range": [
                                "list",
                                [
                                  "object",
                                  {
                                    "max": "number",
                                    "min": "number"
                                  }
                                ]
                              ]
                            }
                          ]
                        ],
                        "udp_options": [
                          "list",
                          [
                            "object",
                            {
                              "max": "number",
                              "min": "number",
                              "source_port_range": [
                                "list",
                                [
                                  "object",
                                  {
                                    "max": "number",
                                    "min": "number"
                                  }
                                ]
                              ]
                            }
                          ]
                        ]
                      }
                    ]
                  ],
                  "freeform_tags": [
                    "map",
                    "string"
                  ],
                  "id": "string",
                  "ingress_security_rules": [
                    "set",
                    [
                      "object",
                      {
                        "description": "string",
                        "icmp_options": [
                          "list",
                          [
                            "object",
                            {
                              "code": "number",
                              "type": "number"
                            }
                          ]
                        ],
                        "protocol": "string",
                        "source": "string",
                        "source_type": "string",
                        "stateless": "bool",
                        "tcp_options": [
                          "list",
                          [
                            "object",
                            {
                              "max": "number",
                              "min": "number",
                              "source_port_range": [
                                "list",
                                [
                                  "object",
                                  {
                                    "max": "number",
                                    "min": "number"
                                  }
                                ]
                              ]
                            }
                          ]
                        ],
                        "udp_options": [
                          "list",
                          [
                            "object",
                            {
                              "max": "number",
                              "min": "number",
                              "source_port_range": [
                                "list",
                                [
                                  "object",
                                  {
                                    "max": "number",
                                    "min": "number"
                                  }
                                ]
                              ]
                            }
                          ]
                        ]
                      }
                    ]
                  ],
                  "state": "string",
                  "time_created": "string",
                  "timeouts": [
                    "object",
                    {
                      "create": "string",
                      "delete": "string",
                      "update": "string"
                    }
                  ],
                  "vcn_id": "string"
                }
              ],
              "Spoke-prod-opensearch-subnet-security-list": [
                "object",
                {
                  "compartment_id": "string",
                  "defined_tags": [
                    "map",
                    "string"
                  ],
                  "display_name": "string",
                  "egress_security_rules": [
                    "set",
                    [
                      "object",
                      {
                        "description": "string",
                        "destination": "string",
                        "destination_type": "string",
                        "icmp_options": [
                          "list",
                          [
                            "object",
                            {
                              "code": "number",
                              "type": "number"
                            }
                          ]
                        ],
                        "protocol": "string",
                        "stateless": "bool",
                        "tcp_options": [
                          "list",
                          [
                            "object",
                            {
                              "max": "number",
                              "min": "number",
                              "source_port_range": [
                                "list",
                                [
                                  "object",
                                  {
                                    "max": "number",
                                    "min": "number"
                                  }
                                ]
                              ]
                            }
                          ]
                        ],
                        "udp_options": [
                          "list",
                          [
                            "object",
                            {
                              "max": "number",
                              "min": "number",
                              "source_port_range": [
                                "list",
                                [
                                  "object",
                                  {
                                    "max": "number",
                                    "min": "number"
                                  }
                                ]
                              ]
                            }
                          ]
                        ]
                      }
                    ]
                  ],
                  "freeform_tags": [
                    "map",
                    "string"
                  ],
                  "id": "string",
                  "ingress_security_rules": [
                    "set",
                    [
                      "object",
                      {
                        "description": "string",
                        "icmp_options": [
                          "list",
                          [
                            "object",
                            {
                              "code": "number",
                              "type": "number"
                            }
                          ]
                        ],
                        "protocol": "string",
                        "source": "string",
                        "source_type": "string",
                        "stateless": "bool",
                        "tcp_options": [
                          "list",
                          [
                            "object",
                            {
                              "max": "number",
                              "min": "number",
                              "source_port_range": [
                                "list",
                                [
                                  "object",
                                  {
                                    "max": "number",
                                    "min": "number"
                                  }
                                ]
                              ]
                            }
                          ]
                        ],
                        "udp_options": [
                          "list",
                          [
                            "object",
                            {
                              "max": "number",
                              "min": "number",
                              "source_port_range": [
                                "list",
                                [
                                  "object",
                                  {
                                    "max": "number",
                                    "min": "number"
                                  }
                                ]
                              ]
                            }
                          ]
                        ]
                      }
                    ]
                  ],
                  "state": "string",
                  "time_created": "string",
                  "timeouts": [
                    "object",
                    {
                      "create": "string",
                      "delete": "string",
                      "update": "string"
                    }
                  ],
                  "vcn_id": "string"
                }
              ]
            }
          ],
          "service_gateways": [
            "object",
            {
              "ocid1.vcn.oc1.eu-paris-1.amaaaaaa6aytp6aai4vgjjy22dk3sfxrfgkxvfovizqhgs6qr4jgbwgx7hxq": [
                "object",
                {
                  "block_traffic": "bool",
                  "compartment_id": "string",
                  "defined_tags": [
                    "map",
                    "string"
                  ],
                  "display_name": "string",
                  "freeform_tags": [
                    "map",
                    "string"
                  ],
                  "id": "string",
                  "route_table_id": "string",
                  "services": [
                    "set",
                    [
                      "object",
                      {
                        "service_id": "string",
                        "service_name": "string"
                      }
                    ]
                  ],
                  "state": "string",
                  "time_created": "string",
                  "timeouts": [
                    "object",
                    {
                      "create": "string",
                      "delete": "string",
                      "update": "string"
                    }
                  ],
                  "vcn_id": "string"
                }
              ],
              "ocid1.vcn.oc1.eu-paris-1.amaaaaaa6aytp6aazf6akbvprd2b6sblai6eawwmhnljrbkdzh77rewyi73a": [
                "object",
                {
                  "block_traffic": "bool",
                  "compartment_id": "string",
                  "defined_tags": [
                    "map",
                    "string"
                  ],
                  "display_name": "string",
                  "freeform_tags": [
                    "map",
                    "string"
                  ],
                  "id": "string",
                  "route_table_id": "string",
                  "services": [
                    "set",
                    [
                      "object",
                      {
                        "service_id": "string",
                        "service_name": "string"
                      }
                    ]
                  ],
                  "state": "string",
                  "time_created": "string",
                  "timeouts": [
                    "object",
                    {
                      "create": "string",
                      "delete": "string",
                      "update": "string"
                    }
                  ],
                  "vcn_id": "string"
                }
              ]
            }
          ],
          "subnets": [
            "object",
            {
              "Spoke-Devops-Devops-subnet": [
                "object",
                {
                  "availability_domain": "string",
                  "cidr_block": "string",
                  "compartment_id": "string",
                  "defined_tags": [
                    "map",
                    "string"
                  ],
                  "dhcp_options_id": "string",
                  "display_name": "string",
                  "dns_label": "string",
                  "freeform_tags": [
                    "map",
                    "string"
                  ],
                  "id": "string",
                  "ipv6cidr_block": "string",
                  "ipv6cidr_blocks": [
                    "list",
                    "string"
                  ],
                  "ipv6virtual_router_ip": "string",
                  "prohibit_internet_ingress": "bool",
                  "prohibit_public_ip_on_vnic": "bool",
                  "route_table_id": "string",
                  "security_list_ids": [
                    "set",
                    "string"
                  ],
                  "state": "string",
                  "subnet_domain_name": "string",
                  "time_created": "string",
                  "timeouts": [
                    "object",
                    {
                      "create": "string",
                      "delete": "string",
                      "update": "string"
                    }
                  ],
                  "vcn_id": "string",
                  "virtual_router_ip": "string",
                  "virtual_router_mac": "string"
                }
              ],
              "Spoke-prod-DB-subnet": [
                "object",
                {
                  "availability_domain": "string",
                  "cidr_block": "string",
                  "compartment_id": "string",
                  "defined_tags": [
                    "map",
                    "string"
                  ],
                  "dhcp_options_id": "string",
                  "display_name": "string",
                  "dns_label": "string",
                  "freeform_tags": [
                    "map",
                    "string"
                  ],
                  "id": "string",
                  "ipv6cidr_block": "string",
                  "ipv6cidr_blocks": [
                    "list",
                    "string"
                  ],
                  "ipv6virtual_router_ip": "string",
                  "prohibit_internet_ingress": "bool",
                  "prohibit_public_ip_on_vnic": "bool",
                  "route_table_id": "string",
                  "security_list_ids": [
                    "set",
                    "string"
                  ],
                  "state": "string",
                  "subnet_domain_name": "string",
                  "time_created": "string",
                  "timeouts": [
                    "object",
                    {
                      "create": "string",
                      "delete": "string",
                      "update": "string"
                    }
                  ],
                  "vcn_id": "string",
                  "virtual_router_ip": "string",
                  "virtual_router_mac": "string"
                }
              ],
              "Spoke-prod-oke-subnet": [
                "object",
                {
                  "availability_domain": "string",
                  "cidr_block": "string",
                  "compartment_id": "string",
                  "defined_tags": [
                    "map",
                    "string"
                  ],
                  "dhcp_options_id": "string",
                  "display_name": "string",
                  "dns_label": "string",
                  "freeform_tags": [
                    "map",
                    "string"
                  ],
                  "id": "string",
                  "ipv6cidr_block": "string",
                  "ipv6cidr_blocks": [
                    "list",
                    "string"
                  ],
                  "ipv6virtual_router_ip": "string",
                  "prohibit_internet_ingress": "bool",
                  "prohibit_public_ip_on_vnic": "bool",
                  "route_table_id": "string",
                  "security_list_ids": [
                    "set",
                    "string"
                  ],
                  "state": "string",
                  "subnet_domain_name": "string",
                  "time_created": "string",
                  "timeouts": [
                    "object",
                    {
                      "create": "string",
                      "delete": "string",
                      "update": "string"
                    }
                  ],
                  "vcn_id": "string",
                  "virtual_router_ip": "string",
                  "virtual_router_mac": "string"
                }
              ],
              "Spoke-prod-opensearch-subnet": [
                "object",
                {
                  "availability_domain": "string",
                  "cidr_block": "string",
                  "compartment_id": "string",
                  "defined_tags": [
                    "map",
                    "string"
                  ],
                  "dhcp_options_id": "string",
                  "display_name": "string",
                  "dns_label": "string",
                  "freeform_tags": [
                    "map",
                    "string"
                  ],
                  "id": "string",
                  "ipv6cidr_block": "string",
                  "ipv6cidr_blocks": [
                    "list",
                    "string"
                  ],
                  "ipv6virtual_router_ip": "string",
                  "prohibit_internet_ingress": "bool",
                  "prohibit_public_ip_on_vnic": "bool",
                  "route_table_id": "string",
                  "security_list_ids": [
                    "set",
                    "string"
                  ],
                  "state": "string",
                  "subnet_domain_name": "string",
                  "time_created": "string",
                  "timeouts": [
                    "object",
                    {
                      "create": "string",
                      "delete": "string",
                      "update": "string"
                    }
                  ],
                  "vcn_id": "string",
                  "virtual_router_ip": "string",
                  "virtual_router_mac": "string"
                }
              ]
            }
          ],
          "vcns": [
            "object",
            {
              "Spoke-Devops": [
                "object",
                {
                  "cidr_block": "string",
                  "default_security_list_id": "string",
                  "dns_label": "string",
                  "id": "string"
                }
              ],
              "Spoke-prod": [
                "object",
                {
                  "cidr_block": "string",
                  "default_security_list_id": "string",
                  "dns_label": "string",
                  "id": "string"
                }
              ]
            }
          ]
        }
      ]
    },
    "subnets": {
      "value": {
        "Spoke-Devops-Devops-subnet": {
          "cidr_block": "10.1.0.0/26",
          "dns_label": "devops",
          "id": "ocid1.subnet.oc1.eu-paris-1.aaaaaaaa6px3t3y6azwrixko2v2mawttpoj5s2o277sn34yvj4pmojkz7wma",
          "private": true,
          "vcn_id": "ocid1.vcn.oc1.eu-paris-1.amaaaaaa6aytp6aazf6akbvprd2b6sblai6eawwmhnljrbkdzh77rewyi73a"
        },
        "Spoke-prod-DB-subnet": {
          "cidr_block": "10.2.0.128/26",
          "dns_label": "db",
          "id": "ocid1.subnet.oc1.eu-paris-1.aaaaaaaazryp2bevqeqxifxkqvkiits6lfnzi7qdkbszzakyzpx3bfhb7g2q",
          "private": true,
          "vcn_id": "ocid1.vcn.oc1.eu-paris-1.amaaaaaa6aytp6aai4vgjjy22dk3sfxrfgkxvfovizqhgs6qr4jgbwgx7hxq"
        },
        "Spoke-prod-oke-subnet": {
          "cidr_block": "10.2.0.0/26",
          "dns_label": "oke",
          "id": "ocid1.subnet.oc1.eu-paris-1.aaaaaaaa3iukwcenknaqcneuar5hruqbb2jqbombwe3wvizyzxtawezisc5q",
          "private": true,
          "vcn_id": "ocid1.vcn.oc1.eu-paris-1.amaaaaaa6aytp6aai4vgjjy22dk3sfxrfgkxvfovizqhgs6qr4jgbwgx7hxq"
        },
        "Spoke-prod-opensearch-subnet": {
          "cidr_block": "10.2.0.64/26",
          "dns_label": "opensearch",
          "id": "ocid1.subnet.oc1.eu-paris-1.aaaaaaaarkdfj6ynczingsk22qmk57ohrz2v5xnnkhovx7hp5aev6vtmq4wq",
          "private": true,
          "vcn_id": "ocid1.vcn.oc1.eu-paris-1.amaaaaaa6aytp6aai4vgjjy22dk3sfxrfgkxvfovizqhgs6qr4jgbwgx7hxq"
        }
      },
      "type": [
        "object",
        {
          "Spoke-Devops-Devops-subnet": [
            "object",
            {
              "cidr_block": "string",
              "dns_label": "string",
              "id": "string",
              "private": "bool",
              "vcn_id": "string"
            }
          ],
          "Spoke-prod-DB-subnet": [
            "object",
            {
              "cidr_block": "string",
              "dns_label": "string",
              "id": "string",
              "private": "bool",
              "vcn_id": "string"
            }
          ],
          "Spoke-prod-oke-subnet": [
            "object",
            {
              "cidr_block": "string",
              "dns_label": "string",
              "id": "string",
              "private": "bool",
              "vcn_id": "string"
            }
          ],
          "Spoke-prod-opensearch-subnet": [
            "object",
            {
              "cidr_block": "string",
              "dns_label": "string",
              "id": "string",
              "private": "bool",
              "vcn_id": "string"
            }
          ]
        }
      ]
    },
    "vcns": {
      "value": {
        "Spoke-Devops": {
          "cidr_block": "10.1.0.0/24",
          "dns_label": "spokedevopscdg",
          "id": "ocid1.vcn.oc1.eu-paris-1.amaaaaaa6aytp6aazf6akbvprd2b6sblai6eawwmhnljrbkdzh77rewyi73a"
        },
        "Spoke-prod": {
          "cidr_block": "10.2.0.0/24",
          "dns_label": "spokeprodcdg",
          "id": "ocid1.vcn.oc1.eu-paris-1.amaaaaaa6aytp6aai4vgjjy22dk3sfxrfgkxvfovizqhgs6qr4jgbwgx7hxq"
        }
      },
      "type": [
        "object",
        {
          "Spoke-Devops": [
            "object",
            {
              "cidr_block": "string",
              "dns_label": "string",
              "id": "string"
            }
          ],
          "Spoke-prod": [
            "object",
            {
              "cidr_block": "string",
              "dns_label": "string",
              "id": "string"
            }
          ]
        }
      ]
    }
  },
  "resources": [
    {
      "mode": "data",
      "type": "oci_cloud_guard_cloud_guard_configuration",
      "name": "this",
      "provider": "provider[\"registry.terraform.io/oracle/oci\"]",
      "instances": [
        {
          "schema_version": 0,
          "attributes": {
            "compartment_id": "ocid1.tenancy.oc1..aaaaaaaaybaroxvhi6u2kygooe3qswfhxfc6q7jo3gyh26r27pl7lfwriq2a",
            "id": "CloudGuardCloudGuardConfigurationDataSource-390842708",
            "reporting_region": "eu-paris-1",
            "self_manage_resources": false,
            "status": "ENABLED"
          },
          "sensitive_attributes": []
        }
      ]
    },
    {
      "mode": "data",
      "type": "oci_identity_compartment",
      "name": "existing_enclosing_compartment",
      "provider": "provider[\"registry.terraform.io/oracle/oci\"]",
      "instances": [
        {
          "schema_version": 0,
          "attributes": {
            "compartment_id": "ocid1.tenancy.oc1..aaaaaaaaybaroxvhi6u2kygooe3qswfhxfc6q7jo3gyh26r27pl7lfwriq2a",
            "defined_tags": {
              "Oracle-Tags.CreatedBy": "default/mohamed.youssef.fersi@looyas.com",
              "Oracle-Tags.CreatedOn": "2023-10-16T14:01:50.232Z"
            },
            "description": "for landing zone deployment",
            "freeform_tags": {},
            "id": "ocid1.compartment.oc1..aaaaaaaazxskkhfpbjhfx25ude2qb7uqquuhz4vpo2ffzciyfo6qx2aczglq",
            "inactive_state": null,
            "is_accessible": true,
            "name": "LandingZoneComp",
            "state": "ACTIVE",
            "time_created": "2023-10-16 14:01:50.296 +0000 UTC"
          },
          "sensitive_attributes": []
        }
      ]
    },
    {
      "mode": "data",
      "type": "oci_identity_compartment",
      "name": "lz_compartments",
      "provider": "provider[\"registry.terraform.io/oracle/oci\"]",
      "instances": [
        {
          "index_key": "LZdemo-devops-nprod-cmp",
          "schema_version": 0,
          "attributes": {
            "compartment_id": "ocid1.tenancy.oc1..aaaaaaaaybaroxvhi6u2kygooe3qswfhxfc6q7jo3gyh26r27pl7lfwriq2a",
            "defined_tags": {
              "Oracle-Tags.CreatedBy": "default/mohamed.youssef.fersi@looyas.com",
              "Oracle-Tags.CreatedOn": "2023-10-16T14:01:50.232Z"
            },
            "description": "for landing zone deployment",
            "freeform_tags": {},
            "id": "ocid1.compartment.oc1..aaaaaaaazxskkhfpbjhfx25ude2qb7uqquuhz4vpo2ffzciyfo6qx2aczglq",
            "inactive_state": null,
            "is_accessible": true,
            "name": "LandingZoneComp",
            "state": "ACTIVE",
            "time_created": "2023-10-16 14:01:50.296 +0000 UTC"
          },
          "sensitive_attributes": []
        },
        {
          "index_key": "LZdemo-devops-prod-cmp",
          "schema_version": 0,
          "attributes": {
            "compartment_id": "ocid1.tenancy.oc1..aaaaaaaaybaroxvhi6u2kygooe3qswfhxfc6q7jo3gyh26r27pl7lfwriq2a",
            "defined_tags": {
              "Oracle-Tags.CreatedBy": "default/mohamed.youssef.fersi@looyas.com",
              "Oracle-Tags.CreatedOn": "2023-10-16T14:01:50.232Z"
            },
            "description": "for landing zone deployment",
            "freeform_tags": {},
            "id": "ocid1.compartment.oc1..aaaaaaaazxskkhfpbjhfx25ude2qb7uqquuhz4vpo2ffzciyfo6qx2aczglq",
            "inactive_state": null,
            "is_accessible": true,
            "name": "LandingZoneComp",
            "state": "ACTIVE",
            "time_created": "2023-10-16 14:01:50.296 +0000 UTC"
          },
          "sensitive_attributes": []
        },
        {
          "index_key": "LZdemo-network-cmp",
          "schema_version": 0,
          "attributes": {
            "compartment_id": "ocid1.tenancy.oc1..aaaaaaaaybaroxvhi6u2kygooe3qswfhxfc6q7jo3gyh26r27pl7lfwriq2a",
            "defined_tags": {
              "Oracle-Tags.CreatedBy": "default/mohamed.youssef.fersi@looyas.com",
              "Oracle-Tags.CreatedOn": "2023-10-16T14:01:50.232Z"
            },
            "description": "for landing zone deployment",
            "freeform_tags": {},
            "id": "ocid1.compartment.oc1..aaaaaaaazxskkhfpbjhfx25ude2qb7uqquuhz4vpo2ffzciyfo6qx2aczglq",
            "inactive_state": null,
            "is_accessible": true,
            "name": "LandingZoneComp",
            "state": "ACTIVE",
            "time_created": "2023-10-16 14:01:50.296 +0000 UTC"
          },
          "sensitive_attributes": []
        },
        {
          "index_key": "LZdemo-nprod-cmp",
          "schema_version": 0,
          "attributes": {
            "compartment_id": "ocid1.tenancy.oc1..aaaaaaaaybaroxvhi6u2kygooe3qswfhxfc6q7jo3gyh26r27pl7lfwriq2a",
            "defined_tags": {
              "Oracle-Tags.CreatedBy": "default/mohamed.youssef.fersi@looyas.com",
              "Oracle-Tags.CreatedOn": "2023-10-16T14:01:50.232Z"
            },
            "description": "for landing zone deployment",
            "freeform_tags": {},
            "id": "ocid1.compartment.oc1..aaaaaaaazxskkhfpbjhfx25ude2qb7uqquuhz4vpo2ffzciyfo6qx2aczglq",
            "inactive_state": null,
            "is_accessible": true,
            "name": "LandingZoneComp",
            "state": "ACTIVE",
            "time_created": "2023-10-16 14:01:50.296 +0000 UTC"
          },
          "sensitive_attributes": []
        },
        {
          "index_key": "LZdemo-prod-cmp",
          "schema_version": 0,
          "attributes": {
            "compartment_id": "ocid1.tenancy.oc1..aaaaaaaaybaroxvhi6u2kygooe3qswfhxfc6q7jo3gyh26r27pl7lfwriq2a",
            "defined_tags": {
              "Oracle-Tags.CreatedBy": "default/mohamed.youssef.fersi@looyas.com",
              "Oracle-Tags.CreatedOn": "2023-10-16T14:01:50.232Z"
            },
            "description": "for landing zone deployment",
            "freeform_tags": {},
            "id": "ocid1.compartment.oc1..aaaaaaaazxskkhfpbjhfx25ude2qb7uqquuhz4vpo2ffzciyfo6qx2aczglq",
            "inactive_state": null,
            "is_accessible": true,
            "name": "LandingZoneComp",
            "state": "ACTIVE",
            "time_created": "2023-10-16 14:01:50.296 +0000 UTC"
          },
          "sensitive_attributes": []
        }
      ]
    },
    {
      "mode": "data",
      "type": "oci_identity_compartment",
      "name": "lz_services_policy",
      "provider": "provider[\"registry.terraform.io/oracle/oci\"]",
      "instances": [
        {
          "index_key": "policies",
          "schema_version": 0,
          "attributes": {
            "compartment_id": "ocid1.tenancy.oc1..aaaaaaaaybaroxvhi6u2kygooe3qswfhxfc6q7jo3gyh26r27pl7lfwriq2a",
            "defined_tags": {
              "Oracle-Tags.CreatedBy": "default/mohamed.youssef.fersi@looyas.com",
              "Oracle-Tags.CreatedOn": "2023-10-16T14:01:50.232Z"
            },
            "description": "for landing zone deployment",
            "freeform_tags": {},
            "id": "ocid1.compartment.oc1..aaaaaaaazxskkhfpbjhfx25ude2qb7uqquuhz4vpo2ffzciyfo6qx2aczglq",
            "inactive_state": null,
            "is_accessible": true,
            "name": "LandingZoneComp",
            "state": "ACTIVE",
            "time_created": "2023-10-16 14:01:50.296 +0000 UTC"
          },
          "sensitive_attributes": []
        }
      ]
    },
    {
      "mode": "data",
      "type": "oci_identity_compartments",
      "name": "all",
      "provider": "provider[\"registry.terraform.io/oracle/oci\"]",
      "instances": [
        {
          "schema_version": 0,
          "attributes": {
            "access_level": "ACCESSIBLE",
            "compartment_id": "ocid1.tenancy.oc1..aaaaaaaaybaroxvhi6u2kygooe3qswfhxfc6q7jo3gyh26r27pl7lfwriq2a",
            "compartment_id_in_subtree": true,
            "compartments": [
              {
                "compartment_id": "ocid1.tenancy.oc1..aaaaaaaaybaroxvhi6u2kygooe3qswfhxfc6q7jo3gyh26r27pl7lfwriq2a",
                "defined_tags": {
                  "Oracle-Tags.CreatedBy": "default/yosri.bensaad@looyas.com",
                  "Oracle-Tags.CreatedOn": "2023-04-03T12:10:48.881Z"
                },
                "description": "This compartment is dedicated for the OKE cluster of Looyas",
                "enable_delete": false,
                "freeform_tags": {},
                "id": "ocid1.compartment.oc1..aaaaaaaacqujyl6pn73322mlwfnp2u6dmuvq2kehnizvrgk5o5gihvtc577q",
                "inactive_state": "",
                "is_accessible": true,
                "name": "CloudLooyasOKE",
                "state": "ACTIVE",
                "time_created": "2023-04-03 12:10:48.964 +0000 UTC"
              },
              {
                "compartment_id": "ocid1.compartment.oc1..aaaaaaaazxskkhfpbjhfx25ude2qb7uqquuhz4vpo2ffzciyfo6qx2aczglq",
                "defined_tags": {
                  "Oracle-Tags.CreatedBy": "default/mohamed.youssef.fersi@looyas.com",
                  "Oracle-Tags.CreatedOn": "2024-05-09T09:17:34.451Z"
                },
                "description": "Landing Zone compartment for all devops nprod related resources.",
                "enable_delete": false,
                "freeform_tags": {
                  "cis-landing-zone": "LZdemo-quickstart"
                },
                "id": "ocid1.compartment.oc1..aaaaaaaausf7nolbx3aph6vrubbqo3q6an2ezrymubjbe7hjxl7xravgvzzq",
                "inactive_state": "",
                "is_accessible": true,
                "name": "devops-nprod-cmp",
                "state": "ACTIVE",
                "time_created": "2024-05-09 09:17:34.479 +0000 UTC"
              },
              {
                "compartment_id": "ocid1.compartment.oc1..aaaaaaaazxskkhfpbjhfx25ude2qb7uqquuhz4vpo2ffzciyfo6qx2aczglq",
                "defined_tags": {
                  "Oracle-Tags.CreatedBy": "default/mohamed.youssef.fersi@looyas.com",
                  "Oracle-Tags.CreatedOn": "2024-05-09T09:17:34.293Z"
                },
                "description": "Landing Zone compartment for all devops prod related resources.",
                "enable_delete": false,
                "freeform_tags": {
                  "cis-landing-zone": "LZdemo-quickstart"
                },
                "id": "ocid1.compartment.oc1..aaaaaaaahw3uzinqqlqmxiisol2xdrz6erw4lqmgxuyvsz5qmsfdo7w2xkha",
                "inactive_state": "",
                "is_accessible": true,
                "name": "devops-prod-cmp",
                "state": "ACTIVE",
                "time_created": "2024-05-09 09:17:34.346 +0000 UTC"
              },
              {
                "compartment_id": "ocid1.tenancy.oc1..aaaaaaaaybaroxvhi6u2kygooe3qswfhxfc6q7jo3gyh26r27pl7lfwriq2a",
                "defined_tags": {
                  "Oracle-Tags.CreatedBy": "default/yosri.bensaad@looyas.com",
                  "Oracle-Tags.CreatedOn": "2024-04-25T16:30:35.723Z"
                },
                "description": "This compartment will group all the resources created and managed by the interns",
                "enable_delete": false,
                "freeform_tags": {},
                "id": "ocid1.compartment.oc1..aaaaaaaadasmsbtdyd5ygcd6g544bcg2obnkuvdlyfy5zbdl6esom3ju5r6a",
                "inactive_state": "",
                "is_accessible": true,
                "name": "Interns-comp",
                "state": "ACTIVE",
                "time_created": "2024-04-25 16:30:35.786 +0000 UTC"
              },
              {
                "compartment_id": "ocid1.tenancy.oc1..aaaaaaaaybaroxvhi6u2kygooe3qswfhxfc6q7jo3gyh26r27pl7lfwriq2a",
                "defined_tags": {
                  "Oracle-Tags.CreatedBy": "default/mohamed.youssef.fersi@looyas.com",
                  "Oracle-Tags.CreatedOn": "2023-10-16T14:01:50.232Z"
                },
                "description": "for landing zone deployment",
                "enable_delete": false,
                "freeform_tags": {},
                "id": "ocid1.compartment.oc1..aaaaaaaazxskkhfpbjhfx25ude2qb7uqquuhz4vpo2ffzciyfo6qx2aczglq",
                "inactive_state": "",
                "is_accessible": true,
                "name": "LandingZoneComp",
                "state": "ACTIVE",
                "time_created": "2023-10-16 14:01:50.296 +0000 UTC"
              },
              {
                "compartment_id": "ocid1.compartment.oc1..aaaaaaaazxskkhfpbjhfx25ude2qb7uqquuhz4vpo2ffzciyfo6qx2aczglq",
                "defined_tags": {
                  "Oracle-Tags.CreatedBy": "default/mohamed.youssef.fersi@looyas.com",
                  "Oracle-Tags.CreatedOn": "2024-05-09T09:17:34.335Z"
                },
                "description": "Landing Zone compartment for all network related resources: VCNs, subnets, network gateways, security lists, NSGs, load balancers, VNICs, and others.",
                "enable_delete": false,
                "freeform_tags": {
                  "cis-landing-zone": "LZdemo-quickstart"
                },
                "id": "ocid1.compartment.oc1..aaaaaaaarcnomheb6ckz3wxjsdweboj7vreg2kx725ltq4ng3qohyfrupgxa",
                "inactive_state": "",
                "is_accessible": true,
                "name": "LZdemo-network-cmp",
                "state": "ACTIVE",
                "time_created": "2024-05-09 09:17:35.187 +0000 UTC"
              },
              {
                "compartment_id": "ocid1.tenancy.oc1..aaaaaaaaybaroxvhi6u2kygooe3qswfhxfc6q7jo3gyh26r27pl7lfwriq2a",
                "defined_tags": {},
                "description": "idcs-90ee65c7fe1045d3ac75caae90fef166|25411926|hichem.maatallah@looyas.com-Looyas-797673",
                "enable_delete": false,
                "freeform_tags": {},
                "id": "ocid1.compartment.oc1..aaaaaaaa7urm5fv2z2o5j7dmx6uotao3v36umb7ui3betbvdonzvtqt4phra",
                "inactive_state": "",
                "is_accessible": true,
                "name": "ManagedCompartmentForPaaS",
                "state": "ACTIVE",
                "time_created": "2022-08-12 15:51:26.267 +0000 UTC"
              },
              {
                "compartment_id": "ocid1.compartment.oc1..aaaaaaaazxskkhfpbjhfx25ude2qb7uqquuhz4vpo2ffzciyfo6qx2aczglq",
                "defined_tags": {
                  "Oracle-Tags.CreatedBy": "default/mohamed.youssef.fersi@looyas.com",
                  "Oracle-Tags.CreatedOn": "2024-05-09T09:17:34.442Z"
                },
                "description": "Landing Zone compartment for all non productions related resources.",
                "enable_delete": false,
                "freeform_tags": {
                  "cis-landing-zone": "LZdemo-quickstart"
                },
                "id": "ocid1.compartment.oc1..aaaaaaaa6f7wdw77gbtihannm3tlmciepdtcl4m4to33qwjyem35up4lrg2q",
                "inactive_state": "",
                "is_accessible": true,
                "name": "nprod-cmp",
                "state": "ACTIVE",
                "time_created": "2024-05-09 09:17:34.828 +0000 UTC"
              },
              {
                "compartment_id": "ocid1.compartment.oc1..aaaaaaaazxskkhfpbjhfx25ude2qb7uqquuhz4vpo2ffzciyfo6qx2aczglq",
                "defined_tags": {
                  "Oracle-Tags.CreatedBy": "default/mohamed.youssef.fersi@looyas.com",
                  "Oracle-Tags.CreatedOn": "2024-05-09T09:17:33.922Z"
                },
                "description": "Landing Zone compartment for all productions related resources.",
                "enable_delete": false,
                "freeform_tags": {
                  "cis-landing-zone": "LZdemo-quickstart"
                },
                "id": "ocid1.compartment.oc1..aaaaaaaa4ofr3xaz4qwganqar57r2sgjeeod4ejxtsrx46dnerwlowwvf3eq",
                "inactive_state": "",
                "is_accessible": true,
                "name": "prodUPDATE-cmp",
                "state": "ACTIVE",
                "time_created": "2024-05-09 09:17:33.967 +0000 UTC"
              }
            ],
            "filter": null,
            "id": "IdentityCompartmentsDataSource-4129928970",
            "name": null,
            "state": "ACTIVE"
          },
          "sensitive_attributes": []
        }
      ]
    },
    {
      "mode": "data",
      "type": "oci_identity_compartments",
      "name": "devops",
      "provider": "provider[\"registry.terraform.io/oracle/oci\"]",
      "instances": [
        {
          "schema_version": 0,
          "attributes": {
            "access_level": null,
            "compartment_id": "ocid1.compartment.oc1..aaaaaaaazxskkhfpbjhfx25ude2qb7uqquuhz4vpo2ffzciyfo6qx2aczglq",
            "compartment_id_in_subtree": null,
            "compartments": [
              {
                "compartment_id": "ocid1.compartment.oc1..aaaaaaaazxskkhfpbjhfx25ude2qb7uqquuhz4vpo2ffzciyfo6qx2aczglq",
                "defined_tags": {
                  "Oracle-Tags.CreatedBy": "default/mohamed.youssef.fersi@looyas.com",
                  "Oracle-Tags.CreatedOn": "2024-05-09T09:17:34.293Z"
                },
                "description": "Landing Zone compartment for all devops prod related resources.",
                "enable_delete": false,
                "freeform_tags": {
                  "cis-landing-zone": "LZdemo-quickstart"
                },
                "id": "ocid1.compartment.oc1..aaaaaaaahw3uzinqqlqmxiisol2xdrz6erw4lqmgxuyvsz5qmsfdo7w2xkha",
                "inactive_state": "",
                "is_accessible": false,
                "name": "devops-prod-cmp",
                "state": "ACTIVE",
                "time_created": "2024-05-09 09:17:34.346 +0000 UTC"
              }
            ],
            "filter": [
              {
                "name": "name",
                "regex": false,
                "values": [
                  "devops-prod-cmp"
                ]
              }
            ],
            "id": "IdentityCompartmentsDataSource-203140757",
            "name": null,
            "state": null
          },
          "sensitive_attributes": []
        }
      ]
    },
    {
      "mode": "data",
      "type": "oci_identity_compartments",
      "name": "exainfra",
      "provider": "provider[\"registry.terraform.io/oracle/oci\"]",
      "instances": [
        {
          "schema_version": 0,
          "attributes": {
            "access_level": null,
            "compartment_id": "ocid1.compartment.oc1..aaaaaaaazxskkhfpbjhfx25ude2qb7uqquuhz4vpo2ffzciyfo6qx2aczglq",
            "compartment_id_in_subtree": null,
            "compartments": [],
            "filter": [
              {
                "name": "name",
                "regex": false,
                "values": [
                  "LZdemo-exainfra-cmp"
                ]
              }
            ],
            "id": "IdentityCompartmentsDataSource-203140757",
            "name": null,
            "state": null
          },
          "sensitive_attributes": []
        }
      ]
    },
    {
      "mode": "data",
      "type": "oci_identity_compartments",
      "name": "network",
      "provider": "provider[\"registry.terraform.io/oracle/oci\"]",
      "instances": [
        {
          "schema_version": 0,
          "attributes": {
            "access_level": null,
            "compartment_id": "ocid1.compartment.oc1..aaaaaaaazxskkhfpbjhfx25ude2qb7uqquuhz4vpo2ffzciyfo6qx2aczglq",
            "compartment_id_in_subtree": null,
            "compartments": [
              {
                "compartment_id": "ocid1.compartment.oc1..aaaaaaaazxskkhfpbjhfx25ude2qb7uqquuhz4vpo2ffzciyfo6qx2aczglq",
                "defined_tags": {
                  "Oracle-Tags.CreatedBy": "default/mohamed.youssef.fersi@looyas.com",
                  "Oracle-Tags.CreatedOn": "2024-05-09T09:17:34.335Z"
                },
                "description": "Landing Zone compartment for all network related resources: VCNs, subnets, network gateways, security lists, NSGs, load balancers, VNICs, and others.",
                "enable_delete": false,
                "freeform_tags": {
                  "cis-landing-zone": "LZdemo-quickstart"
                },
                "id": "ocid1.compartment.oc1..aaaaaaaarcnomheb6ckz3wxjsdweboj7vreg2kx725ltq4ng3qohyfrupgxa",
                "inactive_state": "",
                "is_accessible": false,
                "name": "LZdemo-network-cmp",
                "state": "ACTIVE",
                "time_created": "2024-05-09 09:17:35.187 +0000 UTC"
              }
            ],
            "filter": [
              {
                "name": "name",
                "regex": false,
                "values": [
                  "LZdemo-network-cmp"
                ]
              }
            ],
            "id": "IdentityCompartmentsDataSource-203140757",
            "name": null,
            "state": null
          },
          "sensitive_attributes": []
        }
      ]
    },
    {
      "mode": "data",
      "type": "oci_identity_compartments",
      "name": "nprod",
      "provider": "provider[\"registry.terraform.io/oracle/oci\"]",
      "instances": [
        {
          "schema_version": 0,
          "attributes": {
            "access_level": null,
            "compartment_id": "ocid1.compartment.oc1..aaaaaaaazxskkhfpbjhfx25ude2qb7uqquuhz4vpo2ffzciyfo6qx2aczglq",
            "compartment_id_in_subtree": null,
            "compartments": [
              {
                "compartment_id": "ocid1.compartment.oc1..aaaaaaaazxskkhfpbjhfx25ude2qb7uqquuhz4vpo2ffzciyfo6qx2aczglq",
                "defined_tags": {
                  "Oracle-Tags.CreatedBy": "default/mohamed.youssef.fersi@looyas.com",
                  "Oracle-Tags.CreatedOn": "2024-05-09T09:17:34.442Z"
                },
                "description": "Landing Zone compartment for all non productions related resources.",
                "enable_delete": false,
                "freeform_tags": {
                  "cis-landing-zone": "LZdemo-quickstart"
                },
                "id": "ocid1.compartment.oc1..aaaaaaaa6f7wdw77gbtihannm3tlmciepdtcl4m4to33qwjyem35up4lrg2q",
                "inactive_state": "",
                "is_accessible": false,
                "name": "nprod-cmp",
                "state": "ACTIVE",
                "time_created": "2024-05-09 09:17:34.828 +0000 UTC"
              }
            ],
            "filter": [
              {
                "name": "name",
                "regex": false,
                "values": [
                  "nprod-cmp"
                ]
              }
            ],
            "id": "IdentityCompartmentsDataSource-203140757",
            "name": null,
            "state": null
          },
          "sensitive_attributes": []
        }
      ]
    },
    {
      "mode": "data",
      "type": "oci_identity_compartments",
      "name": "prod",
      "provider": "provider[\"registry.terraform.io/oracle/oci\"]",
      "instances": [
        {
          "schema_version": 0,
          "attributes": {
            "access_level": null,
            "compartment_id": "ocid1.compartment.oc1..aaaaaaaazxskkhfpbjhfx25ude2qb7uqquuhz4vpo2ffzciyfo6qx2aczglq",
            "compartment_id_in_subtree": null,
            "compartments": [],
            "filter": [
              {
                "name": "name",
                "regex": false,
                "values": [
                  "prod-cmp"
                ]
              }
            ],
            "id": "IdentityCompartmentsDataSource-203140757",
            "name": null,
            "state": null
          },
          "sensitive_attributes": []
        }
      ]
    },
    {
      "mode": "data",
      "type": "oci_identity_dynamic_groups",
      "name": "existing_appdev_fun_dyn_group",
      "provider": "provider[\"registry.terraform.io/oracle/oci\"]",
      "instances": [
        {
          "schema_version": 0,
          "attributes": {
            "compartment_id": "ocid1.tenancy.oc1..aaaaaaaaybaroxvhi6u2kygooe3qswfhxfc6q7jo3gyh26r27pl7lfwriq2a",
            "dynamic_groups": [],
            "filter": [
              {
                "name": "name",
                "regex": false,
                "values": [
                  ""
                ]
              }
            ],
            "id": "IdentityDynamicGroupsDataSource-390842708",
            "name": null,
            "state": null
          },
          "sensitive_attributes": []
        }
      ]
    },
    {
      "mode": "data",
      "type": "oci_identity_dynamic_groups",
      "name": "existing_compute_agent_dyn_group",
      "provider": "provider[\"registry.terraform.io/oracle/oci\"]",
      "instances": [
        {
          "schema_version": 0,
          "attributes": {
            "compartment_id": "ocid1.tenancy.oc1..aaaaaaaaybaroxvhi6u2kygooe3qswfhxfc6q7jo3gyh26r27pl7lfwriq2a",
            "dynamic_groups": [],
            "filter": [
              {
                "name": "name",
                "regex": false,
                "values": [
                  ""
                ]
              }
            ],
            "id": "IdentityDynamicGroupsDataSource-390842708",
            "name": null,
            "state": null
          },
          "sensitive_attributes": []
        }
      ]
    },
    {
      "mode": "data",
      "type": "oci_identity_dynamic_groups",
      "name": "existing_database_kms_dyn_group",
      "provider": "provider[\"registry.terraform.io/oracle/oci\"]",
      "instances": [
        {
          "schema_version": 0,
          "attributes": {
            "compartment_id": "ocid1.tenancy.oc1..aaaaaaaaybaroxvhi6u2kygooe3qswfhxfc6q7jo3gyh26r27pl7lfwriq2a",
            "dynamic_groups": [],
            "filter": [
              {
                "name": "name",
                "regex": false,
                "values": [
                  ""
                ]
              }
            ],
            "id": "IdentityDynamicGroupsDataSource-390842708",
            "name": null,
            "state": null
          },
          "sensitive_attributes": []
        }
      ]
    },
    {
      "mode": "data",
      "type": "oci_identity_dynamic_groups",
      "name": "existing_security_fun_dyn_group",
      "provider": "provider[\"registry.terraform.io/oracle/oci\"]",
      "instances": [
        {
          "schema_version": 0,
          "attributes": {
            "compartment_id": "ocid1.tenancy.oc1..aaaaaaaaybaroxvhi6u2kygooe3qswfhxfc6q7jo3gyh26r27pl7lfwriq2a",
            "dynamic_groups": [],
            "filter": [
              {
                "name": "name",
                "regex": false,
                "values": [
                  ""
                ]
              }
            ],
            "id": "IdentityDynamicGroupsDataSource-390842708",
            "name": null,
            "state": null
          },
          "sensitive_attributes": []
        }
      ]
    },
    {
      "mode": "data",
      "type": "oci_identity_group",
      "name": "existing_announcement_reader_group",
      "provider": "provider[\"registry.terraform.io/oracle/oci\"]",
      "instances": [
        {
          "schema_version": 0,
          "attributes": {
            "compartment_id": null,
            "defined_tags": null,
            "description": null,
            "freeform_tags": null,
            "group_id": null,
            "id": null,
            "inactive_state": null,
            "name": null,
            "state": null,
            "time_created": null
          },
          "sensitive_attributes": []
        }
      ]
    },
    {
      "mode": "data",
      "type": "oci_identity_group",
      "name": "existing_appdev_admin_group",
      "provider": "provider[\"registry.terraform.io/oracle/oci\"]",
      "instances": [
        {
          "schema_version": 0,
          "attributes": {
            "compartment_id": null,
            "defined_tags": null,
            "description": null,
            "freeform_tags": null,
            "group_id": null,
            "id": null,
            "inactive_state": null,
            "name": null,
            "state": null,
            "time_created": null
          },
          "sensitive_attributes": []
        }
      ]
    },
    {
      "mode": "data",
      "type": "oci_identity_group",
      "name": "existing_auditor_group",
      "provider": "provider[\"registry.terraform.io/oracle/oci\"]",
      "instances": [
        {
          "schema_version": 0,
          "attributes": {
            "compartment_id": null,
            "defined_tags": null,
            "description": null,
            "freeform_tags": null,
            "group_id": null,
            "id": null,
            "inactive_state": null,
            "name": null,
            "state": null,
            "time_created": null
          },
          "sensitive_attributes": []
        }
      ]
    },
    {
      "mode": "data",
      "type": "oci_identity_group",
      "name": "existing_cost_admin_group",
      "provider": "provider[\"registry.terraform.io/oracle/oci\"]",
      "instances": [
        {
          "schema_version": 0,
          "attributes": {
            "compartment_id": null,
            "defined_tags": null,
            "description": null,
            "freeform_tags": null,
            "group_id": null,
            "id": null,
            "inactive_state": null,
            "name": null,
            "state": null,
            "time_created": null
          },
          "sensitive_attributes": []
        }
      ]
    },
    {
      "mode": "data",
      "type": "oci_identity_group",
      "name": "existing_cred_admin_group",
      "provider": "provider[\"registry.terraform.io/oracle/oci\"]",
      "instances": [
        {
          "schema_version": 0,
          "attributes": {
            "compartment_id": null,
            "defined_tags": null,
            "description": null,
            "freeform_tags": null,
            "group_id": null,
            "id": null,
            "inactive_state": null,
            "name": null,
            "state": null,
            "time_created": null
          },
          "sensitive_attributes": []
        }
      ]
    },
    {
      "mode": "data",
      "type": "oci_identity_group",
      "name": "existing_database_admin_group",
      "provider": "provider[\"registry.terraform.io/oracle/oci\"]",
      "instances": [
        {
          "schema_version": 0,
          "attributes": {
            "compartment_id": null,
            "defined_tags": null,
            "description": null,
            "freeform_tags": null,
            "group_id": null,
            "id": null,
            "inactive_state": null,
            "name": null,
            "state": null,
            "time_created": null
          },
          "sensitive_attributes": []
        }
      ]
    },
    {
      "mode": "data",
      "type": "oci_identity_group",
      "name": "existing_devops_admin_group",
      "provider": "provider[\"registry.terraform.io/oracle/oci\"]",
      "instances": [
        {
          "schema_version": 0,
          "attributes": {
            "compartment_id": null,
            "defined_tags": null,
            "description": null,
            "freeform_tags": null,
            "group_id": null,
            "id": null,
            "inactive_state": null,
            "name": null,
            "state": null,
            "time_created": null
          },
          "sensitive_attributes": []
        }
      ]
    },
    {
      "mode": "data",
      "type": "oci_identity_group",
      "name": "existing_exainfra_admin_group",
      "provider": "provider[\"registry.terraform.io/oracle/oci\"]",
      "instances": [
        {
          "schema_version": 0,
          "attributes": {
            "compartment_id": null,
            "defined_tags": null,
            "description": null,
            "freeform_tags": null,
            "group_id": null,
            "id": null,
            "inactive_state": null,
            "name": null,
            "state": null,
            "time_created": null
          },
          "sensitive_attributes": []
        }
      ]
    },
    {
      "mode": "data",
      "type": "oci_identity_group",
      "name": "existing_iam_admin_group",
      "provider": "provider[\"registry.terraform.io/oracle/oci\"]",
      "instances": [
        {
          "schema_version": 0,
          "attributes": {
            "compartment_id": null,
            "defined_tags": null,
            "description": null,
            "freeform_tags": null,
            "group_id": null,
            "id": null,
            "inactive_state": null,
            "name": null,
            "state": null,
            "time_created": null
          },
          "sensitive_attributes": []
        }
      ]
    },
    {
      "mode": "data",
      "type": "oci_identity_group",
      "name": "existing_network_admin_group",
      "provider": "provider[\"registry.terraform.io/oracle/oci\"]",
      "instances": [
        {
          "schema_version": 0,
          "attributes": {
            "compartment_id": null,
            "defined_tags": null,
            "description": null,
            "freeform_tags": null,
            "group_id": null,
            "id": null,
            "inactive_state": null,
            "name": null,
            "state": null,
            "time_created": null
          },
          "sensitive_attributes": []
        }
      ]
    },
    {
      "mode": "data",
      "type": "oci_identity_group",
      "name": "existing_security_admin_group",
      "provider": "provider[\"registry.terraform.io/oracle/oci\"]",
      "instances": [
        {
          "schema_version": 0,
          "attributes": {
            "compartment_id": null,
            "defined_tags": null,
            "description": null,
            "freeform_tags": null,
            "group_id": null,
            "id": null,
            "inactive_state": null,
            "name": null,
            "state": null,
            "time_created": null
          },
          "sensitive_attributes": []
        }
      ]
    },
    {
      "mode": "data",
      "type": "oci_identity_group",
      "name": "existing_storage_admin_group",
      "provider": "provider[\"registry.terraform.io/oracle/oci\"]",
      "instances": [
        {
          "schema_version": 0,
          "attributes": {
            "compartment_id": null,
            "defined_tags": null,
            "description": null,
            "freeform_tags": null,
            "group_id": null,
            "id": null,
            "inactive_state": null,
            "name": null,
            "state": null,
            "time_created": null
          },
          "sensitive_attributes": []
        }
      ]
    },
    {
      "mode": "data",
      "type": "oci_identity_groups",
      "name": "existing_announcement_reader_group",
      "provider": "provider[\"registry.terraform.io/oracle/oci\"]",
      "instances": [
        {
          "schema_version": 0,
          "attributes": {
            "compartment_id": "ocid1.tenancy.oc1..aaaaaaaaybaroxvhi6u2kygooe3qswfhxfc6q7jo3gyh26r27pl7lfwriq2a",
            "filter": [
              {
                "name": "name",
                "regex": false,
                "values": [
                  ""
                ]
              }
            ],
            "groups": [],
            "id": "IdentityGroupsDataSource-390842708",
            "name": null,
            "state": null
          },
          "sensitive_attributes": []
        }
      ]
    },
    {
      "mode": "data",
      "type": "oci_identity_groups",
      "name": "existing_appdev_admin_group",
      "provider": "provider[\"registry.terraform.io/oracle/oci\"]",
      "instances": [
        {
          "schema_version": 0,
          "attributes": {
            "compartment_id": "ocid1.tenancy.oc1..aaaaaaaaybaroxvhi6u2kygooe3qswfhxfc6q7jo3gyh26r27pl7lfwriq2a",
            "filter": [
              {
                "name": "name",
                "regex": false,
                "values": [
                  ""
                ]
              }
            ],
            "groups": [],
            "id": "IdentityGroupsDataSource-390842708",
            "name": null,
            "state": null
          },
          "sensitive_attributes": []
        }
      ]
    },
    {
      "mode": "data",
      "type": "oci_identity_groups",
      "name": "existing_auditor_group",
      "provider": "provider[\"registry.terraform.io/oracle/oci\"]",
      "instances": [
        {
          "schema_version": 0,
          "attributes": {
            "compartment_id": "ocid1.tenancy.oc1..aaaaaaaaybaroxvhi6u2kygooe3qswfhxfc6q7jo3gyh26r27pl7lfwriq2a",
            "filter": [
              {
                "name": "name",
                "regex": false,
                "values": [
                  ""
                ]
              }
            ],
            "groups": [],
            "id": "IdentityGroupsDataSource-390842708",
            "name": null,
            "state": null
          },
          "sensitive_attributes": []
        }
      ]
    },
    {
      "mode": "data",
      "type": "oci_identity_groups",
      "name": "existing_cost_admin_group",
      "provider": "provider[\"registry.terraform.io/oracle/oci\"]",
      "instances": [
        {
          "schema_version": 0,
          "attributes": {
            "compartment_id": "ocid1.tenancy.oc1..aaaaaaaaybaroxvhi6u2kygooe3qswfhxfc6q7jo3gyh26r27pl7lfwriq2a",
            "filter": [
              {
                "name": "name",
                "regex": false,
                "values": [
                  ""
                ]
              }
            ],
            "groups": [],
            "id": "IdentityGroupsDataSource-390842708",
            "name": null,
            "state": null
          },
          "sensitive_attributes": []
        }
      ]
    },
    {
      "mode": "data",
      "type": "oci_identity_groups",
      "name": "existing_cred_admin_group",
      "provider": "provider[\"registry.terraform.io/oracle/oci\"]",
      "instances": [
        {
          "schema_version": 0,
          "attributes": {
            "compartment_id": "ocid1.tenancy.oc1..aaaaaaaaybaroxvhi6u2kygooe3qswfhxfc6q7jo3gyh26r27pl7lfwriq2a",
            "filter": [
              {
                "name": "name",
                "regex": false,
                "values": [
                  ""
                ]
              }
            ],
            "groups": [],
            "id": "IdentityGroupsDataSource-390842708",
            "name": null,
            "state": null
          },
          "sensitive_attributes": []
        }
      ]
    },
    {
      "mode": "data",
      "type": "oci_identity_groups",
      "name": "existing_database_admin_group",
      "provider": "provider[\"registry.terraform.io/oracle/oci\"]",
      "instances": [
        {
          "schema_version": 0,
          "attributes": {
            "compartment_id": "ocid1.tenancy.oc1..aaaaaaaaybaroxvhi6u2kygooe3qswfhxfc6q7jo3gyh26r27pl7lfwriq2a",
            "filter": [
              {
                "name": "name",
                "regex": false,
                "values": [
                  ""
                ]
              }
            ],
            "groups": [],
            "id": "IdentityGroupsDataSource-390842708",
            "name": null,
            "state": null
          },
          "sensitive_attributes": []
        }
      ]
    },
    {
      "mode": "data",
      "type": "oci_identity_groups",
      "name": "existing_devops_admin_group",
      "provider": "provider[\"registry.terraform.io/oracle/oci\"]",
      "instances": [
        {
          "schema_version": 0,
          "attributes": {
            "compartment_id": "ocid1.tenancy.oc1..aaaaaaaaybaroxvhi6u2kygooe3qswfhxfc6q7jo3gyh26r27pl7lfwriq2a",
            "filter": [
              {
                "name": "name",
                "regex": false,
                "values": [
                  ""
                ]
              }
            ],
            "groups": [],
            "id": "IdentityGroupsDataSource-390842708",
            "name": null,
            "state": null
          },
          "sensitive_attributes": []
        }
      ]
    },
    {
      "mode": "data",
      "type": "oci_identity_groups",
      "name": "existing_exainfra_admin_group",
      "provider": "provider[\"registry.terraform.io/oracle/oci\"]",
      "instances": [
        {
          "schema_version": 0,
          "attributes": {
            "compartment_id": "ocid1.tenancy.oc1..aaaaaaaaybaroxvhi6u2kygooe3qswfhxfc6q7jo3gyh26r27pl7lfwriq2a",
            "filter": [
              {
                "name": "name",
                "regex": false,
                "values": [
                  ""
                ]
              }
            ],
            "groups": [],
            "id": "IdentityGroupsDataSource-390842708",
            "name": null,
            "state": null
          },
          "sensitive_attributes": []
        }
      ]
    },
    {
      "mode": "data",
      "type": "oci_identity_groups",
      "name": "existing_iam_admin_group",
      "provider": "provider[\"registry.terraform.io/oracle/oci\"]",
      "instances": [
        {
          "schema_version": 0,
          "attributes": {
            "compartment_id": "ocid1.tenancy.oc1..aaaaaaaaybaroxvhi6u2kygooe3qswfhxfc6q7jo3gyh26r27pl7lfwriq2a",
            "filter": [
              {
                "name": "name",
                "regex": false,
                "values": [
                  ""
                ]
              }
            ],
            "groups": [],
            "id": "IdentityGroupsDataSource-390842708",
            "name": null,
            "state": null
          },
          "sensitive_attributes": []
        }
      ]
    },
    {
      "mode": "data",
      "type": "oci_identity_groups",
      "name": "existing_network_admin_group",
      "provider": "provider[\"registry.terraform.io/oracle/oci\"]",
      "instances": [
        {
          "schema_version": 0,
          "attributes": {
            "compartment_id": "ocid1.tenancy.oc1..aaaaaaaaybaroxvhi6u2kygooe3qswfhxfc6q7jo3gyh26r27pl7lfwriq2a",
            "filter": [
              {
                "name": "name",
                "regex": false,
                "values": [
                  ""
                ]
              }
            ],
            "groups": [],
            "id": "IdentityGroupsDataSource-390842708",
            "name": null,
            "state": null
          },
          "sensitive_attributes": []
        }
      ]
    },
    {
      "mode": "data",
      "type": "oci_identity_groups",
      "name": "existing_security_admin_group",
      "provider": "provider[\"registry.terraform.io/oracle/oci\"]",
      "instances": [
        {
          "schema_version": 0,
          "attributes": {
            "compartment_id": "ocid1.tenancy.oc1..aaaaaaaaybaroxvhi6u2kygooe3qswfhxfc6q7jo3gyh26r27pl7lfwriq2a",
            "filter": [
              {
                "name": "name",
                "regex": false,
                "values": [
                  ""
                ]
              }
            ],
            "groups": [],
            "id": "IdentityGroupsDataSource-390842708",
            "name": null,
            "state": null
          },
          "sensitive_attributes": []
        }
      ]
    },
    {
      "mode": "data",
      "type": "oci_identity_groups",
      "name": "existing_storage_admin_group",
      "provider": "provider[\"registry.terraform.io/oracle/oci\"]",
      "instances": [
        {
          "schema_version": 0,
          "attributes": {
            "compartment_id": "ocid1.tenancy.oc1..aaaaaaaaybaroxvhi6u2kygooe3qswfhxfc6q7jo3gyh26r27pl7lfwriq2a",
            "filter": [
              {
                "name": "name",
                "regex": false,
                "values": [
                  ""
                ]
              }
            ],
            "groups": [],
            "id": "IdentityGroupsDataSource-390842708",
            "name": null,
            "state": null
          },
          "sensitive_attributes": []
        }
      ]
    },
    {
      "mode": "data",
      "type": "oci_identity_regions",
      "name": "these",
      "provider": "provider[\"registry.terraform.io/oracle/oci\"]",
      "instances": [
        {
          "schema_version": 0,
          "attributes": {
            "filter": null,
            "id": "IdentityRegionsDataSource-0",
            "regions": [
              {
                "key": "AMS",
                "name": "eu-amsterdam-1"
              },
              {
                "key": "ARN",
                "name": "eu-stockholm-1"
              },
              {
                "key": "AUH",
                "name": "me-abudhabi-1"
              },
              {
                "key": "BOG",
                "name": "sa-bogota-1"
              },
              {
                "key": "BOM",
                "name": "ap-mumbai-1"
              },
              {
                "key": "CDG",
                "name": "eu-paris-1"
              },
              {
                "key": "CWL",
                "name": "uk-cardiff-1"
              },
              {
                "key": "DXB",
                "name": "me-dubai-1"
              },
              {
                "key": "FRA",
                "name": "eu-frankfurt-1"
              },
              {
                "key": "GRU",
                "name": "sa-saopaulo-1"
              },
              {
                "key": "HYD",
                "name": "ap-hyderabad-1"
              },
              {
                "key": "IAD",
                "name": "us-ashburn-1"
              },
              {
                "key": "ICN",
                "name": "ap-seoul-1"
              },
              {
                "key": "JED",
                "name": "me-jeddah-1"
              },
              {
                "key": "JNB",
                "name": "af-johannesburg-1"
              },
              {
                "key": "KIX",
                "name": "ap-osaka-1"
              },
              {
                "key": "LHR",
                "name": "uk-london-1"
              },
              {
                "key": "LIN",
                "name": "eu-milan-1"
              },
              {
                "key": "MAD",
                "name": "eu-madrid-1"
              },
              {
                "key": "MEL",
                "name": "ap-melbourne-1"
              },
              {
                "key": "MRS",
                "name": "eu-marseille-1"
              },
              {
                "key": "MTY",
                "name": "mx-monterrey-1"
              },
              {
                "key": "MTZ",
                "name": "il-jerusalem-1"
              },
              {
                "key": "NRT",
                "name": "ap-tokyo-1"
              },
              {
                "key": "ORD",
                "name": "us-chicago-1"
              },
              {
                "key": "PHX",
                "name": "us-phoenix-1"
              },
              {
                "key": "QRO",
                "name": "mx-queretaro-1"
              },
              {
                "key": "SCL",
                "name": "sa-santiago-1"
              },
              {
                "key": "SIN",
                "name": "ap-singapore-1"
              },
              {
                "key": "SJC",
                "name": "us-sanjose-1"
              },
              {
                "key": "SYD",
                "name": "ap-sydney-1"
              },
              {
                "key": "VAP",
                "name": "sa-valparaiso-1"
              },
              {
                "key": "VCP",
                "name": "sa-vinhedo-1"
              },
              {
                "key": "YNY",
                "name": "ap-chuncheon-1"
              },
              {
                "key": "YUL",
                "name": "ca-montreal-1"
              },
              {
                "key": "YYZ",
                "name": "ca-toronto-1"
              },
              {
                "key": "ZRH",
                "name": "eu-zurich-1"
              }
            ]
          },
          "sensitive_attributes": []
        }
      ]
    },
    {
      "mode": "data",
      "type": "oci_identity_tag_namespaces",
      "name": "this",
      "provider": "provider[\"registry.terraform.io/oracle/oci\"]",
      "instances": [
        {
          "schema_version": 0,
          "attributes": {
            "compartment_id": "ocid1.tenancy.oc1..aaaaaaaaybaroxvhi6u2kygooe3qswfhxfc6q7jo3gyh26r27pl7lfwriq2a",
            "filter": null,
            "id": "IdentityTagNamespacesDataSource-390842708",
            "include_subcompartments": null,
            "state": null,
            "tag_namespaces": [
              {
                "compartment_id": "ocid1.tenancy.oc1..aaaaaaaaybaroxvhi6u2kygooe3qswfhxfc6q7jo3gyh26r27pl7lfwriq2a",
                "defined_tags": {},
                "description": "The namespace for the automatic tags.",
                "freeform_tags": {},
                "id": "ocid1.tagnamespace.oc1..aaaaaaaatpceifqc2bbte76l2yvxiywiuzhx3ia5qem5lxlrwtwyzp37hbma",
                "is_retired": false,
                "name": "Oracle-Tags",
                "state": "ACTIVE",
                "time_created": "2022-08-12 15:32:41.225 +0000 UTC"
              }
            ]
          },
          "sensitive_attributes": []
        }
      ]
    },
    {
      "mode": "data",
      "type": "oci_identity_tenancy",
      "name": "this",
      "provider": "provider[\"registry.terraform.io/oracle/oci\"]",
      "instances": [
        {
          "schema_version": 0,
          "attributes": {
            "defined_tags": {},
            "description": "hichemmaatallah",
            "freeform_tags": {},
            "home_region_key": "CDG",
            "id": "ocid1.tenancy.oc1..aaaaaaaaybaroxvhi6u2kygooe3qswfhxfc6q7jo3gyh26r27pl7lfwriq2a",
            "name": "lzt",
            "tenancy_id": "ocid1.tenancy.oc1..aaaaaaaaybaroxvhi6u2kygooe3qswfhxfc6q7jo3gyh26r27pl7lfwriq2a",
            "upi_idcs_compatibility_layer_endpoint": null
          },
          "sensitive_attributes": []
        }
      ]
    },
    {
      "mode": "data",
      "type": "oci_objectstorage_namespace",
      "name": "this",
      "provider": "provider[\"registry.terraform.io/oracle/oci\"]",
      "instances": [
        {
          "schema_version": 0,
          "attributes": {
            "compartment_id": "ocid1.tenancy.oc1..aaaaaaaaybaroxvhi6u2kygooe3qswfhxfc6q7jo3gyh26r27pl7lfwriq2a",
            "id": "ObjectStorageNamespaceDataSource-390842708",
            "namespace": "axikvfj5offl"
          },
          "sensitive_attributes": []
        }
      ]
    },
    {
      "mode": "data",
      "type": "terraform_remote_state",
      "name": "iam-tfstate",
      "provider": "provider[\"terraform.io/builtin/terraform\"]",
      "instances": [
        {
          "schema_version": 0,
          "attributes": {
            "backend": "http",
            "config": {
              "value": {
                "address": "https://objectstorage.eu-paris-1.oraclecloud.com/p/TQrjTNXk11Xhp_9tp27I2DWLGbFwKlEB5FFZiu8x_asnOXl8yt-ssCJH5Z0VpGpO/n/axikvfj5offl/b/bucket-demo-tfstate/o/iam-tfstate/terraform.tfstate",
                "unlock_method": "GET"
              },
              "type": [
                "object",
                {
                  "address": "string",
                  "unlock_method": "string"
                }
              ]
            },
            "defaults": null,
            "outputs": {
              "value": {
                "compartments": {
                  "LZdemo-devops-nprod-cmp": {
                    "id": "ocid1.compartment.oc1..aaaaaaaausf7nolbx3aph6vrubbqo3q6an2ezrymubjbe7hjxl7xravgvzzq",
                    "name": "devops-nprod-cmp",
                    "parent_id": "ocid1.compartment.oc1..aaaaaaaazxskkhfpbjhfx25ude2qb7uqquuhz4vpo2ffzciyfo6qx2aczglq",
                    "time_created": "2024-05-09 09:17:34.479 +0000 UTC"
                  },
                  "LZdemo-devops-prod-cmp": {
                    "id": "ocid1.compartment.oc1..aaaaaaaahw3uzinqqlqmxiisol2xdrz6erw4lqmgxuyvsz5qmsfdo7w2xkha",
                    "name": "devops-prod-cmp",
                    "parent_id": "ocid1.compartment.oc1..aaaaaaaazxskkhfpbjhfx25ude2qb7uqquuhz4vpo2ffzciyfo6qx2aczglq",
                    "time_created": "2024-05-09 09:17:34.346 +0000 UTC"
                  },
                  "LZdemo-network-cmp": {
                    "id": "ocid1.compartment.oc1..aaaaaaaarcnomheb6ckz3wxjsdweboj7vreg2kx725ltq4ng3qohyfrupgxa",
                    "name": "LZdemo-network-cmp",
                    "parent_id": "ocid1.compartment.oc1..aaaaaaaazxskkhfpbjhfx25ude2qb7uqquuhz4vpo2ffzciyfo6qx2aczglq",
                    "time_created": "2024-05-09 09:17:35.187 +0000 UTC"
                  },
                  "LZdemo-nprod-cmp": {
                    "id": "ocid1.compartment.oc1..aaaaaaaa6f7wdw77gbtihannm3tlmciepdtcl4m4to33qwjyem35up4lrg2q",
                    "name": "nprod-cmp",
                    "parent_id": "ocid1.compartment.oc1..aaaaaaaazxskkhfpbjhfx25ude2qb7uqquuhz4vpo2ffzciyfo6qx2aczglq",
                    "time_created": "2024-05-09 09:17:34.828 +0000 UTC"
                  },
                  "LZdemo-prod-cmp": {
                    "id": "ocid1.compartment.oc1..aaaaaaaa4ofr3xaz4qwganqar57r2sgjeeod4ejxtsrx46dnerwlowwvf3eq",
                    "name": "prodUPDATE-cmp",
                    "parent_id": "ocid1.compartment.oc1..aaaaaaaazxskkhfpbjhfx25ude2qb7uqquuhz4vpo2ffzciyfo6qx2aczglq",
                    "time_created": "2024-05-09 09:17:33.967 +0000 UTC"
                  }
                },
                "lz_compartments": {
                  "compartments": {
                    "LZdemo-devops-nprod-cmp": {
                      "compartment_id": "ocid1.compartment.oc1..aaaaaaaazxskkhfpbjhfx25ude2qb7uqquuhz4vpo2ffzciyfo6qx2aczglq",
                      "defined_tags": {
                        "Oracle-Tags.CreatedBy": "default/mohamed.youssef.fersi@looyas.com",
                        "Oracle-Tags.CreatedOn": "2024-05-09T09:17:34.451Z"
                      },
                      "description": "Landing Zone compartment for all devops nprod related resources.",
                      "enable_delete": true,
                      "freeform_tags": {
                        "cis-landing-zone": "LZdemo-quickstart"
                      },
                      "id": "ocid1.compartment.oc1..aaaaaaaausf7nolbx3aph6vrubbqo3q6an2ezrymubjbe7hjxl7xravgvzzq",
                      "inactive_state": null,
                      "is_accessible": true,
                      "name": "devops-nprod-cmp",
                      "state": "ACTIVE",
                      "time_created": "2024-05-09 09:17:34.479 +0000 UTC",
                      "timeouts": null
                    },
                    "LZdemo-devops-prod-cmp": {
                      "compartment_id": "ocid1.compartment.oc1..aaaaaaaazxskkhfpbjhfx25ude2qb7uqquuhz4vpo2ffzciyfo6qx2aczglq",
                      "defined_tags": {
                        "Oracle-Tags.CreatedBy": "default/mohamed.youssef.fersi@looyas.com",
                        "Oracle-Tags.CreatedOn": "2024-05-09T09:17:34.293Z"
                      },
                      "description": "Landing Zone compartment for all devops prod related resources.",
                      "enable_delete": true,
                      "freeform_tags": {
                        "cis-landing-zone": "LZdemo-quickstart"
                      },
                      "id": "ocid1.compartment.oc1..aaaaaaaahw3uzinqqlqmxiisol2xdrz6erw4lqmgxuyvsz5qmsfdo7w2xkha",
                      "inactive_state": null,
                      "is_accessible": true,
                      "name": "devops-prod-cmp",
                      "state": "ACTIVE",
                      "time_created": "2024-05-09 09:17:34.346 +0000 UTC",
                      "timeouts": null
                    },
                    "LZdemo-network-cmp": {
                      "compartment_id": "ocid1.compartment.oc1..aaaaaaaazxskkhfpbjhfx25ude2qb7uqquuhz4vpo2ffzciyfo6qx2aczglq",
                      "defined_tags": {
                        "Oracle-Tags.CreatedBy": "default/mohamed.youssef.fersi@looyas.com",
                        "Oracle-Tags.CreatedOn": "2024-05-09T09:17:34.335Z"
                      },
                      "description": "Landing Zone compartment for all network related resources: VCNs, subnets, network gateways, security lists, NSGs, load balancers, VNICs, and others.",
                      "enable_delete": true,
                      "freeform_tags": {
                        "cis-landing-zone": "LZdemo-quickstart"
                      },
                      "id": "ocid1.compartment.oc1..aaaaaaaarcnomheb6ckz3wxjsdweboj7vreg2kx725ltq4ng3qohyfrupgxa",
                      "inactive_state": null,
                      "is_accessible": true,
                      "name": "LZdemo-network-cmp",
                      "state": "ACTIVE",
                      "time_created": "2024-05-09 09:17:35.187 +0000 UTC",
                      "timeouts": null
                    },
                    "LZdemo-nprod-cmp": {
                      "compartment_id": "ocid1.compartment.oc1..aaaaaaaazxskkhfpbjhfx25ude2qb7uqquuhz4vpo2ffzciyfo6qx2aczglq",
                      "defined_tags": {
                        "Oracle-Tags.CreatedBy": "default/mohamed.youssef.fersi@looyas.com",
                        "Oracle-Tags.CreatedOn": "2024-05-09T09:17:34.442Z"
                      },
                      "description": "Landing Zone compartment for all non productions related resources.",
                      "enable_delete": true,
                      "freeform_tags": {
                        "cis-landing-zone": "LZdemo-quickstart"
                      },
                      "id": "ocid1.compartment.oc1..aaaaaaaa6f7wdw77gbtihannm3tlmciepdtcl4m4to33qwjyem35up4lrg2q",
                      "inactive_state": null,
                      "is_accessible": true,
                      "name": "nprod-cmp",
                      "state": "ACTIVE",
                      "time_created": "2024-05-09 09:17:34.828 +0000 UTC",
                      "timeouts": null
                    },
                    "LZdemo-prod-cmp": {
                      "compartment_id": "ocid1.compartment.oc1..aaaaaaaazxskkhfpbjhfx25ude2qb7uqquuhz4vpo2ffzciyfo6qx2aczglq",
                      "defined_tags": {
                        "Oracle-Tags.CreatedBy": "default/mohamed.youssef.fersi@looyas.com",
                        "Oracle-Tags.CreatedOn": "2024-05-09T09:17:33.922Z"
                      },
                      "description": "Landing Zone compartment for all productions related resources.",
                      "enable_delete": true,
                      "freeform_tags": {
                        "cis-landing-zone": "LZdemo-quickstart"
                      },
                      "id": "ocid1.compartment.oc1..aaaaaaaa4ofr3xaz4qwganqar57r2sgjeeod4ejxtsrx46dnerwlowwvf3eq",
                      "inactive_state": null,
                      "is_accessible": true,
                      "name": "prodUPDATE-cmp",
                      "state": "ACTIVE",
                      "time_created": "2024-05-09 09:17:33.967 +0000 UTC",
                      "timeouts": null
                    }
                  }
                },
                "lz_dynamic_groups": {
                  "dynamic_groups": {}
                },
                "lz_services_policy": {
                  "policies": {
                    "LZdemo-services-policy": {
                      "ETag": "2ff2a59e2fec7ef69fa3be088ec1388726f3586b",
                      "compartment_id": "ocid1.tenancy.oc1..aaaaaaaaybaroxvhi6u2kygooe3qswfhxfc6q7jo3gyh26r27pl7lfwriq2a",
                      "defined_tags": {
                        "Oracle-Tags.CreatedBy": "default/mohamed.youssef.fersi@looyas.com",
                        "Oracle-Tags.CreatedOn": "2024-05-09T09:18:02.847Z"
                      },
                      "description": "Landing Zone policy for OCI services: Cloud Guard, Vulnerability Scanning and OS Management.",
                      "freeform_tags": {
                        "cis-landing-zone": "LZdemo-quickstart"
                      },
                      "id": "ocid1.policy.oc1..aaaaaaaau4meef7vuldzusemwqy5tvhzjytryu643ff53d3qe5yjjzlhfuia",
                      "inactive_state": null,
                      "lastUpdateETag": "2ff2a59e2fec7ef69fa3be088ec1388726f3586b",
                      "name": "LZdemo-services-policy",
                      "policyHash": "4cfcd3fa4653f811d5ef41c22f61eaf6",
                      "state": "ACTIVE",
                      "statements": [
                        "Allow service cloudguard to read all-resources in tenancy",
                        "Allow service cloudguard to use network-security-groups in tenancy",
                        "Allow service osms to read instances in tenancy"
                      ],
                      "time_created": "2024-05-09 09:18:03.123 +0000 UTC",
                      "timeouts": null,
                      "version_date": null
                    }
                  }
                },
                "lz_top_compartment": [],
                "service_label": "LZdemo"
              },
              "type": [
                "object",
                {
                  "compartments": [
                    "object",
                    {
                      "LZdemo-devops-nprod-cmp": [
                        "object",
                        {
                          "id": "string",
                          "name": "string",
                          "parent_id": "string",
                          "time_created": "string"
                        }
                      ],
                      "LZdemo-devops-prod-cmp": [
                        "object",
                        {
                          "id": "string",
                          "name": "string",
                          "parent_id": "string",
                          "time_created": "string"
                        }
                      ],
                      "LZdemo-network-cmp": [
                        "object",
                        {
                          "id": "string",
                          "name": "string",
                          "parent_id": "string",
                          "time_created": "string"
                        }
                      ],
                      "LZdemo-nprod-cmp": [
                        "object",
                        {
                          "id": "string",
                          "name": "string",
                          "parent_id": "string",
                          "time_created": "string"
                        }
                      ],
                      "LZdemo-prod-cmp": [
                        "object",
                        {
                          "id": "string",
                          "name": "string",
                          "parent_id": "string",
                          "time_created": "string"
                        }
                      ]
                    }
                  ],
                  "lz_compartments": [
                    "object",
                    {
                      "compartments": [
                        "object",
                        {
                          "LZdemo-devops-nprod-cmp": [
                            "object",
                            {
                              "compartment_id": "string",
                              "defined_tags": [
                                "map",
                                "string"
                              ],
                              "description": "string",
                              "enable_delete": "bool",
                              "freeform_tags": [
                                "map",
                                "string"
                              ],
                              "id": "string",
                              "inactive_state": "string",
                              "is_accessible": "bool",
                              "name": "string",
                              "state": "string",
                              "time_created": "string",
                              "timeouts": [
                                "object",
                                {
                                  "delete": "string"
                                }
                              ]
                            }
                          ],
                          "LZdemo-devops-prod-cmp": [
                            "object",
                            {
                              "compartment_id": "string",
                              "defined_tags": [
                                "map",
                                "string"
                              ],
                              "description": "string",
                              "enable_delete": "bool",
                              "freeform_tags": [
                                "map",
                                "string"
                              ],
                              "id": "string",
                              "inactive_state": "string",
                              "is_accessible": "bool",
                              "name": "string",
                              "state": "string",
                              "time_created": "string",
                              "timeouts": [
                                "object",
                                {
                                  "delete": "string"
                                }
                              ]
                            }
                          ],
                          "LZdemo-network-cmp": [
                            "object",
                            {
                              "compartment_id": "string",
                              "defined_tags": [
                                "map",
                                "string"
                              ],
                              "description": "string",
                              "enable_delete": "bool",
                              "freeform_tags": [
                                "map",
                                "string"
                              ],
                              "id": "string",
                              "inactive_state": "string",
                              "is_accessible": "bool",
                              "name": "string",
                              "state": "string",
                              "time_created": "string",
                              "timeouts": [
                                "object",
                                {
                                  "delete": "string"
                                }
                              ]
                            }
                          ],
                          "LZdemo-nprod-cmp": [
                            "object",
                            {
                              "compartment_id": "string",
                              "defined_tags": [
                                "map",
                                "string"
                              ],
                              "description": "string",
                              "enable_delete": "bool",
                              "freeform_tags": [
                                "map",
                                "string"
                              ],
                              "id": "string",
                              "inactive_state": "string",
                              "is_accessible": "bool",
                              "name": "string",
                              "state": "string",
                              "time_created": "string",
                              "timeouts": [
                                "object",
                                {
                                  "delete": "string"
                                }
                              ]
                            }
                          ],
                          "LZdemo-prod-cmp": [
                            "object",
                            {
                              "compartment_id": "string",
                              "defined_tags": [
                                "map",
                                "string"
                              ],
                              "description": "string",
                              "enable_delete": "bool",
                              "freeform_tags": [
                                "map",
                                "string"
                              ],
                              "id": "string",
                              "inactive_state": "string",
                              "is_accessible": "bool",
                              "name": "string",
                              "state": "string",
                              "time_created": "string",
                              "timeouts": [
                                "object",
                                {
                                  "delete": "string"
                                }
                              ]
                            }
                          ]
                        }
                      ]
                    }
                  ],
                  "lz_dynamic_groups": [
                    "object",
                    {
                      "dynamic_groups": [
                        "object",
                        {}
                      ]
                    }
                  ],
                  "lz_services_policy": [
                    "object",
                    {
                      "policies": [
                        "object",
                        {
                          "LZdemo-services-policy": [
                            "object",
                            {
                              "ETag": "string",
                              "compartment_id": "string",
                              "defined_tags": [
                                "map",
                                "string"
                              ],
                              "description": "string",
                              "freeform_tags": [
                                "map",
                                "string"
                              ],
                              "id": "string",
                              "inactive_state": "string",
                              "lastUpdateETag": "string",
                              "name": "string",
                              "policyHash": "string",
                              "state": "string",
                              "statements": [
                                "list",
                                "string"
                              ],
                              "time_created": "string",
                              "timeouts": [
                                "object",
                                {
                                  "create": "string",
                                  "delete": "string",
                                  "update": "string"
                                }
                              ],
                              "version_date": "string"
                            }
                          ]
                        }
                      ]
                    }
                  ],
                  "lz_top_compartment": [
                    "tuple",
                    []
                  ],
                  "service_label": "string"
                }
              ]
            },
            "workspace": null
          },
          "sensitive_attributes": []
        }
      ]
    },
    {
      "mode": "managed",
      "type": "null_resource",
      "name": "wait_on_compartments",
      "provider": "provider[\"registry.terraform.io/hashicorp/null\"]",
      "instances": [
        {
          "schema_version": 0,
          "attributes": {
            "id": "1441389996947474739",
            "triggers": null
          },
          "sensitive_attributes": [],
          "dependencies": [
            "data.oci_identity_compartment.lz_compartments",
            "data.terraform_remote_state.iam-tfstate"
          ]
        }
      ]
    },
    {
      "mode": "managed",
      "type": "null_resource",
      "name": "wait_on_services_policy",
      "provider": "provider[\"registry.terraform.io/hashicorp/null\"]",
      "instances": [
        {
          "schema_version": 0,
          "attributes": {
            "id": "3648930933396540593",
            "triggers": null
          },
          "sensitive_attributes": [],
          "dependencies": [
            "data.oci_identity_compartment.lz_services_policy",
            "data.terraform_remote_state.iam-tfstate"
          ]
        }
      ]
    },
    {
      "module": "module.lz_drg",
      "mode": "managed",
      "type": "oci_core_drg",
      "name": "this",
      "provider": "provider[\"registry.terraform.io/oracle/oci\"]",
      "instances": [
        {
          "index_key": 0,
          "schema_version": 0,
          "attributes": {
            "compartment_id": "ocid1.compartment.oc1..aaaaaaaarcnomheb6ckz3wxjsdweboj7vreg2kx725ltq4ng3qohyfrupgxa",
            "default_drg_route_tables": [
              {
                "ipsec_tunnel": "ocid1.drgroutetable.oc1.eu-paris-1.aaaaaaaa6bowkjtwwq7v2glcmlxegg2fttlyy4njwmziwpkll7q4htpfzeta",
                "remote_peering_connection": "ocid1.drgroutetable.oc1.eu-paris-1.aaaaaaaa6bowkjtwwq7v2glcmlxegg2fttlyy4njwmziwpkll7q4htpfzeta",
                "vcn": "ocid1.drgroutetable.oc1.eu-paris-1.aaaaaaaalqzpqorcfi7czsz63hxgmkzltzo24r5e5h5usdf7er27expe23ga",
                "virtual_circuit": "ocid1.drgroutetable.oc1.eu-paris-1.aaaaaaaa6bowkjtwwq7v2glcmlxegg2fttlyy4njwmziwpkll7q4htpfzeta"
              }
            ],
            "default_export_drg_route_distribution_id": "ocid1.drgroutedistribution.oc1.eu-paris-1.aaaaaaaai5dgchz5afp3mukihg2dqq6i75xtltizqfnl7wx53lri5ibizivq",
            "defined_tags": {
              "Oracle-Tags.CreatedBy": "default/mohamed.youssef.fersi@looyas.com",
              "Oracle-Tags.CreatedOn": "2024-05-22T14:27:20.890Z"
            },
            "display_name": "LZdemo-drg",
            "freeform_tags": {
              "cis-landing-zone": "LZdemo-quickstart"
            },
            "id": "ocid1.drg.oc1.eu-paris-1.aaaaaaaaoa5f4qhi3pgl4jybmvr2i57p6ae6usao6jvt5khdd3seyvsbvrmq",
            "redundancy_status": "NOT_AVAILABLE",
            "state": "AVAILABLE",
            "time_created": "2024-05-22 14:27:20.904 +0000 UTC",
            "timeouts": null
          },
          "sensitive_attributes": [],
          "private": "eyJlMmJmYjczMC1lY2FhLTExZTYtOGY4OC0zNDM2M2JjN2M0YzAiOnsiY3JlYXRlIjoxMjAwMDAwMDAwMDAwLCJkZWxldGUiOjEyMDAwMDAwMDAwMDAsInVwZGF0ZSI6MTIwMDAwMDAwMDAwMH19",
          "dependencies": [
            "data.oci_identity_compartment.lz_compartments",
            "data.oci_identity_compartments.network",
            "data.terraform_remote_state.iam-tfstate",
            "null_resource.wait_on_compartments"
          ]
        }
      ]
    },
    {
      "module": "module.lz_exacs_vcns",
      "mode": "data",
      "type": "oci_core_services",
      "name": "all_services",
      "provider": "provider[\"registry.terraform.io/oracle/oci\"]",
      "instances": [
        {
          "schema_version": 0,
          "attributes": {
            "filter": null,
            "id": "CoreServicesDataSource-0",
            "services": [
              {
                "cidr_block": "all-cdg-services-in-oracle-services-network",
                "description": "All CDG Services In Oracle Services Network",
                "id": "ocid1.service.oc1.eu-paris-1.aaaaaaaafwyotwbtosc3eimj7ibd6vku4gefufvbradnhdv6vukydma4ainq",
                "name": "All CDG Services In Oracle Services Network"
              },
              {
                "cidr_block": "oci-cdg-objectstorage",
                "description": "OCI CDG Object Storage",
                "id": "ocid1.service.oc1.eu-paris-1.aaaaaaaak2id5zido6sf6rd75pfipcj2l7x6v3gtxpmu4rpdhcrzucal6sga",
                "name": "OCI CDG Object Storage"
              }
            ]
          },
          "sensitive_attributes": []
        }
      ]
    },
    {
      "module": "module.lz_nsgs_dmz[0]",
      "mode": "data",
      "type": "oci_core_network_security_groups",
      "name": "these",
      "provider": "provider[\"registry.terraform.io/oracle/oci\"]",
      "instances": [
        {
          "index_key": "LZdemo-Hub-vcn-bastion-nsg",
          "schema_version": 0,
          "attributes": {
            "compartment_id": "ocid1.compartment.oc1..aaaaaaaarcnomheb6ckz3wxjsdweboj7vreg2kx725ltq4ng3qohyfrupgxa",
            "display_name": null,
            "filter": null,
            "id": "CoreNetworkSecurityGroupsDataSource-3491732267",
            "network_security_groups": [],
            "state": null,
            "vcn_id": "ocid1.vcn.oc1.eu-paris-1.amaaaaaa6aytp6aa5knogs5dcrepiphvj5uta5nktl2frbaj7ztqqgzwd3pa",
            "vlan_id": null
          },
          "sensitive_attributes": []
        },
        {
          "index_key": "LZdemo-Hub-vcn-services-nsg",
          "schema_version": 0,
          "attributes": {
            "compartment_id": "ocid1.compartment.oc1..aaaaaaaarcnomheb6ckz3wxjsdweboj7vreg2kx725ltq4ng3qohyfrupgxa",
            "display_name": null,
            "filter": null,
            "id": "CoreNetworkSecurityGroupsDataSource-3491732267",
            "network_security_groups": [],
            "state": null,
            "vcn_id": "ocid1.vcn.oc1.eu-paris-1.amaaaaaa6aytp6aa5knogs5dcrepiphvj5uta5nktl2frbaj7ztqqgzwd3pa",
            "vlan_id": null
          },
          "sensitive_attributes": []
        }
      ]
    },
    {
      "module": "module.lz_nsgs_dmz[0]",
      "mode": "managed",
      "type": "oci_core_network_security_group",
      "name": "these",
      "provider": "provider[\"registry.terraform.io/oracle/oci\"]",
      "instances": [
        {
          "index_key": "LZdemo-Hub-vcn-bastion-nsg",
          "schema_version": 0,
          "attributes": {
            "compartment_id": "ocid1.compartment.oc1..aaaaaaaarcnomheb6ckz3wxjsdweboj7vreg2kx725ltq4ng3qohyfrupgxa",
            "defined_tags": {
              "Oracle-Tags.CreatedBy": "default/mohamed.youssef.fersi@looyas.com",
              "Oracle-Tags.CreatedOn": "2024-05-22T14:27:47.005Z"
            },
            "display_name": "LZdemo-Hub-vcn-bastion-nsg",
            "freeform_tags": {
              "cis-landing-zone": "LZdemo-quickstart"
            },
            "id": "ocid1.networksecuritygroup.oc1.eu-paris-1.aaaaaaaaz3rh7kyv35y7plqqvb4nfm23o6giormvutfhqcw5qc35fx6nh4bq",
            "state": "AVAILABLE",
            "time_created": "2024-05-22 14:27:47.108 +0000 UTC",
            "timeouts": null,
            "vcn_id": "ocid1.vcn.oc1.eu-paris-1.amaaaaaa6aytp6aa5knogs5dcrepiphvj5uta5nktl2frbaj7ztqqgzwd3pa"
          },
          "sensitive_attributes": [],
          "private": "eyJlMmJmYjczMC1lY2FhLTExZTYtOGY4OC0zNDM2M2JjN2M0YzAiOnsiY3JlYXRlIjoxMjAwMDAwMDAwMDAwLCJkZWxldGUiOjEyMDAwMDAwMDAwMDAsInVwZGF0ZSI6MTIwMDAwMDAwMDAwMH19",
          "dependencies": [
            "data.oci_identity_compartment.lz_compartments",
            "data.oci_identity_compartments.network",
            "data.oci_identity_regions.these",
            "data.terraform_remote_state.iam-tfstate",
            "module.lz_drg.oci_core_drg.this",
            "module.lz_exacs_vcns.oci_core_vcn.these",
            "module.lz_vcn_dmz.data.oci_core_services.all_services",
            "module.lz_vcn_dmz.oci_core_default_security_list.these",
            "module.lz_vcn_dmz.oci_core_drg_attachment.these",
            "module.lz_vcn_dmz.oci_core_internet_gateway.these",
            "module.lz_vcn_dmz.oci_core_nat_gateway.these",
            "module.lz_vcn_dmz.oci_core_security_list.these",
            "module.lz_vcn_dmz.oci_core_service_gateway.these",
            "module.lz_vcn_dmz.oci_core_subnet.these",
            "module.lz_vcn_dmz.oci_core_vcn.these",
            "module.lz_vcn_spokes.data.oci_core_services.all_services",
            "module.lz_vcn_spokes.oci_core_default_security_list.these",
            "module.lz_vcn_spokes.oci_core_drg_attachment.these",
            "module.lz_vcn_spokes.oci_core_internet_gateway.these",
            "module.lz_vcn_spokes.oci_core_nat_gateway.these",
            "module.lz_vcn_spokes.oci_core_security_list.these",
            "module.lz_vcn_spokes.oci_core_service_gateway.these",
            "module.lz_vcn_spokes.oci_core_subnet.these",
            "module.lz_vcn_spokes.oci_core_vcn.these",
            "null_resource.wait_on_compartments"
          ]
        },
        {
          "index_key": "LZdemo-Hub-vcn-services-nsg",
          "schema_version": 0,
          "attributes": {
            "compartment_id": "ocid1.compartment.oc1..aaaaaaaarcnomheb6ckz3wxjsdweboj7vreg2kx725ltq4ng3qohyfrupgxa",
            "defined_tags": {
              "Oracle-Tags.CreatedBy": "default/mohamed.youssef.fersi@looyas.com",
              "Oracle-Tags.CreatedOn": "2024-05-22T14:27:47.004Z"
            },
            "display_name": "LZdemo-Hub-vcn-services-nsg",
            "freeform_tags": {
              "cis-landing-zone": "LZdemo-quickstart"
            },
            "id": "ocid1.networksecuritygroup.oc1.eu-paris-1.aaaaaaaaxho762n57jtrc25mx2fs2anatdwxw5au65j6qedlw42hswidzooq",
            "state": "AVAILABLE",
            "time_created": "2024-05-22 14:27:47.802 +0000 UTC",
            "timeouts": null,
            "vcn_id": "ocid1.vcn.oc1.eu-paris-1.amaaaaaa6aytp6aa5knogs5dcrepiphvj5uta5nktl2frbaj7ztqqgzwd3pa"
          },
          "sensitive_attributes": [],
          "private": "eyJlMmJmYjczMC1lY2FhLTExZTYtOGY4OC0zNDM2M2JjN2M0YzAiOnsiY3JlYXRlIjoxMjAwMDAwMDAwMDAwLCJkZWxldGUiOjEyMDAwMDAwMDAwMDAsInVwZGF0ZSI6MTIwMDAwMDAwMDAwMH19",
          "dependencies": [
            "data.oci_identity_compartment.lz_compartments",
            "data.oci_identity_compartments.network",
            "data.oci_identity_regions.these",
            "data.terraform_remote_state.iam-tfstate",
            "module.lz_drg.oci_core_drg.this",
            "module.lz_exacs_vcns.oci_core_vcn.these",
            "module.lz_vcn_dmz.data.oci_core_services.all_services",
            "module.lz_vcn_dmz.oci_core_default_security_list.these",
            "module.lz_vcn_dmz.oci_core_drg_attachment.these",
            "module.lz_vcn_dmz.oci_core_internet_gateway.these",
            "module.lz_vcn_dmz.oci_core_nat_gateway.these",
            "module.lz_vcn_dmz.oci_core_security_list.these",
            "module.lz_vcn_dmz.oci_core_service_gateway.these",
            "module.lz_vcn_dmz.oci_core_subnet.these",
            "module.lz_vcn_dmz.oci_core_vcn.these",
            "module.lz_vcn_spokes.data.oci_core_services.all_services",
            "module.lz_vcn_spokes.oci_core_default_security_list.these",
            "module.lz_vcn_spokes.oci_core_drg_attachment.these",
            "module.lz_vcn_spokes.oci_core_internet_gateway.these",
            "module.lz_vcn_spokes.oci_core_nat_gateway.these",
            "module.lz_vcn_spokes.oci_core_security_list.these",
            "module.lz_vcn_spokes.oci_core_service_gateway.these",
            "module.lz_vcn_spokes.oci_core_subnet.these",
            "module.lz_vcn_spokes.oci_core_vcn.these",
            "null_resource.wait_on_compartments"
          ]
        }
      ]
    },
    {
      "module": "module.lz_nsgs_dmz[0]",
      "mode": "managed",
      "type": "oci_core_network_security_group_security_rule",
      "name": "egress",
      "provider": "provider[\"registry.terraform.io/oracle/oci\"]",
      "instances": [
        {
          "index_key": "LZdemo-Hub-vcn-bastion-nsg.Spoke-Devops-dmz-ssh-egress-rule",
          "schema_version": 0,
          "attributes": {
            "description": "Allows SSH connections to hosts in Spoke-Devops VCN (10.1.0.0/24 CIDR range).",
            "destination": "10.1.0.0/24",
            "destination_type": "CIDR_BLOCK",
            "direction": "EGRESS",
            "icmp_options": [],
            "id": "6E1FBB",
            "is_valid": true,
            "network_security_group_id": "ocid1.networksecuritygroup.oc1.eu-paris-1.aaaaaaaaz3rh7kyv35y7plqqvb4nfm23o6giormvutfhqcw5qc35fx6nh4bq",
            "protocol": "6",
            "source": null,
            "source_type": "",
            "stateless": false,
            "tcp_options": [
              {
                "destination_port_range": [
                  {
                    "max": 22,
                    "min": 22
                  }
                ],
                "source_port_range": []
              }
            ],
            "time_created": "2024-05-22 14:27:48.846 +0000 UTC",
            "timeouts": null,
            "udp_options": []
          },
          "sensitive_attributes": [],
          "private": "eyJlMmJmYjczMC1lY2FhLTExZTYtOGY4OC0zNDM2M2JjN2M0YzAiOnsiY3JlYXRlIjoxMjAwMDAwMDAwMDAwLCJkZWxldGUiOjEyMDAwMDAwMDAwMDAsInVwZGF0ZSI6MTIwMDAwMDAwMDAwMH19",
          "dependencies": [
            "data.oci_identity_compartment.lz_compartments",
            "data.oci_identity_compartments.network",
            "data.oci_identity_regions.these",
            "data.terraform_remote_state.iam-tfstate",
            "module.lz_drg.oci_core_drg.this",
            "module.lz_exacs_vcns.oci_core_vcn.these",
            "module.lz_nsgs_dmz.data.oci_core_network_security_groups.these",
            "module.lz_nsgs_dmz.oci_core_network_security_group.these",
            "module.lz_vcn_dmz.data.oci_core_services.all_services",
            "module.lz_vcn_dmz.oci_core_default_security_list.these",
            "module.lz_vcn_dmz.oci_core_drg_attachment.these",
            "module.lz_vcn_dmz.oci_core_internet_gateway.these",
            "module.lz_vcn_dmz.oci_core_nat_gateway.these",
            "module.lz_vcn_dmz.oci_core_security_list.these",
            "module.lz_vcn_dmz.oci_core_service_gateway.these",
            "module.lz_vcn_dmz.oci_core_subnet.these",
            "module.lz_vcn_dmz.oci_core_vcn.these",
            "module.lz_vcn_spokes.data.oci_core_services.all_services",
            "module.lz_vcn_spokes.oci_core_default_security_list.these",
            "module.lz_vcn_spokes.oci_core_drg_attachment.these",
            "module.lz_vcn_spokes.oci_core_internet_gateway.these",
            "module.lz_vcn_spokes.oci_core_nat_gateway.these",
            "module.lz_vcn_spokes.oci_core_security_list.these",
            "module.lz_vcn_spokes.oci_core_service_gateway.these",
            "module.lz_vcn_spokes.oci_core_subnet.these",
            "module.lz_vcn_spokes.oci_core_vcn.these",
            "null_resource.wait_on_compartments"
          ]
        },
        {
          "index_key": "LZdemo-Hub-vcn-bastion-nsg.Spoke-prod-dmz-ssh-egress-rule",
          "schema_version": 0,
          "attributes": {
            "description": "Allows SSH connections to hosts in Spoke-prod VCN (10.2.0.0/24 CIDR range).",
            "destination": "10.2.0.0/24",
            "destination_type": "CIDR_BLOCK",
            "direction": "EGRESS",
            "icmp_options": [],
            "id": "29BDDA",
            "is_valid": true,
            "network_security_group_id": "ocid1.networksecuritygroup.oc1.eu-paris-1.aaaaaaaaz3rh7kyv35y7plqqvb4nfm23o6giormvutfhqcw5qc35fx6nh4bq",
            "protocol": "6",
            "source": null,
            "source_type": "",
            "stateless": false,
            "tcp_options": [
              {
                "destination_port_range": [
                  {
                    "max": 22,
                    "min": 22
                  }
                ],
                "source_port_range": []
              }
            ],
            "time_created": "2024-05-22 14:27:48.275 +0000 UTC",
            "timeouts": null,
            "udp_options": []
          },
          "sensitive_attributes": [],
          "private": "eyJlMmJmYjczMC1lY2FhLTExZTYtOGY4OC0zNDM2M2JjN2M0YzAiOnsiY3JlYXRlIjoxMjAwMDAwMDAwMDAwLCJkZWxldGUiOjEyMDAwMDAwMDAwMDAsInVwZGF0ZSI6MTIwMDAwMDAwMDAwMH19",
          "dependencies": [
            "data.oci_identity_compartment.lz_compartments",
            "data.oci_identity_compartments.network",
            "data.oci_identity_regions.these",
            "data.terraform_remote_state.iam-tfstate",
            "module.lz_drg.oci_core_drg.this",
            "module.lz_exacs_vcns.oci_core_vcn.these",
            "module.lz_nsgs_dmz.data.oci_core_network_security_groups.these",
            "module.lz_nsgs_dmz.oci_core_network_security_group.these",
            "module.lz_vcn_dmz.data.oci_core_services.all_services",
            "module.lz_vcn_dmz.oci_core_default_security_list.these",
            "module.lz_vcn_dmz.oci_core_drg_attachment.these",
            "module.lz_vcn_dmz.oci_core_internet_gateway.these",
            "module.lz_vcn_dmz.oci_core_nat_gateway.these",
            "module.lz_vcn_dmz.oci_core_security_list.these",
            "module.lz_vcn_dmz.oci_core_service_gateway.these",
            "module.lz_vcn_dmz.oci_core_subnet.these",
            "module.lz_vcn_dmz.oci_core_vcn.these",
            "module.lz_vcn_spokes.data.oci_core_services.all_services",
            "module.lz_vcn_spokes.oci_core_default_security_list.these",
            "module.lz_vcn_spokes.oci_core_drg_attachment.these",
            "module.lz_vcn_spokes.oci_core_internet_gateway.these",
            "module.lz_vcn_spokes.oci_core_nat_gateway.these",
            "module.lz_vcn_spokes.oci_core_security_list.these",
            "module.lz_vcn_spokes.oci_core_service_gateway.these",
            "module.lz_vcn_spokes.oci_core_subnet.these",
            "module.lz_vcn_spokes.oci_core_vcn.these",
            "null_resource.wait_on_compartments"
          ]
        },
        {
          "index_key": "LZdemo-Hub-vcn-bastion-nsg.dmz-services-egress-rule",
          "schema_version": 0,
          "attributes": {
            "description": "Allows SSH connections to hosts in LZdemo-Hub-vcn-services-nsg NSG.",
            "destination": "ocid1.networksecuritygroup.oc1.eu-paris-1.aaaaaaaaxho762n57jtrc25mx2fs2anatdwxw5au65j6qedlw42hswidzooq",
            "destination_type": "NETWORK_SECURITY_GROUP",
            "direction": "EGRESS",
            "icmp_options": [],
            "id": "F89601",
            "is_valid": true,
            "network_security_group_id": "ocid1.networksecuritygroup.oc1.eu-paris-1.aaaaaaaaz3rh7kyv35y7plqqvb4nfm23o6giormvutfhqcw5qc35fx6nh4bq",
            "protocol": "6",
            "source": null,
            "source_type": "",
            "stateless": false,
            "tcp_options": [
              {
                "destination_port_range": [
                  {
                    "max": 22,
                    "min": 22
                  }
                ],
                "source_port_range": []
              }
            ],
            "time_created": "2024-05-22 14:27:48.7 +0000 UTC",
            "timeouts": null,
            "udp_options": []
          },
          "sensitive_attributes": [],
          "private": "eyJlMmJmYjczMC1lY2FhLTExZTYtOGY4OC0zNDM2M2JjN2M0YzAiOnsiY3JlYXRlIjoxMjAwMDAwMDAwMDAwLCJkZWxldGUiOjEyMDAwMDAwMDAwMDAsInVwZGF0ZSI6MTIwMDAwMDAwMDAwMH19",
          "dependencies": [
            "data.oci_identity_compartment.lz_compartments",
            "data.oci_identity_compartments.network",
            "data.oci_identity_regions.these",
            "data.terraform_remote_state.iam-tfstate",
            "module.lz_drg.oci_core_drg.this",
            "module.lz_exacs_vcns.oci_core_vcn.these",
            "module.lz_nsgs_dmz.data.oci_core_network_security_groups.these",
            "module.lz_nsgs_dmz.oci_core_network_security_group.these",
            "module.lz_vcn_dmz.data.oci_core_services.all_services",
            "module.lz_vcn_dmz.oci_core_default_security_list.these",
            "module.lz_vcn_dmz.oci_core_drg_attachment.these",
            "module.lz_vcn_dmz.oci_core_internet_gateway.these",
            "module.lz_vcn_dmz.oci_core_nat_gateway.these",
            "module.lz_vcn_dmz.oci_core_security_list.these",
            "module.lz_vcn_dmz.oci_core_service_gateway.these",
            "module.lz_vcn_dmz.oci_core_subnet.these",
            "module.lz_vcn_dmz.oci_core_vcn.these",
            "module.lz_vcn_spokes.data.oci_core_services.all_services",
            "module.lz_vcn_spokes.oci_core_default_security_list.these",
            "module.lz_vcn_spokes.oci_core_drg_attachment.these",
            "module.lz_vcn_spokes.oci_core_internet_gateway.these",
            "module.lz_vcn_spokes.oci_core_nat_gateway.these",
            "module.lz_vcn_spokes.oci_core_security_list.these",
            "module.lz_vcn_spokes.oci_core_service_gateway.these",
            "module.lz_vcn_spokes.oci_core_subnet.these",
            "module.lz_vcn_spokes.oci_core_vcn.these",
            "null_resource.wait_on_compartments"
          ]
        },
        {
          "index_key": "LZdemo-Hub-vcn-bastion-nsg.osn-services-egress-rule",
          "schema_version": 0,
          "attributes": {
            "description": "Allows HTTPS connections to hosts in all-cdg-services-in-oracle-services-network.",
            "destination": "all-cdg-services-in-oracle-services-network",
            "destination_type": "SERVICE_CIDR_BLOCK",
            "direction": "EGRESS",
            "icmp_options": [],
            "id": "8E2896",
            "is_valid": true,
            "network_security_group_id": "ocid1.networksecuritygroup.oc1.eu-paris-1.aaaaaaaaz3rh7kyv35y7plqqvb4nfm23o6giormvutfhqcw5qc35fx6nh4bq",
            "protocol": "6",
            "source": null,
            "source_type": "",
            "stateless": false,
            "tcp_options": [
              {
                "destination_port_range": [
                  {
                    "max": 443,
                    "min": 443
                  }
                ],
                "source_port_range": []
              }
            ],
            "time_created": "2024-05-22 14:27:48.583 +0000 UTC",
            "timeouts": null,
            "udp_options": []
          },
          "sensitive_attributes": [],
          "private": "eyJlMmJmYjczMC1lY2FhLTExZTYtOGY4OC0zNDM2M2JjN2M0YzAiOnsiY3JlYXRlIjoxMjAwMDAwMDAwMDAwLCJkZWxldGUiOjEyMDAwMDAwMDAwMDAsInVwZGF0ZSI6MTIwMDAwMDAwMDAwMH19",
          "dependencies": [
            "data.oci_identity_compartment.lz_compartments",
            "data.oci_identity_compartments.network",
            "data.oci_identity_regions.these",
            "data.terraform_remote_state.iam-tfstate",
            "module.lz_drg.oci_core_drg.this",
            "module.lz_exacs_vcns.oci_core_vcn.these",
            "module.lz_nsgs_dmz.data.oci_core_network_security_groups.these",
            "module.lz_nsgs_dmz.oci_core_network_security_group.these",
            "module.lz_vcn_dmz.data.oci_core_services.all_services",
            "module.lz_vcn_dmz.oci_core_default_security_list.these",
            "module.lz_vcn_dmz.oci_core_drg_attachment.these",
            "module.lz_vcn_dmz.oci_core_internet_gateway.these",
            "module.lz_vcn_dmz.oci_core_nat_gateway.these",
            "module.lz_vcn_dmz.oci_core_security_list.these",
            "module.lz_vcn_dmz.oci_core_service_gateway.these",
            "module.lz_vcn_dmz.oci_core_subnet.these",
            "module.lz_vcn_dmz.oci_core_vcn.these",
            "module.lz_vcn_spokes.data.oci_core_services.all_services",
            "module.lz_vcn_spokes.oci_core_default_security_list.these",
            "module.lz_vcn_spokes.oci_core_drg_attachment.these",
            "module.lz_vcn_spokes.oci_core_internet_gateway.these",
            "module.lz_vcn_spokes.oci_core_nat_gateway.these",
            "module.lz_vcn_spokes.oci_core_security_list.these",
            "module.lz_vcn_spokes.oci_core_service_gateway.these",
            "module.lz_vcn_spokes.oci_core_subnet.these",
            "module.lz_vcn_spokes.oci_core_vcn.these",
            "null_resource.wait_on_compartments"
          ]
        },
        {
          "index_key": "LZdemo-Hub-vcn-services-nsg.Spoke-Devops-dmz-http-egress-rule",
          "schema_version": 0,
          "attributes": {
            "description": "Allows HTTP connections to Spoke-Devops VCN (10.1.0.0/24 CIDR range).",
            "destination": "10.1.0.0/24",
            "destination_type": "CIDR_BLOCK",
            "direction": "EGRESS",
            "icmp_options": [],
            "id": "DC2D73",
            "is_valid": true,
            "network_security_group_id": "ocid1.networksecuritygroup.oc1.eu-paris-1.aaaaaaaaxho762n57jtrc25mx2fs2anatdwxw5au65j6qedlw42hswidzooq",
            "protocol": "6",
            "source": null,
            "source_type": "",
            "stateless": false,
            "tcp_options": [
              {
                "destination_port_range": [
                  {
                    "max": 80,
                    "min": 80
                  }
                ],
                "source_port_range": []
              }
            ],
            "time_created": "2024-05-22 14:27:48.626 +0000 UTC",
            "timeouts": null,
            "udp_options": []
          },
          "sensitive_attributes": [],
          "private": "eyJlMmJmYjczMC1lY2FhLTExZTYtOGY4OC0zNDM2M2JjN2M0YzAiOnsiY3JlYXRlIjoxMjAwMDAwMDAwMDAwLCJkZWxldGUiOjEyMDAwMDAwMDAwMDAsInVwZGF0ZSI6MTIwMDAwMDAwMDAwMH19",
          "dependencies": [
            "data.oci_identity_compartment.lz_compartments",
            "data.oci_identity_compartments.network",
            "data.oci_identity_regions.these",
            "data.terraform_remote_state.iam-tfstate",
            "module.lz_drg.oci_core_drg.this",
            "module.lz_exacs_vcns.oci_core_vcn.these",
            "module.lz_nsgs_dmz.data.oci_core_network_security_groups.these",
            "module.lz_nsgs_dmz.oci_core_network_security_group.these",
            "module.lz_vcn_dmz.data.oci_core_services.all_services",
            "module.lz_vcn_dmz.oci_core_default_security_list.these",
            "module.lz_vcn_dmz.oci_core_drg_attachment.these",
            "module.lz_vcn_dmz.oci_core_internet_gateway.these",
            "module.lz_vcn_dmz.oci_core_nat_gateway.these",
            "module.lz_vcn_dmz.oci_core_security_list.these",
            "module.lz_vcn_dmz.oci_core_service_gateway.these",
            "module.lz_vcn_dmz.oci_core_subnet.these",
            "module.lz_vcn_dmz.oci_core_vcn.these",
            "module.lz_vcn_spokes.data.oci_core_services.all_services",
            "module.lz_vcn_spokes.oci_core_default_security_list.these",
            "module.lz_vcn_spokes.oci_core_drg_attachment.these",
            "module.lz_vcn_spokes.oci_core_internet_gateway.these",
            "module.lz_vcn_spokes.oci_core_nat_gateway.these",
            "module.lz_vcn_spokes.oci_core_security_list.these",
            "module.lz_vcn_spokes.oci_core_service_gateway.these",
            "module.lz_vcn_spokes.oci_core_subnet.these",
            "module.lz_vcn_spokes.oci_core_vcn.these",
            "null_resource.wait_on_compartments"
          ]
        },
        {
          "index_key": "LZdemo-Hub-vcn-services-nsg.Spoke-prod-dmz-http-egress-rule",
          "schema_version": 0,
          "attributes": {
            "description": "Allows HTTP connections to Spoke-prod VCN (10.2.0.0/24 CIDR range).",
            "destination": "10.2.0.0/24",
            "destination_type": "CIDR_BLOCK",
            "direction": "EGRESS",
            "icmp_options": [],
            "id": "E4C2F1",
            "is_valid": true,
            "network_security_group_id": "ocid1.networksecuritygroup.oc1.eu-paris-1.aaaaaaaaxho762n57jtrc25mx2fs2anatdwxw5au65j6qedlw42hswidzooq",
            "protocol": "6",
            "source": null,
            "source_type": "",
            "stateless": false,
            "tcp_options": [
              {
                "destination_port_range": [
                  {
                    "max": 80,
                    "min": 80
                  }
                ],
                "source_port_range": []
              }
            ],
            "time_created": "2024-05-22 14:27:48.821 +0000 UTC",
            "timeouts": null,
            "udp_options": []
          },
          "sensitive_attributes": [],
          "private": "eyJlMmJmYjczMC1lY2FhLTExZTYtOGY4OC0zNDM2M2JjN2M0YzAiOnsiY3JlYXRlIjoxMjAwMDAwMDAwMDAwLCJkZWxldGUiOjEyMDAwMDAwMDAwMDAsInVwZGF0ZSI6MTIwMDAwMDAwMDAwMH19",
          "dependencies": [
            "data.oci_identity_compartment.lz_compartments",
            "data.oci_identity_compartments.network",
            "data.oci_identity_regions.these",
            "data.terraform_remote_state.iam-tfstate",
            "module.lz_drg.oci_core_drg.this",
            "module.lz_exacs_vcns.oci_core_vcn.these",
            "module.lz_nsgs_dmz.data.oci_core_network_security_groups.these",
            "module.lz_nsgs_dmz.oci_core_network_security_group.these",
            "module.lz_vcn_dmz.data.oci_core_services.all_services",
            "module.lz_vcn_dmz.oci_core_default_security_list.these",
            "module.lz_vcn_dmz.oci_core_drg_attachment.these",
            "module.lz_vcn_dmz.oci_core_internet_gateway.these",
            "module.lz_vcn_dmz.oci_core_nat_gateway.these",
            "module.lz_vcn_dmz.oci_core_security_list.these",
            "module.lz_vcn_dmz.oci_core_service_gateway.these",
            "module.lz_vcn_dmz.oci_core_subnet.these",
            "module.lz_vcn_dmz.oci_core_vcn.these",
            "module.lz_vcn_spokes.data.oci_core_services.all_services",
            "module.lz_vcn_spokes.oci_core_default_security_list.these",
            "module.lz_vcn_spokes.oci_core_drg_attachment.these",
            "module.lz_vcn_spokes.oci_core_internet_gateway.these",
            "module.lz_vcn_spokes.oci_core_nat_gateway.these",
            "module.lz_vcn_spokes.oci_core_security_list.these",
            "module.lz_vcn_spokes.oci_core_service_gateway.these",
            "module.lz_vcn_spokes.oci_core_subnet.these",
            "module.lz_vcn_spokes.oci_core_vcn.these",
            "null_resource.wait_on_compartments"
          ]
        },
        {
          "index_key": "LZdemo-Hub-vcn-services-nsg.osn-services-egress-rule",
          "schema_version": 0,
          "attributes": {
            "description": "Allows HTTPS connections to all-cdg-services-in-oracle-services-network.",
            "destination": "all-cdg-services-in-oracle-services-network",
            "destination_type": "SERVICE_CIDR_BLOCK",
            "direction": "EGRESS",
            "icmp_options": [],
            "id": "3AE9FB",
            "is_valid": true,
            "network_security_group_id": "ocid1.networksecuritygroup.oc1.eu-paris-1.aaaaaaaaxho762n57jtrc25mx2fs2anatdwxw5au65j6qedlw42hswidzooq",
            "protocol": "6",
            "source": null,
            "source_type": "",
            "stateless": false,
            "tcp_options": [
              {
                "destination_port_range": [
                  {
                    "max": 443,
                    "min": 443
                  }
                ],
                "source_port_range": []
              }
            ],
            "time_created": "2024-05-22 14:27:48.543 +0000 UTC",
            "timeouts": null,
            "udp_options": []
          },
          "sensitive_attributes": [],
          "private": "eyJlMmJmYjczMC1lY2FhLTExZTYtOGY4OC0zNDM2M2JjN2M0YzAiOnsiY3JlYXRlIjoxMjAwMDAwMDAwMDAwLCJkZWxldGUiOjEyMDAwMDAwMDAwMDAsInVwZGF0ZSI6MTIwMDAwMDAwMDAwMH19",
          "dependencies": [
            "data.oci_identity_compartment.lz_compartments",
            "data.oci_identity_compartments.network",
            "data.oci_identity_regions.these",
            "data.terraform_remote_state.iam-tfstate",
            "module.lz_drg.oci_core_drg.this",
            "module.lz_exacs_vcns.oci_core_vcn.these",
            "module.lz_nsgs_dmz.data.oci_core_network_security_groups.these",
            "module.lz_nsgs_dmz.oci_core_network_security_group.these",
            "module.lz_vcn_dmz.data.oci_core_services.all_services",
            "module.lz_vcn_dmz.oci_core_default_security_list.these",
            "module.lz_vcn_dmz.oci_core_drg_attachment.these",
            "module.lz_vcn_dmz.oci_core_internet_gateway.these",
            "module.lz_vcn_dmz.oci_core_nat_gateway.these",
            "module.lz_vcn_dmz.oci_core_security_list.these",
            "module.lz_vcn_dmz.oci_core_service_gateway.these",
            "module.lz_vcn_dmz.oci_core_subnet.these",
            "module.lz_vcn_dmz.oci_core_vcn.these",
            "module.lz_vcn_spokes.data.oci_core_services.all_services",
            "module.lz_vcn_spokes.oci_core_default_security_list.these",
            "module.lz_vcn_spokes.oci_core_drg_attachment.these",
            "module.lz_vcn_spokes.oci_core_internet_gateway.these",
            "module.lz_vcn_spokes.oci_core_nat_gateway.these",
            "module.lz_vcn_spokes.oci_core_security_list.these",
            "module.lz_vcn_spokes.oci_core_service_gateway.these",
            "module.lz_vcn_spokes.oci_core_subnet.these",
            "module.lz_vcn_spokes.oci_core_vcn.these",
            "null_resource.wait_on_compartments"
          ]
        }
      ]
    },
    {
      "module": "module.lz_nsgs_dmz[0]",
      "mode": "managed",
      "type": "oci_core_network_security_group_security_rule",
      "name": "ingress",
      "provider": "provider[\"registry.terraform.io/oracle/oci\"]",
      "instances": [
        {
          "index_key": "LZdemo-Hub-vcn-services-nsg.ssh-ingress-rule",
          "schema_version": 0,
          "attributes": {
            "description": "Allows SSH connections from hosts in LZdemo-Hub-vcn-bastion-nsg NSG.",
            "destination": null,
            "destination_type": "",
            "direction": "INGRESS",
            "icmp_options": [],
            "id": "3136E7",
            "is_valid": true,
            "network_security_group_id": "ocid1.networksecuritygroup.oc1.eu-paris-1.aaaaaaaaxho762n57jtrc25mx2fs2anatdwxw5au65j6qedlw42hswidzooq",
            "protocol": "6",
            "source": "ocid1.networksecuritygroup.oc1.eu-paris-1.aaaaaaaaz3rh7kyv35y7plqqvb4nfm23o6giormvutfhqcw5qc35fx6nh4bq",
            "source_type": "NETWORK_SECURITY_GROUP",
            "stateless": false,
            "tcp_options": [
              {
                "destination_port_range": [
                  {
                    "max": 22,
                    "min": 22
                  }
                ],
                "source_port_range": []
              }
            ],
            "time_created": "2024-05-22 14:27:48.358 +0000 UTC",
            "timeouts": null,
            "udp_options": []
          },
          "sensitive_attributes": [],
          "private": "eyJlMmJmYjczMC1lY2FhLTExZTYtOGY4OC0zNDM2M2JjN2M0YzAiOnsiY3JlYXRlIjoxMjAwMDAwMDAwMDAwLCJkZWxldGUiOjEyMDAwMDAwMDAwMDAsInVwZGF0ZSI6MTIwMDAwMDAwMDAwMH19",
          "dependencies": [
            "data.oci_identity_compartment.lz_compartments",
            "data.oci_identity_compartments.network",
            "data.oci_identity_regions.these",
            "data.terraform_remote_state.iam-tfstate",
            "module.lz_drg.oci_core_drg.this",
            "module.lz_exacs_vcns.oci_core_vcn.these",
            "module.lz_nsgs_dmz.data.oci_core_network_security_groups.these",
            "module.lz_nsgs_dmz.oci_core_network_security_group.these",
            "module.lz_vcn_dmz.data.oci_core_services.all_services",
            "module.lz_vcn_dmz.oci_core_default_security_list.these",
            "module.lz_vcn_dmz.oci_core_drg_attachment.these",
            "module.lz_vcn_dmz.oci_core_internet_gateway.these",
            "module.lz_vcn_dmz.oci_core_nat_gateway.these",
            "module.lz_vcn_dmz.oci_core_security_list.these",
            "module.lz_vcn_dmz.oci_core_service_gateway.these",
            "module.lz_vcn_dmz.oci_core_subnet.these",
            "module.lz_vcn_dmz.oci_core_vcn.these",
            "module.lz_vcn_spokes.data.oci_core_services.all_services",
            "module.lz_vcn_spokes.oci_core_default_security_list.these",
            "module.lz_vcn_spokes.oci_core_drg_attachment.these",
            "module.lz_vcn_spokes.oci_core_internet_gateway.these",
            "module.lz_vcn_spokes.oci_core_nat_gateway.these",
            "module.lz_vcn_spokes.oci_core_security_list.these",
            "module.lz_vcn_spokes.oci_core_service_gateway.these",
            "module.lz_vcn_spokes.oci_core_subnet.these",
            "module.lz_vcn_spokes.oci_core_vcn.these",
            "null_resource.wait_on_compartments"
          ]
        }
      ]
    },
    {
      "module": "module.lz_nsgs_spokes",
      "mode": "data",
      "type": "oci_core_network_security_groups",
      "name": "these",
      "provider": "provider[\"registry.terraform.io/oracle/oci\"]",
      "instances": [
        {
          "index_key": "Spoke-Devops-app-nsg",
          "schema_version": 0,
          "attributes": {
            "compartment_id": "ocid1.compartment.oc1..aaaaaaaarcnomheb6ckz3wxjsdweboj7vreg2kx725ltq4ng3qohyfrupgxa",
            "display_name": null,
            "filter": null,
            "id": "CoreNetworkSecurityGroupsDataSource-1156776484",
            "network_security_groups": [
              {
                "compartment_id": "ocid1.compartment.oc1..aaaaaaaarcnomheb6ckz3wxjsdweboj7vreg2kx725ltq4ng3qohyfrupgxa",
                "defined_tags": {
                  "Oracle-Tags.CreatedBy": "default/mohamed.youssef.fersi@looyas.com",
                  "Oracle-Tags.CreatedOn": "2024-05-22T14:27:39.135Z"
                },
                "display_name": "Spoke-Devops-lbr-nsg",
                "freeform_tags": {
                  "cis-landing-zone": "LZdemo-quickstart"
                },
                "id": "ocid1.networksecuritygroup.oc1.eu-paris-1.aaaaaaaat4tt42gko5ig3wuc7l7bg4thjjgxpkw27lmj7tclhf5bh5opnoya",
                "state": "AVAILABLE",
                "time_created": "2024-05-22 14:27:39.619 +0000 UTC",
                "vcn_id": "ocid1.vcn.oc1.eu-paris-1.amaaaaaa6aytp6aazf6akbvprd2b6sblai6eawwmhnljrbkdzh77rewyi73a"
              },
              {
                "compartment_id": "ocid1.compartment.oc1..aaaaaaaarcnomheb6ckz3wxjsdweboj7vreg2kx725ltq4ng3qohyfrupgxa",
                "defined_tags": {
                  "Oracle-Tags.CreatedBy": "default/mohamed.youssef.fersi@looyas.com",
                  "Oracle-Tags.CreatedOn": "2024-05-22T14:27:39.530Z"
                },
                "display_name": "Spoke-Devops-bastion-nsg",
                "freeform_tags": {
                  "cis-landing-zone": "LZdemo-quickstart"
                },
                "id": "ocid1.networksecuritygroup.oc1.eu-paris-1.aaaaaaaaxhoffkuv4ica6jczlzwixyfy3z3fdtttlopuecctl6e74jm2fsia",
                "state": "AVAILABLE",
                "time_created": "2024-05-22 14:27:39.588 +0000 UTC",
                "vcn_id": "ocid1.vcn.oc1.eu-paris-1.amaaaaaa6aytp6aazf6akbvprd2b6sblai6eawwmhnljrbkdzh77rewyi73a"
              },
              {
                "compartment_id": "ocid1.compartment.oc1..aaaaaaaarcnomheb6ckz3wxjsdweboj7vreg2kx725ltq4ng3qohyfrupgxa",
                "defined_tags": {
                  "Oracle-Tags.CreatedBy": "default/mohamed.youssef.fersi@looyas.com",
                  "Oracle-Tags.CreatedOn": "2024-05-22T14:27:39.136Z"
                },
                "display_name": "Spoke-Devops-app-nsg",
                "freeform_tags": {
                  "cis-landing-zone": "LZdemo-quickstart"
                },
                "id": "ocid1.networksecuritygroup.oc1.eu-paris-1.aaaaaaaaskton2diii3onxqb6h6dn6zdooufingi53hz3doc4o2htdprteua",
                "state": "AVAILABLE",
                "time_created": "2024-05-22 14:27:39.254 +0000 UTC",
                "vcn_id": "ocid1.vcn.oc1.eu-paris-1.amaaaaaa6aytp6aazf6akbvprd2b6sblai6eawwmhnljrbkdzh77rewyi73a"
              }
            ],
            "state": null,
            "vcn_id": "ocid1.vcn.oc1.eu-paris-1.amaaaaaa6aytp6aazf6akbvprd2b6sblai6eawwmhnljrbkdzh77rewyi73a",
            "vlan_id": null
          },
          "sensitive_attributes": []
        },
        {
          "index_key": "Spoke-Devops-bastion-nsg",
          "schema_version": 0,
          "attributes": {
            "compartment_id": "ocid1.compartment.oc1..aaaaaaaarcnomheb6ckz3wxjsdweboj7vreg2kx725ltq4ng3qohyfrupgxa",
            "display_name": null,
            "filter": null,
            "id": "CoreNetworkSecurityGroupsDataSource-1156776484",
            "network_security_groups": [
              {
                "compartment_id": "ocid1.compartment.oc1..aaaaaaaarcnomheb6ckz3wxjsdweboj7vreg2kx725ltq4ng3qohyfrupgxa",
                "defined_tags": {
                  "Oracle-Tags.CreatedBy": "default/mohamed.youssef.fersi@looyas.com",
                  "Oracle-Tags.CreatedOn": "2024-05-22T14:27:39.135Z"
                },
                "display_name": "Spoke-Devops-lbr-nsg",
                "freeform_tags": {
                  "cis-landing-zone": "LZdemo-quickstart"
                },
                "id": "ocid1.networksecuritygroup.oc1.eu-paris-1.aaaaaaaat4tt42gko5ig3wuc7l7bg4thjjgxpkw27lmj7tclhf5bh5opnoya",
                "state": "AVAILABLE",
                "time_created": "2024-05-22 14:27:39.619 +0000 UTC",
                "vcn_id": "ocid1.vcn.oc1.eu-paris-1.amaaaaaa6aytp6aazf6akbvprd2b6sblai6eawwmhnljrbkdzh77rewyi73a"
              },
              {
                "compartment_id": "ocid1.compartment.oc1..aaaaaaaarcnomheb6ckz3wxjsdweboj7vreg2kx725ltq4ng3qohyfrupgxa",
                "defined_tags": {
                  "Oracle-Tags.CreatedBy": "default/mohamed.youssef.fersi@looyas.com",
                  "Oracle-Tags.CreatedOn": "2024-05-22T14:27:39.530Z"
                },
                "display_name": "Spoke-Devops-bastion-nsg",
                "freeform_tags": {
                  "cis-landing-zone": "LZdemo-quickstart"
                },
                "id": "ocid1.networksecuritygroup.oc1.eu-paris-1.aaaaaaaaxhoffkuv4ica6jczlzwixyfy3z3fdtttlopuecctl6e74jm2fsia",
                "state": "AVAILABLE",
                "time_created": "2024-05-22 14:27:39.588 +0000 UTC",
                "vcn_id": "ocid1.vcn.oc1.eu-paris-1.amaaaaaa6aytp6aazf6akbvprd2b6sblai6eawwmhnljrbkdzh77rewyi73a"
              },
              {
                "compartment_id": "ocid1.compartment.oc1..aaaaaaaarcnomheb6ckz3wxjsdweboj7vreg2kx725ltq4ng3qohyfrupgxa",
                "defined_tags": {
                  "Oracle-Tags.CreatedBy": "default/mohamed.youssef.fersi@looyas.com",
                  "Oracle-Tags.CreatedOn": "2024-05-22T14:27:39.136Z"
                },
                "display_name": "Spoke-Devops-app-nsg",
                "freeform_tags": {
                  "cis-landing-zone": "LZdemo-quickstart"
                },
                "id": "ocid1.networksecuritygroup.oc1.eu-paris-1.aaaaaaaaskton2diii3onxqb6h6dn6zdooufingi53hz3doc4o2htdprteua",
                "state": "AVAILABLE",
                "time_created": "2024-05-22 14:27:39.254 +0000 UTC",
                "vcn_id": "ocid1.vcn.oc1.eu-paris-1.amaaaaaa6aytp6aazf6akbvprd2b6sblai6eawwmhnljrbkdzh77rewyi73a"
              }
            ],
            "state": null,
            "vcn_id": "ocid1.vcn.oc1.eu-paris-1.amaaaaaa6aytp6aazf6akbvprd2b6sblai6eawwmhnljrbkdzh77rewyi73a",
            "vlan_id": null
          },
          "sensitive_attributes": []
        },
        {
          "index_key": "Spoke-Devops-db-nsg",
          "schema_version": 0,
          "attributes": {
            "compartment_id": "ocid1.compartment.oc1..aaaaaaaarcnomheb6ckz3wxjsdweboj7vreg2kx725ltq4ng3qohyfrupgxa",
            "display_name": null,
            "filter": null,
            "id": "CoreNetworkSecurityGroupsDataSource-1156776484",
            "network_security_groups": [
              {
                "compartment_id": "ocid1.compartment.oc1..aaaaaaaarcnomheb6ckz3wxjsdweboj7vreg2kx725ltq4ng3qohyfrupgxa",
                "defined_tags": {
                  "Oracle-Tags.CreatedBy": "default/mohamed.youssef.fersi@looyas.com",
                  "Oracle-Tags.CreatedOn": "2024-05-22T14:27:39.135Z"
                },
                "display_name": "Spoke-Devops-lbr-nsg",
                "freeform_tags": {
                  "cis-landing-zone": "LZdemo-quickstart"
                },
                "id": "ocid1.networksecuritygroup.oc1.eu-paris-1.aaaaaaaat4tt42gko5ig3wuc7l7bg4thjjgxpkw27lmj7tclhf5bh5opnoya",
                "state": "AVAILABLE",
                "time_created": "2024-05-22 14:27:39.619 +0000 UTC",
                "vcn_id": "ocid1.vcn.oc1.eu-paris-1.amaaaaaa6aytp6aazf6akbvprd2b6sblai6eawwmhnljrbkdzh77rewyi73a"
              },
              {
                "compartment_id": "ocid1.compartment.oc1..aaaaaaaarcnomheb6ckz3wxjsdweboj7vreg2kx725ltq4ng3qohyfrupgxa",
                "defined_tags": {
                  "Oracle-Tags.CreatedBy": "default/mohamed.youssef.fersi@looyas.com",
                  "Oracle-Tags.CreatedOn": "2024-05-22T14:27:39.530Z"
                },
                "display_name": "Spoke-Devops-bastion-nsg",
                "freeform_tags": {
                  "cis-landing-zone": "LZdemo-quickstart"
                },
                "id": "ocid1.networksecuritygroup.oc1.eu-paris-1.aaaaaaaaxhoffkuv4ica6jczlzwixyfy3z3fdtttlopuecctl6e74jm2fsia",
                "state": "AVAILABLE",
                "time_created": "2024-05-22 14:27:39.588 +0000 UTC",
                "vcn_id": "ocid1.vcn.oc1.eu-paris-1.amaaaaaa6aytp6aazf6akbvprd2b6sblai6eawwmhnljrbkdzh77rewyi73a"
              },
              {
                "compartment_id": "ocid1.compartment.oc1..aaaaaaaarcnomheb6ckz3wxjsdweboj7vreg2kx725ltq4ng3qohyfrupgxa",
                "defined_tags": {
                  "Oracle-Tags.CreatedBy": "default/mohamed.youssef.fersi@looyas.com",
                  "Oracle-Tags.CreatedOn": "2024-05-22T14:27:39.136Z"
                },
                "display_name": "Spoke-Devops-app-nsg",
                "freeform_tags": {
                  "cis-landing-zone": "LZdemo-quickstart"
                },
                "id": "ocid1.networksecuritygroup.oc1.eu-paris-1.aaaaaaaaskton2diii3onxqb6h6dn6zdooufingi53hz3doc4o2htdprteua",
                "state": "AVAILABLE",
                "time_created": "2024-05-22 14:27:39.254 +0000 UTC",
                "vcn_id": "ocid1.vcn.oc1.eu-paris-1.amaaaaaa6aytp6aazf6akbvprd2b6sblai6eawwmhnljrbkdzh77rewyi73a"
              }
            ],
            "state": null,
            "vcn_id": "ocid1.vcn.oc1.eu-paris-1.amaaaaaa6aytp6aazf6akbvprd2b6sblai6eawwmhnljrbkdzh77rewyi73a",
            "vlan_id": null
          },
          "sensitive_attributes": []
        },
        {
          "index_key": "Spoke-Devops-lbr-nsg",
          "schema_version": 0,
          "attributes": {
            "compartment_id": "ocid1.compartment.oc1..aaaaaaaarcnomheb6ckz3wxjsdweboj7vreg2kx725ltq4ng3qohyfrupgxa",
            "display_name": null,
            "filter": null,
            "id": "CoreNetworkSecurityGroupsDataSource-1156776484",
            "network_security_groups": [
              {
                "compartment_id": "ocid1.compartment.oc1..aaaaaaaarcnomheb6ckz3wxjsdweboj7vreg2kx725ltq4ng3qohyfrupgxa",
                "defined_tags": {
                  "Oracle-Tags.CreatedBy": "default/mohamed.youssef.fersi@looyas.com",
                  "Oracle-Tags.CreatedOn": "2024-05-22T14:27:39.135Z"
                },
                "display_name": "Spoke-Devops-lbr-nsg",
                "freeform_tags": {
                  "cis-landing-zone": "LZdemo-quickstart"
                },
                "id": "ocid1.networksecuritygroup.oc1.eu-paris-1.aaaaaaaat4tt42gko5ig3wuc7l7bg4thjjgxpkw27lmj7tclhf5bh5opnoya",
                "state": "AVAILABLE",
                "time_created": "2024-05-22 14:27:39.619 +0000 UTC",
                "vcn_id": "ocid1.vcn.oc1.eu-paris-1.amaaaaaa6aytp6aazf6akbvprd2b6sblai6eawwmhnljrbkdzh77rewyi73a"
              },
              {
                "compartment_id": "ocid1.compartment.oc1..aaaaaaaarcnomheb6ckz3wxjsdweboj7vreg2kx725ltq4ng3qohyfrupgxa",
                "defined_tags": {
                  "Oracle-Tags.CreatedBy": "default/mohamed.youssef.fersi@looyas.com",
                  "Oracle-Tags.CreatedOn": "2024-05-22T14:27:39.530Z"
                },
                "display_name": "Spoke-Devops-bastion-nsg",
                "freeform_tags": {
                  "cis-landing-zone": "LZdemo-quickstart"
                },
                "id": "ocid1.networksecuritygroup.oc1.eu-paris-1.aaaaaaaaxhoffkuv4ica6jczlzwixyfy3z3fdtttlopuecctl6e74jm2fsia",
                "state": "AVAILABLE",
                "time_created": "2024-05-22 14:27:39.588 +0000 UTC",
                "vcn_id": "ocid1.vcn.oc1.eu-paris-1.amaaaaaa6aytp6aazf6akbvprd2b6sblai6eawwmhnljrbkdzh77rewyi73a"
              },
              {
                "compartment_id": "ocid1.compartment.oc1..aaaaaaaarcnomheb6ckz3wxjsdweboj7vreg2kx725ltq4ng3qohyfrupgxa",
                "defined_tags": {
                  "Oracle-Tags.CreatedBy": "default/mohamed.youssef.fersi@looyas.com",
                  "Oracle-Tags.CreatedOn": "2024-05-22T14:27:39.136Z"
                },
                "display_name": "Spoke-Devops-app-nsg",
                "freeform_tags": {
                  "cis-landing-zone": "LZdemo-quickstart"
                },
                "id": "ocid1.networksecuritygroup.oc1.eu-paris-1.aaaaaaaaskton2diii3onxqb6h6dn6zdooufingi53hz3doc4o2htdprteua",
                "state": "AVAILABLE",
                "time_created": "2024-05-22 14:27:39.254 +0000 UTC",
                "vcn_id": "ocid1.vcn.oc1.eu-paris-1.amaaaaaa6aytp6aazf6akbvprd2b6sblai6eawwmhnljrbkdzh77rewyi73a"
              }
            ],
            "state": null,
            "vcn_id": "ocid1.vcn.oc1.eu-paris-1.amaaaaaa6aytp6aazf6akbvprd2b6sblai6eawwmhnljrbkdzh77rewyi73a",
            "vlan_id": null
          },
          "sensitive_attributes": []
        },
        {
          "index_key": "Spoke-prod-app-nsg",
          "schema_version": 0,
          "attributes": {
            "compartment_id": "ocid1.compartment.oc1..aaaaaaaarcnomheb6ckz3wxjsdweboj7vreg2kx725ltq4ng3qohyfrupgxa",
            "display_name": null,
            "filter": null,
            "id": "CoreNetworkSecurityGroupsDataSource-1293675987",
            "network_security_groups": [
              {
                "compartment_id": "ocid1.compartment.oc1..aaaaaaaarcnomheb6ckz3wxjsdweboj7vreg2kx725ltq4ng3qohyfrupgxa",
                "defined_tags": {
                  "Oracle-Tags.CreatedBy": "default/mohamed.youssef.fersi@looyas.com",
                  "Oracle-Tags.CreatedOn": "2024-05-22T14:27:39.170Z"
                },
                "display_name": "Spoke-prod-app-nsg",
                "freeform_tags": {
                  "cis-landing-zone": "LZdemo-quickstart"
                },
                "id": "ocid1.networksecuritygroup.oc1.eu-paris-1.aaaaaaaa5otmse5srdevq4exq3oklim3dlhquvysvfp7n3azttzelqdr6sbq",
                "state": "AVAILABLE",
                "time_created": "2024-05-22 14:27:39.632 +0000 UTC",
                "vcn_id": "ocid1.vcn.oc1.eu-paris-1.amaaaaaa6aytp6aai4vgjjy22dk3sfxrfgkxvfovizqhgs6qr4jgbwgx7hxq"
              },
              {
                "compartment_id": "ocid1.compartment.oc1..aaaaaaaarcnomheb6ckz3wxjsdweboj7vreg2kx725ltq4ng3qohyfrupgxa",
                "defined_tags": {
                  "Oracle-Tags.CreatedBy": "default/mohamed.youssef.fersi@looyas.com",
                  "Oracle-Tags.CreatedOn": "2024-05-22T14:27:39.135Z"
                },
                "display_name": "Spoke-prod-db-nsg",
                "freeform_tags": {
                  "cis-landing-zone": "LZdemo-quickstart"
                },
                "id": "ocid1.networksecuritygroup.oc1.eu-paris-1.aaaaaaaa3g73bbzl22dj4ciaebhrrf4y4fjkg3rm4m4ncjzjedc2u5nr2sxa",
                "state": "AVAILABLE",
                "time_created": "2024-05-22 14:27:39.229 +0000 UTC",
                "vcn_id": "ocid1.vcn.oc1.eu-paris-1.amaaaaaa6aytp6aai4vgjjy22dk3sfxrfgkxvfovizqhgs6qr4jgbwgx7hxq"
              }
            ],
            "state": null,
            "vcn_id": "ocid1.vcn.oc1.eu-paris-1.amaaaaaa6aytp6aai4vgjjy22dk3sfxrfgkxvfovizqhgs6qr4jgbwgx7hxq",
            "vlan_id": null
          },
          "sensitive_attributes": []
        },
        {
          "index_key": "Spoke-prod-bastion-nsg",
          "schema_version": 0,
          "attributes": {
            "compartment_id": "ocid1.compartment.oc1..aaaaaaaarcnomheb6ckz3wxjsdweboj7vreg2kx725ltq4ng3qohyfrupgxa",
            "display_name": null,
            "filter": null,
            "id": "CoreNetworkSecurityGroupsDataSource-1293675987",
            "network_security_groups": [
              {
                "compartment_id": "ocid1.compartment.oc1..aaaaaaaarcnomheb6ckz3wxjsdweboj7vreg2kx725ltq4ng3qohyfrupgxa",
                "defined_tags": {
                  "Oracle-Tags.CreatedBy": "default/mohamed.youssef.fersi@looyas.com",
                  "Oracle-Tags.CreatedOn": "2024-05-22T14:27:39.170Z"
                },
                "display_name": "Spoke-prod-app-nsg",
                "freeform_tags": {
                  "cis-landing-zone": "LZdemo-quickstart"
                },
                "id": "ocid1.networksecuritygroup.oc1.eu-paris-1.aaaaaaaa5otmse5srdevq4exq3oklim3dlhquvysvfp7n3azttzelqdr6sbq",
                "state": "AVAILABLE",
                "time_created": "2024-05-22 14:27:39.632 +0000 UTC",
                "vcn_id": "ocid1.vcn.oc1.eu-paris-1.amaaaaaa6aytp6aai4vgjjy22dk3sfxrfgkxvfovizqhgs6qr4jgbwgx7hxq"
              },
              {
                "compartment_id": "ocid1.compartment.oc1..aaaaaaaarcnomheb6ckz3wxjsdweboj7vreg2kx725ltq4ng3qohyfrupgxa",
                "defined_tags": {
                  "Oracle-Tags.CreatedBy": "default/mohamed.youssef.fersi@looyas.com",
                  "Oracle-Tags.CreatedOn": "2024-05-22T14:27:39.135Z"
                },
                "display_name": "Spoke-prod-db-nsg",
                "freeform_tags": {
                  "cis-landing-zone": "LZdemo-quickstart"
                },
                "id": "ocid1.networksecuritygroup.oc1.eu-paris-1.aaaaaaaa3g73bbzl22dj4ciaebhrrf4y4fjkg3rm4m4ncjzjedc2u5nr2sxa",
                "state": "AVAILABLE",
                "time_created": "2024-05-22 14:27:39.229 +0000 UTC",
                "vcn_id": "ocid1.vcn.oc1.eu-paris-1.amaaaaaa6aytp6aai4vgjjy22dk3sfxrfgkxvfovizqhgs6qr4jgbwgx7hxq"
              }
            ],
            "state": null,
            "vcn_id": "ocid1.vcn.oc1.eu-paris-1.amaaaaaa6aytp6aai4vgjjy22dk3sfxrfgkxvfovizqhgs6qr4jgbwgx7hxq",
            "vlan_id": null
          },
          "sensitive_attributes": []
        },
        {
          "index_key": "Spoke-prod-db-nsg",
          "schema_version": 0,
          "attributes": {
            "compartment_id": "ocid1.compartment.oc1..aaaaaaaarcnomheb6ckz3wxjsdweboj7vreg2kx725ltq4ng3qohyfrupgxa",
            "display_name": null,
            "filter": null,
            "id": "CoreNetworkSecurityGroupsDataSource-1293675987",
            "network_security_groups": [
              {
                "compartment_id": "ocid1.compartment.oc1..aaaaaaaarcnomheb6ckz3wxjsdweboj7vreg2kx725ltq4ng3qohyfrupgxa",
                "defined_tags": {
                  "Oracle-Tags.CreatedBy": "default/mohamed.youssef.fersi@looyas.com",
                  "Oracle-Tags.CreatedOn": "2024-05-22T14:27:39.170Z"
                },
                "display_name": "Spoke-prod-app-nsg",
                "freeform_tags": {
                  "cis-landing-zone": "LZdemo-quickstart"
                },
                "id": "ocid1.networksecuritygroup.oc1.eu-paris-1.aaaaaaaa5otmse5srdevq4exq3oklim3dlhquvysvfp7n3azttzelqdr6sbq",
                "state": "AVAILABLE",
                "time_created": "2024-05-22 14:27:39.632 +0000 UTC",
                "vcn_id": "ocid1.vcn.oc1.eu-paris-1.amaaaaaa6aytp6aai4vgjjy22dk3sfxrfgkxvfovizqhgs6qr4jgbwgx7hxq"
              },
              {
                "compartment_id": "ocid1.compartment.oc1..aaaaaaaarcnomheb6ckz3wxjsdweboj7vreg2kx725ltq4ng3qohyfrupgxa",
                "defined_tags": {
                  "Oracle-Tags.CreatedBy": "default/mohamed.youssef.fersi@looyas.com",
                  "Oracle-Tags.CreatedOn": "2024-05-22T14:27:39.135Z"
                },
                "display_name": "Spoke-prod-db-nsg",
                "freeform_tags": {
                  "cis-landing-zone": "LZdemo-quickstart"
                },
                "id": "ocid1.networksecuritygroup.oc1.eu-paris-1.aaaaaaaa3g73bbzl22dj4ciaebhrrf4y4fjkg3rm4m4ncjzjedc2u5nr2sxa",
                "state": "AVAILABLE",
                "time_created": "2024-05-22 14:27:39.229 +0000 UTC",
                "vcn_id": "ocid1.vcn.oc1.eu-paris-1.amaaaaaa6aytp6aai4vgjjy22dk3sfxrfgkxvfovizqhgs6qr4jgbwgx7hxq"
              }
            ],
            "state": null,
            "vcn_id": "ocid1.vcn.oc1.eu-paris-1.amaaaaaa6aytp6aai4vgjjy22dk3sfxrfgkxvfovizqhgs6qr4jgbwgx7hxq",
            "vlan_id": null
          },
          "sensitive_attributes": []
        },
        {
          "index_key": "Spoke-prod-lbr-nsg",
          "schema_version": 0,
          "attributes": {
            "compartment_id": "ocid1.compartment.oc1..aaaaaaaarcnomheb6ckz3wxjsdweboj7vreg2kx725ltq4ng3qohyfrupgxa",
            "display_name": null,
            "filter": null,
            "id": "CoreNetworkSecurityGroupsDataSource-1293675987",
            "network_security_groups": [
              {
                "compartment_id": "ocid1.compartment.oc1..aaaaaaaarcnomheb6ckz3wxjsdweboj7vreg2kx725ltq4ng3qohyfrupgxa",
                "defined_tags": {
                  "Oracle-Tags.CreatedBy": "default/mohamed.youssef.fersi@looyas.com",
                  "Oracle-Tags.CreatedOn": "2024-05-22T14:27:39.170Z"
                },
                "display_name": "Spoke-prod-app-nsg",
                "freeform_tags": {
                  "cis-landing-zone": "LZdemo-quickstart"
                },
                "id": "ocid1.networksecuritygroup.oc1.eu-paris-1.aaaaaaaa5otmse5srdevq4exq3oklim3dlhquvysvfp7n3azttzelqdr6sbq",
                "state": "AVAILABLE",
                "time_created": "2024-05-22 14:27:39.632 +0000 UTC",
                "vcn_id": "ocid1.vcn.oc1.eu-paris-1.amaaaaaa6aytp6aai4vgjjy22dk3sfxrfgkxvfovizqhgs6qr4jgbwgx7hxq"
              },
              {
                "compartment_id": "ocid1.compartment.oc1..aaaaaaaarcnomheb6ckz3wxjsdweboj7vreg2kx725ltq4ng3qohyfrupgxa",
                "defined_tags": {
                  "Oracle-Tags.CreatedBy": "default/mohamed.youssef.fersi@looyas.com",
                  "Oracle-Tags.CreatedOn": "2024-05-22T14:27:39.135Z"
                },
                "display_name": "Spoke-prod-db-nsg",
                "freeform_tags": {
                  "cis-landing-zone": "LZdemo-quickstart"
                },
                "id": "ocid1.networksecuritygroup.oc1.eu-paris-1.aaaaaaaa3g73bbzl22dj4ciaebhrrf4y4fjkg3rm4m4ncjzjedc2u5nr2sxa",
                "state": "AVAILABLE",
                "time_created": "2024-05-22 14:27:39.229 +0000 UTC",
                "vcn_id": "ocid1.vcn.oc1.eu-paris-1.amaaaaaa6aytp6aai4vgjjy22dk3sfxrfgkxvfovizqhgs6qr4jgbwgx7hxq"
              }
            ],
            "state": null,
            "vcn_id": "ocid1.vcn.oc1.eu-paris-1.amaaaaaa6aytp6aai4vgjjy22dk3sfxrfgkxvfovizqhgs6qr4jgbwgx7hxq",
            "vlan_id": null
          },
          "sensitive_attributes": []
        }
      ]
    },
    {
      "module": "module.lz_nsgs_spokes",
      "mode": "managed",
      "type": "oci_core_network_security_group",
      "name": "these",
      "provider": "provider[\"registry.terraform.io/oracle/oci\"]",
      "instances": [
        {
          "index_key": "Spoke-Devops-app-nsg",
          "schema_version": 0,
          "attributes": {
            "compartment_id": "ocid1.compartment.oc1..aaaaaaaarcnomheb6ckz3wxjsdweboj7vreg2kx725ltq4ng3qohyfrupgxa",
            "defined_tags": {
              "Oracle-Tags.CreatedBy": "default/mohamed.youssef.fersi@looyas.com",
              "Oracle-Tags.CreatedOn": "2024-05-22T14:27:39.136Z"
            },
            "display_name": "Spoke-Devops-app-nsg",
            "freeform_tags": {
              "cis-landing-zone": "LZdemo-quickstart"
            },
            "id": "ocid1.networksecuritygroup.oc1.eu-paris-1.aaaaaaaaskton2diii3onxqb6h6dn6zdooufingi53hz3doc4o2htdprteua",
            "state": "AVAILABLE",
            "time_created": "2024-05-22 14:27:39.254 +0000 UTC",
            "timeouts": null,
            "vcn_id": "ocid1.vcn.oc1.eu-paris-1.amaaaaaa6aytp6aazf6akbvprd2b6sblai6eawwmhnljrbkdzh77rewyi73a"
          },
          "sensitive_attributes": [],
          "private": "eyJlMmJmYjczMC1lY2FhLTExZTYtOGY4OC0zNDM2M2JjN2M0YzAiOnsiY3JlYXRlIjoxMjAwMDAwMDAwMDAwLCJkZWxldGUiOjEyMDAwMDAwMDAwMDAsInVwZGF0ZSI6MTIwMDAwMDAwMDAwMH19",
          "dependencies": [
            "data.oci_identity_compartment.lz_compartments",
            "data.oci_identity_compartments.network",
            "data.oci_identity_regions.these",
            "data.terraform_remote_state.iam-tfstate",
            "module.lz_drg.oci_core_drg.this",
            "module.lz_vcn_dmz.oci_core_vcn.these",
            "module.lz_vcn_spokes.data.oci_core_services.all_services",
            "module.lz_vcn_spokes.oci_core_default_security_list.these",
            "module.lz_vcn_spokes.oci_core_drg_attachment.these",
            "module.lz_vcn_spokes.oci_core_internet_gateway.these",
            "module.lz_vcn_spokes.oci_core_nat_gateway.these",
            "module.lz_vcn_spokes.oci_core_security_list.these",
            "module.lz_vcn_spokes.oci_core_service_gateway.these",
            "module.lz_vcn_spokes.oci_core_subnet.these",
            "module.lz_vcn_spokes.oci_core_vcn.these",
            "null_resource.wait_on_compartments"
          ]
        },
        {
          "index_key": "Spoke-Devops-bastion-nsg",
          "schema_version": 0,
          "attributes": {
            "compartment_id": "ocid1.compartment.oc1..aaaaaaaarcnomheb6ckz3wxjsdweboj7vreg2kx725ltq4ng3qohyfrupgxa",
            "defined_tags": {
              "Oracle-Tags.CreatedBy": "default/mohamed.youssef.fersi@looyas.com",
              "Oracle-Tags.CreatedOn": "2024-05-22T14:27:39.530Z"
            },
            "display_name": "Spoke-Devops-bastion-nsg",
            "freeform_tags": {
              "cis-landing-zone": "LZdemo-quickstart"
            },
            "id": "ocid1.networksecuritygroup.oc1.eu-paris-1.aaaaaaaaxhoffkuv4ica6jczlzwixyfy3z3fdtttlopuecctl6e74jm2fsia",
            "state": "AVAILABLE",
            "time_created": "2024-05-22 14:27:39.588 +0000 UTC",
            "timeouts": null,
            "vcn_id": "ocid1.vcn.oc1.eu-paris-1.amaaaaaa6aytp6aazf6akbvprd2b6sblai6eawwmhnljrbkdzh77rewyi73a"
          },
          "sensitive_attributes": [],
          "private": "eyJlMmJmYjczMC1lY2FhLTExZTYtOGY4OC0zNDM2M2JjN2M0YzAiOnsiY3JlYXRlIjoxMjAwMDAwMDAwMDAwLCJkZWxldGUiOjEyMDAwMDAwMDAwMDAsInVwZGF0ZSI6MTIwMDAwMDAwMDAwMH19",
          "dependencies": [
            "data.oci_identity_compartment.lz_compartments",
            "data.oci_identity_compartments.network",
            "data.oci_identity_regions.these",
            "data.terraform_remote_state.iam-tfstate",
            "module.lz_drg.oci_core_drg.this",
            "module.lz_vcn_dmz.oci_core_vcn.these",
            "module.lz_vcn_spokes.data.oci_core_services.all_services",
            "module.lz_vcn_spokes.oci_core_default_security_list.these",
            "module.lz_vcn_spokes.oci_core_drg_attachment.these",
            "module.lz_vcn_spokes.oci_core_internet_gateway.these",
            "module.lz_vcn_spokes.oci_core_nat_gateway.these",
            "module.lz_vcn_spokes.oci_core_security_list.these",
            "module.lz_vcn_spokes.oci_core_service_gateway.these",
            "module.lz_vcn_spokes.oci_core_subnet.these",
            "module.lz_vcn_spokes.oci_core_vcn.these",
            "null_resource.wait_on_compartments"
          ]
        },
        {
          "index_key": "Spoke-Devops-db-nsg",
          "schema_version": 0,
          "attributes": {
            "compartment_id": "ocid1.compartment.oc1..aaaaaaaarcnomheb6ckz3wxjsdweboj7vreg2kx725ltq4ng3qohyfrupgxa",
            "defined_tags": {
              "Oracle-Tags.CreatedBy": "default/mohamed.youssef.fersi@looyas.com",
              "Oracle-Tags.CreatedOn": "2024-05-22T14:27:39.170Z"
            },
            "display_name": "Spoke-Devops-db-nsg",
            "freeform_tags": {
              "cis-landing-zone": "LZdemo-quickstart"
            },
            "id": "ocid1.networksecuritygroup.oc1.eu-paris-1.aaaaaaaa6nk7uutptr3mzx4ozmizmqq5mnjvczeykajz3up2l2cqtkbn4lhq",
            "state": "AVAILABLE",
            "time_created": "2024-05-22 14:27:40.233 +0000 UTC",
            "timeouts": null,
            "vcn_id": "ocid1.vcn.oc1.eu-paris-1.amaaaaaa6aytp6aazf6akbvprd2b6sblai6eawwmhnljrbkdzh77rewyi73a"
          },
          "sensitive_attributes": [],
          "private": "eyJlMmJmYjczMC1lY2FhLTExZTYtOGY4OC0zNDM2M2JjN2M0YzAiOnsiY3JlYXRlIjoxMjAwMDAwMDAwMDAwLCJkZWxldGUiOjEyMDAwMDAwMDAwMDAsInVwZGF0ZSI6MTIwMDAwMDAwMDAwMH19",
          "dependencies": [
            "data.oci_identity_compartment.lz_compartments",
            "data.oci_identity_compartments.network",
            "data.oci_identity_regions.these",
            "data.terraform_remote_state.iam-tfstate",
            "module.lz_drg.oci_core_drg.this",
            "module.lz_vcn_dmz.oci_core_vcn.these",
            "module.lz_vcn_spokes.data.oci_core_services.all_services",
            "module.lz_vcn_spokes.oci_core_default_security_list.these",
            "module.lz_vcn_spokes.oci_core_drg_attachment.these",
            "module.lz_vcn_spokes.oci_core_internet_gateway.these",
            "module.lz_vcn_spokes.oci_core_nat_gateway.these",
            "module.lz_vcn_spokes.oci_core_security_list.these",
            "module.lz_vcn_spokes.oci_core_service_gateway.these",
            "module.lz_vcn_spokes.oci_core_subnet.these",
            "module.lz_vcn_spokes.oci_core_vcn.these",
            "null_resource.wait_on_compartments"
          ]
        },
        {
          "index_key": "Spoke-Devops-lbr-nsg",
          "schema_version": 0,
          "attributes": {
            "compartment_id": "ocid1.compartment.oc1..aaaaaaaarcnomheb6ckz3wxjsdweboj7vreg2kx725ltq4ng3qohyfrupgxa",
            "defined_tags": {
              "Oracle-Tags.CreatedBy": "default/mohamed.youssef.fersi@looyas.com",
              "Oracle-Tags.CreatedOn": "2024-05-22T14:27:39.135Z"
            },
            "display_name": "Spoke-Devops-lbr-nsg",
            "freeform_tags": {
              "cis-landing-zone": "LZdemo-quickstart"
            },
            "id": "ocid1.networksecuritygroup.oc1.eu-paris-1.aaaaaaaat4tt42gko5ig3wuc7l7bg4thjjgxpkw27lmj7tclhf5bh5opnoya",
            "state": "AVAILABLE",
            "time_created": "2024-05-22 14:27:39.619 +0000 UTC",
            "timeouts": null,
            "vcn_id": "ocid1.vcn.oc1.eu-paris-1.amaaaaaa6aytp6aazf6akbvprd2b6sblai6eawwmhnljrbkdzh77rewyi73a"
          },
          "sensitive_attributes": [],
          "private": "eyJlMmJmYjczMC1lY2FhLTExZTYtOGY4OC0zNDM2M2JjN2M0YzAiOnsiY3JlYXRlIjoxMjAwMDAwMDAwMDAwLCJkZWxldGUiOjEyMDAwMDAwMDAwMDAsInVwZGF0ZSI6MTIwMDAwMDAwMDAwMH19",
          "dependencies": [
            "data.oci_identity_compartment.lz_compartments",
            "data.oci_identity_compartments.network",
            "data.oci_identity_regions.these",
            "data.terraform_remote_state.iam-tfstate",
            "module.lz_drg.oci_core_drg.this",
            "module.lz_vcn_dmz.oci_core_vcn.these",
            "module.lz_vcn_spokes.data.oci_core_services.all_services",
            "module.lz_vcn_spokes.oci_core_default_security_list.these",
            "module.lz_vcn_spokes.oci_core_drg_attachment.these",
            "module.lz_vcn_spokes.oci_core_internet_gateway.these",
            "module.lz_vcn_spokes.oci_core_nat_gateway.these",
            "module.lz_vcn_spokes.oci_core_security_list.these",
            "module.lz_vcn_spokes.oci_core_service_gateway.these",
            "module.lz_vcn_spokes.oci_core_subnet.these",
            "module.lz_vcn_spokes.oci_core_vcn.these",
            "null_resource.wait_on_compartments"
          ]
        },
        {
          "index_key": "Spoke-prod-app-nsg",
          "schema_version": 0,
          "attributes": {
            "compartment_id": "ocid1.compartment.oc1..aaaaaaaarcnomheb6ckz3wxjsdweboj7vreg2kx725ltq4ng3qohyfrupgxa",
            "defined_tags": {
              "Oracle-Tags.CreatedBy": "default/mohamed.youssef.fersi@looyas.com",
              "Oracle-Tags.CreatedOn": "2024-05-22T14:27:39.170Z"
            },
            "display_name": "Spoke-prod-app-nsg",
            "freeform_tags": {
              "cis-landing-zone": "LZdemo-quickstart"
            },
            "id": "ocid1.networksecuritygroup.oc1.eu-paris-1.aaaaaaaa5otmse5srdevq4exq3oklim3dlhquvysvfp7n3azttzelqdr6sbq",
            "state": "AVAILABLE",
            "time_created": "2024-05-22 14:27:39.632 +0000 UTC",
            "timeouts": null,
            "vcn_id": "ocid1.vcn.oc1.eu-paris-1.amaaaaaa6aytp6aai4vgjjy22dk3sfxrfgkxvfovizqhgs6qr4jgbwgx7hxq"
          },
          "sensitive_attributes": [],
          "private": "eyJlMmJmYjczMC1lY2FhLTExZTYtOGY4OC0zNDM2M2JjN2M0YzAiOnsiY3JlYXRlIjoxMjAwMDAwMDAwMDAwLCJkZWxldGUiOjEyMDAwMDAwMDAwMDAsInVwZGF0ZSI6MTIwMDAwMDAwMDAwMH19",
          "dependencies": [
            "data.oci_identity_compartment.lz_compartments",
            "data.oci_identity_compartments.network",
            "data.oci_identity_regions.these",
            "data.terraform_remote_state.iam-tfstate",
            "module.lz_drg.oci_core_drg.this",
            "module.lz_vcn_dmz.oci_core_vcn.these",
            "module.lz_vcn_spokes.data.oci_core_services.all_services",
            "module.lz_vcn_spokes.oci_core_default_security_list.these",
            "module.lz_vcn_spokes.oci_core_drg_attachment.these",
            "module.lz_vcn_spokes.oci_core_internet_gateway.these",
            "module.lz_vcn_spokes.oci_core_nat_gateway.these",
            "module.lz_vcn_spokes.oci_core_security_list.these",
            "module.lz_vcn_spokes.oci_core_service_gateway.these",
            "module.lz_vcn_spokes.oci_core_subnet.these",
            "module.lz_vcn_spokes.oci_core_vcn.these",
            "null_resource.wait_on_compartments"
          ]
        },
        {
          "index_key": "Spoke-prod-bastion-nsg",
          "schema_version": 0,
          "attributes": {
            "compartment_id": "ocid1.compartment.oc1..aaaaaaaarcnomheb6ckz3wxjsdweboj7vreg2kx725ltq4ng3qohyfrupgxa",
            "defined_tags": {
              "Oracle-Tags.CreatedBy": "default/mohamed.youssef.fersi@looyas.com",
              "Oracle-Tags.CreatedOn": "2024-05-22T14:27:40.827Z"
            },
            "display_name": "Spoke-prod-bastion-nsg",
            "freeform_tags": {
              "cis-landing-zone": "LZdemo-quickstart"
            },
            "id": "ocid1.networksecuritygroup.oc1.eu-paris-1.aaaaaaaaroeq5ags5hrgahfrqwxydojljmywtrb7ianekqe7u56nkcpcm3pq",
            "state": "AVAILABLE",
            "time_created": "2024-05-22 14:27:40.901 +0000 UTC",
            "timeouts": null,
            "vcn_id": "ocid1.vcn.oc1.eu-paris-1.amaaaaaa6aytp6aai4vgjjy22dk3sfxrfgkxvfovizqhgs6qr4jgbwgx7hxq"
          },
          "sensitive_attributes": [],
          "private": "eyJlMmJmYjczMC1lY2FhLTExZTYtOGY4OC0zNDM2M2JjN2M0YzAiOnsiY3JlYXRlIjoxMjAwMDAwMDAwMDAwLCJkZWxldGUiOjEyMDAwMDAwMDAwMDAsInVwZGF0ZSI6MTIwMDAwMDAwMDAwMH19",
          "dependencies": [
            "data.oci_identity_compartment.lz_compartments",
            "data.oci_identity_compartments.network",
            "data.oci_identity_regions.these",
            "data.terraform_remote_state.iam-tfstate",
            "module.lz_drg.oci_core_drg.this",
            "module.lz_vcn_dmz.oci_core_vcn.these",
            "module.lz_vcn_spokes.data.oci_core_services.all_services",
            "module.lz_vcn_spokes.oci_core_default_security_list.these",
            "module.lz_vcn_spokes.oci_core_drg_attachment.these",
            "module.lz_vcn_spokes.oci_core_internet_gateway.these",
            "module.lz_vcn_spokes.oci_core_nat_gateway.these",
            "module.lz_vcn_spokes.oci_core_security_list.these",
            "module.lz_vcn_spokes.oci_core_service_gateway.these",
            "module.lz_vcn_spokes.oci_core_subnet.these",
            "module.lz_vcn_spokes.oci_core_vcn.these",
            "null_resource.wait_on_compartments"
          ]
        },
        {
          "index_key": "Spoke-prod-db-nsg",
          "schema_version": 0,
          "attributes": {
            "compartment_id": "ocid1.compartment.oc1..aaaaaaaarcnomheb6ckz3wxjsdweboj7vreg2kx725ltq4ng3qohyfrupgxa",
            "defined_tags": {
              "Oracle-Tags.CreatedBy": "default/mohamed.youssef.fersi@looyas.com",
              "Oracle-Tags.CreatedOn": "2024-05-22T14:27:39.135Z"
            },
            "display_name": "Spoke-prod-db-nsg",
            "freeform_tags": {
              "cis-landing-zone": "LZdemo-quickstart"
            },
            "id": "ocid1.networksecuritygroup.oc1.eu-paris-1.aaaaaaaa3g73bbzl22dj4ciaebhrrf4y4fjkg3rm4m4ncjzjedc2u5nr2sxa",
            "state": "AVAILABLE",
            "time_created": "2024-05-22 14:27:39.229 +0000 UTC",
            "timeouts": null,
            "vcn_id": "ocid1.vcn.oc1.eu-paris-1.amaaaaaa6aytp6aai4vgjjy22dk3sfxrfgkxvfovizqhgs6qr4jgbwgx7hxq"
          },
          "sensitive_attributes": [],
          "private": "eyJlMmJmYjczMC1lY2FhLTExZTYtOGY4OC0zNDM2M2JjN2M0YzAiOnsiY3JlYXRlIjoxMjAwMDAwMDAwMDAwLCJkZWxldGUiOjEyMDAwMDAwMDAwMDAsInVwZGF0ZSI6MTIwMDAwMDAwMDAwMH19",
          "dependencies": [
            "data.oci_identity_compartment.lz_compartments",
            "data.oci_identity_compartments.network",
            "data.oci_identity_regions.these",
            "data.terraform_remote_state.iam-tfstate",
            "module.lz_drg.oci_core_drg.this",
            "module.lz_vcn_dmz.oci_core_vcn.these",
            "module.lz_vcn_spokes.data.oci_core_services.all_services",
            "module.lz_vcn_spokes.oci_core_default_security_list.these",
            "module.lz_vcn_spokes.oci_core_drg_attachment.these",
            "module.lz_vcn_spokes.oci_core_internet_gateway.these",
            "module.lz_vcn_spokes.oci_core_nat_gateway.these",
            "module.lz_vcn_spokes.oci_core_security_list.these",
            "module.lz_vcn_spokes.oci_core_service_gateway.these",
            "module.lz_vcn_spokes.oci_core_subnet.these",
            "module.lz_vcn_spokes.oci_core_vcn.these",
            "null_resource.wait_on_compartments"
          ]
        },
        {
          "index_key": "Spoke-prod-lbr-nsg",
          "schema_version": 0,
          "attributes": {
            "compartment_id": "ocid1.compartment.oc1..aaaaaaaarcnomheb6ckz3wxjsdweboj7vreg2kx725ltq4ng3qohyfrupgxa",
            "defined_tags": {
              "Oracle-Tags.CreatedBy": "default/mohamed.youssef.fersi@looyas.com",
              "Oracle-Tags.CreatedOn": "2024-05-22T14:27:39.135Z"
            },
            "display_name": "Spoke-prod-lbr-nsg",
            "freeform_tags": {
              "cis-landing-zone": "LZdemo-quickstart"
            },
            "id": "ocid1.networksecuritygroup.oc1.eu-paris-1.aaaaaaaaapqnnmokzp7jm2psmugjfaxynmgi5bsn75u7c4qm7uzo3vpa3dxq",
            "state": "AVAILABLE",
            "time_created": "2024-05-22 14:27:41.572 +0000 UTC",
            "timeouts": null,
            "vcn_id": "ocid1.vcn.oc1.eu-paris-1.amaaaaaa6aytp6aai4vgjjy22dk3sfxrfgkxvfovizqhgs6qr4jgbwgx7hxq"
          },
          "sensitive_attributes": [],
          "private": "eyJlMmJmYjczMC1lY2FhLTExZTYtOGY4OC0zNDM2M2JjN2M0YzAiOnsiY3JlYXRlIjoxMjAwMDAwMDAwMDAwLCJkZWxldGUiOjEyMDAwMDAwMDAwMDAsInVwZGF0ZSI6MTIwMDAwMDAwMDAwMH19",
          "dependencies": [
            "data.oci_identity_compartment.lz_compartments",
            "data.oci_identity_compartments.network",
            "data.oci_identity_regions.these",
            "data.terraform_remote_state.iam-tfstate",
            "module.lz_drg.oci_core_drg.this",
            "module.lz_vcn_dmz.oci_core_vcn.these",
            "module.lz_vcn_spokes.data.oci_core_services.all_services",
            "module.lz_vcn_spokes.oci_core_default_security_list.these",
            "module.lz_vcn_spokes.oci_core_drg_attachment.these",
            "module.lz_vcn_spokes.oci_core_internet_gateway.these",
            "module.lz_vcn_spokes.oci_core_nat_gateway.these",
            "module.lz_vcn_spokes.oci_core_security_list.these",
            "module.lz_vcn_spokes.oci_core_service_gateway.these",
            "module.lz_vcn_spokes.oci_core_subnet.these",
            "module.lz_vcn_spokes.oci_core_vcn.these",
            "null_resource.wait_on_compartments"
          ]
        }
      ]
    },
    {
      "module": "module.lz_nsgs_spokes",
      "mode": "managed",
      "type": "oci_core_network_security_group_security_rule",
      "name": "egress",
      "provider": "provider[\"registry.terraform.io/oracle/oci\"]",
      "instances": [
        {
          "index_key": "Spoke-Devops-app-nsg.db-egress-rule",
          "schema_version": 0,
          "attributes": {
            "description": "Allows SQLNet connections to hosts in Spoke-Devops-db-nsg NSG.",
            "destination": "ocid1.networksecuritygroup.oc1.eu-paris-1.aaaaaaaa6nk7uutptr3mzx4ozmizmqq5mnjvczeykajz3up2l2cqtkbn4lhq",
            "destination_type": "NETWORK_SECURITY_GROUP",
            "direction": "EGRESS",
            "icmp_options": [],
            "id": "5986A1",
            "is_valid": true,
            "network_security_group_id": "ocid1.networksecuritygroup.oc1.eu-paris-1.aaaaaaaaskton2diii3onxqb6h6dn6zdooufingi53hz3doc4o2htdprteua",
            "protocol": "6",
            "source": null,
            "source_type": "",
            "stateless": false,
            "tcp_options": [
              {
                "destination_port_range": [
                  {
                    "max": 1522,
                    "min": 1521
                  }
                ],
                "source_port_range": []
              }
            ],
            "time_created": "2024-05-22 14:27:42.246 +0000 UTC",
            "timeouts": null,
            "udp_options": []
          },
          "sensitive_attributes": [],
          "private": "eyJlMmJmYjczMC1lY2FhLTExZTYtOGY4OC0zNDM2M2JjN2M0YzAiOnsiY3JlYXRlIjoxMjAwMDAwMDAwMDAwLCJkZWxldGUiOjEyMDAwMDAwMDAwMDAsInVwZGF0ZSI6MTIwMDAwMDAwMDAwMH19",
          "dependencies": [
            "data.oci_identity_compartment.lz_compartments",
            "data.oci_identity_compartments.network",
            "data.oci_identity_regions.these",
            "data.terraform_remote_state.iam-tfstate",
            "module.lz_drg.oci_core_drg.this",
            "module.lz_nsgs_spokes.data.oci_core_network_security_groups.these",
            "module.lz_nsgs_spokes.oci_core_network_security_group.these",
            "module.lz_vcn_dmz.oci_core_vcn.these",
            "module.lz_vcn_spokes.data.oci_core_services.all_services",
            "module.lz_vcn_spokes.oci_core_default_security_list.these",
            "module.lz_vcn_spokes.oci_core_drg_attachment.these",
            "module.lz_vcn_spokes.oci_core_internet_gateway.these",
            "module.lz_vcn_spokes.oci_core_nat_gateway.these",
            "module.lz_vcn_spokes.oci_core_security_list.these",
            "module.lz_vcn_spokes.oci_core_service_gateway.these",
            "module.lz_vcn_spokes.oci_core_subnet.these",
            "module.lz_vcn_spokes.oci_core_vcn.these",
            "null_resource.wait_on_compartments"
          ]
        },
        {
          "index_key": "Spoke-Devops-app-nsg.osn-services-egress-rule",
          "schema_version": 0,
          "attributes": {
            "description": "Allows HTTPS connections to all-cdg-services-in-oracle-services-network.",
            "destination": "all-cdg-services-in-oracle-services-network",
            "destination_type": "SERVICE_CIDR_BLOCK",
            "direction": "EGRESS",
            "icmp_options": [],
            "id": "E6EA65",
            "is_valid": true,
            "network_security_group_id": "ocid1.networksecuritygroup.oc1.eu-paris-1.aaaaaaaaskton2diii3onxqb6h6dn6zdooufingi53hz3doc4o2htdprteua",
            "protocol": "6",
            "source": null,
            "source_type": "",
            "stateless": false,
            "tcp_options": [
              {
                "destination_port_range": [
                  {
                    "max": 443,
                    "min": 443
                  }
                ],
                "source_port_range": []
              }
            ],
            "time_created": "2024-05-22 14:27:42.353 +0000 UTC",
            "timeouts": null,
            "udp_options": []
          },
          "sensitive_attributes": [],
          "private": "eyJlMmJmYjczMC1lY2FhLTExZTYtOGY4OC0zNDM2M2JjN2M0YzAiOnsiY3JlYXRlIjoxMjAwMDAwMDAwMDAwLCJkZWxldGUiOjEyMDAwMDAwMDAwMDAsInVwZGF0ZSI6MTIwMDAwMDAwMDAwMH19",
          "dependencies": [
            "data.oci_identity_compartment.lz_compartments",
            "data.oci_identity_compartments.network",
            "data.oci_identity_regions.these",
            "data.terraform_remote_state.iam-tfstate",
            "module.lz_drg.oci_core_drg.this",
            "module.lz_nsgs_spokes.data.oci_core_network_security_groups.these",
            "module.lz_nsgs_spokes.oci_core_network_security_group.these",
            "module.lz_vcn_dmz.oci_core_vcn.these",
            "module.lz_vcn_spokes.data.oci_core_services.all_services",
            "module.lz_vcn_spokes.oci_core_default_security_list.these",
            "module.lz_vcn_spokes.oci_core_drg_attachment.these",
            "module.lz_vcn_spokes.oci_core_internet_gateway.these",
            "module.lz_vcn_spokes.oci_core_nat_gateway.these",
            "module.lz_vcn_spokes.oci_core_security_list.these",
            "module.lz_vcn_spokes.oci_core_service_gateway.these",
            "module.lz_vcn_spokes.oci_core_subnet.these",
            "module.lz_vcn_spokes.oci_core_vcn.these",
            "null_resource.wait_on_compartments"
          ]
        },
        {
          "index_key": "Spoke-Devops-db-nsg.osn-services-egress-rule",
          "schema_version": 0,
          "attributes": {
            "description": "Allows HTTPS connections to all-cdg-services-in-oracle-services-network.",
            "destination": "all-cdg-services-in-oracle-services-network",
            "destination_type": "SERVICE_CIDR_BLOCK",
            "direction": "EGRESS",
            "icmp_options": [],
            "id": "010491",
            "is_valid": true,
            "network_security_group_id": "ocid1.networksecuritygroup.oc1.eu-paris-1.aaaaaaaa6nk7uutptr3mzx4ozmizmqq5mnjvczeykajz3up2l2cqtkbn4lhq",
            "protocol": "6",
            "source": null,
            "source_type": "",
            "stateless": false,
            "tcp_options": [
              {
                "destination_port_range": [
                  {
                    "max": 443,
                    "min": 443
                  }
                ],
                "source_port_range": []
              }
            ],
            "time_created": "2024-05-22 14:27:42.135 +0000 UTC",
            "timeouts": null,
            "udp_options": []
          },
          "sensitive_attributes": [],
          "private": "eyJlMmJmYjczMC1lY2FhLTExZTYtOGY4OC0zNDM2M2JjN2M0YzAiOnsiY3JlYXRlIjoxMjAwMDAwMDAwMDAwLCJkZWxldGUiOjEyMDAwMDAwMDAwMDAsInVwZGF0ZSI6MTIwMDAwMDAwMDAwMH19",
          "dependencies": [
            "data.oci_identity_compartment.lz_compartments",
            "data.oci_identity_compartments.network",
            "data.oci_identity_regions.these",
            "data.terraform_remote_state.iam-tfstate",
            "module.lz_drg.oci_core_drg.this",
            "module.lz_nsgs_spokes.data.oci_core_network_security_groups.these",
            "module.lz_nsgs_spokes.oci_core_network_security_group.these",
            "module.lz_vcn_dmz.oci_core_vcn.these",
            "module.lz_vcn_spokes.data.oci_core_services.all_services",
            "module.lz_vcn_spokes.oci_core_default_security_list.these",
            "module.lz_vcn_spokes.oci_core_drg_attachment.these",
            "module.lz_vcn_spokes.oci_core_internet_gateway.these",
            "module.lz_vcn_spokes.oci_core_nat_gateway.these",
            "module.lz_vcn_spokes.oci_core_security_list.these",
            "module.lz_vcn_spokes.oci_core_service_gateway.these",
            "module.lz_vcn_spokes.oci_core_subnet.these",
            "module.lz_vcn_spokes.oci_core_vcn.these",
            "null_resource.wait_on_compartments"
          ]
        },
        {
          "index_key": "Spoke-Devops-lbr-nsg.app-egress_rule",
          "schema_version": 0,
          "attributes": {
            "description": "Allows HTTP connections to hosts in Spoke-Devops-app-nsg NSG.",
            "destination": "ocid1.networksecuritygroup.oc1.eu-paris-1.aaaaaaaaskton2diii3onxqb6h6dn6zdooufingi53hz3doc4o2htdprteua",
            "destination_type": "NETWORK_SECURITY_GROUP",
            "direction": "EGRESS",
            "icmp_options": [],
            "id": "6CCE41",
            "is_valid": true,
            "network_security_group_id": "ocid1.networksecuritygroup.oc1.eu-paris-1.aaaaaaaat4tt42gko5ig3wuc7l7bg4thjjgxpkw27lmj7tclhf5bh5opnoya",
            "protocol": "6",
            "source": null,
            "source_type": "",
            "stateless": false,
            "tcp_options": [
              {
                "destination_port_range": [
                  {
                    "max": 80,
                    "min": 80
                  }
                ],
                "source_port_range": []
              }
            ],
            "time_created": "2024-05-22 14:27:42.743 +0000 UTC",
            "timeouts": null,
            "udp_options": []
          },
          "sensitive_attributes": [],
          "private": "eyJlMmJmYjczMC1lY2FhLTExZTYtOGY4OC0zNDM2M2JjN2M0YzAiOnsiY3JlYXRlIjoxMjAwMDAwMDAwMDAwLCJkZWxldGUiOjEyMDAwMDAwMDAwMDAsInVwZGF0ZSI6MTIwMDAwMDAwMDAwMH19",
          "dependencies": [
            "data.oci_identity_compartment.lz_compartments",
            "data.oci_identity_compartments.network",
            "data.oci_identity_regions.these",
            "data.terraform_remote_state.iam-tfstate",
            "module.lz_drg.oci_core_drg.this",
            "module.lz_nsgs_spokes.data.oci_core_network_security_groups.these",
            "module.lz_nsgs_spokes.oci_core_network_security_group.these",
            "module.lz_vcn_dmz.oci_core_vcn.these",
            "module.lz_vcn_spokes.data.oci_core_services.all_services",
            "module.lz_vcn_spokes.oci_core_default_security_list.these",
            "module.lz_vcn_spokes.oci_core_drg_attachment.these",
            "module.lz_vcn_spokes.oci_core_internet_gateway.these",
            "module.lz_vcn_spokes.oci_core_nat_gateway.these",
            "module.lz_vcn_spokes.oci_core_security_list.these",
            "module.lz_vcn_spokes.oci_core_service_gateway.these",
            "module.lz_vcn_spokes.oci_core_subnet.these",
            "module.lz_vcn_spokes.oci_core_vcn.these",
            "null_resource.wait_on_compartments"
          ]
        },
        {
          "index_key": "Spoke-Devops-lbr-nsg.osn-services-egress-rule",
          "schema_version": 0,
          "attributes": {
            "description": "Allows HTTPS connections to all-cdg-services-in-oracle-services-network.",
            "destination": "all-cdg-services-in-oracle-services-network",
            "destination_type": "SERVICE_CIDR_BLOCK",
            "direction": "EGRESS",
            "icmp_options": [],
            "id": "3338C8",
            "is_valid": true,
            "network_security_group_id": "ocid1.networksecuritygroup.oc1.eu-paris-1.aaaaaaaat4tt42gko5ig3wuc7l7bg4thjjgxpkw27lmj7tclhf5bh5opnoya",
            "protocol": "6",
            "source": null,
            "source_type": "",
            "stateless": false,
            "tcp_options": [
              {
                "destination_port_range": [
                  {
                    "max": 443,
                    "min": 443
                  }
                ],
                "source_port_range": []
              }
            ],
            "time_created": "2024-05-22 14:27:41.985 +0000 UTC",
            "timeouts": null,
            "udp_options": []
          },
          "sensitive_attributes": [],
          "private": "eyJlMmJmYjczMC1lY2FhLTExZTYtOGY4OC0zNDM2M2JjN2M0YzAiOnsiY3JlYXRlIjoxMjAwMDAwMDAwMDAwLCJkZWxldGUiOjEyMDAwMDAwMDAwMDAsInVwZGF0ZSI6MTIwMDAwMDAwMDAwMH19",
          "dependencies": [
            "data.oci_identity_compartment.lz_compartments",
            "data.oci_identity_compartments.network",
            "data.oci_identity_regions.these",
            "data.terraform_remote_state.iam-tfstate",
            "module.lz_drg.oci_core_drg.this",
            "module.lz_nsgs_spokes.data.oci_core_network_security_groups.these",
            "module.lz_nsgs_spokes.oci_core_network_security_group.these",
            "module.lz_vcn_dmz.oci_core_vcn.these",
            "module.lz_vcn_spokes.data.oci_core_services.all_services",
            "module.lz_vcn_spokes.oci_core_default_security_list.these",
            "module.lz_vcn_spokes.oci_core_drg_attachment.these",
            "module.lz_vcn_spokes.oci_core_internet_gateway.these",
            "module.lz_vcn_spokes.oci_core_nat_gateway.these",
            "module.lz_vcn_spokes.oci_core_security_list.these",
            "module.lz_vcn_spokes.oci_core_service_gateway.these",
            "module.lz_vcn_spokes.oci_core_subnet.these",
            "module.lz_vcn_spokes.oci_core_vcn.these",
            "null_resource.wait_on_compartments"
          ]
        },
        {
          "index_key": "Spoke-prod-app-nsg.db-egress-rule",
          "schema_version": 0,
          "attributes": {
            "description": "Allows SQLNet connections to hosts in Spoke-prod-db-nsg NSG.",
            "destination": "ocid1.networksecuritygroup.oc1.eu-paris-1.aaaaaaaa3g73bbzl22dj4ciaebhrrf4y4fjkg3rm4m4ncjzjedc2u5nr2sxa",
            "destination_type": "NETWORK_SECURITY_GROUP",
            "direction": "EGRESS",
            "icmp_options": [],
            "id": "1EA07F",
            "is_valid": true,
            "network_security_group_id": "ocid1.networksecuritygroup.oc1.eu-paris-1.aaaaaaaa5otmse5srdevq4exq3oklim3dlhquvysvfp7n3azttzelqdr6sbq",
            "protocol": "6",
            "source": null,
            "source_type": "",
            "stateless": false,
            "tcp_options": [
              {
                "destination_port_range": [
                  {
                    "max": 1522,
                    "min": 1521
                  }
                ],
                "source_port_range": []
              }
            ],
            "time_created": "2024-05-22 14:27:43.757 +0000 UTC",
            "timeouts": null,
            "udp_options": []
          },
          "sensitive_attributes": [],
          "private": "eyJlMmJmYjczMC1lY2FhLTExZTYtOGY4OC0zNDM2M2JjN2M0YzAiOnsiY3JlYXRlIjoxMjAwMDAwMDAwMDAwLCJkZWxldGUiOjEyMDAwMDAwMDAwMDAsInVwZGF0ZSI6MTIwMDAwMDAwMDAwMH19",
          "dependencies": [
            "data.oci_identity_compartment.lz_compartments",
            "data.oci_identity_compartments.network",
            "data.oci_identity_regions.these",
            "data.terraform_remote_state.iam-tfstate",
            "module.lz_drg.oci_core_drg.this",
            "module.lz_nsgs_spokes.data.oci_core_network_security_groups.these",
            "module.lz_nsgs_spokes.oci_core_network_security_group.these",
            "module.lz_vcn_dmz.oci_core_vcn.these",
            "module.lz_vcn_spokes.data.oci_core_services.all_services",
            "module.lz_vcn_spokes.oci_core_default_security_list.these",
            "module.lz_vcn_spokes.oci_core_drg_attachment.these",
            "module.lz_vcn_spokes.oci_core_internet_gateway.these",
            "module.lz_vcn_spokes.oci_core_nat_gateway.these",
            "module.lz_vcn_spokes.oci_core_security_list.these",
            "module.lz_vcn_spokes.oci_core_service_gateway.these",
            "module.lz_vcn_spokes.oci_core_subnet.these",
            "module.lz_vcn_spokes.oci_core_vcn.these",
            "null_resource.wait_on_compartments"
          ]
        },
        {
          "index_key": "Spoke-prod-app-nsg.osn-services-egress-rule",
          "schema_version": 0,
          "attributes": {
            "description": "Allows HTTPS connections to all-cdg-services-in-oracle-services-network.",
            "destination": "all-cdg-services-in-oracle-services-network",
            "destination_type": "SERVICE_CIDR_BLOCK",
            "direction": "EGRESS",
            "icmp_options": [],
            "id": "3B0B8F",
            "is_valid": true,
            "network_security_group_id": "ocid1.networksecuritygroup.oc1.eu-paris-1.aaaaaaaa5otmse5srdevq4exq3oklim3dlhquvysvfp7n3azttzelqdr6sbq",
            "protocol": "6",
            "source": null,
            "source_type": "",
            "stateless": false,
            "tcp_options": [
              {
                "destination_port_range": [
                  {
                    "max": 443,
                    "min": 443
                  }
                ],
                "source_port_range": []
              }
            ],
            "time_created": "2024-05-22 14:27:42.217 +0000 UTC",
            "timeouts": null,
            "udp_options": []
          },
          "sensitive_attributes": [],
          "private": "eyJlMmJmYjczMC1lY2FhLTExZTYtOGY4OC0zNDM2M2JjN2M0YzAiOnsiY3JlYXRlIjoxMjAwMDAwMDAwMDAwLCJkZWxldGUiOjEyMDAwMDAwMDAwMDAsInVwZGF0ZSI6MTIwMDAwMDAwMDAwMH19",
          "dependencies": [
            "data.oci_identity_compartment.lz_compartments",
            "data.oci_identity_compartments.network",
            "data.oci_identity_regions.these",
            "data.terraform_remote_state.iam-tfstate",
            "module.lz_drg.oci_core_drg.this",
            "module.lz_nsgs_spokes.data.oci_core_network_security_groups.these",
            "module.lz_nsgs_spokes.oci_core_network_security_group.these",
            "module.lz_vcn_dmz.oci_core_vcn.these",
            "module.lz_vcn_spokes.data.oci_core_services.all_services",
            "module.lz_vcn_spokes.oci_core_default_security_list.these",
            "module.lz_vcn_spokes.oci_core_drg_attachment.these",
            "module.lz_vcn_spokes.oci_core_internet_gateway.these",
            "module.lz_vcn_spokes.oci_core_nat_gateway.these",
            "module.lz_vcn_spokes.oci_core_security_list.these",
            "module.lz_vcn_spokes.oci_core_service_gateway.these",
            "module.lz_vcn_spokes.oci_core_subnet.these",
            "module.lz_vcn_spokes.oci_core_vcn.these",
            "null_resource.wait_on_compartments"
          ]
        },
        {
          "index_key": "Spoke-prod-db-nsg.osn-services-egress-rule",
          "schema_version": 0,
          "attributes": {
            "description": "Allows HTTPS connections to all-cdg-services-in-oracle-services-network.",
            "destination": "all-cdg-services-in-oracle-services-network",
            "destination_type": "SERVICE_CIDR_BLOCK",
            "direction": "EGRESS",
            "icmp_options": [],
            "id": "0CEBDA",
            "is_valid": true,
            "network_security_group_id": "ocid1.networksecuritygroup.oc1.eu-paris-1.aaaaaaaa3g73bbzl22dj4ciaebhrrf4y4fjkg3rm4m4ncjzjedc2u5nr2sxa",
            "protocol": "6",
            "source": null,
            "source_type": "",
            "stateless": false,
            "tcp_options": [
              {
                "destination_port_range": [
                  {
                    "max": 443,
                    "min": 443
                  }
                ],
                "source_port_range": []
              }
            ],
            "time_created": "2024-05-22 14:27:42.171 +0000 UTC",
            "timeouts": null,
            "udp_options": []
          },
          "sensitive_attributes": [],
          "private": "eyJlMmJmYjczMC1lY2FhLTExZTYtOGY4OC0zNDM2M2JjN2M0YzAiOnsiY3JlYXRlIjoxMjAwMDAwMDAwMDAwLCJkZWxldGUiOjEyMDAwMDAwMDAwMDAsInVwZGF0ZSI6MTIwMDAwMDAwMDAwMH19",
          "dependencies": [
            "data.oci_identity_compartment.lz_compartments",
            "data.oci_identity_compartments.network",
            "data.oci_identity_regions.these",
            "data.terraform_remote_state.iam-tfstate",
            "module.lz_drg.oci_core_drg.this",
            "module.lz_nsgs_spokes.data.oci_core_network_security_groups.these",
            "module.lz_nsgs_spokes.oci_core_network_security_group.these",
            "module.lz_vcn_dmz.oci_core_vcn.these",
            "module.lz_vcn_spokes.data.oci_core_services.all_services",
            "module.lz_vcn_spokes.oci_core_default_security_list.these",
            "module.lz_vcn_spokes.oci_core_drg_attachment.these",
            "module.lz_vcn_spokes.oci_core_internet_gateway.these",
            "module.lz_vcn_spokes.oci_core_nat_gateway.these",
            "module.lz_vcn_spokes.oci_core_security_list.these",
            "module.lz_vcn_spokes.oci_core_service_gateway.these",
            "module.lz_vcn_spokes.oci_core_subnet.these",
            "module.lz_vcn_spokes.oci_core_vcn.these",
            "null_resource.wait_on_compartments"
          ]
        },
        {
          "index_key": "Spoke-prod-lbr-nsg.app-egress_rule",
          "schema_version": 0,
          "attributes": {
            "description": "Allows HTTP connections to hosts in Spoke-prod-app-nsg NSG.",
            "destination": "ocid1.networksecuritygroup.oc1.eu-paris-1.aaaaaaaa5otmse5srdevq4exq3oklim3dlhquvysvfp7n3azttzelqdr6sbq",
            "destination_type": "NETWORK_SECURITY_GROUP",
            "direction": "EGRESS",
            "icmp_options": [],
            "id": "EAD6BD",
            "is_valid": true,
            "network_security_group_id": "ocid1.networksecuritygroup.oc1.eu-paris-1.aaaaaaaaapqnnmokzp7jm2psmugjfaxynmgi5bsn75u7c4qm7uzo3vpa3dxq",
            "protocol": "6",
            "source": null,
            "source_type": "",
            "stateless": false,
            "tcp_options": [
              {
                "destination_port_range": [
                  {
                    "max": 80,
                    "min": 80
                  }
                ],
                "source_port_range": []
              }
            ],
            "time_created": "2024-05-22 14:27:42.323 +0000 UTC",
            "timeouts": null,
            "udp_options": []
          },
          "sensitive_attributes": [],
          "private": "eyJlMmJmYjczMC1lY2FhLTExZTYtOGY4OC0zNDM2M2JjN2M0YzAiOnsiY3JlYXRlIjoxMjAwMDAwMDAwMDAwLCJkZWxldGUiOjEyMDAwMDAwMDAwMDAsInVwZGF0ZSI6MTIwMDAwMDAwMDAwMH19",
          "dependencies": [
            "data.oci_identity_compartment.lz_compartments",
            "data.oci_identity_compartments.network",
            "data.oci_identity_regions.these",
            "data.terraform_remote_state.iam-tfstate",
            "module.lz_drg.oci_core_drg.this",
            "module.lz_nsgs_spokes.data.oci_core_network_security_groups.these",
            "module.lz_nsgs_spokes.oci_core_network_security_group.these",
            "module.lz_vcn_dmz.oci_core_vcn.these",
            "module.lz_vcn_spokes.data.oci_core_services.all_services",
            "module.lz_vcn_spokes.oci_core_default_security_list.these",
            "module.lz_vcn_spokes.oci_core_drg_attachment.these",
            "module.lz_vcn_spokes.oci_core_internet_gateway.these",
            "module.lz_vcn_spokes.oci_core_nat_gateway.these",
            "module.lz_vcn_spokes.oci_core_security_list.these",
            "module.lz_vcn_spokes.oci_core_service_gateway.these",
            "module.lz_vcn_spokes.oci_core_subnet.these",
            "module.lz_vcn_spokes.oci_core_vcn.these",
            "null_resource.wait_on_compartments"
          ]
        },
        {
          "index_key": "Spoke-prod-lbr-nsg.osn-services-egress-rule",
          "schema_version": 0,
          "attributes": {
            "description": "Allows HTTPS connections to all-cdg-services-in-oracle-services-network.",
            "destination": "all-cdg-services-in-oracle-services-network",
            "destination_type": "SERVICE_CIDR_BLOCK",
            "direction": "EGRESS",
            "icmp_options": [],
            "id": "F64290",
            "is_valid": true,
            "network_security_group_id": "ocid1.networksecuritygroup.oc1.eu-paris-1.aaaaaaaaapqnnmokzp7jm2psmugjfaxynmgi5bsn75u7c4qm7uzo3vpa3dxq",
            "protocol": "6",
            "source": null,
            "source_type": "",
            "stateless": false,
            "tcp_options": [
              {
                "destination_port_range": [
                  {
                    "max": 443,
                    "min": 443
                  }
                ],
                "source_port_range": []
              }
            ],
            "time_created": "2024-05-22 14:27:42.187 +0000 UTC",
            "timeouts": null,
            "udp_options": []
          },
          "sensitive_attributes": [],
          "private": "eyJlMmJmYjczMC1lY2FhLTExZTYtOGY4OC0zNDM2M2JjN2M0YzAiOnsiY3JlYXRlIjoxMjAwMDAwMDAwMDAwLCJkZWxldGUiOjEyMDAwMDAwMDAwMDAsInVwZGF0ZSI6MTIwMDAwMDAwMDAwMH19",
          "dependencies": [
            "data.oci_identity_compartment.lz_compartments",
            "data.oci_identity_compartments.network",
            "data.oci_identity_regions.these",
            "data.terraform_remote_state.iam-tfstate",
            "module.lz_drg.oci_core_drg.this",
            "module.lz_nsgs_spokes.data.oci_core_network_security_groups.these",
            "module.lz_nsgs_spokes.oci_core_network_security_group.these",
            "module.lz_vcn_dmz.oci_core_vcn.these",
            "module.lz_vcn_spokes.data.oci_core_services.all_services",
            "module.lz_vcn_spokes.oci_core_default_security_list.these",
            "module.lz_vcn_spokes.oci_core_drg_attachment.these",
            "module.lz_vcn_spokes.oci_core_internet_gateway.these",
            "module.lz_vcn_spokes.oci_core_nat_gateway.these",
            "module.lz_vcn_spokes.oci_core_security_list.these",
            "module.lz_vcn_spokes.oci_core_service_gateway.these",
            "module.lz_vcn_spokes.oci_core_subnet.these",
            "module.lz_vcn_spokes.oci_core_vcn.these",
            "null_resource.wait_on_compartments"
          ]
        }
      ]
    },
    {
      "module": "module.lz_nsgs_spokes",
      "mode": "managed",
      "type": "oci_core_network_security_group_security_rule",
      "name": "ingress",
      "provider": "provider[\"registry.terraform.io/oracle/oci\"]",
      "instances": [
        {
          "index_key": "Spoke-Devops-app-nsg.http-ingress-rule",
          "schema_version": 0,
          "attributes": {
            "description": "Allows HTTP connections to hosts in Spoke-Devops-lbr-nsg NSG.",
            "destination": null,
            "destination_type": "",
            "direction": "INGRESS",
            "icmp_options": [],
            "id": "5D40B0",
            "is_valid": true,
            "network_security_group_id": "ocid1.networksecuritygroup.oc1.eu-paris-1.aaaaaaaaskton2diii3onxqb6h6dn6zdooufingi53hz3doc4o2htdprteua",
            "protocol": "6",
            "source": "ocid1.networksecuritygroup.oc1.eu-paris-1.aaaaaaaat4tt42gko5ig3wuc7l7bg4thjjgxpkw27lmj7tclhf5bh5opnoya",
            "source_type": "NETWORK_SECURITY_GROUP",
            "stateless": false,
            "tcp_options": [
              {
                "destination_port_range": [
                  {
                    "max": 80,
                    "min": 80
                  }
                ],
                "source_port_range": []
              }
            ],
            "time_created": "2024-05-22 14:27:44.819 +0000 UTC",
            "timeouts": null,
            "udp_options": []
          },
          "sensitive_attributes": [],
          "private": "eyJlMmJmYjczMC1lY2FhLTExZTYtOGY4OC0zNDM2M2JjN2M0YzAiOnsiY3JlYXRlIjoxMjAwMDAwMDAwMDAwLCJkZWxldGUiOjEyMDAwMDAwMDAwMDAsInVwZGF0ZSI6MTIwMDAwMDAwMDAwMH19",
          "dependencies": [
            "data.oci_identity_compartment.lz_compartments",
            "data.oci_identity_compartments.network",
            "data.oci_identity_regions.these",
            "data.terraform_remote_state.iam-tfstate",
            "module.lz_drg.oci_core_drg.this",
            "module.lz_nsgs_spokes.data.oci_core_network_security_groups.these",
            "module.lz_nsgs_spokes.oci_core_network_security_group.these",
            "module.lz_vcn_dmz.oci_core_vcn.these",
            "module.lz_vcn_spokes.data.oci_core_services.all_services",
            "module.lz_vcn_spokes.oci_core_default_security_list.these",
            "module.lz_vcn_spokes.oci_core_drg_attachment.these",
            "module.lz_vcn_spokes.oci_core_internet_gateway.these",
            "module.lz_vcn_spokes.oci_core_nat_gateway.these",
            "module.lz_vcn_spokes.oci_core_security_list.these",
            "module.lz_vcn_spokes.oci_core_service_gateway.these",
            "module.lz_vcn_spokes.oci_core_subnet.these",
            "module.lz_vcn_spokes.oci_core_vcn.these",
            "null_resource.wait_on_compartments"
          ]
        },
        {
          "index_key": "Spoke-Devops-bastion-nsg.rdp-dmz-ingress-rule",
          "schema_version": 0,
          "attributes": {
            "description": "Allows RDP connections from hosts in DMZ VCN (10.0.0.0/24 CIDR range).",
            "destination": null,
            "destination_type": "",
            "direction": "INGRESS",
            "icmp_options": [],
            "id": "6FCF22",
            "is_valid": true,
            "network_security_group_id": "ocid1.networksecuritygroup.oc1.eu-paris-1.aaaaaaaaxhoffkuv4ica6jczlzwixyfy3z3fdtttlopuecctl6e74jm2fsia",
            "protocol": "6",
            "source": "10.0.0.0/24",
            "source_type": "CIDR_BLOCK",
            "stateless": false,
            "tcp_options": [
              {
                "destination_port_range": [
                  {
                    "max": 3389,
                    "min": 3389
                  }
                ],
                "source_port_range": []
              }
            ],
            "time_created": "2024-05-22 14:27:42.845 +0000 UTC",
            "timeouts": null,
            "udp_options": []
          },
          "sensitive_attributes": [],
          "private": "eyJlMmJmYjczMC1lY2FhLTExZTYtOGY4OC0zNDM2M2JjN2M0YzAiOnsiY3JlYXRlIjoxMjAwMDAwMDAwMDAwLCJkZWxldGUiOjEyMDAwMDAwMDAwMDAsInVwZGF0ZSI6MTIwMDAwMDAwMDAwMH19",
          "dependencies": [
            "data.oci_identity_compartment.lz_compartments",
            "data.oci_identity_compartments.network",
            "data.oci_identity_regions.these",
            "data.terraform_remote_state.iam-tfstate",
            "module.lz_drg.oci_core_drg.this",
            "module.lz_nsgs_spokes.data.oci_core_network_security_groups.these",
            "module.lz_nsgs_spokes.oci_core_network_security_group.these",
            "module.lz_vcn_dmz.oci_core_vcn.these",
            "module.lz_vcn_spokes.data.oci_core_services.all_services",
            "module.lz_vcn_spokes.oci_core_default_security_list.these",
            "module.lz_vcn_spokes.oci_core_drg_attachment.these",
            "module.lz_vcn_spokes.oci_core_internet_gateway.these",
            "module.lz_vcn_spokes.oci_core_nat_gateway.these",
            "module.lz_vcn_spokes.oci_core_security_list.these",
            "module.lz_vcn_spokes.oci_core_service_gateway.these",
            "module.lz_vcn_spokes.oci_core_subnet.these",
            "module.lz_vcn_spokes.oci_core_vcn.these",
            "null_resource.wait_on_compartments"
          ]
        },
        {
          "index_key": "Spoke-Devops-bastion-nsg.ssh-dmz-ingress-rule",
          "schema_version": 0,
          "attributes": {
            "description": "Allows SSH connections from hosts in DMZ VCN (10.0.0.0/24 CIDR range).",
            "destination": null,
            "destination_type": "",
            "direction": "INGRESS",
            "icmp_options": [],
            "id": "744C41",
            "is_valid": true,
            "network_security_group_id": "ocid1.networksecuritygroup.oc1.eu-paris-1.aaaaaaaaxhoffkuv4ica6jczlzwixyfy3z3fdtttlopuecctl6e74jm2fsia",
            "protocol": "6",
            "source": "10.0.0.0/24",
            "source_type": "CIDR_BLOCK",
            "stateless": false,
            "tcp_options": [
              {
                "destination_port_range": [
                  {
                    "max": 22,
                    "min": 22
                  }
                ],
                "source_port_range": []
              }
            ],
            "time_created": "2024-05-22 14:27:44.35 +0000 UTC",
            "timeouts": null,
            "udp_options": []
          },
          "sensitive_attributes": [],
          "private": "eyJlMmJmYjczMC1lY2FhLTExZTYtOGY4OC0zNDM2M2JjN2M0YzAiOnsiY3JlYXRlIjoxMjAwMDAwMDAwMDAwLCJkZWxldGUiOjEyMDAwMDAwMDAwMDAsInVwZGF0ZSI6MTIwMDAwMDAwMDAwMH19",
          "dependencies": [
            "data.oci_identity_compartment.lz_compartments",
            "data.oci_identity_compartments.network",
            "data.oci_identity_regions.these",
            "data.terraform_remote_state.iam-tfstate",
            "module.lz_drg.oci_core_drg.this",
            "module.lz_nsgs_spokes.data.oci_core_network_security_groups.these",
            "module.lz_nsgs_spokes.oci_core_network_security_group.these",
            "module.lz_vcn_dmz.oci_core_vcn.these",
            "module.lz_vcn_spokes.data.oci_core_services.all_services",
            "module.lz_vcn_spokes.oci_core_default_security_list.these",
            "module.lz_vcn_spokes.oci_core_drg_attachment.these",
            "module.lz_vcn_spokes.oci_core_internet_gateway.these",
            "module.lz_vcn_spokes.oci_core_nat_gateway.these",
            "module.lz_vcn_spokes.oci_core_security_list.these",
            "module.lz_vcn_spokes.oci_core_service_gateway.these",
            "module.lz_vcn_spokes.oci_core_subnet.these",
            "module.lz_vcn_spokes.oci_core_vcn.these",
            "null_resource.wait_on_compartments"
          ]
        },
        {
          "index_key": "Spoke-Devops-db-nsg.app-ingress-rule",
          "schema_version": 0,
          "attributes": {
            "description": "Allows SQLNet connections from hosts in Spoke-Devops-app-nsg NSG.",
            "destination": null,
            "destination_type": "",
            "direction": "INGRESS",
            "icmp_options": [],
            "id": "91CE94",
            "is_valid": true,
            "network_security_group_id": "ocid1.networksecuritygroup.oc1.eu-paris-1.aaaaaaaa6nk7uutptr3mzx4ozmizmqq5mnjvczeykajz3up2l2cqtkbn4lhq",
            "protocol": "6",
            "source": "ocid1.networksecuritygroup.oc1.eu-paris-1.aaaaaaaaskton2diii3onxqb6h6dn6zdooufingi53hz3doc4o2htdprteua",
            "source_type": "NETWORK_SECURITY_GROUP",
            "stateless": false,
            "tcp_options": [
              {
                "destination_port_range": [
                  {
                    "max": 1522,
                    "min": 1521
                  }
                ],
                "source_port_range": []
              }
            ],
            "time_created": "2024-05-22 14:27:43.963 +0000 UTC",
            "timeouts": null,
            "udp_options": []
          },
          "sensitive_attributes": [],
          "private": "eyJlMmJmYjczMC1lY2FhLTExZTYtOGY4OC0zNDM2M2JjN2M0YzAiOnsiY3JlYXRlIjoxMjAwMDAwMDAwMDAwLCJkZWxldGUiOjEyMDAwMDAwMDAwMDAsInVwZGF0ZSI6MTIwMDAwMDAwMDAwMH19",
          "dependencies": [
            "data.oci_identity_compartment.lz_compartments",
            "data.oci_identity_compartments.network",
            "data.oci_identity_regions.these",
            "data.terraform_remote_state.iam-tfstate",
            "module.lz_drg.oci_core_drg.this",
            "module.lz_nsgs_spokes.data.oci_core_network_security_groups.these",
            "module.lz_nsgs_spokes.oci_core_network_security_group.these",
            "module.lz_vcn_dmz.oci_core_vcn.these",
            "module.lz_vcn_spokes.data.oci_core_services.all_services",
            "module.lz_vcn_spokes.oci_core_default_security_list.these",
            "module.lz_vcn_spokes.oci_core_drg_attachment.these",
            "module.lz_vcn_spokes.oci_core_internet_gateway.these",
            "module.lz_vcn_spokes.oci_core_nat_gateway.these",
            "module.lz_vcn_spokes.oci_core_security_list.these",
            "module.lz_vcn_spokes.oci_core_service_gateway.these",
            "module.lz_vcn_spokes.oci_core_subnet.these",
            "module.lz_vcn_spokes.oci_core_vcn.these",
            "null_resource.wait_on_compartments"
          ]
        },
        {
          "index_key": "Spoke-Devops-lbr-nsg.dmz-services-ingress-rule",
          "schema_version": 0,
          "attributes": {
            "description": "Allows HTTPS connections from hosts in DMZ VCN (10.0.0.0/24 CIDR range).",
            "destination": null,
            "destination_type": "",
            "direction": "INGRESS",
            "icmp_options": [],
            "id": "84D8D6",
            "is_valid": true,
            "network_security_group_id": "ocid1.networksecuritygroup.oc1.eu-paris-1.aaaaaaaat4tt42gko5ig3wuc7l7bg4thjjgxpkw27lmj7tclhf5bh5opnoya",
            "protocol": "6",
            "source": "10.0.0.0/24",
            "source_type": "CIDR_BLOCK",
            "stateless": false,
            "tcp_options": [
              {
                "destination_port_range": [
                  {
                    "max": 443,
                    "min": 443
                  }
                ],
                "source_port_range": []
              }
            ],
            "time_created": "2024-05-22 14:27:43.252 +0000 UTC",
            "timeouts": null,
            "udp_options": []
          },
          "sensitive_attributes": [],
          "private": "eyJlMmJmYjczMC1lY2FhLTExZTYtOGY4OC0zNDM2M2JjN2M0YzAiOnsiY3JlYXRlIjoxMjAwMDAwMDAwMDAwLCJkZWxldGUiOjEyMDAwMDAwMDAwMDAsInVwZGF0ZSI6MTIwMDAwMDAwMDAwMH19",
          "dependencies": [
            "data.oci_identity_compartment.lz_compartments",
            "data.oci_identity_compartments.network",
            "data.oci_identity_regions.these",
            "data.terraform_remote_state.iam-tfstate",
            "module.lz_drg.oci_core_drg.this",
            "module.lz_nsgs_spokes.data.oci_core_network_security_groups.these",
            "module.lz_nsgs_spokes.oci_core_network_security_group.these",
            "module.lz_vcn_dmz.oci_core_vcn.these",
            "module.lz_vcn_spokes.data.oci_core_services.all_services",
            "module.lz_vcn_spokes.oci_core_default_security_list.these",
            "module.lz_vcn_spokes.oci_core_drg_attachment.these",
            "module.lz_vcn_spokes.oci_core_internet_gateway.these",
            "module.lz_vcn_spokes.oci_core_nat_gateway.these",
            "module.lz_vcn_spokes.oci_core_security_list.these",
            "module.lz_vcn_spokes.oci_core_service_gateway.these",
            "module.lz_vcn_spokes.oci_core_subnet.these",
            "module.lz_vcn_spokes.oci_core_vcn.these",
            "null_resource.wait_on_compartments"
          ]
        },
        {
          "index_key": "Spoke-prod-app-nsg.http-ingress-rule",
          "schema_version": 0,
          "attributes": {
            "description": "Allows HTTP connections to hosts in Spoke-prod-lbr-nsg NSG.",
            "destination": null,
            "destination_type": "",
            "direction": "INGRESS",
            "icmp_options": [],
            "id": "4AA706",
            "is_valid": true,
            "network_security_group_id": "ocid1.networksecuritygroup.oc1.eu-paris-1.aaaaaaaa5otmse5srdevq4exq3oklim3dlhquvysvfp7n3azttzelqdr6sbq",
            "protocol": "6",
            "source": "ocid1.networksecuritygroup.oc1.eu-paris-1.aaaaaaaaapqnnmokzp7jm2psmugjfaxynmgi5bsn75u7c4qm7uzo3vpa3dxq",
            "source_type": "NETWORK_SECURITY_GROUP",
            "stateless": false,
            "tcp_options": [
              {
                "destination_port_range": [
                  {
                    "max": 80,
                    "min": 80
                  }
                ],
                "source_port_range": []
              }
            ],
            "time_created": "2024-05-22 14:27:43.257 +0000 UTC",
            "timeouts": null,
            "udp_options": []
          },
          "sensitive_attributes": [],
          "private": "eyJlMmJmYjczMC1lY2FhLTExZTYtOGY4OC0zNDM2M2JjN2M0YzAiOnsiY3JlYXRlIjoxMjAwMDAwMDAwMDAwLCJkZWxldGUiOjEyMDAwMDAwMDAwMDAsInVwZGF0ZSI6MTIwMDAwMDAwMDAwMH19",
          "dependencies": [
            "data.oci_identity_compartment.lz_compartments",
            "data.oci_identity_compartments.network",
            "data.oci_identity_regions.these",
            "data.terraform_remote_state.iam-tfstate",
            "module.lz_drg.oci_core_drg.this",
            "module.lz_nsgs_spokes.data.oci_core_network_security_groups.these",
            "module.lz_nsgs_spokes.oci_core_network_security_group.these",
            "module.lz_vcn_dmz.oci_core_vcn.these",
            "module.lz_vcn_spokes.data.oci_core_services.all_services",
            "module.lz_vcn_spokes.oci_core_default_security_list.these",
            "module.lz_vcn_spokes.oci_core_drg_attachment.these",
            "module.lz_vcn_spokes.oci_core_internet_gateway.these",
            "module.lz_vcn_spokes.oci_core_nat_gateway.these",
            "module.lz_vcn_spokes.oci_core_security_list.these",
            "module.lz_vcn_spokes.oci_core_service_gateway.these",
            "module.lz_vcn_spokes.oci_core_subnet.these",
            "module.lz_vcn_spokes.oci_core_vcn.these",
            "null_resource.wait_on_compartments"
          ]
        },
        {
          "index_key": "Spoke-prod-bastion-nsg.rdp-dmz-ingress-rule",
          "schema_version": 0,
          "attributes": {
            "description": "Allows RDP connections from hosts in DMZ VCN (10.0.0.0/24 CIDR range).",
            "destination": null,
            "destination_type": "",
            "direction": "INGRESS",
            "icmp_options": [],
            "id": "514DEA",
            "is_valid": true,
            "network_security_group_id": "ocid1.networksecuritygroup.oc1.eu-paris-1.aaaaaaaaroeq5ags5hrgahfrqwxydojljmywtrb7ianekqe7u56nkcpcm3pq",
            "protocol": "6",
            "source": "10.0.0.0/24",
            "source_type": "CIDR_BLOCK",
            "stateless": false,
            "tcp_options": [
              {
                "destination_port_range": [
                  {
                    "max": 3389,
                    "min": 3389
                  }
                ],
                "source_port_range": []
              }
            ],
            "time_created": "2024-05-22 14:27:41.978 +0000 UTC",
            "timeouts": null,
            "udp_options": []
          },
          "sensitive_attributes": [],
          "private": "eyJlMmJmYjczMC1lY2FhLTExZTYtOGY4OC0zNDM2M2JjN2M0YzAiOnsiY3JlYXRlIjoxMjAwMDAwMDAwMDAwLCJkZWxldGUiOjEyMDAwMDAwMDAwMDAsInVwZGF0ZSI6MTIwMDAwMDAwMDAwMH19",
          "dependencies": [
            "data.oci_identity_compartment.lz_compartments",
            "data.oci_identity_compartments.network",
            "data.oci_identity_regions.these",
            "data.terraform_remote_state.iam-tfstate",
            "module.lz_drg.oci_core_drg.this",
            "module.lz_nsgs_spokes.data.oci_core_network_security_groups.these",
            "module.lz_nsgs_spokes.oci_core_network_security_group.these",
            "module.lz_vcn_dmz.oci_core_vcn.these",
            "module.lz_vcn_spokes.data.oci_core_services.all_services",
            "module.lz_vcn_spokes.oci_core_default_security_list.these",
            "module.lz_vcn_spokes.oci_core_drg_attachment.these",
            "module.lz_vcn_spokes.oci_core_internet_gateway.these",
            "module.lz_vcn_spokes.oci_core_nat_gateway.these",
            "module.lz_vcn_spokes.oci_core_security_list.these",
            "module.lz_vcn_spokes.oci_core_service_gateway.these",
            "module.lz_vcn_spokes.oci_core_subnet.these",
            "module.lz_vcn_spokes.oci_core_vcn.these",
            "null_resource.wait_on_compartments"
          ]
        },
        {
          "index_key": "Spoke-prod-bastion-nsg.ssh-dmz-ingress-rule",
          "schema_version": 0,
          "attributes": {
            "description": "Allows SSH connections from hosts in DMZ VCN (10.0.0.0/24 CIDR range).",
            "destination": null,
            "destination_type": "",
            "direction": "INGRESS",
            "icmp_options": [],
            "id": "083922",
            "is_valid": true,
            "network_security_group_id": "ocid1.networksecuritygroup.oc1.eu-paris-1.aaaaaaaaroeq5ags5hrgahfrqwxydojljmywtrb7ianekqe7u56nkcpcm3pq",
            "protocol": "6",
            "source": "10.0.0.0/24",
            "source_type": "CIDR_BLOCK",
            "stateless": false,
            "tcp_options": [
              {
                "destination_port_range": [
                  {
                    "max": 22,
                    "min": 22
                  }
                ],
                "source_port_range": []
              }
            ],
            "time_created": "2024-05-22 14:27:42.797 +0000 UTC",
            "timeouts": null,
            "udp_options": []
          },
          "sensitive_attributes": [],
          "private": "eyJlMmJmYjczMC1lY2FhLTExZTYtOGY4OC0zNDM2M2JjN2M0YzAiOnsiY3JlYXRlIjoxMjAwMDAwMDAwMDAwLCJkZWxldGUiOjEyMDAwMDAwMDAwMDAsInVwZGF0ZSI6MTIwMDAwMDAwMDAwMH19",
          "dependencies": [
            "data.oci_identity_compartment.lz_compartments",
            "data.oci_identity_compartments.network",
            "data.oci_identity_regions.these",
            "data.terraform_remote_state.iam-tfstate",
            "module.lz_drg.oci_core_drg.this",
            "module.lz_nsgs_spokes.data.oci_core_network_security_groups.these",
            "module.lz_nsgs_spokes.oci_core_network_security_group.these",
            "module.lz_vcn_dmz.oci_core_vcn.these",
            "module.lz_vcn_spokes.data.oci_core_services.all_services",
            "module.lz_vcn_spokes.oci_core_default_security_list.these",
            "module.lz_vcn_spokes.oci_core_drg_attachment.these",
            "module.lz_vcn_spokes.oci_core_internet_gateway.these",
            "module.lz_vcn_spokes.oci_core_nat_gateway.these",
            "module.lz_vcn_spokes.oci_core_security_list.these",
            "module.lz_vcn_spokes.oci_core_service_gateway.these",
            "module.lz_vcn_spokes.oci_core_subnet.these",
            "module.lz_vcn_spokes.oci_core_vcn.these",
            "null_resource.wait_on_compartments"
          ]
        },
        {
          "index_key": "Spoke-prod-db-nsg.app-ingress-rule",
          "schema_version": 0,
          "attributes": {
            "description": "Allows SQLNet connections from hosts in Spoke-prod-app-nsg NSG.",
            "destination": null,
            "destination_type": "",
            "direction": "INGRESS",
            "icmp_options": [],
            "id": "4A1717",
            "is_valid": true,
            "network_security_group_id": "ocid1.networksecuritygroup.oc1.eu-paris-1.aaaaaaaa3g73bbzl22dj4ciaebhrrf4y4fjkg3rm4m4ncjzjedc2u5nr2sxa",
            "protocol": "6",
            "source": "ocid1.networksecuritygroup.oc1.eu-paris-1.aaaaaaaa5otmse5srdevq4exq3oklim3dlhquvysvfp7n3azttzelqdr6sbq",
            "source_type": "NETWORK_SECURITY_GROUP",
            "stateless": false,
            "tcp_options": [
              {
                "destination_port_range": [
                  {
                    "max": 1522,
                    "min": 1521
                  }
                ],
                "source_port_range": []
              }
            ],
            "time_created": "2024-05-22 14:27:42.992 +0000 UTC",
            "timeouts": null,
            "udp_options": []
          },
          "sensitive_attributes": [],
          "private": "eyJlMmJmYjczMC1lY2FhLTExZTYtOGY4OC0zNDM2M2JjN2M0YzAiOnsiY3JlYXRlIjoxMjAwMDAwMDAwMDAwLCJkZWxldGUiOjEyMDAwMDAwMDAwMDAsInVwZGF0ZSI6MTIwMDAwMDAwMDAwMH19",
          "dependencies": [
            "data.oci_identity_compartment.lz_compartments",
            "data.oci_identity_compartments.network",
            "data.oci_identity_regions.these",
            "data.terraform_remote_state.iam-tfstate",
            "module.lz_drg.oci_core_drg.this",
            "module.lz_nsgs_spokes.data.oci_core_network_security_groups.these",
            "module.lz_nsgs_spokes.oci_core_network_security_group.these",
            "module.lz_vcn_dmz.oci_core_vcn.these",
            "module.lz_vcn_spokes.data.oci_core_services.all_services",
            "module.lz_vcn_spokes.oci_core_default_security_list.these",
            "module.lz_vcn_spokes.oci_core_drg_attachment.these",
            "module.lz_vcn_spokes.oci_core_internet_gateway.these",
            "module.lz_vcn_spokes.oci_core_nat_gateway.these",
            "module.lz_vcn_spokes.oci_core_security_list.these",
            "module.lz_vcn_spokes.oci_core_service_gateway.these",
            "module.lz_vcn_spokes.oci_core_subnet.these",
            "module.lz_vcn_spokes.oci_core_vcn.these",
            "null_resource.wait_on_compartments"
          ]
        },
        {
          "index_key": "Spoke-prod-lbr-nsg.dmz-services-ingress-rule",
          "schema_version": 0,
          "attributes": {
            "description": "Allows HTTPS connections from hosts in DMZ VCN (10.0.0.0/24 CIDR range).",
            "destination": null,
            "destination_type": "",
            "direction": "INGRESS",
            "icmp_options": [],
            "id": "CC60C1",
            "is_valid": true,
            "network_security_group_id": "ocid1.networksecuritygroup.oc1.eu-paris-1.aaaaaaaaapqnnmokzp7jm2psmugjfaxynmgi5bsn75u7c4qm7uzo3vpa3dxq",
            "protocol": "6",
            "source": "10.0.0.0/24",
            "source_type": "CIDR_BLOCK",
            "stateless": false,
            "tcp_options": [
              {
                "destination_port_range": [
                  {
                    "max": 443,
                    "min": 443
                  }
                ],
                "source_port_range": []
              }
            ],
            "time_created": "2024-05-22 14:27:42.451 +0000 UTC",
            "timeouts": null,
            "udp_options": []
          },
          "sensitive_attributes": [],
          "private": "eyJlMmJmYjczMC1lY2FhLTExZTYtOGY4OC0zNDM2M2JjN2M0YzAiOnsiY3JlYXRlIjoxMjAwMDAwMDAwMDAwLCJkZWxldGUiOjEyMDAwMDAwMDAwMDAsInVwZGF0ZSI6MTIwMDAwMDAwMDAwMH19",
          "dependencies": [
            "data.oci_identity_compartment.lz_compartments",
            "data.oci_identity_compartments.network",
            "data.oci_identity_regions.these",
            "data.terraform_remote_state.iam-tfstate",
            "module.lz_drg.oci_core_drg.this",
            "module.lz_nsgs_spokes.data.oci_core_network_security_groups.these",
            "module.lz_nsgs_spokes.oci_core_network_security_group.these",
            "module.lz_vcn_dmz.oci_core_vcn.these",
            "module.lz_vcn_spokes.data.oci_core_services.all_services",
            "module.lz_vcn_spokes.oci_core_default_security_list.these",
            "module.lz_vcn_spokes.oci_core_drg_attachment.these",
            "module.lz_vcn_spokes.oci_core_internet_gateway.these",
            "module.lz_vcn_spokes.oci_core_nat_gateway.these",
            "module.lz_vcn_spokes.oci_core_security_list.these",
            "module.lz_vcn_spokes.oci_core_service_gateway.these",
            "module.lz_vcn_spokes.oci_core_subnet.these",
            "module.lz_vcn_spokes.oci_core_vcn.these",
            "null_resource.wait_on_compartments"
          ]
        }
      ]
    },
    {
      "module": "module.lz_route_tables_dmz",
      "mode": "managed",
      "type": "oci_core_route_table",
      "name": "these",
      "provider": "provider[\"registry.terraform.io/oracle/oci\"]",
      "instances": [
        {
          "index_key": "LZdemo-Hub-Firewall-subnet-rtable",
          "schema_version": 0,
          "attributes": {
            "compartment_id": "ocid1.compartment.oc1..aaaaaaaarcnomheb6ckz3wxjsdweboj7vreg2kx725ltq4ng3qohyfrupgxa",
            "defined_tags": {
              "Oracle-Tags.CreatedBy": "default/mohamed.youssef.fersi@looyas.com",
              "Oracle-Tags.CreatedOn": "2024-05-22T14:27:46.939Z"
            },
            "display_name": "LZdemo-Hub-Firewall-subnet-rtable",
            "freeform_tags": {
              "cis-landing-zone": "LZdemo-quickstart"
            },
            "id": "ocid1.routetable.oc1.eu-paris-1.aaaaaaaanejmpd3m7b63o6b6ufe75egqqiq34r72dj3oswceegvyzt6q22ma",
            "route_rules": [
              {
                "cidr_block": "",
                "description": "Traffic destined to 0.0.0.0/0 CIDR range goes to Internet Gateway.",
                "destination": "0.0.0.0/0",
                "destination_type": "CIDR_BLOCK",
                "network_entity_id": "ocid1.internetgateway.oc1.eu-paris-1.aaaaaaaadkkonzxblb7yqwz3m2g5vcwjfcxgilcgmfzadg4yivcaxejtce4q",
                "route_type": ""
              },
              {
                "cidr_block": "",
                "description": "Traffic destined to Spoke-Devops VCN (10.1.0.0/24 CIDR range) goes to DRG.",
                "destination": "10.1.0.0/24",
                "destination_type": "CIDR_BLOCK",
                "network_entity_id": "ocid1.drg.oc1.eu-paris-1.aaaaaaaaoa5f4qhi3pgl4jybmvr2i57p6ae6usao6jvt5khdd3seyvsbvrmq",
                "route_type": ""
              },
              {
                "cidr_block": "",
                "description": "Traffic destined to Spoke-prod VCN (10.2.0.0/24 CIDR range) goes to DRG.",
                "destination": "10.2.0.0/24",
                "destination_type": "CIDR_BLOCK",
                "network_entity_id": "ocid1.drg.oc1.eu-paris-1.aaaaaaaaoa5f4qhi3pgl4jybmvr2i57p6ae6usao6jvt5khdd3seyvsbvrmq",
                "route_type": ""
              },
              {
                "cidr_block": "",
                "description": "Traffic destined to oci-cdg-objectstorage goes to Service Gateway.",
                "destination": "oci-cdg-objectstorage",
                "destination_type": "SERVICE_CIDR_BLOCK",
                "network_entity_id": "ocid1.servicegateway.oc1.eu-paris-1.aaaaaaaawyvbjn423c67c6wgy4tqvf6ch2brsovikf7xjvvyadopdiz25ocq",
                "route_type": ""
              }
            ],
            "state": "AVAILABLE",
            "time_created": "2024-05-22 14:27:46.995 +0000 UTC",
            "timeouts": null,
            "vcn_id": "ocid1.vcn.oc1.eu-paris-1.amaaaaaa6aytp6aa5knogs5dcrepiphvj5uta5nktl2frbaj7ztqqgzwd3pa"
          },
          "sensitive_attributes": [],
          "private": "eyJlMmJmYjczMC1lY2FhLTExZTYtOGY4OC0zNDM2M2JjN2M0YzAiOnsiY3JlYXRlIjoxMjAwMDAwMDAwMDAwLCJkZWxldGUiOjEyMDAwMDAwMDAwMDAsInVwZGF0ZSI6MTIwMDAwMDAwMDAwMH19",
          "dependencies": [
            "data.oci_identity_compartment.lz_compartments",
            "data.oci_identity_compartments.network",
            "data.oci_identity_regions.these",
            "data.terraform_remote_state.iam-tfstate",
            "module.lz_drg.oci_core_drg.this",
            "module.lz_vcn_dmz.data.oci_core_services.all_services",
            "module.lz_vcn_dmz.oci_core_default_security_list.these",
            "module.lz_vcn_dmz.oci_core_drg_attachment.these",
            "module.lz_vcn_dmz.oci_core_internet_gateway.these",
            "module.lz_vcn_dmz.oci_core_nat_gateway.these",
            "module.lz_vcn_dmz.oci_core_security_list.these",
            "module.lz_vcn_dmz.oci_core_service_gateway.these",
            "module.lz_vcn_dmz.oci_core_subnet.these",
            "module.lz_vcn_dmz.oci_core_vcn.these",
            "module.lz_vcn_spokes.data.oci_core_services.all_services",
            "module.lz_vcn_spokes.oci_core_default_security_list.these",
            "module.lz_vcn_spokes.oci_core_drg_attachment.these",
            "module.lz_vcn_spokes.oci_core_internet_gateway.these",
            "module.lz_vcn_spokes.oci_core_nat_gateway.these",
            "module.lz_vcn_spokes.oci_core_security_list.these",
            "module.lz_vcn_spokes.oci_core_service_gateway.these",
            "module.lz_vcn_spokes.oci_core_subnet.these",
            "module.lz_vcn_spokes.oci_core_vcn.these",
            "null_resource.wait_on_compartments"
          ]
        },
        {
          "index_key": "LZdemo-Hub-PublicLB-subnet-rtable",
          "schema_version": 0,
          "attributes": {
            "compartment_id": "ocid1.compartment.oc1..aaaaaaaarcnomheb6ckz3wxjsdweboj7vreg2kx725ltq4ng3qohyfrupgxa",
            "defined_tags": {
              "Oracle-Tags.CreatedBy": "default/mohamed.youssef.fersi@looyas.com",
              "Oracle-Tags.CreatedOn": "2024-05-22T14:27:47.103Z"
            },
            "display_name": "LZdemo-Hub-PublicLB-subnet-rtable",
            "freeform_tags": {
              "cis-landing-zone": "LZdemo-quickstart"
            },
            "id": "ocid1.routetable.oc1.eu-paris-1.aaaaaaaaby5ql7xqufbvdbbdsw2s6vfpylrrujnjnu62hpyy4b52lwji3e2q",
            "route_rules": [
              {
                "cidr_block": "",
                "description": "Traffic destined to 0.0.0.0/0 CIDR range goes to Internet Gateway.",
                "destination": "0.0.0.0/0",
                "destination_type": "CIDR_BLOCK",
                "network_entity_id": "ocid1.internetgateway.oc1.eu-paris-1.aaaaaaaadkkonzxblb7yqwz3m2g5vcwjfcxgilcgmfzadg4yivcaxejtce4q",
                "route_type": ""
              },
              {
                "cidr_block": "",
                "description": "Traffic destined to Spoke-Devops VCN (10.1.0.0/24 CIDR range) goes to DRG.",
                "destination": "10.1.0.0/24",
                "destination_type": "CIDR_BLOCK",
                "network_entity_id": "ocid1.drg.oc1.eu-paris-1.aaaaaaaaoa5f4qhi3pgl4jybmvr2i57p6ae6usao6jvt5khdd3seyvsbvrmq",
                "route_type": ""
              },
              {
                "cidr_block": "",
                "description": "Traffic destined to Spoke-prod VCN (10.2.0.0/24 CIDR range) goes to DRG.",
                "destination": "10.2.0.0/24",
                "destination_type": "CIDR_BLOCK",
                "network_entity_id": "ocid1.drg.oc1.eu-paris-1.aaaaaaaaoa5f4qhi3pgl4jybmvr2i57p6ae6usao6jvt5khdd3seyvsbvrmq",
                "route_type": ""
              },
              {
                "cidr_block": "",
                "description": "Traffic destined to oci-cdg-objectstorage goes to Service Gateway.",
                "destination": "oci-cdg-objectstorage",
                "destination_type": "SERVICE_CIDR_BLOCK",
                "network_entity_id": "ocid1.servicegateway.oc1.eu-paris-1.aaaaaaaawyvbjn423c67c6wgy4tqvf6ch2brsovikf7xjvvyadopdiz25ocq",
                "route_type": ""
              }
            ],
            "state": "AVAILABLE",
            "time_created": "2024-05-22 14:27:47.123 +0000 UTC",
            "timeouts": null,
            "vcn_id": "ocid1.vcn.oc1.eu-paris-1.amaaaaaa6aytp6aa5knogs5dcrepiphvj5uta5nktl2frbaj7ztqqgzwd3pa"
          },
          "sensitive_attributes": [],
          "private": "eyJlMmJmYjczMC1lY2FhLTExZTYtOGY4OC0zNDM2M2JjN2M0YzAiOnsiY3JlYXRlIjoxMjAwMDAwMDAwMDAwLCJkZWxldGUiOjEyMDAwMDAwMDAwMDAsInVwZGF0ZSI6MTIwMDAwMDAwMDAwMH19",
          "dependencies": [
            "data.oci_identity_compartment.lz_compartments",
            "data.oci_identity_compartments.network",
            "data.oci_identity_regions.these",
            "data.terraform_remote_state.iam-tfstate",
            "module.lz_drg.oci_core_drg.this",
            "module.lz_vcn_dmz.data.oci_core_services.all_services",
            "module.lz_vcn_dmz.oci_core_default_security_list.these",
            "module.lz_vcn_dmz.oci_core_drg_attachment.these",
            "module.lz_vcn_dmz.oci_core_internet_gateway.these",
            "module.lz_vcn_dmz.oci_core_nat_gateway.these",
            "module.lz_vcn_dmz.oci_core_security_list.these",
            "module.lz_vcn_dmz.oci_core_service_gateway.these",
            "module.lz_vcn_dmz.oci_core_subnet.these",
            "module.lz_vcn_dmz.oci_core_vcn.these",
            "module.lz_vcn_spokes.data.oci_core_services.all_services",
            "module.lz_vcn_spokes.oci_core_default_security_list.these",
            "module.lz_vcn_spokes.oci_core_drg_attachment.these",
            "module.lz_vcn_spokes.oci_core_internet_gateway.these",
            "module.lz_vcn_spokes.oci_core_nat_gateway.these",
            "module.lz_vcn_spokes.oci_core_security_list.these",
            "module.lz_vcn_spokes.oci_core_service_gateway.these",
            "module.lz_vcn_spokes.oci_core_subnet.these",
            "module.lz_vcn_spokes.oci_core_vcn.these",
            "null_resource.wait_on_compartments"
          ]
        }
      ]
    },
    {
      "module": "module.lz_route_tables_dmz",
      "mode": "managed",
      "type": "oci_core_route_table_attachment",
      "name": "these",
      "provider": "provider[\"registry.terraform.io/oracle/oci\"]",
      "instances": [
        {
          "index_key": "LZdemo-Hub-Firewall-subnet-rtable",
          "schema_version": 0,
          "attributes": {
            "id": "ocid1.subnet.oc1.eu-paris-1.aaaaaaaajii3madnca2mrw43yupqmvmzoeqnlfekbg2etr5ot572vjwm365q/ocid1.routetable.oc1.eu-paris-1.aaaaaaaanejmpd3m7b63o6b6ufe75egqqiq34r72dj3oswceegvyzt6q22ma",
            "route_table_id": "ocid1.routetable.oc1.eu-paris-1.aaaaaaaanejmpd3m7b63o6b6ufe75egqqiq34r72dj3oswceegvyzt6q22ma",
            "subnet_id": "ocid1.subnet.oc1.eu-paris-1.aaaaaaaajii3madnca2mrw43yupqmvmzoeqnlfekbg2etr5ot572vjwm365q",
            "timeouts": null
          },
          "sensitive_attributes": [],
          "private": "eyJlMmJmYjczMC1lY2FhLTExZTYtOGY4OC0zNDM2M2JjN2M0YzAiOnsiY3JlYXRlIjoxMjAwMDAwMDAwMDAwLCJkZWxldGUiOjEyMDAwMDAwMDAwMDAsInVwZGF0ZSI6MTIwMDAwMDAwMDAwMH19",
          "dependencies": [
            "data.oci_identity_compartment.lz_compartments",
            "data.oci_identity_compartments.network",
            "data.oci_identity_regions.these",
            "data.terraform_remote_state.iam-tfstate",
            "module.lz_drg.oci_core_drg.this",
            "module.lz_route_tables_dmz.oci_core_route_table.these",
            "module.lz_vcn_dmz.data.oci_core_services.all_services",
            "module.lz_vcn_dmz.oci_core_default_security_list.these",
            "module.lz_vcn_dmz.oci_core_drg_attachment.these",
            "module.lz_vcn_dmz.oci_core_internet_gateway.these",
            "module.lz_vcn_dmz.oci_core_nat_gateway.these",
            "module.lz_vcn_dmz.oci_core_security_list.these",
            "module.lz_vcn_dmz.oci_core_service_gateway.these",
            "module.lz_vcn_dmz.oci_core_subnet.these",
            "module.lz_vcn_dmz.oci_core_vcn.these",
            "module.lz_vcn_spokes.data.oci_core_services.all_services",
            "module.lz_vcn_spokes.oci_core_default_security_list.these",
            "module.lz_vcn_spokes.oci_core_drg_attachment.these",
            "module.lz_vcn_spokes.oci_core_internet_gateway.these",
            "module.lz_vcn_spokes.oci_core_nat_gateway.these",
            "module.lz_vcn_spokes.oci_core_security_list.these",
            "module.lz_vcn_spokes.oci_core_service_gateway.these",
            "module.lz_vcn_spokes.oci_core_subnet.these",
            "module.lz_vcn_spokes.oci_core_vcn.these",
            "null_resource.wait_on_compartments"
          ]
        },
        {
          "index_key": "LZdemo-Hub-PublicLB-subnet-rtable",
          "schema_version": 0,
          "attributes": {
            "id": "ocid1.subnet.oc1.eu-paris-1.aaaaaaaaqgf6ue4nhf3f4iss4ycogkhmgm2y3ijv24d3xfjml2lg5u7yo6ja/ocid1.routetable.oc1.eu-paris-1.aaaaaaaaby5ql7xqufbvdbbdsw2s6vfpylrrujnjnu62hpyy4b52lwji3e2q",
            "route_table_id": "ocid1.routetable.oc1.eu-paris-1.aaaaaaaaby5ql7xqufbvdbbdsw2s6vfpylrrujnjnu62hpyy4b52lwji3e2q",
            "subnet_id": "ocid1.subnet.oc1.eu-paris-1.aaaaaaaaqgf6ue4nhf3f4iss4ycogkhmgm2y3ijv24d3xfjml2lg5u7yo6ja",
            "timeouts": null
          },
          "sensitive_attributes": [],
          "private": "eyJlMmJmYjczMC1lY2FhLTExZTYtOGY4OC0zNDM2M2JjN2M0YzAiOnsiY3JlYXRlIjoxMjAwMDAwMDAwMDAwLCJkZWxldGUiOjEyMDAwMDAwMDAwMDAsInVwZGF0ZSI6MTIwMDAwMDAwMDAwMH19",
          "dependencies": [
            "data.oci_identity_compartment.lz_compartments",
            "data.oci_identity_compartments.network",
            "data.oci_identity_regions.these",
            "data.terraform_remote_state.iam-tfstate",
            "module.lz_drg.oci_core_drg.this",
            "module.lz_route_tables_dmz.oci_core_route_table.these",
            "module.lz_vcn_dmz.data.oci_core_services.all_services",
            "module.lz_vcn_dmz.oci_core_default_security_list.these",
            "module.lz_vcn_dmz.oci_core_drg_attachment.these",
            "module.lz_vcn_dmz.oci_core_internet_gateway.these",
            "module.lz_vcn_dmz.oci_core_nat_gateway.these",
            "module.lz_vcn_dmz.oci_core_security_list.these",
            "module.lz_vcn_dmz.oci_core_service_gateway.these",
            "module.lz_vcn_dmz.oci_core_subnet.these",
            "module.lz_vcn_dmz.oci_core_vcn.these",
            "module.lz_vcn_spokes.data.oci_core_services.all_services",
            "module.lz_vcn_spokes.oci_core_default_security_list.these",
            "module.lz_vcn_spokes.oci_core_drg_attachment.these",
            "module.lz_vcn_spokes.oci_core_internet_gateway.these",
            "module.lz_vcn_spokes.oci_core_nat_gateway.these",
            "module.lz_vcn_spokes.oci_core_security_list.these",
            "module.lz_vcn_spokes.oci_core_service_gateway.these",
            "module.lz_vcn_spokes.oci_core_subnet.these",
            "module.lz_vcn_spokes.oci_core_vcn.these",
            "null_resource.wait_on_compartments"
          ]
        }
      ]
    },
    {
      "module": "module.lz_route_tables_spokes",
      "mode": "managed",
      "type": "oci_core_route_table",
      "name": "these",
      "provider": "provider[\"registry.terraform.io/oracle/oci\"]",
      "instances": [
        {
          "index_key": "Spoke-Devops-Devops-subnet-rtable",
          "schema_version": 0,
          "attributes": {
            "compartment_id": "ocid1.compartment.oc1..aaaaaaaarcnomheb6ckz3wxjsdweboj7vreg2kx725ltq4ng3qohyfrupgxa",
            "defined_tags": {
              "Oracle-Tags.CreatedBy": "default/mohamed.youssef.fersi@looyas.com",
              "Oracle-Tags.CreatedOn": "2024-05-22T14:27:40.715Z"
            },
            "display_name": "Spoke-Devops-Devops-subnet-rtable",
            "freeform_tags": {
              "cis-landing-zone": "LZdemo-quickstart"
            },
            "id": "ocid1.routetable.oc1.eu-paris-1.aaaaaaaaovlvlv3u5wi3ps57d35gh4quthqinbiz6glqrqhxbnh7ajdfi36a",
            "route_rules": [
              {
                "cidr_block": "",
                "description": "Traffic destined to LZdemo-Hub-vcn VCN (10.0.0.0/24 CIDR range) goes to DRG.",
                "destination": "10.0.0.0/24",
                "destination_type": "CIDR_BLOCK",
                "network_entity_id": "ocid1.drg.oc1.eu-paris-1.aaaaaaaaoa5f4qhi3pgl4jybmvr2i57p6ae6usao6jvt5khdd3seyvsbvrmq",
                "route_type": ""
              },
              {
                "cidr_block": "",
                "description": "Traffic destined to Spoke-prod VCN (10.2.0.0/24 CIDR range) goes to DRG.",
                "destination": "10.2.0.0/24",
                "destination_type": "CIDR_BLOCK",
                "network_entity_id": "ocid1.drg.oc1.eu-paris-1.aaaaaaaaoa5f4qhi3pgl4jybmvr2i57p6ae6usao6jvt5khdd3seyvsbvrmq",
                "route_type": ""
              },
              {
                "cidr_block": "",
                "description": "Traffic destined to all-cdg-services-in-oracle-services-network goes to Service Gateway.",
                "destination": "all-cdg-services-in-oracle-services-network",
                "destination_type": "SERVICE_CIDR_BLOCK",
                "network_entity_id": "ocid1.servicegateway.oc1.eu-paris-1.aaaaaaaaqeyqlurioh4nudzq5ijgwpvgoxachaoliaxhn6jqn4vjqafqggvq",
                "route_type": ""
              }
            ],
            "state": "AVAILABLE",
            "time_created": "2024-05-22 14:27:40.759 +0000 UTC",
            "timeouts": null,
            "vcn_id": "ocid1.vcn.oc1.eu-paris-1.amaaaaaa6aytp6aazf6akbvprd2b6sblai6eawwmhnljrbkdzh77rewyi73a"
          },
          "sensitive_attributes": [],
          "private": "eyJlMmJmYjczMC1lY2FhLTExZTYtOGY4OC0zNDM2M2JjN2M0YzAiOnsiY3JlYXRlIjoxMjAwMDAwMDAwMDAwLCJkZWxldGUiOjEyMDAwMDAwMDAwMDAsInVwZGF0ZSI6MTIwMDAwMDAwMDAwMH19",
          "dependencies": [
            "data.oci_identity_compartment.lz_compartments",
            "data.oci_identity_compartments.network",
            "data.oci_identity_regions.these",
            "data.terraform_remote_state.iam-tfstate",
            "module.lz_drg.oci_core_drg.this",
            "module.lz_vcn_dmz.oci_core_vcn.these",
            "module.lz_vcn_spokes.data.oci_core_services.all_services",
            "module.lz_vcn_spokes.oci_core_default_security_list.these",
            "module.lz_vcn_spokes.oci_core_drg_attachment.these",
            "module.lz_vcn_spokes.oci_core_internet_gateway.these",
            "module.lz_vcn_spokes.oci_core_nat_gateway.these",
            "module.lz_vcn_spokes.oci_core_security_list.these",
            "module.lz_vcn_spokes.oci_core_service_gateway.these",
            "module.lz_vcn_spokes.oci_core_subnet.these",
            "module.lz_vcn_spokes.oci_core_vcn.these",
            "null_resource.wait_on_compartments"
          ]
        },
        {
          "index_key": "Spoke-prod-DB-subnet-rtable",
          "schema_version": 0,
          "attributes": {
            "compartment_id": "ocid1.compartment.oc1..aaaaaaaarcnomheb6ckz3wxjsdweboj7vreg2kx725ltq4ng3qohyfrupgxa",
            "defined_tags": {
              "Oracle-Tags.CreatedBy": "default/mohamed.youssef.fersi@looyas.com",
              "Oracle-Tags.CreatedOn": "2024-05-22T14:27:40.208Z"
            },
            "display_name": "Spoke-prod-DB-subnet-rtable",
            "freeform_tags": {
              "cis-landing-zone": "LZdemo-quickstart"
            },
            "id": "ocid1.routetable.oc1.eu-paris-1.aaaaaaaaeej4vl2repukxhfm743ll5yolj3tb4wye6wcf7kaoyrkz4ai3kxa",
            "route_rules": [
              {
                "cidr_block": "",
                "description": "Traffic destined to LZdemo-Hub-vcn VCN (10.0.0.0/24 CIDR range) goes to DRG.",
                "destination": "10.0.0.0/24",
                "destination_type": "CIDR_BLOCK",
                "network_entity_id": "ocid1.drg.oc1.eu-paris-1.aaaaaaaaoa5f4qhi3pgl4jybmvr2i57p6ae6usao6jvt5khdd3seyvsbvrmq",
                "route_type": ""
              },
              {
                "cidr_block": "",
                "description": "Traffic destined to Spoke-Devops VCN (10.1.0.0/24 CIDR range) goes to DRG.",
                "destination": "10.1.0.0/24",
                "destination_type": "CIDR_BLOCK",
                "network_entity_id": "ocid1.drg.oc1.eu-paris-1.aaaaaaaaoa5f4qhi3pgl4jybmvr2i57p6ae6usao6jvt5khdd3seyvsbvrmq",
                "route_type": ""
              },
              {
                "cidr_block": "",
                "description": "Traffic destined to all-cdg-services-in-oracle-services-network goes to Service Gateway.",
                "destination": "all-cdg-services-in-oracle-services-network",
                "destination_type": "SERVICE_CIDR_BLOCK",
                "network_entity_id": "ocid1.servicegateway.oc1.eu-paris-1.aaaaaaaanv7xn6odnkel55iqbqdzdj3brzs2674c7fni6g3qk7lqqvp677dq",
                "route_type": ""
              }
            ],
            "state": "AVAILABLE",
            "time_created": "2024-05-22 14:27:40.253 +0000 UTC",
            "timeouts": null,
            "vcn_id": "ocid1.vcn.oc1.eu-paris-1.amaaaaaa6aytp6aai4vgjjy22dk3sfxrfgkxvfovizqhgs6qr4jgbwgx7hxq"
          },
          "sensitive_attributes": [],
          "private": "eyJlMmJmYjczMC1lY2FhLTExZTYtOGY4OC0zNDM2M2JjN2M0YzAiOnsiY3JlYXRlIjoxMjAwMDAwMDAwMDAwLCJkZWxldGUiOjEyMDAwMDAwMDAwMDAsInVwZGF0ZSI6MTIwMDAwMDAwMDAwMH19",
          "dependencies": [
            "data.oci_identity_compartment.lz_compartments",
            "data.oci_identity_compartments.network",
            "data.oci_identity_regions.these",
            "data.terraform_remote_state.iam-tfstate",
            "module.lz_drg.oci_core_drg.this",
            "module.lz_vcn_dmz.oci_core_vcn.these",
            "module.lz_vcn_spokes.data.oci_core_services.all_services",
            "module.lz_vcn_spokes.oci_core_default_security_list.these",
            "module.lz_vcn_spokes.oci_core_drg_attachment.these",
            "module.lz_vcn_spokes.oci_core_internet_gateway.these",
            "module.lz_vcn_spokes.oci_core_nat_gateway.these",
            "module.lz_vcn_spokes.oci_core_security_list.these",
            "module.lz_vcn_spokes.oci_core_service_gateway.these",
            "module.lz_vcn_spokes.oci_core_subnet.these",
            "module.lz_vcn_spokes.oci_core_vcn.these",
            "null_resource.wait_on_compartments"
          ]
        },
        {
          "index_key": "Spoke-prod-oke-subnet-rtable",
          "schema_version": 0,
          "attributes": {
            "compartment_id": "ocid1.compartment.oc1..aaaaaaaarcnomheb6ckz3wxjsdweboj7vreg2kx725ltq4ng3qohyfrupgxa",
            "defined_tags": {
              "Oracle-Tags.CreatedBy": "default/mohamed.youssef.fersi@looyas.com",
              "Oracle-Tags.CreatedOn": "2024-05-22T14:27:40.222Z"
            },
            "display_name": "Spoke-prod-oke-subnet-rtable",
            "freeform_tags": {
              "cis-landing-zone": "LZdemo-quickstart"
            },
            "id": "ocid1.routetable.oc1.eu-paris-1.aaaaaaaaihhel3ap4txgfmykb3dlkjxtz66uqjx2ru33sego42ne6e7ubqkq",
            "route_rules": [
              {
                "cidr_block": "",
                "description": "Traffic destined to LZdemo-Hub-vcn VCN (10.0.0.0/24 CIDR range) goes to DRG.",
                "destination": "10.0.0.0/24",
                "destination_type": "CIDR_BLOCK",
                "network_entity_id": "ocid1.drg.oc1.eu-paris-1.aaaaaaaaoa5f4qhi3pgl4jybmvr2i57p6ae6usao6jvt5khdd3seyvsbvrmq",
                "route_type": ""
              },
              {
                "cidr_block": "",
                "description": "Traffic destined to Spoke-Devops VCN (10.1.0.0/24 CIDR range) goes to DRG.",
                "destination": "10.1.0.0/24",
                "destination_type": "CIDR_BLOCK",
                "network_entity_id": "ocid1.drg.oc1.eu-paris-1.aaaaaaaaoa5f4qhi3pgl4jybmvr2i57p6ae6usao6jvt5khdd3seyvsbvrmq",
                "route_type": ""
              },
              {
                "cidr_block": "",
                "description": "Traffic destined to all-cdg-services-in-oracle-services-network goes to Service Gateway.",
                "destination": "all-cdg-services-in-oracle-services-network",
                "destination_type": "SERVICE_CIDR_BLOCK",
                "network_entity_id": "ocid1.servicegateway.oc1.eu-paris-1.aaaaaaaanv7xn6odnkel55iqbqdzdj3brzs2674c7fni6g3qk7lqqvp677dq",
                "route_type": ""
              }
            ],
            "state": "AVAILABLE",
            "time_created": "2024-05-22 14:27:40.252 +0000 UTC",
            "timeouts": null,
            "vcn_id": "ocid1.vcn.oc1.eu-paris-1.amaaaaaa6aytp6aai4vgjjy22dk3sfxrfgkxvfovizqhgs6qr4jgbwgx7hxq"
          },
          "sensitive_attributes": [],
          "private": "eyJlMmJmYjczMC1lY2FhLTExZTYtOGY4OC0zNDM2M2JjN2M0YzAiOnsiY3JlYXRlIjoxMjAwMDAwMDAwMDAwLCJkZWxldGUiOjEyMDAwMDAwMDAwMDAsInVwZGF0ZSI6MTIwMDAwMDAwMDAwMH19",
          "dependencies": [
            "data.oci_identity_compartment.lz_compartments",
            "data.oci_identity_compartments.network",
            "data.oci_identity_regions.these",
            "data.terraform_remote_state.iam-tfstate",
            "module.lz_drg.oci_core_drg.this",
            "module.lz_vcn_dmz.oci_core_vcn.these",
            "module.lz_vcn_spokes.data.oci_core_services.all_services",
            "module.lz_vcn_spokes.oci_core_default_security_list.these",
            "module.lz_vcn_spokes.oci_core_drg_attachment.these",
            "module.lz_vcn_spokes.oci_core_internet_gateway.these",
            "module.lz_vcn_spokes.oci_core_nat_gateway.these",
            "module.lz_vcn_spokes.oci_core_security_list.these",
            "module.lz_vcn_spokes.oci_core_service_gateway.these",
            "module.lz_vcn_spokes.oci_core_subnet.these",
            "module.lz_vcn_spokes.oci_core_vcn.these",
            "null_resource.wait_on_compartments"
          ]
        },
        {
          "index_key": "Spoke-prod-opensearch-subnet-rtable",
          "schema_version": 0,
          "attributes": {
            "compartment_id": "ocid1.compartment.oc1..aaaaaaaarcnomheb6ckz3wxjsdweboj7vreg2kx725ltq4ng3qohyfrupgxa",
            "defined_tags": {
              "Oracle-Tags.CreatedBy": "default/mohamed.youssef.fersi@looyas.com",
              "Oracle-Tags.CreatedOn": "2024-05-22T14:27:40.200Z"
            },
            "display_name": "Spoke-prod-opensearch-subnet-rtable",
            "freeform_tags": {
              "cis-landing-zone": "LZdemo-quickstart"
            },
            "id": "ocid1.routetable.oc1.eu-paris-1.aaaaaaaam6xxfh6mf4uejw3y6jblwarxlaif2tonoq6qs22ty775rg76dppq",
            "route_rules": [
              {
                "cidr_block": "",
                "description": "Traffic destined to LZdemo-Hub-vcn VCN (10.0.0.0/24 CIDR range) goes to DRG.",
                "destination": "10.0.0.0/24",
                "destination_type": "CIDR_BLOCK",
                "network_entity_id": "ocid1.drg.oc1.eu-paris-1.aaaaaaaaoa5f4qhi3pgl4jybmvr2i57p6ae6usao6jvt5khdd3seyvsbvrmq",
                "route_type": ""
              },
              {
                "cidr_block": "",
                "description": "Traffic destined to Spoke-Devops VCN (10.1.0.0/24 CIDR range) goes to DRG.",
                "destination": "10.1.0.0/24",
                "destination_type": "CIDR_BLOCK",
                "network_entity_id": "ocid1.drg.oc1.eu-paris-1.aaaaaaaaoa5f4qhi3pgl4jybmvr2i57p6ae6usao6jvt5khdd3seyvsbvrmq",
                "route_type": ""
              },
              {
                "cidr_block": "",
                "description": "Traffic destined to all-cdg-services-in-oracle-services-network goes to Service Gateway.",
                "destination": "all-cdg-services-in-oracle-services-network",
                "destination_type": "SERVICE_CIDR_BLOCK",
                "network_entity_id": "ocid1.servicegateway.oc1.eu-paris-1.aaaaaaaanv7xn6odnkel55iqbqdzdj3brzs2674c7fni6g3qk7lqqvp677dq",
                "route_type": ""
              }
            ],
            "state": "AVAILABLE",
            "time_created": "2024-05-22 14:27:40.236 +0000 UTC",
            "timeouts": null,
            "vcn_id": "ocid1.vcn.oc1.eu-paris-1.amaaaaaa6aytp6aai4vgjjy22dk3sfxrfgkxvfovizqhgs6qr4jgbwgx7hxq"
          },
          "sensitive_attributes": [],
          "private": "eyJlMmJmYjczMC1lY2FhLTExZTYtOGY4OC0zNDM2M2JjN2M0YzAiOnsiY3JlYXRlIjoxMjAwMDAwMDAwMDAwLCJkZWxldGUiOjEyMDAwMDAwMDAwMDAsInVwZGF0ZSI6MTIwMDAwMDAwMDAwMH19",
          "dependencies": [
            "data.oci_identity_compartment.lz_compartments",
            "data.oci_identity_compartments.network",
            "data.oci_identity_regions.these",
            "data.terraform_remote_state.iam-tfstate",
            "module.lz_drg.oci_core_drg.this",
            "module.lz_vcn_dmz.oci_core_vcn.these",
            "module.lz_vcn_spokes.data.oci_core_services.all_services",
            "module.lz_vcn_spokes.oci_core_default_security_list.these",
            "module.lz_vcn_spokes.oci_core_drg_attachment.these",
            "module.lz_vcn_spokes.oci_core_internet_gateway.these",
            "module.lz_vcn_spokes.oci_core_nat_gateway.these",
            "module.lz_vcn_spokes.oci_core_security_list.these",
            "module.lz_vcn_spokes.oci_core_service_gateway.these",
            "module.lz_vcn_spokes.oci_core_subnet.these",
            "module.lz_vcn_spokes.oci_core_vcn.these",
            "null_resource.wait_on_compartments"
          ]
        }
      ]
    },
    {
      "module": "module.lz_route_tables_spokes",
      "mode": "managed",
      "type": "oci_core_route_table_attachment",
      "name": "these",
      "provider": "provider[\"registry.terraform.io/oracle/oci\"]",
      "instances": [
        {
          "index_key": "Spoke-Devops-Devops-subnet-rtable",
          "schema_version": 0,
          "attributes": {
            "id": "ocid1.subnet.oc1.eu-paris-1.aaaaaaaa6px3t3y6azwrixko2v2mawttpoj5s2o277sn34yvj4pmojkz7wma/ocid1.routetable.oc1.eu-paris-1.aaaaaaaaovlvlv3u5wi3ps57d35gh4quthqinbiz6glqrqhxbnh7ajdfi36a",
            "route_table_id": "ocid1.routetable.oc1.eu-paris-1.aaaaaaaaovlvlv3u5wi3ps57d35gh4quthqinbiz6glqrqhxbnh7ajdfi36a",
            "subnet_id": "ocid1.subnet.oc1.eu-paris-1.aaaaaaaa6px3t3y6azwrixko2v2mawttpoj5s2o277sn34yvj4pmojkz7wma",
            "timeouts": null
          },
          "sensitive_attributes": [],
          "private": "eyJlMmJmYjczMC1lY2FhLTExZTYtOGY4OC0zNDM2M2JjN2M0YzAiOnsiY3JlYXRlIjoxMjAwMDAwMDAwMDAwLCJkZWxldGUiOjEyMDAwMDAwMDAwMDAsInVwZGF0ZSI6MTIwMDAwMDAwMDAwMH19",
          "dependencies": [
            "data.oci_identity_compartment.lz_compartments",
            "data.oci_identity_compartments.network",
            "data.oci_identity_regions.these",
            "data.terraform_remote_state.iam-tfstate",
            "module.lz_drg.oci_core_drg.this",
            "module.lz_route_tables_spokes.oci_core_route_table.these",
            "module.lz_vcn_dmz.oci_core_vcn.these",
            "module.lz_vcn_spokes.data.oci_core_services.all_services",
            "module.lz_vcn_spokes.oci_core_default_security_list.these",
            "module.lz_vcn_spokes.oci_core_drg_attachment.these",
            "module.lz_vcn_spokes.oci_core_internet_gateway.these",
            "module.lz_vcn_spokes.oci_core_nat_gateway.these",
            "module.lz_vcn_spokes.oci_core_security_list.these",
            "module.lz_vcn_spokes.oci_core_service_gateway.these",
            "module.lz_vcn_spokes.oci_core_subnet.these",
            "module.lz_vcn_spokes.oci_core_vcn.these",
            "null_resource.wait_on_compartments"
          ]
        },
        {
          "index_key": "Spoke-prod-DB-subnet-rtable",
          "schema_version": 0,
          "attributes": {
            "id": "ocid1.subnet.oc1.eu-paris-1.aaaaaaaazryp2bevqeqxifxkqvkiits6lfnzi7qdkbszzakyzpx3bfhb7g2q/ocid1.routetable.oc1.eu-paris-1.aaaaaaaaeej4vl2repukxhfm743ll5yolj3tb4wye6wcf7kaoyrkz4ai3kxa",
            "route_table_id": "ocid1.routetable.oc1.eu-paris-1.aaaaaaaaeej4vl2repukxhfm743ll5yolj3tb4wye6wcf7kaoyrkz4ai3kxa",
            "subnet_id": "ocid1.subnet.oc1.eu-paris-1.aaaaaaaazryp2bevqeqxifxkqvkiits6lfnzi7qdkbszzakyzpx3bfhb7g2q",
            "timeouts": null
          },
          "sensitive_attributes": [],
          "private": "eyJlMmJmYjczMC1lY2FhLTExZTYtOGY4OC0zNDM2M2JjN2M0YzAiOnsiY3JlYXRlIjoxMjAwMDAwMDAwMDAwLCJkZWxldGUiOjEyMDAwMDAwMDAwMDAsInVwZGF0ZSI6MTIwMDAwMDAwMDAwMH19",
          "dependencies": [
            "data.oci_identity_compartment.lz_compartments",
            "data.oci_identity_compartments.network",
            "data.oci_identity_regions.these",
            "data.terraform_remote_state.iam-tfstate",
            "module.lz_drg.oci_core_drg.this",
            "module.lz_route_tables_spokes.oci_core_route_table.these",
            "module.lz_vcn_dmz.oci_core_vcn.these",
            "module.lz_vcn_spokes.data.oci_core_services.all_services",
            "module.lz_vcn_spokes.oci_core_default_security_list.these",
            "module.lz_vcn_spokes.oci_core_drg_attachment.these",
            "module.lz_vcn_spokes.oci_core_internet_gateway.these",
            "module.lz_vcn_spokes.oci_core_nat_gateway.these",
            "module.lz_vcn_spokes.oci_core_security_list.these",
            "module.lz_vcn_spokes.oci_core_service_gateway.these",
            "module.lz_vcn_spokes.oci_core_subnet.these",
            "module.lz_vcn_spokes.oci_core_vcn.these",
            "null_resource.wait_on_compartments"
          ]
        },
        {
          "index_key": "Spoke-prod-oke-subnet-rtable",
          "schema_version": 0,
          "attributes": {
            "id": "ocid1.subnet.oc1.eu-paris-1.aaaaaaaa3iukwcenknaqcneuar5hruqbb2jqbombwe3wvizyzxtawezisc5q/ocid1.routetable.oc1.eu-paris-1.aaaaaaaaihhel3ap4txgfmykb3dlkjxtz66uqjx2ru33sego42ne6e7ubqkq",
            "route_table_id": "ocid1.routetable.oc1.eu-paris-1.aaaaaaaaihhel3ap4txgfmykb3dlkjxtz66uqjx2ru33sego42ne6e7ubqkq",
            "subnet_id": "ocid1.subnet.oc1.eu-paris-1.aaaaaaaa3iukwcenknaqcneuar5hruqbb2jqbombwe3wvizyzxtawezisc5q",
            "timeouts": null
          },
          "sensitive_attributes": [],
          "private": "eyJlMmJmYjczMC1lY2FhLTExZTYtOGY4OC0zNDM2M2JjN2M0YzAiOnsiY3JlYXRlIjoxMjAwMDAwMDAwMDAwLCJkZWxldGUiOjEyMDAwMDAwMDAwMDAsInVwZGF0ZSI6MTIwMDAwMDAwMDAwMH19",
          "dependencies": [
            "data.oci_identity_compartment.lz_compartments",
            "data.oci_identity_compartments.network",
            "data.oci_identity_regions.these",
            "data.terraform_remote_state.iam-tfstate",
            "module.lz_drg.oci_core_drg.this",
            "module.lz_route_tables_spokes.oci_core_route_table.these",
            "module.lz_vcn_dmz.oci_core_vcn.these",
            "module.lz_vcn_spokes.data.oci_core_services.all_services",
            "module.lz_vcn_spokes.oci_core_default_security_list.these",
            "module.lz_vcn_spokes.oci_core_drg_attachment.these",
            "module.lz_vcn_spokes.oci_core_internet_gateway.these",
            "module.lz_vcn_spokes.oci_core_nat_gateway.these",
            "module.lz_vcn_spokes.oci_core_security_list.these",
            "module.lz_vcn_spokes.oci_core_service_gateway.these",
            "module.lz_vcn_spokes.oci_core_subnet.these",
            "module.lz_vcn_spokes.oci_core_vcn.these",
            "null_resource.wait_on_compartments"
          ]
        },
        {
          "index_key": "Spoke-prod-opensearch-subnet-rtable",
          "schema_version": 0,
          "attributes": {
            "id": "ocid1.subnet.oc1.eu-paris-1.aaaaaaaarkdfj6ynczingsk22qmk57ohrz2v5xnnkhovx7hp5aev6vtmq4wq/ocid1.routetable.oc1.eu-paris-1.aaaaaaaam6xxfh6mf4uejw3y6jblwarxlaif2tonoq6qs22ty775rg76dppq",
            "route_table_id": "ocid1.routetable.oc1.eu-paris-1.aaaaaaaam6xxfh6mf4uejw3y6jblwarxlaif2tonoq6qs22ty775rg76dppq",
            "subnet_id": "ocid1.subnet.oc1.eu-paris-1.aaaaaaaarkdfj6ynczingsk22qmk57ohrz2v5xnnkhovx7hp5aev6vtmq4wq",
            "timeouts": null
          },
          "sensitive_attributes": [],
          "private": "eyJlMmJmYjczMC1lY2FhLTExZTYtOGY4OC0zNDM2M2JjN2M0YzAiOnsiY3JlYXRlIjoxMjAwMDAwMDAwMDAwLCJkZWxldGUiOjEyMDAwMDAwMDAwMDAsInVwZGF0ZSI6MTIwMDAwMDAwMDAwMH19",
          "dependencies": [
            "data.oci_identity_compartment.lz_compartments",
            "data.oci_identity_compartments.network",
            "data.oci_identity_regions.these",
            "data.terraform_remote_state.iam-tfstate",
            "module.lz_drg.oci_core_drg.this",
            "module.lz_route_tables_spokes.oci_core_route_table.these",
            "module.lz_vcn_dmz.oci_core_vcn.these",
            "module.lz_vcn_spokes.data.oci_core_services.all_services",
            "module.lz_vcn_spokes.oci_core_default_security_list.these",
            "module.lz_vcn_spokes.oci_core_drg_attachment.these",
            "module.lz_vcn_spokes.oci_core_internet_gateway.these",
            "module.lz_vcn_spokes.oci_core_nat_gateway.these",
            "module.lz_vcn_spokes.oci_core_security_list.these",
            "module.lz_vcn_spokes.oci_core_service_gateway.these",
            "module.lz_vcn_spokes.oci_core_subnet.these",
            "module.lz_vcn_spokes.oci_core_vcn.these",
            "null_resource.wait_on_compartments"
          ]
        }
      ]
    },
    {
      "module": "module.lz_vcn_dmz",
      "mode": "data",
      "type": "oci_core_services",
      "name": "all_services",
      "provider": "provider[\"registry.terraform.io/oracle/oci\"]",
      "instances": [
        {
          "schema_version": 0,
          "attributes": {
            "filter": null,
            "id": "CoreServicesDataSource-0",
            "services": [
              {
                "cidr_block": "all-cdg-services-in-oracle-services-network",
                "description": "All CDG Services In Oracle Services Network",
                "id": "ocid1.service.oc1.eu-paris-1.aaaaaaaafwyotwbtosc3eimj7ibd6vku4gefufvbradnhdv6vukydma4ainq",
                "name": "All CDG Services In Oracle Services Network"
              },
              {
                "cidr_block": "oci-cdg-objectstorage",
                "description": "OCI CDG Object Storage",
                "id": "ocid1.service.oc1.eu-paris-1.aaaaaaaak2id5zido6sf6rd75pfipcj2l7x6v3gtxpmu4rpdhcrzucal6sga",
                "name": "OCI CDG Object Storage"
              }
            ]
          },
          "sensitive_attributes": []
        }
      ]
    },
    {
      "module": "module.lz_vcn_dmz",
      "mode": "managed",
      "type": "oci_core_default_security_list",
      "name": "these",
      "provider": "provider[\"registry.terraform.io/oracle/oci\"]",
      "instances": [
        {
          "index_key": "LZdemo-Hub-vcn",
          "schema_version": 0,
          "attributes": {
            "compartment_id": "ocid1.compartment.oc1..aaaaaaaarcnomheb6ckz3wxjsdweboj7vreg2kx725ltq4ng3qohyfrupgxa",
            "defined_tags": {
              "Oracle-Tags.CreatedBy": "default/mohamed.youssef.fersi@looyas.com",
              "Oracle-Tags.CreatedOn": "2024-05-22T14:27:38.258Z"
            },
            "display_name": "Default Security List for LZdemo-Hub-vcn",
            "egress_security_rules": [],
            "freeform_tags": {
              "cis-landing-zone": "LZdemo-quickstart"
            },
            "id": "ocid1.securitylist.oc1.eu-paris-1.aaaaaaaak65warp5uuqmfraggtnm3tvxbllj4gopq2qbfc3z36mfs6khrusq",
            "ingress_security_rules": [
              {
                "description": "",
                "icmp_options": [
                  {
                    "code": -1,
                    "type": 3
                  }
                ],
                "protocol": "1",
                "source": "10.0.0.0/24",
                "source_type": "CIDR_BLOCK",
                "stateless": false,
                "tcp_options": [],
                "udp_options": []
              },
              {
                "description": "",
                "icmp_options": [
                  {
                    "code": 4,
                    "type": 3
                  }
                ],
                "protocol": "1",
                "source": "0.0.0.0/0",
                "source_type": "CIDR_BLOCK",
                "stateless": false,
                "tcp_options": [],
                "udp_options": []
              }
            ],
            "manage_default_resource_id": "ocid1.securitylist.oc1.eu-paris-1.aaaaaaaak65warp5uuqmfraggtnm3tvxbllj4gopq2qbfc3z36mfs6khrusq",
            "state": "AVAILABLE",
            "time_created": "2024-05-22 14:27:38.293 +0000 UTC",
            "timeouts": null
          },
          "sensitive_attributes": [],
          "private": "eyJlMmJmYjczMC1lY2FhLTExZTYtOGY4OC0zNDM2M2JjN2M0YzAiOnsiY3JlYXRlIjoxMjAwMDAwMDAwMDAwLCJkZWxldGUiOjEyMDAwMDAwMDAwMDAsInVwZGF0ZSI6MTIwMDAwMDAwMDAwMH19",
          "dependencies": [
            "data.oci_identity_compartment.lz_compartments",
            "data.oci_identity_compartments.network",
            "data.oci_identity_regions.these",
            "data.terraform_remote_state.iam-tfstate",
            "module.lz_drg.oci_core_drg.this",
            "module.lz_vcn_dmz.oci_core_vcn.these",
            "module.lz_vcn_spokes.data.oci_core_services.all_services",
            "module.lz_vcn_spokes.oci_core_default_security_list.these",
            "module.lz_vcn_spokes.oci_core_drg_attachment.these",
            "module.lz_vcn_spokes.oci_core_internet_gateway.these",
            "module.lz_vcn_spokes.oci_core_nat_gateway.these",
            "module.lz_vcn_spokes.oci_core_security_list.these",
            "module.lz_vcn_spokes.oci_core_service_gateway.these",
            "module.lz_vcn_spokes.oci_core_subnet.these",
            "module.lz_vcn_spokes.oci_core_vcn.these",
            "null_resource.wait_on_compartments"
          ]
        }
      ]
    },
    {
      "module": "module.lz_vcn_dmz",
      "mode": "managed",
      "type": "oci_core_drg_attachment",
      "name": "these",
      "provider": "provider[\"registry.terraform.io/oracle/oci\"]",
      "instances": [
        {
          "index_key": "LZdemo-Hub-vcn",
          "schema_version": 0,
          "attributes": {
            "compartment_id": "ocid1.compartment.oc1..aaaaaaaarcnomheb6ckz3wxjsdweboj7vreg2kx725ltq4ng3qohyfrupgxa",
            "defined_tags": {
              "Oracle-Tags.CreatedBy": "default/mohamed.youssef.fersi@looyas.com",
              "Oracle-Tags.CreatedOn": "2024-05-22T14:27:39.202Z"
            },
            "display_name": "LZdemo-Hub-vcn-drg-attachment",
            "drg_id": "ocid1.drg.oc1.eu-paris-1.aaaaaaaaoa5f4qhi3pgl4jybmvr2i57p6ae6usao6jvt5khdd3seyvsbvrmq",
            "drg_route_table_id": "ocid1.drgroutetable.oc1.eu-paris-1.aaaaaaaalqzpqorcfi7czsz63hxgmkzltzo24r5e5h5usdf7er27expe23ga",
            "export_drg_route_distribution_id": null,
            "freeform_tags": {
              "cis-landing-zone": "LZdemo-quickstart"
            },
            "id": "ocid1.drgattachment.oc1.eu-paris-1.aaaaaaaamv3hwwmb4ghzws7adtkf5gv72gzegpxdeiy6tswioqguzsu5ebvq",
            "is_cross_tenancy": false,
            "network_details": [
              {
                "id": "ocid1.vcn.oc1.eu-paris-1.amaaaaaa6aytp6aa5knogs5dcrepiphvj5uta5nktl2frbaj7ztqqgzwd3pa",
                "ipsec_connection_id": "",
                "route_table_id": "",
                "type": "VCN",
                "vcn_route_type": "SUBNET_CIDRS"
              }
            ],
            "remove_export_drg_route_distribution_trigger": null,
            "route_table_id": null,
            "state": "ATTACHED",
            "time_created": "2024-05-22 14:27:39.304 +0000 UTC",
            "timeouts": null,
            "vcn_id": "ocid1.vcn.oc1.eu-paris-1.amaaaaaa6aytp6aa5knogs5dcrepiphvj5uta5nktl2frbaj7ztqqgzwd3pa"
          },
          "sensitive_attributes": [],
          "private": "eyJlMmJmYjczMC1lY2FhLTExZTYtOGY4OC0zNDM2M2JjN2M0YzAiOnsiY3JlYXRlIjoxMjAwMDAwMDAwMDAwLCJkZWxldGUiOjEyMDAwMDAwMDAwMDAsInVwZGF0ZSI6MTIwMDAwMDAwMDAwMH19",
          "dependencies": [
            "data.oci_identity_compartment.lz_compartments",
            "data.oci_identity_compartments.network",
            "data.oci_identity_regions.these",
            "data.terraform_remote_state.iam-tfstate",
            "module.lz_drg.oci_core_drg.this",
            "module.lz_vcn_dmz.oci_core_vcn.these",
            "module.lz_vcn_spokes.data.oci_core_services.all_services",
            "module.lz_vcn_spokes.oci_core_default_security_list.these",
            "module.lz_vcn_spokes.oci_core_drg_attachment.these",
            "module.lz_vcn_spokes.oci_core_internet_gateway.these",
            "module.lz_vcn_spokes.oci_core_nat_gateway.these",
            "module.lz_vcn_spokes.oci_core_security_list.these",
            "module.lz_vcn_spokes.oci_core_service_gateway.these",
            "module.lz_vcn_spokes.oci_core_subnet.these",
            "module.lz_vcn_spokes.oci_core_vcn.these",
            "null_resource.wait_on_compartments"
          ]
        }
      ]
    },
    {
      "module": "module.lz_vcn_dmz",
      "mode": "managed",
      "type": "oci_core_internet_gateway",
      "name": "these",
      "provider": "provider[\"registry.terraform.io/oracle/oci\"]",
      "instances": [
        {
          "index_key": "LZdemo-Hub-vcn",
          "schema_version": 0,
          "attributes": {
            "compartment_id": "ocid1.compartment.oc1..aaaaaaaarcnomheb6ckz3wxjsdweboj7vreg2kx725ltq4ng3qohyfrupgxa",
            "defined_tags": {
              "Oracle-Tags.CreatedBy": "default/mohamed.youssef.fersi@looyas.com",
              "Oracle-Tags.CreatedOn": "2024-05-22T14:27:39.214Z"
            },
            "display_name": "LZdemo-Hub-vcn-igw",
            "enabled": true,
            "freeform_tags": {
              "cis-landing-zone": "LZdemo-quickstart"
            },
            "id": "ocid1.internetgateway.oc1.eu-paris-1.aaaaaaaadkkonzxblb7yqwz3m2g5vcwjfcxgilcgmfzadg4yivcaxejtce4q",
            "route_table_id": null,
            "state": "AVAILABLE",
            "time_created": "2024-05-22 14:27:39.253 +0000 UTC",
            "timeouts": null,
            "vcn_id": "ocid1.vcn.oc1.eu-paris-1.amaaaaaa6aytp6aa5knogs5dcrepiphvj5uta5nktl2frbaj7ztqqgzwd3pa"
          },
          "sensitive_attributes": [],
          "private": "eyJlMmJmYjczMC1lY2FhLTExZTYtOGY4OC0zNDM2M2JjN2M0YzAiOnsiY3JlYXRlIjoxMjAwMDAwMDAwMDAwLCJkZWxldGUiOjEyMDAwMDAwMDAwMDAsInVwZGF0ZSI6MTIwMDAwMDAwMDAwMH19",
          "dependencies": [
            "data.oci_identity_compartment.lz_compartments",
            "data.oci_identity_compartments.network",
            "data.oci_identity_regions.these",
            "data.terraform_remote_state.iam-tfstate",
            "module.lz_drg.oci_core_drg.this",
            "module.lz_vcn_dmz.oci_core_vcn.these",
            "module.lz_vcn_spokes.data.oci_core_services.all_services",
            "module.lz_vcn_spokes.oci_core_default_security_list.these",
            "module.lz_vcn_spokes.oci_core_drg_attachment.these",
            "module.lz_vcn_spokes.oci_core_internet_gateway.these",
            "module.lz_vcn_spokes.oci_core_nat_gateway.these",
            "module.lz_vcn_spokes.oci_core_security_list.these",
            "module.lz_vcn_spokes.oci_core_service_gateway.these",
            "module.lz_vcn_spokes.oci_core_subnet.these",
            "module.lz_vcn_spokes.oci_core_vcn.these",
            "null_resource.wait_on_compartments"
          ]
        }
      ]
    },
    {
      "module": "module.lz_vcn_dmz",
      "mode": "managed",
      "type": "oci_core_nat_gateway",
      "name": "these",
      "provider": "provider[\"registry.terraform.io/oracle/oci\"]",
      "instances": [
        {
          "index_key": "LZdemo-Hub-vcn",
          "schema_version": 0,
          "attributes": {
            "block_traffic": false,
            "compartment_id": "ocid1.compartment.oc1..aaaaaaaarcnomheb6ckz3wxjsdweboj7vreg2kx725ltq4ng3qohyfrupgxa",
            "defined_tags": {
              "Oracle-Tags.CreatedBy": "default/mohamed.youssef.fersi@looyas.com",
              "Oracle-Tags.CreatedOn": "2024-05-22T14:27:39.148Z"
            },
            "display_name": "LZdemo-Hub-vcn-natgw",
            "freeform_tags": {
              "cis-landing-zone": "LZdemo-quickstart"
            },
            "id": "ocid1.natgateway.oc1.eu-paris-1.aaaaaaaahidpylnvk6aykb2vmlnwfynwspkfifixpwjrg4z2o7fdryqg3c4a",
            "nat_ip": "89.168.47.230",
            "public_ip_id": "ocid1.publicip.oc1.eu-paris-1.aaaaaaaactmmyddcbeth6wxdav76cgka7cr3e2q37wrl5opleu5fy4qpv74a",
            "route_table_id": null,
            "state": "AVAILABLE",
            "time_created": "2024-05-22 14:27:39.324 +0000 UTC",
            "timeouts": null,
            "vcn_id": "ocid1.vcn.oc1.eu-paris-1.amaaaaaa6aytp6aa5knogs5dcrepiphvj5uta5nktl2frbaj7ztqqgzwd3pa"
          },
          "sensitive_attributes": [],
          "private": "eyJlMmJmYjczMC1lY2FhLTExZTYtOGY4OC0zNDM2M2JjN2M0YzAiOnsiY3JlYXRlIjoxMjAwMDAwMDAwMDAwLCJkZWxldGUiOjEyMDAwMDAwMDAwMDAsInVwZGF0ZSI6MTIwMDAwMDAwMDAwMH19",
          "dependencies": [
            "data.oci_identity_compartment.lz_compartments",
            "data.oci_identity_compartments.network",
            "data.oci_identity_regions.these",
            "data.terraform_remote_state.iam-tfstate",
            "module.lz_drg.oci_core_drg.this",
            "module.lz_vcn_dmz.oci_core_vcn.these",
            "module.lz_vcn_spokes.data.oci_core_services.all_services",
            "module.lz_vcn_spokes.oci_core_default_security_list.these",
            "module.lz_vcn_spokes.oci_core_drg_attachment.these",
            "module.lz_vcn_spokes.oci_core_internet_gateway.these",
            "module.lz_vcn_spokes.oci_core_nat_gateway.these",
            "module.lz_vcn_spokes.oci_core_security_list.these",
            "module.lz_vcn_spokes.oci_core_service_gateway.these",
            "module.lz_vcn_spokes.oci_core_subnet.these",
            "module.lz_vcn_spokes.oci_core_vcn.these",
            "null_resource.wait_on_compartments"
          ]
        }
      ]
    },
    {
      "module": "module.lz_vcn_dmz",
      "mode": "managed",
      "type": "oci_core_security_list",
      "name": "these",
      "provider": "provider[\"registry.terraform.io/oracle/oci\"]",
      "instances": [
        {
          "index_key": "LZdemo-Hub-vcn-Firewall-subnet.security-list",
          "schema_version": 0,
          "attributes": {
            "compartment_id": "ocid1.compartment.oc1..aaaaaaaarcnomheb6ckz3wxjsdweboj7vreg2kx725ltq4ng3qohyfrupgxa",
            "defined_tags": {
              "Oracle-Tags.CreatedBy": "default/mohamed.youssef.fersi@looyas.com",
              "Oracle-Tags.CreatedOn": "2024-05-22T14:27:39.182Z"
            },
            "display_name": "LZdemo-Hub-vcn-Firewall-subnet-security-list",
            "egress_security_rules": [],
            "freeform_tags": {
              "cis-landing-zone": "LZdemo-quickstart"
            },
            "id": "ocid1.securitylist.oc1.eu-paris-1.aaaaaaaajszikgf7poyre73f4dval6vsn4z7bnk4qcnr7kczvcsyh6bip5nq",
            "ingress_security_rules": [
              {
                "description": "Allow ICMP traffic for 3 Destination Unreachable",
                "icmp_options": [
                  {
                    "code": -1,
                    "type": 3
                  }
                ],
                "protocol": "1",
                "source": "10.0.0.0/24",
                "source_type": "CIDR_BLOCK",
                "stateless": false,
                "tcp_options": [],
                "udp_options": []
              },
              {
                "description": "Allow ICMP traffic for 3,4 Destination Unreachable: Fragmentation Needed and Don't Fragment was Set",
                "icmp_options": [
                  {
                    "code": 4,
                    "type": 3
                  }
                ],
                "protocol": "1",
                "source": "0.0.0.0/0",
                "source_type": "CIDR_BLOCK",
                "stateless": false,
                "tcp_options": [],
                "udp_options": []
              },
              {
                "description": "Allow ICMP traffic for 8 Echo",
                "icmp_options": [
                  {
                    "code": -1,
                    "type": 8
                  }
                ],
                "protocol": "1",
                "source": "10.0.0.0/8",
                "source_type": "CIDR_BLOCK",
                "stateless": false,
                "tcp_options": [],
                "udp_options": []
              },
              {
                "description": "Allow SSH traffic from anywhere",
                "icmp_options": [],
                "protocol": "6",
                "source": "0.0.0.0/0",
                "source_type": "CIDR_BLOCK",
                "stateless": false,
                "tcp_options": [
                  {
                    "max": 22,
                    "min": 22,
                    "source_port_range": []
                  }
                ],
                "udp_options": []
              }
            ],
            "state": "AVAILABLE",
            "time_created": "2024-05-22 14:27:39.207 +0000 UTC",
            "timeouts": null,
            "vcn_id": "ocid1.vcn.oc1.eu-paris-1.amaaaaaa6aytp6aa5knogs5dcrepiphvj5uta5nktl2frbaj7ztqqgzwd3pa"
          },
          "sensitive_attributes": [],
          "private": "eyJlMmJmYjczMC1lY2FhLTExZTYtOGY4OC0zNDM2M2JjN2M0YzAiOnsiY3JlYXRlIjoxMjAwMDAwMDAwMDAwLCJkZWxldGUiOjEyMDAwMDAwMDAwMDAsInVwZGF0ZSI6MTIwMDAwMDAwMDAwMH19",
          "dependencies": [
            "data.oci_identity_compartment.lz_compartments",
            "data.oci_identity_compartments.network",
            "data.oci_identity_regions.these",
            "data.terraform_remote_state.iam-tfstate",
            "module.lz_drg.oci_core_drg.this",
            "module.lz_vcn_dmz.oci_core_vcn.these",
            "module.lz_vcn_spokes.data.oci_core_services.all_services",
            "module.lz_vcn_spokes.oci_core_default_security_list.these",
            "module.lz_vcn_spokes.oci_core_drg_attachment.these",
            "module.lz_vcn_spokes.oci_core_internet_gateway.these",
            "module.lz_vcn_spokes.oci_core_nat_gateway.these",
            "module.lz_vcn_spokes.oci_core_security_list.these",
            "module.lz_vcn_spokes.oci_core_service_gateway.these",
            "module.lz_vcn_spokes.oci_core_subnet.these",
            "module.lz_vcn_spokes.oci_core_vcn.these",
            "null_resource.wait_on_compartments"
          ]
        },
        {
          "index_key": "LZdemo-Hub-vcn-PublicLB-subnet.security-list",
          "schema_version": 0,
          "attributes": {
            "compartment_id": "ocid1.compartment.oc1..aaaaaaaarcnomheb6ckz3wxjsdweboj7vreg2kx725ltq4ng3qohyfrupgxa",
            "defined_tags": {
              "Oracle-Tags.CreatedBy": "default/mohamed.youssef.fersi@looyas.com",
              "Oracle-Tags.CreatedOn": "2024-05-22T14:27:39.185Z"
            },
            "display_name": "LZdemo-Hub-vcn-PublicLB-subnet-security-list",
            "egress_security_rules": [],
            "freeform_tags": {
              "cis-landing-zone": "LZdemo-quickstart"
            },
            "id": "ocid1.securitylist.oc1.eu-paris-1.aaaaaaaapovvxt6qelrr4u4ijst6pms5kzrerxp7cfg7kcd4uk5f7bgexulq",
            "ingress_security_rules": [
              {
                "description": "Allow ICMP traffic for 3 Destination Unreachable",
                "icmp_options": [
                  {
                    "code": -1,
                    "type": 3
                  }
                ],
                "protocol": "1",
                "source": "10.0.0.0/24",
                "source_type": "CIDR_BLOCK",
                "stateless": false,
                "tcp_options": [],
                "udp_options": []
              },
              {
                "description": "Allow ICMP traffic for 3,4 Destination Unreachable: Fragmentation Needed and Don't Fragment was Set",
                "icmp_options": [
                  {
                    "code": 4,
                    "type": 3
                  }
                ],
                "protocol": "1",
                "source": "0.0.0.0/0",
                "source_type": "CIDR_BLOCK",
                "stateless": false,
                "tcp_options": [],
                "udp_options": []
              },
              {
                "description": "Allow ICMP traffic for 8 Echo",
                "icmp_options": [
                  {
                    "code": -1,
                    "type": 8
                  }
                ],
                "protocol": "1",
                "source": "10.0.0.0/8",
                "source_type": "CIDR_BLOCK",
                "stateless": false,
                "tcp_options": [],
                "udp_options": []
              },
              {
                "description": "Allow SSH traffic from anywhere",
                "icmp_options": [],
                "protocol": "6",
                "source": "0.0.0.0/0",
                "source_type": "CIDR_BLOCK",
                "stateless": false,
                "tcp_options": [
                  {
                    "max": 22,
                    "min": 22,
                    "source_port_range": []
                  }
                ],
                "udp_options": []
              }
            ],
            "state": "AVAILABLE",
            "time_created": "2024-05-22 14:27:39.216 +0000 UTC",
            "timeouts": null,
            "vcn_id": "ocid1.vcn.oc1.eu-paris-1.amaaaaaa6aytp6aa5knogs5dcrepiphvj5uta5nktl2frbaj7ztqqgzwd3pa"
          },
          "sensitive_attributes": [],
          "private": "eyJlMmJmYjczMC1lY2FhLTExZTYtOGY4OC0zNDM2M2JjN2M0YzAiOnsiY3JlYXRlIjoxMjAwMDAwMDAwMDAwLCJkZWxldGUiOjEyMDAwMDAwMDAwMDAsInVwZGF0ZSI6MTIwMDAwMDAwMDAwMH19",
          "dependencies": [
            "data.oci_identity_compartment.lz_compartments",
            "data.oci_identity_compartments.network",
            "data.oci_identity_regions.these",
            "data.terraform_remote_state.iam-tfstate",
            "module.lz_drg.oci_core_drg.this",
            "module.lz_vcn_dmz.oci_core_vcn.these",
            "module.lz_vcn_spokes.data.oci_core_services.all_services",
            "module.lz_vcn_spokes.oci_core_default_security_list.these",
            "module.lz_vcn_spokes.oci_core_drg_attachment.these",
            "module.lz_vcn_spokes.oci_core_internet_gateway.these",
            "module.lz_vcn_spokes.oci_core_nat_gateway.these",
            "module.lz_vcn_spokes.oci_core_security_list.these",
            "module.lz_vcn_spokes.oci_core_service_gateway.these",
            "module.lz_vcn_spokes.oci_core_subnet.these",
            "module.lz_vcn_spokes.oci_core_vcn.these",
            "null_resource.wait_on_compartments"
          ]
        }
      ]
    },
    {
      "module": "module.lz_vcn_dmz",
      "mode": "managed",
      "type": "oci_core_service_gateway",
      "name": "these",
      "provider": "provider[\"registry.terraform.io/oracle/oci\"]",
      "instances": [
        {
          "index_key": "LZdemo-Hub-vcn",
          "schema_version": 0,
          "attributes": {
            "block_traffic": false,
            "compartment_id": "ocid1.compartment.oc1..aaaaaaaarcnomheb6ckz3wxjsdweboj7vreg2kx725ltq4ng3qohyfrupgxa",
            "defined_tags": {
              "Oracle-Tags.CreatedBy": "default/mohamed.youssef.fersi@looyas.com",
              "Oracle-Tags.CreatedOn": "2024-05-22T14:27:38.890Z"
            },
            "display_name": "LZdemo-Hub-vcn-sgw",
            "freeform_tags": {
              "cis-landing-zone": "LZdemo-quickstart"
            },
            "id": "ocid1.servicegateway.oc1.eu-paris-1.aaaaaaaawyvbjn423c67c6wgy4tqvf6ch2brsovikf7xjvvyadopdiz25ocq",
            "route_table_id": null,
            "services": [
              {
                "service_id": "ocid1.service.oc1.eu-paris-1.aaaaaaaafwyotwbtosc3eimj7ibd6vku4gefufvbradnhdv6vukydma4ainq",
                "service_name": "All CDG Services In Oracle Services Network"
              }
            ],
            "state": "AVAILABLE",
            "time_created": "2024-05-22 14:27:40.467 +0000 UTC",
            "timeouts": null,
            "vcn_id": "ocid1.vcn.oc1.eu-paris-1.amaaaaaa6aytp6aa5knogs5dcrepiphvj5uta5nktl2frbaj7ztqqgzwd3pa"
          },
          "sensitive_attributes": [],
          "private": "eyJlMmJmYjczMC1lY2FhLTExZTYtOGY4OC0zNDM2M2JjN2M0YzAiOnsiY3JlYXRlIjoxMjAwMDAwMDAwMDAwLCJkZWxldGUiOjEyMDAwMDAwMDAwMDAsInVwZGF0ZSI6MTIwMDAwMDAwMDAwMH19",
          "dependencies": [
            "data.oci_identity_compartment.lz_compartments",
            "data.oci_identity_compartments.network",
            "data.oci_identity_regions.these",
            "data.terraform_remote_state.iam-tfstate",
            "module.lz_drg.oci_core_drg.this",
            "module.lz_vcn_dmz.data.oci_core_services.all_services",
            "module.lz_vcn_dmz.oci_core_vcn.these",
            "module.lz_vcn_spokes.data.oci_core_services.all_services",
            "module.lz_vcn_spokes.oci_core_default_security_list.these",
            "module.lz_vcn_spokes.oci_core_drg_attachment.these",
            "module.lz_vcn_spokes.oci_core_internet_gateway.these",
            "module.lz_vcn_spokes.oci_core_nat_gateway.these",
            "module.lz_vcn_spokes.oci_core_security_list.these",
            "module.lz_vcn_spokes.oci_core_service_gateway.these",
            "module.lz_vcn_spokes.oci_core_subnet.these",
            "module.lz_vcn_spokes.oci_core_vcn.these",
            "null_resource.wait_on_compartments"
          ]
        }
      ]
    },
    {
      "module": "module.lz_vcn_dmz",
      "mode": "managed",
      "type": "oci_core_subnet",
      "name": "these",
      "provider": "provider[\"registry.terraform.io/oracle/oci\"]",
      "instances": [
        {
          "index_key": "LZdemo-Hub-vcn.LZdemo-Hub-vcn-Firewall-subnet",
          "schema_version": 0,
          "attributes": {
            "availability_domain": null,
            "cidr_block": "10.0.0.0/25",
            "compartment_id": "ocid1.compartment.oc1..aaaaaaaarcnomheb6ckz3wxjsdweboj7vreg2kx725ltq4ng3qohyfrupgxa",
            "defined_tags": {
              "Oracle-Tags.CreatedBy": "default/mohamed.youssef.fersi@looyas.com",
              "Oracle-Tags.CreatedOn": "2024-05-22T14:27:40.195Z"
            },
            "dhcp_options_id": "ocid1.dhcpoptions.oc1.eu-paris-1.aaaaaaaatvdj7nmje4fpflbh6vtsflm4zyjf2ifpp2rwaeibgfkicjcj75va",
            "display_name": "LZdemo-Hub-vcn-Firewall-subnet",
            "dns_label": "firewall",
            "freeform_tags": {
              "cis-landing-zone": "LZdemo-quickstart"
            },
            "id": "ocid1.subnet.oc1.eu-paris-1.aaaaaaaajii3madnca2mrw43yupqmvmzoeqnlfekbg2etr5ot572vjwm365q",
            "ipv6cidr_block": null,
            "ipv6cidr_blocks": [],
            "ipv6virtual_router_ip": null,
            "prohibit_internet_ingress": false,
            "prohibit_public_ip_on_vnic": false,
            "route_table_id": "ocid1.routetable.oc1.eu-paris-1.aaaaaaaas5xkigmyhgjdpmjzifrfvt2uolqtcwy2e2bnqlxnatdjsfjc5bjq",
            "security_list_ids": [
              "ocid1.securitylist.oc1.eu-paris-1.aaaaaaaajszikgf7poyre73f4dval6vsn4z7bnk4qcnr7kczvcsyh6bip5nq",
              "ocid1.securitylist.oc1.eu-paris-1.aaaaaaaak65warp5uuqmfraggtnm3tvxbllj4gopq2qbfc3z36mfs6khrusq"
            ],
            "state": "AVAILABLE",
            "subnet_domain_name": "firewall.hub.oraclevcn.com",
            "time_created": "2024-05-22 14:27:40.232 +0000 UTC",
            "timeouts": null,
            "vcn_id": "ocid1.vcn.oc1.eu-paris-1.amaaaaaa6aytp6aa5knogs5dcrepiphvj5uta5nktl2frbaj7ztqqgzwd3pa",
            "virtual_router_ip": "10.0.0.1",
            "virtual_router_mac": "00:00:17:59:EA:CF"
          },
          "sensitive_attributes": [],
          "private": "eyJlMmJmYjczMC1lY2FhLTExZTYtOGY4OC0zNDM2M2JjN2M0YzAiOnsiY3JlYXRlIjoxMjAwMDAwMDAwMDAwLCJkZWxldGUiOjEyMDAwMDAwMDAwMDAsInVwZGF0ZSI6MTIwMDAwMDAwMDAwMH19",
          "dependencies": [
            "data.oci_identity_compartment.lz_compartments",
            "data.oci_identity_compartments.network",
            "data.oci_identity_regions.these",
            "data.terraform_remote_state.iam-tfstate",
            "module.lz_drg.oci_core_drg.this",
            "module.lz_vcn_dmz.oci_core_default_security_list.these",
            "module.lz_vcn_dmz.oci_core_security_list.these",
            "module.lz_vcn_dmz.oci_core_vcn.these",
            "module.lz_vcn_spokes.data.oci_core_services.all_services",
            "module.lz_vcn_spokes.oci_core_default_security_list.these",
            "module.lz_vcn_spokes.oci_core_drg_attachment.these",
            "module.lz_vcn_spokes.oci_core_internet_gateway.these",
            "module.lz_vcn_spokes.oci_core_nat_gateway.these",
            "module.lz_vcn_spokes.oci_core_security_list.these",
            "module.lz_vcn_spokes.oci_core_service_gateway.these",
            "module.lz_vcn_spokes.oci_core_subnet.these",
            "module.lz_vcn_spokes.oci_core_vcn.these",
            "null_resource.wait_on_compartments"
          ]
        },
        {
          "index_key": "LZdemo-Hub-vcn.LZdemo-Hub-vcn-PublicLB-subnet",
          "schema_version": 0,
          "attributes": {
            "availability_domain": null,
            "cidr_block": "10.0.0.128/25",
            "compartment_id": "ocid1.compartment.oc1..aaaaaaaarcnomheb6ckz3wxjsdweboj7vreg2kx725ltq4ng3qohyfrupgxa",
            "defined_tags": {
              "Oracle-Tags.CreatedBy": "default/mohamed.youssef.fersi@looyas.com",
              "Oracle-Tags.CreatedOn": "2024-05-22T14:27:40.205Z"
            },
            "dhcp_options_id": "ocid1.dhcpoptions.oc1.eu-paris-1.aaaaaaaatvdj7nmje4fpflbh6vtsflm4zyjf2ifpp2rwaeibgfkicjcj75va",
            "display_name": "LZdemo-Hub-vcn-PublicLB-subnet",
            "dns_label": "publiclb",
            "freeform_tags": {
              "cis-landing-zone": "LZdemo-quickstart"
            },
            "id": "ocid1.subnet.oc1.eu-paris-1.aaaaaaaaqgf6ue4nhf3f4iss4ycogkhmgm2y3ijv24d3xfjml2lg5u7yo6ja",
            "ipv6cidr_block": null,
            "ipv6cidr_blocks": [],
            "ipv6virtual_router_ip": null,
            "prohibit_internet_ingress": true,
            "prohibit_public_ip_on_vnic": true,
            "route_table_id": "ocid1.routetable.oc1.eu-paris-1.aaaaaaaas5xkigmyhgjdpmjzifrfvt2uolqtcwy2e2bnqlxnatdjsfjc5bjq",
            "security_list_ids": [
              "ocid1.securitylist.oc1.eu-paris-1.aaaaaaaak65warp5uuqmfraggtnm3tvxbllj4gopq2qbfc3z36mfs6khrusq",
              "ocid1.securitylist.oc1.eu-paris-1.aaaaaaaapovvxt6qelrr4u4ijst6pms5kzrerxp7cfg7kcd4uk5f7bgexulq"
            ],
            "state": "AVAILABLE",
            "subnet_domain_name": "publiclb.hub.oraclevcn.com",
            "time_created": "2024-05-22 14:27:40.753 +0000 UTC",
            "timeouts": null,
            "vcn_id": "ocid1.vcn.oc1.eu-paris-1.amaaaaaa6aytp6aa5knogs5dcrepiphvj5uta5nktl2frbaj7ztqqgzwd3pa",
            "virtual_router_ip": "10.0.0.129",
            "virtual_router_mac": "00:00:17:59:EA:CF"
          },
          "sensitive_attributes": [],
          "private": "eyJlMmJmYjczMC1lY2FhLTExZTYtOGY4OC0zNDM2M2JjN2M0YzAiOnsiY3JlYXRlIjoxMjAwMDAwMDAwMDAwLCJkZWxldGUiOjEyMDAwMDAwMDAwMDAsInVwZGF0ZSI6MTIwMDAwMDAwMDAwMH19",
          "dependencies": [
            "data.oci_identity_compartment.lz_compartments",
            "data.oci_identity_compartments.network",
            "data.oci_identity_regions.these",
            "data.terraform_remote_state.iam-tfstate",
            "module.lz_drg.oci_core_drg.this",
            "module.lz_vcn_dmz.oci_core_default_security_list.these",
            "module.lz_vcn_dmz.oci_core_security_list.these",
            "module.lz_vcn_dmz.oci_core_vcn.these",
            "module.lz_vcn_spokes.data.oci_core_services.all_services",
            "module.lz_vcn_spokes.oci_core_default_security_list.these",
            "module.lz_vcn_spokes.oci_core_drg_attachment.these",
            "module.lz_vcn_spokes.oci_core_internet_gateway.these",
            "module.lz_vcn_spokes.oci_core_nat_gateway.these",
            "module.lz_vcn_spokes.oci_core_security_list.these",
            "module.lz_vcn_spokes.oci_core_service_gateway.these",
            "module.lz_vcn_spokes.oci_core_subnet.these",
            "module.lz_vcn_spokes.oci_core_vcn.these",
            "null_resource.wait_on_compartments"
          ]
        }
      ]
    },
    {
      "module": "module.lz_vcn_dmz",
      "mode": "managed",
      "type": "oci_core_vcn",
      "name": "these",
      "provider": "provider[\"registry.terraform.io/oracle/oci\"]",
      "instances": [
        {
          "index_key": "LZdemo-Hub-vcn",
          "schema_version": 0,
          "attributes": {
            "byoipv6cidr_blocks": [],
            "byoipv6cidr_details": null,
            "cidr_block": "10.0.0.0/24",
            "cidr_blocks": [
              "10.0.0.0/24"
            ],
            "compartment_id": "ocid1.compartment.oc1..aaaaaaaarcnomheb6ckz3wxjsdweboj7vreg2kx725ltq4ng3qohyfrupgxa",
            "default_dhcp_options_id": "ocid1.dhcpoptions.oc1.eu-paris-1.aaaaaaaatvdj7nmje4fpflbh6vtsflm4zyjf2ifpp2rwaeibgfkicjcj75va",
            "default_route_table_id": "ocid1.routetable.oc1.eu-paris-1.aaaaaaaas5xkigmyhgjdpmjzifrfvt2uolqtcwy2e2bnqlxnatdjsfjc5bjq",
            "default_security_list_id": "ocid1.securitylist.oc1.eu-paris-1.aaaaaaaak65warp5uuqmfraggtnm3tvxbllj4gopq2qbfc3z36mfs6khrusq",
            "defined_tags": {
              "Oracle-Tags.CreatedBy": "default/mohamed.youssef.fersi@looyas.com",
              "Oracle-Tags.CreatedOn": "2024-05-22T14:27:38.258Z"
            },
            "display_name": "LZdemo-Hub-vcn",
            "dns_label": "hub",
            "freeform_tags": {
              "cis-landing-zone": "LZdemo-quickstart"
            },
            "id": "ocid1.vcn.oc1.eu-paris-1.amaaaaaa6aytp6aa5knogs5dcrepiphvj5uta5nktl2frbaj7ztqqgzwd3pa",
            "ipv6cidr_blocks": [],
            "ipv6private_cidr_blocks": [],
            "is_ipv6enabled": false,
            "is_oracle_gua_allocation_enabled": null,
            "state": "AVAILABLE",
            "time_created": "2024-05-22 14:27:38.293 +0000 UTC",
            "timeouts": null,
            "vcn_domain_name": "hub.oraclevcn.com"
          },
          "sensitive_attributes": [],
          "private": "eyJlMmJmYjczMC1lY2FhLTExZTYtOGY4OC0zNDM2M2JjN2M0YzAiOnsiY3JlYXRlIjoxMjAwMDAwMDAwMDAwLCJkZWxldGUiOjEyMDAwMDAwMDAwMDAsInVwZGF0ZSI6MTIwMDAwMDAwMDAwMH19",
          "dependencies": [
            "data.oci_identity_compartment.lz_compartments",
            "data.oci_identity_compartments.network",
            "data.oci_identity_regions.these",
            "data.terraform_remote_state.iam-tfstate",
            "module.lz_drg.oci_core_drg.this",
            "module.lz_vcn_spokes.data.oci_core_services.all_services",
            "module.lz_vcn_spokes.oci_core_default_security_list.these",
            "module.lz_vcn_spokes.oci_core_drg_attachment.these",
            "module.lz_vcn_spokes.oci_core_internet_gateway.these",
            "module.lz_vcn_spokes.oci_core_nat_gateway.these",
            "module.lz_vcn_spokes.oci_core_security_list.these",
            "module.lz_vcn_spokes.oci_core_service_gateway.these",
            "module.lz_vcn_spokes.oci_core_subnet.these",
            "module.lz_vcn_spokes.oci_core_vcn.these",
            "null_resource.wait_on_compartments"
          ]
        }
      ]
    },
    {
      "module": "module.lz_vcn_spokes",
      "mode": "data",
      "type": "oci_core_services",
      "name": "all_services",
      "provider": "provider[\"registry.terraform.io/oracle/oci\"]",
      "instances": [
        {
          "schema_version": 0,
          "attributes": {
            "filter": null,
            "id": "CoreServicesDataSource-0",
            "services": [
              {
                "cidr_block": "all-cdg-services-in-oracle-services-network",
                "description": "All CDG Services In Oracle Services Network",
                "id": "ocid1.service.oc1.eu-paris-1.aaaaaaaafwyotwbtosc3eimj7ibd6vku4gefufvbradnhdv6vukydma4ainq",
                "name": "All CDG Services In Oracle Services Network"
              },
              {
                "cidr_block": "oci-cdg-objectstorage",
                "description": "OCI CDG Object Storage",
                "id": "ocid1.service.oc1.eu-paris-1.aaaaaaaak2id5zido6sf6rd75pfipcj2l7x6v3gtxpmu4rpdhcrzucal6sga",
                "name": "OCI CDG Object Storage"
              }
            ]
          },
          "sensitive_attributes": []
        }
      ]
    },
    {
      "module": "module.lz_vcn_spokes",
      "mode": "managed",
      "type": "oci_core_default_security_list",
      "name": "these",
      "provider": "provider[\"registry.terraform.io/oracle/oci\"]",
      "instances": [
        {
          "index_key": "Spoke-Devops",
          "schema_version": 0,
          "attributes": {
            "compartment_id": "ocid1.compartment.oc1..aaaaaaaarcnomheb6ckz3wxjsdweboj7vreg2kx725ltq4ng3qohyfrupgxa",
            "defined_tags": {
              "Oracle-Tags.CreatedBy": "default/mohamed.youssef.fersi@looyas.com",
              "Oracle-Tags.CreatedOn": "2024-05-22T14:27:20.864Z"
            },
            "display_name": "Default Security List for Spoke-Devops",
            "egress_security_rules": [],
            "freeform_tags": {
              "cis-landing-zone": "LZdemo-quickstart"
            },
            "id": "ocid1.securitylist.oc1.eu-paris-1.aaaaaaaasba3s3duvtifl2gy6vwgghskvp5sjokunxbifnu6ppxqxwfsuyya",
            "ingress_security_rules": [
              {
                "description": "",
                "icmp_options": [
                  {
                    "code": -1,
                    "type": 3
                  }
                ],
                "protocol": "1",
                "source": "10.1.0.0/24",
                "source_type": "CIDR_BLOCK",
                "stateless": false,
                "tcp_options": [],
                "udp_options": []
              },
              {
                "description": "",
                "icmp_options": [
                  {
                    "code": 4,
                    "type": 3
                  }
                ],
                "protocol": "1",
                "source": "0.0.0.0/0",
                "source_type": "CIDR_BLOCK",
                "stateless": false,
                "tcp_options": [],
                "udp_options": []
              }
            ],
            "manage_default_resource_id": "ocid1.securitylist.oc1.eu-paris-1.aaaaaaaasba3s3duvtifl2gy6vwgghskvp5sjokunxbifnu6ppxqxwfsuyya",
            "state": "AVAILABLE",
            "time_created": "2024-05-22 14:27:20.954 +0000 UTC",
            "timeouts": null
          },
          "sensitive_attributes": [],
          "private": "eyJlMmJmYjczMC1lY2FhLTExZTYtOGY4OC0zNDM2M2JjN2M0YzAiOnsiY3JlYXRlIjoxMjAwMDAwMDAwMDAwLCJkZWxldGUiOjEyMDAwMDAwMDAwMDAsInVwZGF0ZSI6MTIwMDAwMDAwMDAwMH19",
          "dependencies": [
            "data.oci_identity_compartment.lz_compartments",
            "data.oci_identity_compartments.network",
            "data.oci_identity_regions.these",
            "data.terraform_remote_state.iam-tfstate",
            "module.lz_vcn_spokes.oci_core_vcn.these",
            "null_resource.wait_on_compartments"
          ]
        },
        {
          "index_key": "Spoke-prod",
          "schema_version": 0,
          "attributes": {
            "compartment_id": "ocid1.compartment.oc1..aaaaaaaarcnomheb6ckz3wxjsdweboj7vreg2kx725ltq4ng3qohyfrupgxa",
            "defined_tags": {
              "Oracle-Tags.CreatedBy": "default/mohamed.youssef.fersi@looyas.com",
              "Oracle-Tags.CreatedOn": "2024-05-22T14:27:20.864Z"
            },
            "display_name": "Default Security List for Spoke-prod",
            "egress_security_rules": [],
            "freeform_tags": {
              "cis-landing-zone": "LZdemo-quickstart"
            },
            "id": "ocid1.securitylist.oc1.eu-paris-1.aaaaaaaamwcio5rtixaku3xu74zsfs4kki72zgc375wkhqcjyv4gv6vasxta",
            "ingress_security_rules": [
              {
                "description": "",
                "icmp_options": [
                  {
                    "code": -1,
                    "type": 3
                  }
                ],
                "protocol": "1",
                "source": "10.2.0.0/24",
                "source_type": "CIDR_BLOCK",
                "stateless": false,
                "tcp_options": [],
                "udp_options": []
              },
              {
                "description": "",
                "icmp_options": [
                  {
                    "code": 4,
                    "type": 3
                  }
                ],
                "protocol": "1",
                "source": "0.0.0.0/0",
                "source_type": "CIDR_BLOCK",
                "stateless": false,
                "tcp_options": [],
                "udp_options": []
              }
            ],
            "manage_default_resource_id": "ocid1.securitylist.oc1.eu-paris-1.aaaaaaaamwcio5rtixaku3xu74zsfs4kki72zgc375wkhqcjyv4gv6vasxta",
            "state": "AVAILABLE",
            "time_created": "2024-05-22 14:27:21.019 +0000 UTC",
            "timeouts": null
          },
          "sensitive_attributes": [],
          "private": "eyJlMmJmYjczMC1lY2FhLTExZTYtOGY4OC0zNDM2M2JjN2M0YzAiOnsiY3JlYXRlIjoxMjAwMDAwMDAwMDAwLCJkZWxldGUiOjEyMDAwMDAwMDAwMDAsInVwZGF0ZSI6MTIwMDAwMDAwMDAwMH19",
          "dependencies": [
            "data.oci_identity_compartment.lz_compartments",
            "data.oci_identity_compartments.network",
            "data.oci_identity_regions.these",
            "data.terraform_remote_state.iam-tfstate",
            "module.lz_vcn_spokes.oci_core_vcn.these",
            "null_resource.wait_on_compartments"
          ]
        }
      ]
    },
    {
      "module": "module.lz_vcn_spokes",
      "mode": "managed",
      "type": "oci_core_drg_attachment",
      "name": "these",
      "provider": "provider[\"registry.terraform.io/oracle/oci\"]",
      "instances": [
        {
          "index_key": "Spoke-Devops",
          "schema_version": 0,
          "attributes": {
            "compartment_id": "ocid1.compartment.oc1..aaaaaaaarcnomheb6ckz3wxjsdweboj7vreg2kx725ltq4ng3qohyfrupgxa",
            "defined_tags": {
              "Oracle-Tags.CreatedBy": "default/mohamed.youssef.fersi@looyas.com",
              "Oracle-Tags.CreatedOn": "2024-05-22T14:27:30.486Z"
            },
            "display_name": "Spoke-Devops-drg-attachment",
            "drg_id": "ocid1.drg.oc1.eu-paris-1.aaaaaaaaoa5f4qhi3pgl4jybmvr2i57p6ae6usao6jvt5khdd3seyvsbvrmq",
            "drg_route_table_id": "ocid1.drgroutetable.oc1.eu-paris-1.aaaaaaaalqzpqorcfi7czsz63hxgmkzltzo24r5e5h5usdf7er27expe23ga",
            "export_drg_route_distribution_id": null,
            "freeform_tags": {
              "cis-landing-zone": "LZdemo-quickstart"
            },
            "id": "ocid1.drgattachment.oc1.eu-paris-1.aaaaaaaahdcixghjovxrhx4gh4q5poy523wa543l7owas556w7h6pgk6h73a",
            "is_cross_tenancy": false,
            "network_details": [
              {
                "id": "ocid1.vcn.oc1.eu-paris-1.amaaaaaa6aytp6aazf6akbvprd2b6sblai6eawwmhnljrbkdzh77rewyi73a",
                "ipsec_connection_id": "",
                "route_table_id": "",
                "type": "VCN",
                "vcn_route_type": "SUBNET_CIDRS"
              }
            ],
            "remove_export_drg_route_distribution_trigger": null,
            "route_table_id": null,
            "state": "ATTACHED",
            "time_created": "2024-05-22 14:27:30.566 +0000 UTC",
            "timeouts": null,
            "vcn_id": "ocid1.vcn.oc1.eu-paris-1.amaaaaaa6aytp6aazf6akbvprd2b6sblai6eawwmhnljrbkdzh77rewyi73a"
          },
          "sensitive_attributes": [],
          "private": "eyJlMmJmYjczMC1lY2FhLTExZTYtOGY4OC0zNDM2M2JjN2M0YzAiOnsiY3JlYXRlIjoxMjAwMDAwMDAwMDAwLCJkZWxldGUiOjEyMDAwMDAwMDAwMDAsInVwZGF0ZSI6MTIwMDAwMDAwMDAwMH19",
          "dependencies": [
            "data.oci_identity_compartment.lz_compartments",
            "data.oci_identity_compartments.network",
            "data.oci_identity_regions.these",
            "data.terraform_remote_state.iam-tfstate",
            "module.lz_drg.oci_core_drg.this",
            "module.lz_vcn_spokes.oci_core_vcn.these",
            "null_resource.wait_on_compartments"
          ]
        },
        {
          "index_key": "Spoke-prod",
          "schema_version": 0,
          "attributes": {
            "compartment_id": "ocid1.compartment.oc1..aaaaaaaarcnomheb6ckz3wxjsdweboj7vreg2kx725ltq4ng3qohyfrupgxa",
            "defined_tags": {
              "Oracle-Tags.CreatedBy": "default/mohamed.youssef.fersi@looyas.com",
              "Oracle-Tags.CreatedOn": "2024-05-22T14:27:30.413Z"
            },
            "display_name": "Spoke-prod-drg-attachment",
            "drg_id": "ocid1.drg.oc1.eu-paris-1.aaaaaaaaoa5f4qhi3pgl4jybmvr2i57p6ae6usao6jvt5khdd3seyvsbvrmq",
            "drg_route_table_id": "ocid1.drgroutetable.oc1.eu-paris-1.aaaaaaaalqzpqorcfi7czsz63hxgmkzltzo24r5e5h5usdf7er27expe23ga",
            "export_drg_route_distribution_id": null,
            "freeform_tags": {
              "cis-landing-zone": "LZdemo-quickstart"
            },
            "id": "ocid1.drgattachment.oc1.eu-paris-1.aaaaaaaatwlkppe4xpfzmmzepzdhidfa3oodbwczitjonvrve3vo33do3koa",
            "is_cross_tenancy": false,
            "network_details": [
              {
                "id": "ocid1.vcn.oc1.eu-paris-1.amaaaaaa6aytp6aai4vgjjy22dk3sfxrfgkxvfovizqhgs6qr4jgbwgx7hxq",
                "ipsec_connection_id": "",
                "route_table_id": "",
                "type": "VCN",
                "vcn_route_type": "SUBNET_CIDRS"
              }
            ],
            "remove_export_drg_route_distribution_trigger": null,
            "route_table_id": null,
            "state": "ATTACHED",
            "time_created": "2024-05-22 14:27:30.484 +0000 UTC",
            "timeouts": null,
            "vcn_id": "ocid1.vcn.oc1.eu-paris-1.amaaaaaa6aytp6aai4vgjjy22dk3sfxrfgkxvfovizqhgs6qr4jgbwgx7hxq"
          },
          "sensitive_attributes": [],
          "private": "eyJlMmJmYjczMC1lY2FhLTExZTYtOGY4OC0zNDM2M2JjN2M0YzAiOnsiY3JlYXRlIjoxMjAwMDAwMDAwMDAwLCJkZWxldGUiOjEyMDAwMDAwMDAwMDAsInVwZGF0ZSI6MTIwMDAwMDAwMDAwMH19",
          "dependencies": [
            "data.oci_identity_compartment.lz_compartments",
            "data.oci_identity_compartments.network",
            "data.oci_identity_regions.these",
            "data.terraform_remote_state.iam-tfstate",
            "module.lz_drg.oci_core_drg.this",
            "module.lz_vcn_spokes.oci_core_vcn.these",
            "null_resource.wait_on_compartments"
          ]
        }
      ]
    },
    {
      "module": "module.lz_vcn_spokes",
      "mode": "managed",
      "type": "oci_core_security_list",
      "name": "these",
      "provider": "provider[\"registry.terraform.io/oracle/oci\"]",
      "instances": [
        {
          "index_key": "Spoke-Devops-Devops-subnet.security-list",
          "schema_version": 0,
          "attributes": {
            "compartment_id": "ocid1.compartment.oc1..aaaaaaaarcnomheb6ckz3wxjsdweboj7vreg2kx725ltq4ng3qohyfrupgxa",
            "defined_tags": {
              "Oracle-Tags.CreatedBy": "default/mohamed.youssef.fersi@looyas.com",
              "Oracle-Tags.CreatedOn": "2024-05-22T14:27:22.023Z"
            },
            "display_name": "Spoke-Devops-Devops-subnet-security-list",
            "egress_security_rules": [],
            "freeform_tags": {
              "cis-landing-zone": "LZdemo-quickstart"
            },
            "id": "ocid1.securitylist.oc1.eu-paris-1.aaaaaaaacb7zipbw3oyuyznyr7an3bvst5c7uvnnm2wxcrz6s4ujrmjk4bqa",
            "ingress_security_rules": [
              {
                "description": "Allow ICMP traffic for 3 Destination Unreachable",
                "icmp_options": [
                  {
                    "code": -1,
                    "type": 3
                  }
                ],
                "protocol": "1",
                "source": "10.1.0.0/24",
                "source_type": "CIDR_BLOCK",
                "stateless": false,
                "tcp_options": [],
                "udp_options": []
              },
              {
                "description": "Allow ICMP traffic for 3,4 Destination Unreachable: Fragmentation Needed and Don't Fragment was Set",
                "icmp_options": [
                  {
                    "code": 4,
                    "type": 3
                  }
                ],
                "protocol": "1",
                "source": "0.0.0.0/0",
                "source_type": "CIDR_BLOCK",
                "stateless": false,
                "tcp_options": [],
                "udp_options": []
              },
              {
                "description": "Allow ICMP traffic for 8 Echo",
                "icmp_options": [
                  {
                    "code": -1,
                    "type": 8
                  }
                ],
                "protocol": "1",
                "source": "10.0.0.0/8",
                "source_type": "CIDR_BLOCK",
                "stateless": false,
                "tcp_options": [],
                "udp_options": []
              },
              {
                "description": "Allow SSH traffic from anywhere",
                "icmp_options": [],
                "protocol": "6",
                "source": "0.0.0.0/0",
                "source_type": "CIDR_BLOCK",
                "stateless": false,
                "tcp_options": [
                  {
                    "max": 22,
                    "min": 22,
                    "source_port_range": []
                  }
                ],
                "udp_options": []
              }
            ],
            "state": "AVAILABLE",
            "time_created": "2024-05-22 14:27:22.052 +0000 UTC",
            "timeouts": null,
            "vcn_id": "ocid1.vcn.oc1.eu-paris-1.amaaaaaa6aytp6aazf6akbvprd2b6sblai6eawwmhnljrbkdzh77rewyi73a"
          },
          "sensitive_attributes": [],
          "private": "eyJlMmJmYjczMC1lY2FhLTExZTYtOGY4OC0zNDM2M2JjN2M0YzAiOnsiY3JlYXRlIjoxMjAwMDAwMDAwMDAwLCJkZWxldGUiOjEyMDAwMDAwMDAwMDAsInVwZGF0ZSI6MTIwMDAwMDAwMDAwMH19",
          "dependencies": [
            "data.oci_identity_compartment.lz_compartments",
            "data.oci_identity_compartments.network",
            "data.oci_identity_regions.these",
            "data.terraform_remote_state.iam-tfstate",
            "module.lz_vcn_spokes.oci_core_vcn.these",
            "null_resource.wait_on_compartments"
          ]
        },
        {
          "index_key": "Spoke-prod-DB-subnet.security-list",
          "schema_version": 0,
          "attributes": {
            "compartment_id": "ocid1.compartment.oc1..aaaaaaaarcnomheb6ckz3wxjsdweboj7vreg2kx725ltq4ng3qohyfrupgxa",
            "defined_tags": {
              "Oracle-Tags.CreatedBy": "default/mohamed.youssef.fersi@looyas.com",
              "Oracle-Tags.CreatedOn": "2024-05-22T14:27:22.020Z"
            },
            "display_name": "Spoke-prod-DB-subnet-security-list",
            "egress_security_rules": [],
            "freeform_tags": {
              "cis-landing-zone": "LZdemo-quickstart"
            },
            "id": "ocid1.securitylist.oc1.eu-paris-1.aaaaaaaaztd3qoitvjei2bvlvttt4bzycfb7dhd5lfqzxqdexn6n7dgsz7bq",
            "ingress_security_rules": [
              {
                "description": "Allow ICMP traffic for 3 Destination Unreachable",
                "icmp_options": [
                  {
                    "code": -1,
                    "type": 3
                  }
                ],
                "protocol": "1",
                "source": "10.2.0.0/24",
                "source_type": "CIDR_BLOCK",
                "stateless": false,
                "tcp_options": [],
                "udp_options": []
              },
              {
                "description": "Allow ICMP traffic for 3,4 Destination Unreachable: Fragmentation Needed and Don't Fragment was Set",
                "icmp_options": [
                  {
                    "code": 4,
                    "type": 3
                  }
                ],
                "protocol": "1",
                "source": "0.0.0.0/0",
                "source_type": "CIDR_BLOCK",
                "stateless": false,
                "tcp_options": [],
                "udp_options": []
              },
              {
                "description": "Allow ICMP traffic for 8 Echo",
                "icmp_options": [
                  {
                    "code": -1,
                    "type": 8
                  }
                ],
                "protocol": "1",
                "source": "10.0.0.0/8",
                "source_type": "CIDR_BLOCK",
                "stateless": false,
                "tcp_options": [],
                "udp_options": []
              },
              {
                "description": "Allow SSH traffic from anywhere",
                "icmp_options": [],
                "protocol": "6",
                "source": "0.0.0.0/0",
                "source_type": "CIDR_BLOCK",
                "stateless": false,
                "tcp_options": [
                  {
                    "max": 22,
                    "min": 22,
                    "source_port_range": []
                  }
                ],
                "udp_options": []
              }
            ],
            "state": "AVAILABLE",
            "time_created": "2024-05-22 14:27:22.05 +0000 UTC",
            "timeouts": null,
            "vcn_id": "ocid1.vcn.oc1.eu-paris-1.amaaaaaa6aytp6aai4vgjjy22dk3sfxrfgkxvfovizqhgs6qr4jgbwgx7hxq"
          },
          "sensitive_attributes": [],
          "private": "eyJlMmJmYjczMC1lY2FhLTExZTYtOGY4OC0zNDM2M2JjN2M0YzAiOnsiY3JlYXRlIjoxMjAwMDAwMDAwMDAwLCJkZWxldGUiOjEyMDAwMDAwMDAwMDAsInVwZGF0ZSI6MTIwMDAwMDAwMDAwMH19",
          "dependencies": [
            "data.oci_identity_compartment.lz_compartments",
            "data.oci_identity_compartments.network",
            "data.oci_identity_regions.these",
            "data.terraform_remote_state.iam-tfstate",
            "module.lz_vcn_spokes.oci_core_vcn.these",
            "null_resource.wait_on_compartments"
          ]
        },
        {
          "index_key": "Spoke-prod-oke-subnet.security-list",
          "schema_version": 0,
          "attributes": {
            "compartment_id": "ocid1.compartment.oc1..aaaaaaaarcnomheb6ckz3wxjsdweboj7vreg2kx725ltq4ng3qohyfrupgxa",
            "defined_tags": {
              "Oracle-Tags.CreatedBy": "default/mohamed.youssef.fersi@looyas.com",
              "Oracle-Tags.CreatedOn": "2024-05-22T14:27:22.020Z"
            },
            "display_name": "Spoke-prod-oke-subnet-security-list",
            "egress_security_rules": [],
            "freeform_tags": {
              "cis-landing-zone": "LZdemo-quickstart"
            },
            "id": "ocid1.securitylist.oc1.eu-paris-1.aaaaaaaau5rozpbjqopaadclb5tzz36jreodu7idketk3bjahescdfviqexa",
            "ingress_security_rules": [
              {
                "description": "Allow ICMP traffic for 3 Destination Unreachable",
                "icmp_options": [
                  {
                    "code": -1,
                    "type": 3
                  }
                ],
                "protocol": "1",
                "source": "10.2.0.0/24",
                "source_type": "CIDR_BLOCK",
                "stateless": false,
                "tcp_options": [],
                "udp_options": []
              },
              {
                "description": "Allow ICMP traffic for 3,4 Destination Unreachable: Fragmentation Needed and Don't Fragment was Set",
                "icmp_options": [
                  {
                    "code": 4,
                    "type": 3
                  }
                ],
                "protocol": "1",
                "source": "0.0.0.0/0",
                "source_type": "CIDR_BLOCK",
                "stateless": false,
                "tcp_options": [],
                "udp_options": []
              },
              {
                "description": "Allow ICMP traffic for 8 Echo",
                "icmp_options": [
                  {
                    "code": -1,
                    "type": 8
                  }
                ],
                "protocol": "1",
                "source": "10.0.0.0/8",
                "source_type": "CIDR_BLOCK",
                "stateless": false,
                "tcp_options": [],
                "udp_options": []
              },
              {
                "description": "Allow SSH traffic from anywhere",
                "icmp_options": [],
                "protocol": "6",
                "source": "0.0.0.0/0",
                "source_type": "CIDR_BLOCK",
                "stateless": false,
                "tcp_options": [
                  {
                    "max": 22,
                    "min": 22,
                    "source_port_range": []
                  }
                ],
                "udp_options": []
              }
            ],
            "state": "AVAILABLE",
            "time_created": "2024-05-22 14:27:22.054 +0000 UTC",
            "timeouts": null,
            "vcn_id": "ocid1.vcn.oc1.eu-paris-1.amaaaaaa6aytp6aai4vgjjy22dk3sfxrfgkxvfovizqhgs6qr4jgbwgx7hxq"
          },
          "sensitive_attributes": [],
          "private": "eyJlMmJmYjczMC1lY2FhLTExZTYtOGY4OC0zNDM2M2JjN2M0YzAiOnsiY3JlYXRlIjoxMjAwMDAwMDAwMDAwLCJkZWxldGUiOjEyMDAwMDAwMDAwMDAsInVwZGF0ZSI6MTIwMDAwMDAwMDAwMH19",
          "dependencies": [
            "data.oci_identity_compartment.lz_compartments",
            "data.oci_identity_compartments.network",
            "data.oci_identity_regions.these",
            "data.terraform_remote_state.iam-tfstate",
            "module.lz_vcn_spokes.oci_core_vcn.these",
            "null_resource.wait_on_compartments"
          ]
        },
        {
          "index_key": "Spoke-prod-opensearch-subnet.security-list",
          "schema_version": 0,
          "attributes": {
            "compartment_id": "ocid1.compartment.oc1..aaaaaaaarcnomheb6ckz3wxjsdweboj7vreg2kx725ltq4ng3qohyfrupgxa",
            "defined_tags": {
              "Oracle-Tags.CreatedBy": "default/mohamed.youssef.fersi@looyas.com",
              "Oracle-Tags.CreatedOn": "2024-05-22T14:27:22.175Z"
            },
            "display_name": "Spoke-prod-opensearch-subnet-security-list",
            "egress_security_rules": [],
            "freeform_tags": {
              "cis-landing-zone": "LZdemo-quickstart"
            },
            "id": "ocid1.securitylist.oc1.eu-paris-1.aaaaaaaapcdoghvbzxihiqdewmj2gupr5q6ge2wmdprykyhr2ozupxgmwhna",
            "ingress_security_rules": [
              {
                "description": "Allow ICMP traffic for 3 Destination Unreachable",
                "icmp_options": [
                  {
                    "code": -1,
                    "type": 3
                  }
                ],
                "protocol": "1",
                "source": "10.2.0.0/24",
                "source_type": "CIDR_BLOCK",
                "stateless": false,
                "tcp_options": [],
                "udp_options": []
              },
              {
                "description": "Allow ICMP traffic for 3,4 Destination Unreachable: Fragmentation Needed and Don't Fragment was Set",
                "icmp_options": [
                  {
                    "code": 4,
                    "type": 3
                  }
                ],
                "protocol": "1",
                "source": "0.0.0.0/0",
                "source_type": "CIDR_BLOCK",
                "stateless": false,
                "tcp_options": [],
                "udp_options": []
              },
              {
                "description": "Allow ICMP traffic for 8 Echo",
                "icmp_options": [
                  {
                    "code": -1,
                    "type": 8
                  }
                ],
                "protocol": "1",
                "source": "10.0.0.0/8",
                "source_type": "CIDR_BLOCK",
                "stateless": false,
                "tcp_options": [],
                "udp_options": []
              },
              {
                "description": "Allow SSH traffic from anywhere",
                "icmp_options": [],
                "protocol": "6",
                "source": "0.0.0.0/0",
                "source_type": "CIDR_BLOCK",
                "stateless": false,
                "tcp_options": [
                  {
                    "max": 22,
                    "min": 22,
                    "source_port_range": []
                  }
                ],
                "udp_options": []
              }
            ],
            "state": "AVAILABLE",
            "time_created": "2024-05-22 14:27:22.211 +0000 UTC",
            "timeouts": null,
            "vcn_id": "ocid1.vcn.oc1.eu-paris-1.amaaaaaa6aytp6aai4vgjjy22dk3sfxrfgkxvfovizqhgs6qr4jgbwgx7hxq"
          },
          "sensitive_attributes": [],
          "private": "eyJlMmJmYjczMC1lY2FhLTExZTYtOGY4OC0zNDM2M2JjN2M0YzAiOnsiY3JlYXRlIjoxMjAwMDAwMDAwMDAwLCJkZWxldGUiOjEyMDAwMDAwMDAwMDAsInVwZGF0ZSI6MTIwMDAwMDAwMDAwMH19",
          "dependencies": [
            "data.oci_identity_compartment.lz_compartments",
            "data.oci_identity_compartments.network",
            "data.oci_identity_regions.these",
            "data.terraform_remote_state.iam-tfstate",
            "module.lz_vcn_spokes.oci_core_vcn.these",
            "null_resource.wait_on_compartments"
          ]
        }
      ]
    },
    {
      "module": "module.lz_vcn_spokes",
      "mode": "managed",
      "type": "oci_core_service_gateway",
      "name": "these",
      "provider": "provider[\"registry.terraform.io/oracle/oci\"]",
      "instances": [
        {
          "index_key": "Spoke-Devops",
          "schema_version": 0,
          "attributes": {
            "block_traffic": false,
            "compartment_id": "ocid1.compartment.oc1..aaaaaaaarcnomheb6ckz3wxjsdweboj7vreg2kx725ltq4ng3qohyfrupgxa",
            "defined_tags": {
              "Oracle-Tags.CreatedBy": "default/mohamed.youssef.fersi@looyas.com",
              "Oracle-Tags.CreatedOn": "2024-05-22T14:27:21.707Z"
            },
            "display_name": "Spoke-Devops-sgw",
            "freeform_tags": {
              "cis-landing-zone": "LZdemo-quickstart"
            },
            "id": "ocid1.servicegateway.oc1.eu-paris-1.aaaaaaaaqeyqlurioh4nudzq5ijgwpvgoxachaoliaxhn6jqn4vjqafqggvq",
            "route_table_id": null,
            "services": [
              {
                "service_id": "ocid1.service.oc1.eu-paris-1.aaaaaaaafwyotwbtosc3eimj7ibd6vku4gefufvbradnhdv6vukydma4ainq",
                "service_name": "All CDG Services In Oracle Services Network"
              }
            ],
            "state": "AVAILABLE",
            "time_created": "2024-05-22 14:27:23.876 +0000 UTC",
            "timeouts": null,
            "vcn_id": "ocid1.vcn.oc1.eu-paris-1.amaaaaaa6aytp6aazf6akbvprd2b6sblai6eawwmhnljrbkdzh77rewyi73a"
          },
          "sensitive_attributes": [],
          "private": "eyJlMmJmYjczMC1lY2FhLTExZTYtOGY4OC0zNDM2M2JjN2M0YzAiOnsiY3JlYXRlIjoxMjAwMDAwMDAwMDAwLCJkZWxldGUiOjEyMDAwMDAwMDAwMDAsInVwZGF0ZSI6MTIwMDAwMDAwMDAwMH19",
          "dependencies": [
            "data.oci_identity_compartment.lz_compartments",
            "data.oci_identity_compartments.network",
            "data.oci_identity_regions.these",
            "data.terraform_remote_state.iam-tfstate",
            "module.lz_vcn_spokes.data.oci_core_services.all_services",
            "module.lz_vcn_spokes.oci_core_vcn.these",
            "null_resource.wait_on_compartments"
          ]
        },
        {
          "index_key": "Spoke-prod",
          "schema_version": 0,
          "attributes": {
            "block_traffic": false,
            "compartment_id": "ocid1.compartment.oc1..aaaaaaaarcnomheb6ckz3wxjsdweboj7vreg2kx725ltq4ng3qohyfrupgxa",
            "defined_tags": {
              "Oracle-Tags.CreatedBy": "default/mohamed.youssef.fersi@looyas.com",
              "Oracle-Tags.CreatedOn": "2024-05-22T14:27:21.695Z"
            },
            "display_name": "Spoke-prod-sgw",
            "freeform_tags": {
              "cis-landing-zone": "LZdemo-quickstart"
            },
            "id": "ocid1.servicegateway.oc1.eu-paris-1.aaaaaaaanv7xn6odnkel55iqbqdzdj3brzs2674c7fni6g3qk7lqqvp677dq",
            "route_table_id": null,
            "services": [
              {
                "service_id": "ocid1.service.oc1.eu-paris-1.aaaaaaaafwyotwbtosc3eimj7ibd6vku4gefufvbradnhdv6vukydma4ainq",
                "service_name": "All CDG Services In Oracle Services Network"
              }
            ],
            "state": "AVAILABLE",
            "time_created": "2024-05-22 14:27:23.076 +0000 UTC",
            "timeouts": null,
            "vcn_id": "ocid1.vcn.oc1.eu-paris-1.amaaaaaa6aytp6aai4vgjjy22dk3sfxrfgkxvfovizqhgs6qr4jgbwgx7hxq"
          },
          "sensitive_attributes": [],
          "private": "eyJlMmJmYjczMC1lY2FhLTExZTYtOGY4OC0zNDM2M2JjN2M0YzAiOnsiY3JlYXRlIjoxMjAwMDAwMDAwMDAwLCJkZWxldGUiOjEyMDAwMDAwMDAwMDAsInVwZGF0ZSI6MTIwMDAwMDAwMDAwMH19",
          "dependencies": [
            "data.oci_identity_compartment.lz_compartments",
            "data.oci_identity_compartments.network",
            "data.oci_identity_regions.these",
            "data.terraform_remote_state.iam-tfstate",
            "module.lz_vcn_spokes.data.oci_core_services.all_services",
            "module.lz_vcn_spokes.oci_core_vcn.these",
            "null_resource.wait_on_compartments"
          ]
        }
      ]
    },
    {
      "module": "module.lz_vcn_spokes",
      "mode": "managed",
      "type": "oci_core_subnet",
      "name": "these",
      "provider": "provider[\"registry.terraform.io/oracle/oci\"]",
      "instances": [
        {
          "index_key": "Spoke-Devops.Spoke-Devops-Devops-subnet",
          "schema_version": 0,
          "attributes": {
            "availability_domain": null,
            "cidr_block": "10.1.0.0/26",
            "compartment_id": "ocid1.compartment.oc1..aaaaaaaarcnomheb6ckz3wxjsdweboj7vreg2kx725ltq4ng3qohyfrupgxa",
            "defined_tags": {
              "Oracle-Tags.CreatedBy": "default/mohamed.youssef.fersi@looyas.com",
              "Oracle-Tags.CreatedOn": "2024-05-22T14:27:22.853Z"
            },
            "dhcp_options_id": "ocid1.dhcpoptions.oc1.eu-paris-1.aaaaaaaak6fbs6t5ecb6sxzxpn4qtxcmbuuzxxokgtasdjbmsql3wt4lie2q",
            "display_name": "Spoke-Devops-Devops-subnet",
            "dns_label": "devops",
            "freeform_tags": {
              "cis-landing-zone": "LZdemo-quickstart"
            },
            "id": "ocid1.subnet.oc1.eu-paris-1.aaaaaaaa6px3t3y6azwrixko2v2mawttpoj5s2o277sn34yvj4pmojkz7wma",
            "ipv6cidr_block": null,
            "ipv6cidr_blocks": [],
            "ipv6virtual_router_ip": null,
            "prohibit_internet_ingress": true,
            "prohibit_public_ip_on_vnic": true,
            "route_table_id": "ocid1.routetable.oc1.eu-paris-1.aaaaaaaatunjrwqnsshy5zsgjkevalm53fcncwka4msybf5wce2yozbokevq",
            "security_list_ids": [
              "ocid1.securitylist.oc1.eu-paris-1.aaaaaaaacb7zipbw3oyuyznyr7an3bvst5c7uvnnm2wxcrz6s4ujrmjk4bqa",
              "ocid1.securitylist.oc1.eu-paris-1.aaaaaaaasba3s3duvtifl2gy6vwgghskvp5sjokunxbifnu6ppxqxwfsuyya"
            ],
            "state": "AVAILABLE",
            "subnet_domain_name": "devops.spokedevopscdg.oraclevcn.com",
            "time_created": "2024-05-22 14:27:22.921 +0000 UTC",
            "timeouts": null,
            "vcn_id": "ocid1.vcn.oc1.eu-paris-1.amaaaaaa6aytp6aazf6akbvprd2b6sblai6eawwmhnljrbkdzh77rewyi73a",
            "virtual_router_ip": "10.1.0.1",
            "virtual_router_mac": "00:00:17:A3:78:94"
          },
          "sensitive_attributes": [],
          "private": "eyJlMmJmYjczMC1lY2FhLTExZTYtOGY4OC0zNDM2M2JjN2M0YzAiOnsiY3JlYXRlIjoxMjAwMDAwMDAwMDAwLCJkZWxldGUiOjEyMDAwMDAwMDAwMDAsInVwZGF0ZSI6MTIwMDAwMDAwMDAwMH19",
          "dependencies": [
            "data.oci_identity_compartment.lz_compartments",
            "data.oci_identity_compartments.network",
            "data.oci_identity_regions.these",
            "data.terraform_remote_state.iam-tfstate",
            "module.lz_vcn_spokes.oci_core_default_security_list.these",
            "module.lz_vcn_spokes.oci_core_security_list.these",
            "module.lz_vcn_spokes.oci_core_vcn.these",
            "null_resource.wait_on_compartments"
          ]
        },
        {
          "index_key": "Spoke-prod.Spoke-prod-DB-subnet",
          "schema_version": 0,
          "attributes": {
            "availability_domain": null,
            "cidr_block": "10.2.0.128/26",
            "compartment_id": "ocid1.compartment.oc1..aaaaaaaarcnomheb6ckz3wxjsdweboj7vreg2kx725ltq4ng3qohyfrupgxa",
            "defined_tags": {
              "Oracle-Tags.CreatedBy": "default/mohamed.youssef.fersi@looyas.com",
              "Oracle-Tags.CreatedOn": "2024-05-22T14:27:22.629Z"
            },
            "dhcp_options_id": "ocid1.dhcpoptions.oc1.eu-paris-1.aaaaaaaabz4d2ryqvbdn6nlqv76qep6jylzc44inpi3ksxvtzyu5blqrrkka",
            "display_name": "Spoke-prod-DB-subnet",
            "dns_label": "db",
            "freeform_tags": {
              "cis-landing-zone": "LZdemo-quickstart"
            },
            "id": "ocid1.subnet.oc1.eu-paris-1.aaaaaaaazryp2bevqeqxifxkqvkiits6lfnzi7qdkbszzakyzpx3bfhb7g2q",
            "ipv6cidr_block": null,
            "ipv6cidr_blocks": [],
            "ipv6virtual_router_ip": null,
            "prohibit_internet_ingress": true,
            "prohibit_public_ip_on_vnic": true,
            "route_table_id": "ocid1.routetable.oc1.eu-paris-1.aaaaaaaa6o6klkb3nykwddq6o47zu7tx4366jsp33kr7g342c76edgtgpswa",
            "security_list_ids": [
              "ocid1.securitylist.oc1.eu-paris-1.aaaaaaaamwcio5rtixaku3xu74zsfs4kki72zgc375wkhqcjyv4gv6vasxta",
              "ocid1.securitylist.oc1.eu-paris-1.aaaaaaaaztd3qoitvjei2bvlvttt4bzycfb7dhd5lfqzxqdexn6n7dgsz7bq"
            ],
            "state": "AVAILABLE",
            "subnet_domain_name": "db.spokeprodcdg.oraclevcn.com",
            "time_created": "2024-05-22 14:27:22.671 +0000 UTC",
            "timeouts": null,
            "vcn_id": "ocid1.vcn.oc1.eu-paris-1.amaaaaaa6aytp6aai4vgjjy22dk3sfxrfgkxvfovizqhgs6qr4jgbwgx7hxq",
            "virtual_router_ip": "10.2.0.129",
            "virtual_router_mac": "00:00:17:22:EC:D6"
          },
          "sensitive_attributes": [],
          "private": "eyJlMmJmYjczMC1lY2FhLTExZTYtOGY4OC0zNDM2M2JjN2M0YzAiOnsiY3JlYXRlIjoxMjAwMDAwMDAwMDAwLCJkZWxldGUiOjEyMDAwMDAwMDAwMDAsInVwZGF0ZSI6MTIwMDAwMDAwMDAwMH19",
          "dependencies": [
            "data.oci_identity_compartment.lz_compartments",
            "data.oci_identity_compartments.network",
            "data.oci_identity_regions.these",
            "data.terraform_remote_state.iam-tfstate",
            "module.lz_vcn_spokes.oci_core_default_security_list.these",
            "module.lz_vcn_spokes.oci_core_security_list.these",
            "module.lz_vcn_spokes.oci_core_vcn.these",
            "null_resource.wait_on_compartments"
          ]
        },
        {
          "index_key": "Spoke-prod.Spoke-prod-oke-subnet",
          "schema_version": 0,
          "attributes": {
            "availability_domain": null,
            "cidr_block": "10.2.0.0/26",
            "compartment_id": "ocid1.compartment.oc1..aaaaaaaarcnomheb6ckz3wxjsdweboj7vreg2kx725ltq4ng3qohyfrupgxa",
            "defined_tags": {
              "Oracle-Tags.CreatedBy": "default/mohamed.youssef.fersi@looyas.com",
              "Oracle-Tags.CreatedOn": "2024-05-22T14:27:22.841Z"
            },
            "dhcp_options_id": "ocid1.dhcpoptions.oc1.eu-paris-1.aaaaaaaabz4d2ryqvbdn6nlqv76qep6jylzc44inpi3ksxvtzyu5blqrrkka",
            "display_name": "Spoke-prod-oke-subnet",
            "dns_label": "oke",
            "freeform_tags": {
              "cis-landing-zone": "LZdemo-quickstart"
            },
            "id": "ocid1.subnet.oc1.eu-paris-1.aaaaaaaa3iukwcenknaqcneuar5hruqbb2jqbombwe3wvizyzxtawezisc5q",
            "ipv6cidr_block": null,
            "ipv6cidr_blocks": [],
            "ipv6virtual_router_ip": null,
            "prohibit_internet_ingress": true,
            "prohibit_public_ip_on_vnic": true,
            "route_table_id": "ocid1.routetable.oc1.eu-paris-1.aaaaaaaa6o6klkb3nykwddq6o47zu7tx4366jsp33kr7g342c76edgtgpswa",
            "security_list_ids": [
              "ocid1.securitylist.oc1.eu-paris-1.aaaaaaaamwcio5rtixaku3xu74zsfs4kki72zgc375wkhqcjyv4gv6vasxta",
              "ocid1.securitylist.oc1.eu-paris-1.aaaaaaaau5rozpbjqopaadclb5tzz36jreodu7idketk3bjahescdfviqexa"
            ],
            "state": "AVAILABLE",
            "subnet_domain_name": "oke.spokeprodcdg.oraclevcn.com",
            "time_created": "2024-05-22 14:27:23.257 +0000 UTC",
            "timeouts": null,
            "vcn_id": "ocid1.vcn.oc1.eu-paris-1.amaaaaaa6aytp6aai4vgjjy22dk3sfxrfgkxvfovizqhgs6qr4jgbwgx7hxq",
            "virtual_router_ip": "10.2.0.1",
            "virtual_router_mac": "00:00:17:22:EC:D6"
          },
          "sensitive_attributes": [],
          "private": "eyJlMmJmYjczMC1lY2FhLTExZTYtOGY4OC0zNDM2M2JjN2M0YzAiOnsiY3JlYXRlIjoxMjAwMDAwMDAwMDAwLCJkZWxldGUiOjEyMDAwMDAwMDAwMDAsInVwZGF0ZSI6MTIwMDAwMDAwMDAwMH19",
          "dependencies": [
            "data.oci_identity_compartment.lz_compartments",
            "data.oci_identity_compartments.network",
            "data.oci_identity_regions.these",
            "data.terraform_remote_state.iam-tfstate",
            "module.lz_vcn_spokes.oci_core_default_security_list.these",
            "module.lz_vcn_spokes.oci_core_security_list.these",
            "module.lz_vcn_spokes.oci_core_vcn.these",
            "null_resource.wait_on_compartments"
          ]
        },
        {
          "index_key": "Spoke-prod.Spoke-prod-opensearch-subnet",
          "schema_version": 0,
          "attributes": {
            "availability_domain": null,
            "cidr_block": "10.2.0.64/26",
            "compartment_id": "ocid1.compartment.oc1..aaaaaaaarcnomheb6ckz3wxjsdweboj7vreg2kx725ltq4ng3qohyfrupgxa",
            "defined_tags": {
              "Oracle-Tags.CreatedBy": "default/mohamed.youssef.fersi@looyas.com",
              "Oracle-Tags.CreatedOn": "2024-05-22T14:27:22.629Z"
            },
            "dhcp_options_id": "ocid1.dhcpoptions.oc1.eu-paris-1.aaaaaaaabz4d2ryqvbdn6nlqv76qep6jylzc44inpi3ksxvtzyu5blqrrkka",
            "display_name": "Spoke-prod-opensearch-subnet",
            "dns_label": "opensearch",
            "freeform_tags": {
              "cis-landing-zone": "LZdemo-quickstart"
            },
            "id": "ocid1.subnet.oc1.eu-paris-1.aaaaaaaarkdfj6ynczingsk22qmk57ohrz2v5xnnkhovx7hp5aev6vtmq4wq",
            "ipv6cidr_block": null,
            "ipv6cidr_blocks": [],
            "ipv6virtual_router_ip": null,
            "prohibit_internet_ingress": true,
            "prohibit_public_ip_on_vnic": true,
            "route_table_id": "ocid1.routetable.oc1.eu-paris-1.aaaaaaaa6o6klkb3nykwddq6o47zu7tx4366jsp33kr7g342c76edgtgpswa",
            "security_list_ids": [
              "ocid1.securitylist.oc1.eu-paris-1.aaaaaaaamwcio5rtixaku3xu74zsfs4kki72zgc375wkhqcjyv4gv6vasxta",
              "ocid1.securitylist.oc1.eu-paris-1.aaaaaaaapcdoghvbzxihiqdewmj2gupr5q6ge2wmdprykyhr2ozupxgmwhna"
            ],
            "state": "AVAILABLE",
            "subnet_domain_name": "opensearch.spokeprodcdg.oraclevcn.com",
            "time_created": "2024-05-22 14:27:23.005 +0000 UTC",
            "timeouts": null,
            "vcn_id": "ocid1.vcn.oc1.eu-paris-1.amaaaaaa6aytp6aai4vgjjy22dk3sfxrfgkxvfovizqhgs6qr4jgbwgx7hxq",
            "virtual_router_ip": "10.2.0.65",
            "virtual_router_mac": "00:00:17:22:EC:D6"
          },
          "sensitive_attributes": [],
          "private": "eyJlMmJmYjczMC1lY2FhLTExZTYtOGY4OC0zNDM2M2JjN2M0YzAiOnsiY3JlYXRlIjoxMjAwMDAwMDAwMDAwLCJkZWxldGUiOjEyMDAwMDAwMDAwMDAsInVwZGF0ZSI6MTIwMDAwMDAwMDAwMH19",
          "dependencies": [
            "data.oci_identity_compartment.lz_compartments",
            "data.oci_identity_compartments.network",
            "data.oci_identity_regions.these",
            "data.terraform_remote_state.iam-tfstate",
            "module.lz_vcn_spokes.oci_core_default_security_list.these",
            "module.lz_vcn_spokes.oci_core_security_list.these",
            "module.lz_vcn_spokes.oci_core_vcn.these",
            "null_resource.wait_on_compartments"
          ]
        }
      ]
    },
    {
      "module": "module.lz_vcn_spokes",
      "mode": "managed",
      "type": "oci_core_vcn",
      "name": "these",
      "provider": "provider[\"registry.terraform.io/oracle/oci\"]",
      "instances": [
        {
          "index_key": "Spoke-Devops",
          "schema_version": 0,
          "attributes": {
            "byoipv6cidr_blocks": [],
            "byoipv6cidr_details": null,
            "cidr_block": "10.1.0.0/24",
            "cidr_blocks": [
              "10.1.0.0/24"
            ],
            "compartment_id": "ocid1.compartment.oc1..aaaaaaaarcnomheb6ckz3wxjsdweboj7vreg2kx725ltq4ng3qohyfrupgxa",
            "default_dhcp_options_id": "ocid1.dhcpoptions.oc1.eu-paris-1.aaaaaaaak6fbs6t5ecb6sxzxpn4qtxcmbuuzxxokgtasdjbmsql3wt4lie2q",
            "default_route_table_id": "ocid1.routetable.oc1.eu-paris-1.aaaaaaaatunjrwqnsshy5zsgjkevalm53fcncwka4msybf5wce2yozbokevq",
            "default_security_list_id": "ocid1.securitylist.oc1.eu-paris-1.aaaaaaaasba3s3duvtifl2gy6vwgghskvp5sjokunxbifnu6ppxqxwfsuyya",
            "defined_tags": {
              "Oracle-Tags.CreatedBy": "default/mohamed.youssef.fersi@looyas.com",
              "Oracle-Tags.CreatedOn": "2024-05-22T14:27:20.864Z"
            },
            "display_name": "Spoke-Devops",
            "dns_label": "spokedevopscdg",
            "freeform_tags": {
              "cis-landing-zone": "LZdemo-quickstart"
            },
            "id": "ocid1.vcn.oc1.eu-paris-1.amaaaaaa6aytp6aazf6akbvprd2b6sblai6eawwmhnljrbkdzh77rewyi73a",
            "ipv6cidr_blocks": [],
            "ipv6private_cidr_blocks": [],
            "is_ipv6enabled": false,
            "is_oracle_gua_allocation_enabled": null,
            "state": "AVAILABLE",
            "time_created": "2024-05-22 14:27:20.954 +0000 UTC",
            "timeouts": null,
            "vcn_domain_name": "spokedevopscdg.oraclevcn.com"
          },
          "sensitive_attributes": [],
          "private": "eyJlMmJmYjczMC1lY2FhLTExZTYtOGY4OC0zNDM2M2JjN2M0YzAiOnsiY3JlYXRlIjoxMjAwMDAwMDAwMDAwLCJkZWxldGUiOjEyMDAwMDAwMDAwMDAsInVwZGF0ZSI6MTIwMDAwMDAwMDAwMH19",
          "dependencies": [
            "data.oci_identity_compartment.lz_compartments",
            "data.oci_identity_compartments.network",
            "data.oci_identity_regions.these",
            "data.terraform_remote_state.iam-tfstate",
            "null_resource.wait_on_compartments"
          ]
        },
        {
          "index_key": "Spoke-prod",
          "schema_version": 0,
          "attributes": {
            "byoipv6cidr_blocks": [],
            "byoipv6cidr_details": null,
            "cidr_block": "10.2.0.0/24",
            "cidr_blocks": [
              "10.2.0.0/24"
            ],
            "compartment_id": "ocid1.compartment.oc1..aaaaaaaarcnomheb6ckz3wxjsdweboj7vreg2kx725ltq4ng3qohyfrupgxa",
            "default_dhcp_options_id": "ocid1.dhcpoptions.oc1.eu-paris-1.aaaaaaaabz4d2ryqvbdn6nlqv76qep6jylzc44inpi3ksxvtzyu5blqrrkka",
            "default_route_table_id": "ocid1.routetable.oc1.eu-paris-1.aaaaaaaa6o6klkb3nykwddq6o47zu7tx4366jsp33kr7g342c76edgtgpswa",
            "default_security_list_id": "ocid1.securitylist.oc1.eu-paris-1.aaaaaaaamwcio5rtixaku3xu74zsfs4kki72zgc375wkhqcjyv4gv6vasxta",
            "defined_tags": {
              "Oracle-Tags.CreatedBy": "default/mohamed.youssef.fersi@looyas.com",
              "Oracle-Tags.CreatedOn": "2024-05-22T14:27:20.864Z"
            },
            "display_name": "Spoke-prod",
            "dns_label": "spokeprodcdg",
            "freeform_tags": {
              "cis-landing-zone": "LZdemo-quickstart"
            },
            "id": "ocid1.vcn.oc1.eu-paris-1.amaaaaaa6aytp6aai4vgjjy22dk3sfxrfgkxvfovizqhgs6qr4jgbwgx7hxq",
            "ipv6cidr_blocks": [],
            "ipv6private_cidr_blocks": [],
            "is_ipv6enabled": false,
            "is_oracle_gua_allocation_enabled": null,
            "state": "AVAILABLE",
            "time_created": "2024-05-22 14:27:21.019 +0000 UTC",
            "timeouts": null,
            "vcn_domain_name": "spokeprodcdg.oraclevcn.com"
          },
          "sensitive_attributes": [],
          "private": "eyJlMmJmYjczMC1lY2FhLTExZTYtOGY4OC0zNDM2M2JjN2M0YzAiOnsiY3JlYXRlIjoxMjAwMDAwMDAwMDAwLCJkZWxldGUiOjEyMDAwMDAwMDAwMDAsInVwZGF0ZSI6MTIwMDAwMDAwMDAwMH19",
          "dependencies": [
            "data.oci_identity_compartment.lz_compartments",
            "data.oci_identity_compartments.network",
            "data.oci_identity_regions.these",
            "data.terraform_remote_state.iam-tfstate",
            "null_resource.wait_on_compartments"
          ]
        }
      ]
    }
  ],
  "check_results": []
}
