{
  "version": 4,
  "terraform_version": "1.3.2",
  "serial": 2,
  "lineage": "88cf2fd6-4210-ace3-e791-cf73623797fc",
  "outputs": {
    "compartments": {
      "value": {
        "LZdemo-devops-nprod-cmp": {
          "id": "ocid1.compartment.oc1..aaaaaaaausf7nolbx3aph6vrubbqo3q6an2ezrymubjbe7hjxl7xravgvzzq",
          "name": "devops-nprod-cmp",
          "parent_id": "ocid1.compartment.oc1..aaaaaaaazxskkhfpbjhfx25ude2qb7uqquuhz4vpo2ffzciyfo6qx2aczglq",
          "time_created": "2024-05-09 09:17:34.479 +0000 UTC"
        },
        "LZdemo-devops-prod-cmp": {
          "id": "ocid1.compartment.oc1..aaaaaaaahw3uzinqqlqmxiisol2xdrz6erw4lqmgxuyvsz5qmsfdo7w2xkha",
          "name": "devops-prod-cmp",
          "parent_id": "ocid1.compartment.oc1..aaaaaaaazxskkhfpbjhfx25ude2qb7uqquuhz4vpo2ffzciyfo6qx2aczglq",
          "time_created": "2024-05-09 09:17:34.346 +0000 UTC"
        },
        "LZdemo-network-cmp": {
          "id": "ocid1.compartment.oc1..aaaaaaaarcnomheb6ckz3wxjsdweboj7vreg2kx725ltq4ng3qohyfrupgxa",
          "name": "LZdemo-network-cmp",
          "parent_id": "ocid1.compartment.oc1..aaaaaaaazxskkhfpbjhfx25ude2qb7uqquuhz4vpo2ffzciyfo6qx2aczglq",
          "time_created": "2024-05-09 09:17:35.187 +0000 UTC"
        },
        "LZdemo-nprod-cmp": {
          "id": "ocid1.compartment.oc1..aaaaaaaa6f7wdw77gbtihannm3tlmciepdtcl4m4to33qwjyem35up4lrg2q",
          "name": "nprod-cmp",
          "parent_id": "ocid1.compartment.oc1..aaaaaaaazxskkhfpbjhfx25ude2qb7uqquuhz4vpo2ffzciyfo6qx2aczglq",
          "time_created": "2024-05-09 09:17:34.828 +0000 UTC"
        },
        "LZdemo-prod-cmp": {
          "id": "ocid1.compartment.oc1..aaaaaaaa4ofr3xaz4qwganqar57r2sgjeeod4ejxtsrx46dnerwlowwvf3eq",
          "name": "prodUPDATE-cmp",
          "parent_id": "ocid1.compartment.oc1..aaaaaaaazxskkhfpbjhfx25ude2qb7uqquuhz4vpo2ffzciyfo6qx2aczglq",
          "time_created": "2024-05-09 09:17:33.967 +0000 UTC"
        }
      },
      "type": [
        "object",
        {
          "LZdemo-devops-nprod-cmp": [
            "object",
            {
              "id": "string",
              "name": "string",
              "parent_id": "string",
              "time_created": "string"
            }
          ],
          "LZdemo-devops-prod-cmp": [
            "object",
            {
              "id": "string",
              "name": "string",
              "parent_id": "string",
              "time_created": "string"
            }
          ],
          "LZdemo-network-cmp": [
            "object",
            {
              "id": "string",
              "name": "string",
              "parent_id": "string",
              "time_created": "string"
            }
          ],
          "LZdemo-nprod-cmp": [
            "object",
            {
              "id": "string",
              "name": "string",
              "parent_id": "string",
              "time_created": "string"
            }
          ],
          "LZdemo-prod-cmp": [
            "object",
            {
              "id": "string",
              "name": "string",
              "parent_id": "string",
              "time_created": "string"
            }
          ]
        }
      ]
    },
    "lz_compartments": {
      "value": {
        "compartments": {
          "LZdemo-devops-nprod-cmp": {
            "compartment_id": "ocid1.compartment.oc1..aaaaaaaazxskkhfpbjhfx25ude2qb7uqquuhz4vpo2ffzciyfo6qx2aczglq",
            "defined_tags": {
              "Oracle-Tags.CreatedBy": "default/mohamed.youssef.fersi@looyas.com",
              "Oracle-Tags.CreatedOn": "2024-05-09T09:17:34.451Z"
            },
            "description": "Landing Zone compartment for all devops nprod related resources.",
            "enable_delete": true,
            "freeform_tags": {
              "cis-landing-zone": "LZdemo-quickstart"
            },
            "id": "ocid1.compartment.oc1..aaaaaaaausf7nolbx3aph6vrubbqo3q6an2ezrymubjbe7hjxl7xravgvzzq",
            "inactive_state": null,
            "is_accessible": true,
            "name": "devops-nprod-cmp",
            "state": "ACTIVE",
            "time_created": "2024-05-09 09:17:34.479 +0000 UTC",
            "timeouts": null
          },
          "LZdemo-devops-prod-cmp": {
            "compartment_id": "ocid1.compartment.oc1..aaaaaaaazxskkhfpbjhfx25ude2qb7uqquuhz4vpo2ffzciyfo6qx2aczglq",
            "defined_tags": {
              "Oracle-Tags.CreatedBy": "default/mohamed.youssef.fersi@looyas.com",
              "Oracle-Tags.CreatedOn": "2024-05-09T09:17:34.293Z"
            },
            "description": "Landing Zone compartment for all devops prod related resources.",
            "enable_delete": true,
            "freeform_tags": {
              "cis-landing-zone": "LZdemo-quickstart"
            },
            "id": "ocid1.compartment.oc1..aaaaaaaahw3uzinqqlqmxiisol2xdrz6erw4lqmgxuyvsz5qmsfdo7w2xkha",
            "inactive_state": null,
            "is_accessible": true,
            "name": "devops-prod-cmp",
            "state": "ACTIVE",
            "time_created": "2024-05-09 09:17:34.346 +0000 UTC",
            "timeouts": null
          },
          "LZdemo-network-cmp": {
            "compartment_id": "ocid1.compartment.oc1..aaaaaaaazxskkhfpbjhfx25ude2qb7uqquuhz4vpo2ffzciyfo6qx2aczglq",
            "defined_tags": {
              "Oracle-Tags.CreatedBy": "default/mohamed.youssef.fersi@looyas.com",
              "Oracle-Tags.CreatedOn": "2024-05-09T09:17:34.335Z"
            },
            "description": "Landing Zone compartment for all network related resources: VCNs, subnets, network gateways, security lists, NSGs, load balancers, VNICs, and others.",
            "enable_delete": true,
            "freeform_tags": {
              "cis-landing-zone": "LZdemo-quickstart"
            },
            "id": "ocid1.compartment.oc1..aaaaaaaarcnomheb6ckz3wxjsdweboj7vreg2kx725ltq4ng3qohyfrupgxa",
            "inactive_state": null,
            "is_accessible": true,
            "name": "LZdemo-network-cmp",
            "state": "ACTIVE",
            "time_created": "2024-05-09 09:17:35.187 +0000 UTC",
            "timeouts": null
          },
          "LZdemo-nprod-cmp": {
            "compartment_id": "ocid1.compartment.oc1..aaaaaaaazxskkhfpbjhfx25ude2qb7uqquuhz4vpo2ffzciyfo6qx2aczglq",
            "defined_tags": {
              "Oracle-Tags.CreatedBy": "default/mohamed.youssef.fersi@looyas.com",
              "Oracle-Tags.CreatedOn": "2024-05-09T09:17:34.442Z"
            },
            "description": "Landing Zone compartment for all non productions related resources.",
            "enable_delete": true,
            "freeform_tags": {
              "cis-landing-zone": "LZdemo-quickstart"
            },
            "id": "ocid1.compartment.oc1..aaaaaaaa6f7wdw77gbtihannm3tlmciepdtcl4m4to33qwjyem35up4lrg2q",
            "inactive_state": null,
            "is_accessible": true,
            "name": "nprod-cmp",
            "state": "ACTIVE",
            "time_created": "2024-05-09 09:17:34.828 +0000 UTC",
            "timeouts": null
          },
          "LZdemo-prod-cmp": {
            "compartment_id": "ocid1.compartment.oc1..aaaaaaaazxskkhfpbjhfx25ude2qb7uqquuhz4vpo2ffzciyfo6qx2aczglq",
            "defined_tags": {
              "Oracle-Tags.CreatedBy": "default/mohamed.youssef.fersi@looyas.com",
              "Oracle-Tags.CreatedOn": "2024-05-09T09:17:33.922Z"
            },
            "description": "Landing Zone compartment for all productions related resources.",
            "enable_delete": true,
            "freeform_tags": {
              "cis-landing-zone": "LZdemo-quickstart"
            },
            "id": "ocid1.compartment.oc1..aaaaaaaa4ofr3xaz4qwganqar57r2sgjeeod4ejxtsrx46dnerwlowwvf3eq",
            "inactive_state": null,
            "is_accessible": true,
            "name": "prodUPDATE-cmp",
            "state": "ACTIVE",
            "time_created": "2024-05-09 09:17:33.967 +0000 UTC",
            "timeouts": null
          }
        }
      },
      "type": [
        "object",
        {
          "compartments": [
            "object",
            {
              "LZdemo-devops-nprod-cmp": [
                "object",
                {
                  "compartment_id": "string",
                  "defined_tags": [
                    "map",
                    "string"
                  ],
                  "description": "string",
                  "enable_delete": "bool",
                  "freeform_tags": [
                    "map",
                    "string"
                  ],
                  "id": "string",
                  "inactive_state": "string",
                  "is_accessible": "bool",
                  "name": "string",
                  "state": "string",
                  "time_created": "string",
                  "timeouts": [
                    "object",
                    {
                      "delete": "string"
                    }
                  ]
                }
              ],
              "LZdemo-devops-prod-cmp": [
                "object",
                {
                  "compartment_id": "string",
                  "defined_tags": [
                    "map",
                    "string"
                  ],
                  "description": "string",
                  "enable_delete": "bool",
                  "freeform_tags": [
                    "map",
                    "string"
                  ],
                  "id": "string",
                  "inactive_state": "string",
                  "is_accessible": "bool",
                  "name": "string",
                  "state": "string",
                  "time_created": "string",
                  "timeouts": [
                    "object",
                    {
                      "delete": "string"
                    }
                  ]
                }
              ],
              "LZdemo-network-cmp": [
                "object",
                {
                  "compartment_id": "string",
                  "defined_tags": [
                    "map",
                    "string"
                  ],
                  "description": "string",
                  "enable_delete": "bool",
                  "freeform_tags": [
                    "map",
                    "string"
                  ],
                  "id": "string",
                  "inactive_state": "string",
                  "is_accessible": "bool",
                  "name": "string",
                  "state": "string",
                  "time_created": "string",
                  "timeouts": [
                    "object",
                    {
                      "delete": "string"
                    }
                  ]
                }
              ],
              "LZdemo-nprod-cmp": [
                "object",
                {
                  "compartment_id": "string",
                  "defined_tags": [
                    "map",
                    "string"
                  ],
                  "description": "string",
                  "enable_delete": "bool",
                  "freeform_tags": [
                    "map",
                    "string"
                  ],
                  "id": "string",
                  "inactive_state": "string",
                  "is_accessible": "bool",
                  "name": "string",
                  "state": "string",
                  "time_created": "string",
                  "timeouts": [
                    "object",
                    {
                      "delete": "string"
                    }
                  ]
                }
              ],
              "LZdemo-prod-cmp": [
                "object",
                {
                  "compartment_id": "string",
                  "defined_tags": [
                    "map",
                    "string"
                  ],
                  "description": "string",
                  "enable_delete": "bool",
                  "freeform_tags": [
                    "map",
                    "string"
                  ],
                  "id": "string",
                  "inactive_state": "string",
                  "is_accessible": "bool",
                  "name": "string",
                  "state": "string",
                  "time_created": "string",
                  "timeouts": [
                    "object",
                    {
                      "delete": "string"
                    }
                  ]
                }
              ]
            }
          ]
        }
      ]
    },
    "lz_dynamic_groups": {
      "value": {
        "dynamic_groups": {}
      },
      "type": [
        "object",
        {
          "dynamic_groups": [
            "object",
            {}
          ]
        }
      ]
    },
    "lz_services_policy": {
      "value": {
        "policies": {
          "LZdemo-services-policy": {
            "ETag": "2ff2a59e2fec7ef69fa3be088ec1388726f3586b",
            "compartment_id": "ocid1.tenancy.oc1..aaaaaaaaybaroxvhi6u2kygooe3qswfhxfc6q7jo3gyh26r27pl7lfwriq2a",
            "defined_tags": {
              "Oracle-Tags.CreatedBy": "default/mohamed.youssef.fersi@looyas.com",
              "Oracle-Tags.CreatedOn": "2024-05-09T09:18:02.847Z"
            },
            "description": "Landing Zone policy for OCI services: Cloud Guard, Vulnerability Scanning and OS Management.",
            "freeform_tags": {
              "cis-landing-zone": "LZdemo-quickstart"
            },
            "id": "ocid1.policy.oc1..aaaaaaaau4meef7vuldzusemwqy5tvhzjytryu643ff53d3qe5yjjzlhfuia",
            "inactive_state": null,
            "lastUpdateETag": "2ff2a59e2fec7ef69fa3be088ec1388726f3586b",
            "name": "LZdemo-services-policy",
            "policyHash": "4cfcd3fa4653f811d5ef41c22f61eaf6",
            "state": "ACTIVE",
            "statements": [
              "Allow service cloudguard to read all-resources in tenancy",
              "Allow service cloudguard to use network-security-groups in tenancy",
              "Allow service osms to read instances in tenancy"
            ],
            "time_created": "2024-05-09 09:18:03.123 +0000 UTC",
            "timeouts": null,
            "version_date": null
          }
        }
      },
      "type": [
        "object",
        {
          "policies": [
            "object",
            {
              "LZdemo-services-policy": [
                "object",
                {
                  "ETag": "string",
                  "compartment_id": "string",
                  "defined_tags": [
                    "map",
                    "string"
                  ],
                  "description": "string",
                  "freeform_tags": [
                    "map",
                    "string"
                  ],
                  "id": "string",
                  "inactive_state": "string",
                  "lastUpdateETag": "string",
                  "name": "string",
                  "policyHash": "string",
                  "state": "string",
                  "statements": [
                    "list",
                    "string"
                  ],
                  "time_created": "string",
                  "timeouts": [
                    "object",
                    {
                      "create": "string",
                      "delete": "string",
                      "update": "string"
                    }
                  ],
                  "version_date": "string"
                }
              ]
            }
          ]
        }
      ]
    },
    "lz_top_compartment": {
      "value": [],
      "type": [
        "tuple",
        []
      ]
    },
    "service_label": {
      "value": "LZdemo",
      "type": "string"
    }
  },
  "resources": [
    {
      "mode": "data",
      "type": "oci_cloud_guard_cloud_guard_configuration",
      "name": "this",
      "provider": "provider[\"registry.terraform.io/oracle/oci\"]",
      "instances": [
        {
          "schema_version": 0,
          "attributes": {
            "compartment_id": "ocid1.tenancy.oc1..aaaaaaaaybaroxvhi6u2kygooe3qswfhxfc6q7jo3gyh26r27pl7lfwriq2a",
            "id": "CloudGuardCloudGuardConfigurationDataSource-390842708",
            "reporting_region": "eu-paris-1",
            "self_manage_resources": false,
            "status": "ENABLED"
          },
          "sensitive_attributes": []
        }
      ]
    },
    {
      "mode": "data",
      "type": "oci_identity_compartment",
      "name": "existing_enclosing_compartment",
      "provider": "provider[\"registry.terraform.io/oracle/oci\"]",
      "instances": [
        {
          "schema_version": 0,
          "attributes": {
            "compartment_id": "ocid1.tenancy.oc1..aaaaaaaaybaroxvhi6u2kygooe3qswfhxfc6q7jo3gyh26r27pl7lfwriq2a",
            "defined_tags": {
              "Oracle-Tags.CreatedBy": "default/mohamed.youssef.fersi@looyas.com",
              "Oracle-Tags.CreatedOn": "2023-10-16T14:01:50.232Z"
            },
            "description": "for landing zone deployment",
            "freeform_tags": {},
            "id": "ocid1.compartment.oc1..aaaaaaaazxskkhfpbjhfx25ude2qb7uqquuhz4vpo2ffzciyfo6qx2aczglq",
            "inactive_state": null,
            "is_accessible": true,
            "name": "LandingZoneComp",
            "state": "ACTIVE",
            "time_created": "2023-10-16 14:01:50.296 +0000 UTC"
          },
          "sensitive_attributes": []
        }
      ]
    },
    {
      "mode": "data",
      "type": "oci_identity_compartments",
      "name": "all",
      "provider": "provider[\"registry.terraform.io/oracle/oci\"]",
      "instances": [
        {
          "schema_version": 0,
          "attributes": {
            "access_level": "ACCESSIBLE",
            "compartment_id": "ocid1.tenancy.oc1..aaaaaaaaybaroxvhi6u2kygooe3qswfhxfc6q7jo3gyh26r27pl7lfwriq2a",
            "compartment_id_in_subtree": true,
            "compartments": [
              {
                "compartment_id": "ocid1.tenancy.oc1..aaaaaaaaybaroxvhi6u2kygooe3qswfhxfc6q7jo3gyh26r27pl7lfwriq2a",
                "defined_tags": {
                  "Oracle-Tags.CreatedBy": "default/yosri.bensaad@looyas.com",
                  "Oracle-Tags.CreatedOn": "2023-04-03T12:10:48.881Z"
                },
                "description": "This compartment is dedicated for the OKE cluster of Looyas",
                "enable_delete": false,
                "freeform_tags": {},
                "id": "ocid1.compartment.oc1..aaaaaaaacqujyl6pn73322mlwfnp2u6dmuvq2kehnizvrgk5o5gihvtc577q",
                "inactive_state": "",
                "is_accessible": true,
                "name": "CloudLooyasOKE",
                "state": "ACTIVE",
                "time_created": "2023-04-03 12:10:48.964 +0000 UTC"
              },
              {
                "compartment_id": "ocid1.tenancy.oc1..aaaaaaaaybaroxvhi6u2kygooe3qswfhxfc6q7jo3gyh26r27pl7lfwriq2a",
                "defined_tags": {
                  "Oracle-Tags.CreatedBy": "default/yosri.bensaad@looyas.com",
                  "Oracle-Tags.CreatedOn": "2024-04-25T16:30:35.723Z"
                },
                "description": "This compartment will group all the resources created and managed by the interns",
                "enable_delete": false,
                "freeform_tags": {},
                "id": "ocid1.compartment.oc1..aaaaaaaadasmsbtdyd5ygcd6g544bcg2obnkuvdlyfy5zbdl6esom3ju5r6a",
                "inactive_state": "",
                "is_accessible": true,
                "name": "Interns-comp",
                "state": "ACTIVE",
                "time_created": "2024-04-25 16:30:35.786 +0000 UTC"
              },
              {
                "compartment_id": "ocid1.tenancy.oc1..aaaaaaaaybaroxvhi6u2kygooe3qswfhxfc6q7jo3gyh26r27pl7lfwriq2a",
                "defined_tags": {
                  "Oracle-Tags.CreatedBy": "default/mohamed.youssef.fersi@looyas.com",
                  "Oracle-Tags.CreatedOn": "2023-10-16T14:01:50.232Z"
                },
                "description": "for landing zone deployment",
                "enable_delete": false,
                "freeform_tags": {},
                "id": "ocid1.compartment.oc1..aaaaaaaazxskkhfpbjhfx25ude2qb7uqquuhz4vpo2ffzciyfo6qx2aczglq",
                "inactive_state": "",
                "is_accessible": true,
                "name": "LandingZoneComp",
                "state": "ACTIVE",
                "time_created": "2023-10-16 14:01:50.296 +0000 UTC"
              },
              {
                "compartment_id": "ocid1.tenancy.oc1..aaaaaaaaybaroxvhi6u2kygooe3qswfhxfc6q7jo3gyh26r27pl7lfwriq2a",
                "defined_tags": {},
                "description": "idcs-90ee65c7fe1045d3ac75caae90fef166|25411926|hichem.maatallah@looyas.com-Looyas-797673",
                "enable_delete": false,
                "freeform_tags": {},
                "id": "ocid1.compartment.oc1..aaaaaaaa7urm5fv2z2o5j7dmx6uotao3v36umb7ui3betbvdonzvtqt4phra",
                "inactive_state": "",
                "is_accessible": true,
                "name": "ManagedCompartmentForPaaS",
                "state": "ACTIVE",
                "time_created": "2022-08-12 15:51:26.267 +0000 UTC"
              }
            ],
            "filter": null,
            "id": "IdentityCompartmentsDataSource-4129928970",
            "name": null,
            "state": "ACTIVE"
          },
          "sensitive_attributes": []
        }
      ]
    },
    {
      "mode": "data",
      "type": "oci_identity_compartments",
      "name": "devops",
      "provider": "provider[\"registry.terraform.io/oracle/oci\"]",
      "instances": [
        {
          "schema_version": 0,
          "attributes": {
            "access_level": null,
            "compartment_id": "ocid1.compartment.oc1..aaaaaaaazxskkhfpbjhfx25ude2qb7uqquuhz4vpo2ffzciyfo6qx2aczglq",
            "compartment_id_in_subtree": null,
            "compartments": [],
            "filter": [
              {
                "name": "name",
                "regex": false,
                "values": [
                  "devops-prod-cmp"
                ]
              }
            ],
            "id": "IdentityCompartmentsDataSource-203140757",
            "name": null,
            "state": null
          },
          "sensitive_attributes": []
        }
      ]
    },
    {
      "mode": "data",
      "type": "oci_identity_compartments",
      "name": "exainfra",
      "provider": "provider[\"registry.terraform.io/oracle/oci\"]",
      "instances": [
        {
          "schema_version": 0,
          "attributes": {
            "access_level": null,
            "compartment_id": "ocid1.compartment.oc1..aaaaaaaazxskkhfpbjhfx25ude2qb7uqquuhz4vpo2ffzciyfo6qx2aczglq",
            "compartment_id_in_subtree": null,
            "compartments": [],
            "filter": [
              {
                "name": "name",
                "regex": false,
                "values": [
                  "LZdemo-exainfra-cmp"
                ]
              }
            ],
            "id": "IdentityCompartmentsDataSource-203140757",
            "name": null,
            "state": null
          },
          "sensitive_attributes": []
        }
      ]
    },
    {
      "mode": "data",
      "type": "oci_identity_compartments",
      "name": "network",
      "provider": "provider[\"registry.terraform.io/oracle/oci\"]",
      "instances": [
        {
          "schema_version": 0,
          "attributes": {
            "access_level": null,
            "compartment_id": "ocid1.compartment.oc1..aaaaaaaazxskkhfpbjhfx25ude2qb7uqquuhz4vpo2ffzciyfo6qx2aczglq",
            "compartment_id_in_subtree": null,
            "compartments": [],
            "filter": [
              {
                "name": "name",
                "regex": false,
                "values": [
                  "LZdemo-network-cmp"
                ]
              }
            ],
            "id": "IdentityCompartmentsDataSource-203140757",
            "name": null,
            "state": null
          },
          "sensitive_attributes": []
        }
      ]
    },
    {
      "mode": "data",
      "type": "oci_identity_compartments",
      "name": "nprod",
      "provider": "provider[\"registry.terraform.io/oracle/oci\"]",
      "instances": [
        {
          "schema_version": 0,
          "attributes": {
            "access_level": null,
            "compartment_id": "ocid1.compartment.oc1..aaaaaaaazxskkhfpbjhfx25ude2qb7uqquuhz4vpo2ffzciyfo6qx2aczglq",
            "compartment_id_in_subtree": null,
            "compartments": [],
            "filter": [
              {
                "name": "name",
                "regex": false,
                "values": [
                  "nprod-cmp"
                ]
              }
            ],
            "id": "IdentityCompartmentsDataSource-203140757",
            "name": null,
            "state": null
          },
          "sensitive_attributes": []
        }
      ]
    },
    {
      "mode": "data",
      "type": "oci_identity_compartments",
      "name": "prod",
      "provider": "provider[\"registry.terraform.io/oracle/oci\"]",
      "instances": [
        {
          "schema_version": 0,
          "attributes": {
            "access_level": null,
            "compartment_id": "ocid1.compartment.oc1..aaaaaaaazxskkhfpbjhfx25ude2qb7uqquuhz4vpo2ffzciyfo6qx2aczglq",
            "compartment_id_in_subtree": null,
            "compartments": [],
            "filter": [
              {
                "name": "name",
                "regex": false,
                "values": [
                  "prodUPDATE-cmp"
                ]
              }
            ],
            "id": "IdentityCompartmentsDataSource-203140757",
            "name": null,
            "state": null
          },
          "sensitive_attributes": []
        }
      ]
    },
    {
      "mode": "data",
      "type": "oci_identity_dynamic_groups",
      "name": "existing_appdev_fun_dyn_group",
      "provider": "provider[\"registry.terraform.io/oracle/oci\"]",
      "instances": [
        {
          "schema_version": 0,
          "attributes": {
            "compartment_id": "ocid1.tenancy.oc1..aaaaaaaaybaroxvhi6u2kygooe3qswfhxfc6q7jo3gyh26r27pl7lfwriq2a",
            "dynamic_groups": [],
            "filter": [
              {
                "name": "name",
                "regex": false,
                "values": [
                  ""
                ]
              }
            ],
            "id": "IdentityDynamicGroupsDataSource-390842708",
            "name": null,
            "state": null
          },
          "sensitive_attributes": []
        }
      ]
    },
    {
      "mode": "data",
      "type": "oci_identity_dynamic_groups",
      "name": "existing_compute_agent_dyn_group",
      "provider": "provider[\"registry.terraform.io/oracle/oci\"]",
      "instances": [
        {
          "schema_version": 0,
          "attributes": {
            "compartment_id": "ocid1.tenancy.oc1..aaaaaaaaybaroxvhi6u2kygooe3qswfhxfc6q7jo3gyh26r27pl7lfwriq2a",
            "dynamic_groups": [],
            "filter": [
              {
                "name": "name",
                "regex": false,
                "values": [
                  ""
                ]
              }
            ],
            "id": "IdentityDynamicGroupsDataSource-390842708",
            "name": null,
            "state": null
          },
          "sensitive_attributes": []
        }
      ]
    },
    {
      "mode": "data",
      "type": "oci_identity_dynamic_groups",
      "name": "existing_database_kms_dyn_group",
      "provider": "provider[\"registry.terraform.io/oracle/oci\"]",
      "instances": [
        {
          "schema_version": 0,
          "attributes": {
            "compartment_id": "ocid1.tenancy.oc1..aaaaaaaaybaroxvhi6u2kygooe3qswfhxfc6q7jo3gyh26r27pl7lfwriq2a",
            "dynamic_groups": [],
            "filter": [
              {
                "name": "name",
                "regex": false,
                "values": [
                  ""
                ]
              }
            ],
            "id": "IdentityDynamicGroupsDataSource-390842708",
            "name": null,
            "state": null
          },
          "sensitive_attributes": []
        }
      ]
    },
    {
      "mode": "data",
      "type": "oci_identity_dynamic_groups",
      "name": "existing_security_fun_dyn_group",
      "provider": "provider[\"registry.terraform.io/oracle/oci\"]",
      "instances": [
        {
          "schema_version": 0,
          "attributes": {
            "compartment_id": "ocid1.tenancy.oc1..aaaaaaaaybaroxvhi6u2kygooe3qswfhxfc6q7jo3gyh26r27pl7lfwriq2a",
            "dynamic_groups": [],
            "filter": [
              {
                "name": "name",
                "regex": false,
                "values": [
                  ""
                ]
              }
            ],
            "id": "IdentityDynamicGroupsDataSource-390842708",
            "name": null,
            "state": null
          },
          "sensitive_attributes": []
        }
      ]
    },
    {
      "mode": "data",
      "type": "oci_identity_group",
      "name": "existing_announcement_reader_group",
      "provider": "provider[\"registry.terraform.io/oracle/oci\"]",
      "instances": [
        {
          "schema_version": 0,
          "attributes": {
            "compartment_id": null,
            "defined_tags": null,
            "description": null,
            "freeform_tags": null,
            "group_id": null,
            "id": null,
            "inactive_state": null,
            "name": null,
            "state": null,
            "time_created": null
          },
          "sensitive_attributes": []
        }
      ]
    },
    {
      "mode": "data",
      "type": "oci_identity_group",
      "name": "existing_appdev_admin_group",
      "provider": "provider[\"registry.terraform.io/oracle/oci\"]",
      "instances": [
        {
          "schema_version": 0,
          "attributes": {
            "compartment_id": null,
            "defined_tags": null,
            "description": null,
            "freeform_tags": null,
            "group_id": null,
            "id": null,
            "inactive_state": null,
            "name": null,
            "state": null,
            "time_created": null
          },
          "sensitive_attributes": []
        }
      ]
    },
    {
      "mode": "data",
      "type": "oci_identity_group",
      "name": "existing_auditor_group",
      "provider": "provider[\"registry.terraform.io/oracle/oci\"]",
      "instances": [
        {
          "schema_version": 0,
          "attributes": {
            "compartment_id": null,
            "defined_tags": null,
            "description": null,
            "freeform_tags": null,
            "group_id": null,
            "id": null,
            "inactive_state": null,
            "name": null,
            "state": null,
            "time_created": null
          },
          "sensitive_attributes": []
        }
      ]
    },
    {
      "mode": "data",
      "type": "oci_identity_group",
      "name": "existing_cost_admin_group",
      "provider": "provider[\"registry.terraform.io/oracle/oci\"]",
      "instances": [
        {
          "schema_version": 0,
          "attributes": {
            "compartment_id": null,
            "defined_tags": null,
            "description": null,
            "freeform_tags": null,
            "group_id": null,
            "id": null,
            "inactive_state": null,
            "name": null,
            "state": null,
            "time_created": null
          },
          "sensitive_attributes": []
        }
      ]
    },
    {
      "mode": "data",
      "type": "oci_identity_group",
      "name": "existing_cred_admin_group",
      "provider": "provider[\"registry.terraform.io/oracle/oci\"]",
      "instances": [
        {
          "schema_version": 0,
          "attributes": {
            "compartment_id": null,
            "defined_tags": null,
            "description": null,
            "freeform_tags": null,
            "group_id": null,
            "id": null,
            "inactive_state": null,
            "name": null,
            "state": null,
            "time_created": null
          },
          "sensitive_attributes": []
        }
      ]
    },
    {
      "mode": "data",
      "type": "oci_identity_group",
      "name": "existing_database_admin_group",
      "provider": "provider[\"registry.terraform.io/oracle/oci\"]",
      "instances": [
        {
          "schema_version": 0,
          "attributes": {
            "compartment_id": null,
            "defined_tags": null,
            "description": null,
            "freeform_tags": null,
            "group_id": null,
            "id": null,
            "inactive_state": null,
            "name": null,
            "state": null,
            "time_created": null
          },
          "sensitive_attributes": []
        }
      ]
    },
    {
      "mode": "data",
      "type": "oci_identity_group",
      "name": "existing_devops_admin_group",
      "provider": "provider[\"registry.terraform.io/oracle/oci\"]",
      "instances": [
        {
          "schema_version": 0,
          "attributes": {
            "compartment_id": null,
            "defined_tags": null,
            "description": null,
            "freeform_tags": null,
            "group_id": null,
            "id": null,
            "inactive_state": null,
            "name": null,
            "state": null,
            "time_created": null
          },
          "sensitive_attributes": []
        }
      ]
    },
    {
      "mode": "data",
      "type": "oci_identity_group",
      "name": "existing_exainfra_admin_group",
      "provider": "provider[\"registry.terraform.io/oracle/oci\"]",
      "instances": [
        {
          "schema_version": 0,
          "attributes": {
            "compartment_id": null,
            "defined_tags": null,
            "description": null,
            "freeform_tags": null,
            "group_id": null,
            "id": null,
            "inactive_state": null,
            "name": null,
            "state": null,
            "time_created": null
          },
          "sensitive_attributes": []
        }
      ]
    },
    {
      "mode": "data",
      "type": "oci_identity_group",
      "name": "existing_iam_admin_group",
      "provider": "provider[\"registry.terraform.io/oracle/oci\"]",
      "instances": [
        {
          "schema_version": 0,
          "attributes": {
            "compartment_id": null,
            "defined_tags": null,
            "description": null,
            "freeform_tags": null,
            "group_id": null,
            "id": null,
            "inactive_state": null,
            "name": null,
            "state": null,
            "time_created": null
          },
          "sensitive_attributes": []
        }
      ]
    },
    {
      "mode": "data",
      "type": "oci_identity_group",
      "name": "existing_network_admin_group",
      "provider": "provider[\"registry.terraform.io/oracle/oci\"]",
      "instances": [
        {
          "schema_version": 0,
          "attributes": {
            "compartment_id": null,
            "defined_tags": null,
            "description": null,
            "freeform_tags": null,
            "group_id": null,
            "id": null,
            "inactive_state": null,
            "name": null,
            "state": null,
            "time_created": null
          },
          "sensitive_attributes": []
        }
      ]
    },
    {
      "mode": "data",
      "type": "oci_identity_group",
      "name": "existing_nprod_group",
      "provider": "provider[\"registry.terraform.io/oracle/oci\"]",
      "instances": [
        {
          "schema_version": 0,
          "attributes": {
            "compartment_id": null,
            "defined_tags": null,
            "description": null,
            "freeform_tags": null,
            "group_id": null,
            "id": null,
            "inactive_state": null,
            "name": null,
            "state": null,
            "time_created": null
          },
          "sensitive_attributes": []
        }
      ]
    },
    {
      "mode": "data",
      "type": "oci_identity_group",
      "name": "existing_prod_group",
      "provider": "provider[\"registry.terraform.io/oracle/oci\"]",
      "instances": [
        {
          "schema_version": 0,
          "attributes": {
            "compartment_id": null,
            "defined_tags": null,
            "description": null,
            "freeform_tags": null,
            "group_id": null,
            "id": null,
            "inactive_state": null,
            "name": null,
            "state": null,
            "time_created": null
          },
          "sensitive_attributes": []
        }
      ]
    },
    {
      "mode": "data",
      "type": "oci_identity_group",
      "name": "existing_security_admin_group",
      "provider": "provider[\"registry.terraform.io/oracle/oci\"]",
      "instances": [
        {
          "schema_version": 0,
          "attributes": {
            "compartment_id": null,
            "defined_tags": null,
            "description": null,
            "freeform_tags": null,
            "group_id": null,
            "id": null,
            "inactive_state": null,
            "name": null,
            "state": null,
            "time_created": null
          },
          "sensitive_attributes": []
        }
      ]
    },
    {
      "mode": "data",
      "type": "oci_identity_group",
      "name": "existing_storage_admin_group",
      "provider": "provider[\"registry.terraform.io/oracle/oci\"]",
      "instances": [
        {
          "schema_version": 0,
          "attributes": {
            "compartment_id": null,
            "defined_tags": null,
            "description": null,
            "freeform_tags": null,
            "group_id": null,
            "id": null,
            "inactive_state": null,
            "name": null,
            "state": null,
            "time_created": null
          },
          "sensitive_attributes": []
        }
      ]
    },
    {
      "mode": "data",
      "type": "oci_identity_groups",
      "name": "existing_announcement_reader_group",
      "provider": "provider[\"registry.terraform.io/oracle/oci\"]",
      "instances": [
        {
          "schema_version": 0,
          "attributes": {
            "compartment_id": "ocid1.tenancy.oc1..aaaaaaaaybaroxvhi6u2kygooe3qswfhxfc6q7jo3gyh26r27pl7lfwriq2a",
            "filter": [
              {
                "name": "name",
                "regex": false,
                "values": [
                  ""
                ]
              }
            ],
            "groups": [],
            "id": "IdentityGroupsDataSource-390842708",
            "name": null,
            "state": null
          },
          "sensitive_attributes": []
        }
      ]
    },
    {
      "mode": "data",
      "type": "oci_identity_groups",
      "name": "existing_appdev_admin_group",
      "provider": "provider[\"registry.terraform.io/oracle/oci\"]",
      "instances": [
        {
          "schema_version": 0,
          "attributes": {
            "compartment_id": "ocid1.tenancy.oc1..aaaaaaaaybaroxvhi6u2kygooe3qswfhxfc6q7jo3gyh26r27pl7lfwriq2a",
            "filter": [
              {
                "name": "name",
                "regex": false,
                "values": [
                  ""
                ]
              }
            ],
            "groups": [],
            "id": "IdentityGroupsDataSource-390842708",
            "name": null,
            "state": null
          },
          "sensitive_attributes": []
        }
      ]
    },
    {
      "mode": "data",
      "type": "oci_identity_groups",
      "name": "existing_auditor_group",
      "provider": "provider[\"registry.terraform.io/oracle/oci\"]",
      "instances": [
        {
          "schema_version": 0,
          "attributes": {
            "compartment_id": "ocid1.tenancy.oc1..aaaaaaaaybaroxvhi6u2kygooe3qswfhxfc6q7jo3gyh26r27pl7lfwriq2a",
            "filter": [
              {
                "name": "name",
                "regex": false,
                "values": [
                  ""
                ]
              }
            ],
            "groups": [],
            "id": "IdentityGroupsDataSource-390842708",
            "name": null,
            "state": null
          },
          "sensitive_attributes": []
        }
      ]
    },
    {
      "mode": "data",
      "type": "oci_identity_groups",
      "name": "existing_cost_admin_group",
      "provider": "provider[\"registry.terraform.io/oracle/oci\"]",
      "instances": [
        {
          "schema_version": 0,
          "attributes": {
            "compartment_id": "ocid1.tenancy.oc1..aaaaaaaaybaroxvhi6u2kygooe3qswfhxfc6q7jo3gyh26r27pl7lfwriq2a",
            "filter": [
              {
                "name": "name",
                "regex": false,
                "values": [
                  ""
                ]
              }
            ],
            "groups": [],
            "id": "IdentityGroupsDataSource-390842708",
            "name": null,
            "state": null
          },
          "sensitive_attributes": []
        }
      ]
    },
    {
      "mode": "data",
      "type": "oci_identity_groups",
      "name": "existing_cred_admin_group",
      "provider": "provider[\"registry.terraform.io/oracle/oci\"]",
      "instances": [
        {
          "schema_version": 0,
          "attributes": {
            "compartment_id": "ocid1.tenancy.oc1..aaaaaaaaybaroxvhi6u2kygooe3qswfhxfc6q7jo3gyh26r27pl7lfwriq2a",
            "filter": [
              {
                "name": "name",
                "regex": false,
                "values": [
                  ""
                ]
              }
            ],
            "groups": [],
            "id": "IdentityGroupsDataSource-390842708",
            "name": null,
            "state": null
          },
          "sensitive_attributes": []
        }
      ]
    },
    {
      "mode": "data",
      "type": "oci_identity_groups",
      "name": "existing_database_admin_group",
      "provider": "provider[\"registry.terraform.io/oracle/oci\"]",
      "instances": [
        {
          "schema_version": 0,
          "attributes": {
            "compartment_id": "ocid1.tenancy.oc1..aaaaaaaaybaroxvhi6u2kygooe3qswfhxfc6q7jo3gyh26r27pl7lfwriq2a",
            "filter": [
              {
                "name": "name",
                "regex": false,
                "values": [
                  ""
                ]
              }
            ],
            "groups": [],
            "id": "IdentityGroupsDataSource-390842708",
            "name": null,
            "state": null
          },
          "sensitive_attributes": []
        }
      ]
    },
    {
      "mode": "data",
      "type": "oci_identity_groups",
      "name": "existing_devops_admin_group",
      "provider": "provider[\"registry.terraform.io/oracle/oci\"]",
      "instances": [
        {
          "schema_version": 0,
          "attributes": {
            "compartment_id": "ocid1.tenancy.oc1..aaaaaaaaybaroxvhi6u2kygooe3qswfhxfc6q7jo3gyh26r27pl7lfwriq2a",
            "filter": [
              {
                "name": "name",
                "regex": false,
                "values": [
                  ""
                ]
              }
            ],
            "groups": [],
            "id": "IdentityGroupsDataSource-390842708",
            "name": null,
            "state": null
          },
          "sensitive_attributes": []
        }
      ]
    },
    {
      "mode": "data",
      "type": "oci_identity_groups",
      "name": "existing_exainfra_admin_group",
      "provider": "provider[\"registry.terraform.io/oracle/oci\"]",
      "instances": [
        {
          "schema_version": 0,
          "attributes": {
            "compartment_id": "ocid1.tenancy.oc1..aaaaaaaaybaroxvhi6u2kygooe3qswfhxfc6q7jo3gyh26r27pl7lfwriq2a",
            "filter": [
              {
                "name": "name",
                "regex": false,
                "values": [
                  ""
                ]
              }
            ],
            "groups": [],
            "id": "IdentityGroupsDataSource-390842708",
            "name": null,
            "state": null
          },
          "sensitive_attributes": []
        }
      ]
    },
    {
      "mode": "data",
      "type": "oci_identity_groups",
      "name": "existing_iam_admin_group",
      "provider": "provider[\"registry.terraform.io/oracle/oci\"]",
      "instances": [
        {
          "schema_version": 0,
          "attributes": {
            "compartment_id": "ocid1.tenancy.oc1..aaaaaaaaybaroxvhi6u2kygooe3qswfhxfc6q7jo3gyh26r27pl7lfwriq2a",
            "filter": [
              {
                "name": "name",
                "regex": false,
                "values": [
                  ""
                ]
              }
            ],
            "groups": [],
            "id": "IdentityGroupsDataSource-390842708",
            "name": null,
            "state": null
          },
          "sensitive_attributes": []
        }
      ]
    },
    {
      "mode": "data",
      "type": "oci_identity_groups",
      "name": "existing_network_admin_group",
      "provider": "provider[\"registry.terraform.io/oracle/oci\"]",
      "instances": [
        {
          "schema_version": 0,
          "attributes": {
            "compartment_id": "ocid1.tenancy.oc1..aaaaaaaaybaroxvhi6u2kygooe3qswfhxfc6q7jo3gyh26r27pl7lfwriq2a",
            "filter": [
              {
                "name": "name",
                "regex": false,
                "values": [
                  ""
                ]
              }
            ],
            "groups": [],
            "id": "IdentityGroupsDataSource-390842708",
            "name": null,
            "state": null
          },
          "sensitive_attributes": []
        }
      ]
    },
    {
      "mode": "data",
      "type": "oci_identity_groups",
      "name": "existing_nprod_group",
      "provider": "provider[\"registry.terraform.io/oracle/oci\"]",
      "instances": [
        {
          "schema_version": 0,
          "attributes": {
            "compartment_id": "ocid1.tenancy.oc1..aaaaaaaaybaroxvhi6u2kygooe3qswfhxfc6q7jo3gyh26r27pl7lfwriq2a",
            "filter": [
              {
                "name": "name",
                "regex": false,
                "values": [
                  ""
                ]
              }
            ],
            "groups": [],
            "id": "IdentityGroupsDataSource-390842708",
            "name": null,
            "state": null
          },
          "sensitive_attributes": []
        }
      ]
    },
    {
      "mode": "data",
      "type": "oci_identity_groups",
      "name": "existing_prod_group",
      "provider": "provider[\"registry.terraform.io/oracle/oci\"]",
      "instances": [
        {
          "schema_version": 0,
          "attributes": {
            "compartment_id": "ocid1.tenancy.oc1..aaaaaaaaybaroxvhi6u2kygooe3qswfhxfc6q7jo3gyh26r27pl7lfwriq2a",
            "filter": [
              {
                "name": "name",
                "regex": false,
                "values": [
                  ""
                ]
              }
            ],
            "groups": [],
            "id": "IdentityGroupsDataSource-390842708",
            "name": null,
            "state": null
          },
          "sensitive_attributes": []
        }
      ]
    },
    {
      "mode": "data",
      "type": "oci_identity_groups",
      "name": "existing_security_admin_group",
      "provider": "provider[\"registry.terraform.io/oracle/oci\"]",
      "instances": [
        {
          "schema_version": 0,
          "attributes": {
            "compartment_id": "ocid1.tenancy.oc1..aaaaaaaaybaroxvhi6u2kygooe3qswfhxfc6q7jo3gyh26r27pl7lfwriq2a",
            "filter": [
              {
                "name": "name",
                "regex": false,
                "values": [
                  ""
                ]
              }
            ],
            "groups": [],
            "id": "IdentityGroupsDataSource-390842708",
            "name": null,
            "state": null
          },
          "sensitive_attributes": []
        }
      ]
    },
    {
      "mode": "data",
      "type": "oci_identity_groups",
      "name": "existing_storage_admin_group",
      "provider": "provider[\"registry.terraform.io/oracle/oci\"]",
      "instances": [
        {
          "schema_version": 0,
          "attributes": {
            "compartment_id": "ocid1.tenancy.oc1..aaaaaaaaybaroxvhi6u2kygooe3qswfhxfc6q7jo3gyh26r27pl7lfwriq2a",
            "filter": [
              {
                "name": "name",
                "regex": false,
                "values": [
                  ""
                ]
              }
            ],
            "groups": [],
            "id": "IdentityGroupsDataSource-390842708",
            "name": null,
            "state": null
          },
          "sensitive_attributes": []
        }
      ]
    },
    {
      "mode": "data",
      "type": "oci_identity_regions",
      "name": "these",
      "provider": "provider[\"registry.terraform.io/oracle/oci\"]",
      "instances": [
        {
          "schema_version": 0,
          "attributes": {
            "filter": null,
            "id": "IdentityRegionsDataSource-0",
            "regions": [
              {
                "key": "AMS",
                "name": "eu-amsterdam-1"
              },
              {
                "key": "ARN",
                "name": "eu-stockholm-1"
              },
              {
                "key": "AUH",
                "name": "me-abudhabi-1"
              },
              {
                "key": "BOG",
                "name": "sa-bogota-1"
              },
              {
                "key": "BOM",
                "name": "ap-mumbai-1"
              },
              {
                "key": "CDG",
                "name": "eu-paris-1"
              },
              {
                "key": "CWL",
                "name": "uk-cardiff-1"
              },
              {
                "key": "DXB",
                "name": "me-dubai-1"
              },
              {
                "key": "FRA",
                "name": "eu-frankfurt-1"
              },
              {
                "key": "GRU",
                "name": "sa-saopaulo-1"
              },
              {
                "key": "HYD",
                "name": "ap-hyderabad-1"
              },
              {
                "key": "IAD",
                "name": "us-ashburn-1"
              },
              {
                "key": "ICN",
                "name": "ap-seoul-1"
              },
              {
                "key": "JED",
                "name": "me-jeddah-1"
              },
              {
                "key": "JNB",
                "name": "af-johannesburg-1"
              },
              {
                "key": "KIX",
                "name": "ap-osaka-1"
              },
              {
                "key": "LHR",
                "name": "uk-london-1"
              },
              {
                "key": "LIN",
                "name": "eu-milan-1"
              },
              {
                "key": "MAD",
                "name": "eu-madrid-1"
              },
              {
                "key": "MEL",
                "name": "ap-melbourne-1"
              },
              {
                "key": "MRS",
                "name": "eu-marseille-1"
              },
              {
                "key": "MTY",
                "name": "mx-monterrey-1"
              },
              {
                "key": "MTZ",
                "name": "il-jerusalem-1"
              },
              {
                "key": "NRT",
                "name": "ap-tokyo-1"
              },
              {
                "key": "ORD",
                "name": "us-chicago-1"
              },
              {
                "key": "PHX",
                "name": "us-phoenix-1"
              },
              {
                "key": "QRO",
                "name": "mx-queretaro-1"
              },
              {
                "key": "SCL",
                "name": "sa-santiago-1"
              },
              {
                "key": "SIN",
                "name": "ap-singapore-1"
              },
              {
                "key": "SJC",
                "name": "us-sanjose-1"
              },
              {
                "key": "SYD",
                "name": "ap-sydney-1"
              },
              {
                "key": "VAP",
                "name": "sa-valparaiso-1"
              },
              {
                "key": "VCP",
                "name": "sa-vinhedo-1"
              },
              {
                "key": "YNY",
                "name": "ap-chuncheon-1"
              },
              {
                "key": "YUL",
                "name": "ca-montreal-1"
              },
              {
                "key": "YYZ",
                "name": "ca-toronto-1"
              },
              {
                "key": "ZRH",
                "name": "eu-zurich-1"
              }
            ]
          },
          "sensitive_attributes": []
        }
      ]
    },
    {
      "mode": "data",
      "type": "oci_identity_tag_namespaces",
      "name": "this",
      "provider": "provider[\"registry.terraform.io/oracle/oci\"]",
      "instances": [
        {
          "schema_version": 0,
          "attributes": {
            "compartment_id": "ocid1.tenancy.oc1..aaaaaaaaybaroxvhi6u2kygooe3qswfhxfc6q7jo3gyh26r27pl7lfwriq2a",
            "filter": null,
            "id": "IdentityTagNamespacesDataSource-390842708",
            "include_subcompartments": null,
            "state": null,
            "tag_namespaces": [
              {
                "compartment_id": "ocid1.tenancy.oc1..aaaaaaaaybaroxvhi6u2kygooe3qswfhxfc6q7jo3gyh26r27pl7lfwriq2a",
                "defined_tags": {},
                "description": "The namespace for the automatic tags.",
                "freeform_tags": {},
                "id": "ocid1.tagnamespace.oc1..aaaaaaaatpceifqc2bbte76l2yvxiywiuzhx3ia5qem5lxlrwtwyzp37hbma",
                "is_retired": false,
                "name": "Oracle-Tags",
                "state": "ACTIVE",
                "time_created": "2022-08-12 15:32:41.225 +0000 UTC"
              }
            ]
          },
          "sensitive_attributes": []
        }
      ]
    },
    {
      "mode": "data",
      "type": "oci_identity_tenancy",
      "name": "this",
      "provider": "provider[\"registry.terraform.io/oracle/oci\"]",
      "instances": [
        {
          "schema_version": 0,
          "attributes": {
            "defined_tags": {},
            "description": "hichemmaatallah",
            "freeform_tags": {},
            "home_region_key": "CDG",
            "id": "ocid1.tenancy.oc1..aaaaaaaaybaroxvhi6u2kygooe3qswfhxfc6q7jo3gyh26r27pl7lfwriq2a",
            "name": "lzt",
            "tenancy_id": "ocid1.tenancy.oc1..aaaaaaaaybaroxvhi6u2kygooe3qswfhxfc6q7jo3gyh26r27pl7lfwriq2a",
            "upi_idcs_compatibility_layer_endpoint": null
          },
          "sensitive_attributes": []
        }
      ]
    },
    {
      "mode": "data",
      "type": "oci_objectstorage_namespace",
      "name": "this",
      "provider": "provider[\"registry.terraform.io/oracle/oci\"]",
      "instances": [
        {
          "schema_version": 0,
          "attributes": {
            "compartment_id": "ocid1.tenancy.oc1..aaaaaaaaybaroxvhi6u2kygooe3qswfhxfc6q7jo3gyh26r27pl7lfwriq2a",
            "id": "ObjectStorageNamespaceDataSource-390842708",
            "namespace": "axikvfj5offl"
          },
          "sensitive_attributes": []
        }
      ]
    },
    {
      "mode": "managed",
      "type": "null_resource",
      "name": "wait_on_compartments",
      "provider": "provider[\"registry.terraform.io/hashicorp/null\"]",
      "instances": [
        {
          "schema_version": 0,
          "attributes": {
            "id": "3069124394127714058",
            "triggers": null
          },
          "sensitive_attributes": [],
          "dependencies": [
            "data.oci_identity_compartment.existing_enclosing_compartment",
            "data.oci_identity_regions.these",
            "data.oci_identity_tenancy.this",
            "module.lz_compartments.oci_identity_compartment.these",
            "module.lz_top_compartment.oci_identity_compartment.these"
          ]
        }
      ]
    },
    {
      "mode": "managed",
      "type": "null_resource",
      "name": "wait_on_services_policy",
      "provider": "provider[\"registry.terraform.io/hashicorp/null\"]",
      "instances": [
        {
          "schema_version": 0,
          "attributes": {
            "id": "5761380057284472898",
            "triggers": null
          },
          "sensitive_attributes": [],
          "dependencies": [
            "data.oci_identity_compartment.existing_enclosing_compartment",
            "data.oci_identity_regions.these",
            "data.oci_identity_tenancy.this",
            "module.lz_compartments.oci_identity_compartment.these",
            "module.lz_dynamic_groups.oci_identity_dynamic_group.these",
            "module.lz_services_policy.oci_identity_policy.these",
            "module.lz_top_compartment.oci_identity_compartment.these"
          ]
        }
      ]
    },
    {
      "module": "module.lz_cloud_guard[0]",
      "mode": "data",
      "type": "oci_cloud_guard_detector_recipes",
      "name": "activity",
      "provider": "provider[\"registry.terraform.io/oracle/oci\"].home",
      "instances": [
        {
          "schema_version": 0,
          "attributes": {
            "access_level": null,
            "compartment_id": "ocid1.tenancy.oc1..aaaaaaaaybaroxvhi6u2kygooe3qswfhxfc6q7jo3gyh26r27pl7lfwriq2a",
            "compartment_id_in_subtree": null,
            "detector_recipe_collection": [
              {
                "items": [
                  {
                    "compartment_id": "ocid1.tenancy.oc1..aaaaaaaaybaroxvhi6u2kygooe3qswfhxfc6q7jo3gyh26r27pl7lfwriq2a",
                    "defined_tags": {},
                    "description": "This is an Oracle managed Oracle Cloud Infrastructure recipe with activity detector rules. To create your own recipe, clone an existing Oracle managed recipe from the root compartment",
                    "detector": "IAAS_ACTIVITY_DETECTOR",
                    "detector_rules": [],
                    "display_name": "OCI Activity Detector Recipe",
                    "effective_detector_rules": [],
                    "freeform_tags": {},
                    "id": "ocid1.cloudguarddetectorrecipe.oc1.eu-paris-1.amaaaaaa6aytp6cqp37hivbzzeggrjruwth26pkfc3mtgzako2v66y3mqnja",
                    "owner": "ORACLE",
                    "source_detector_recipe_id": "Oracle_Managed_Recipe_Activity",
                    "state": "ACTIVE",
                    "system_tags": {},
                    "target_ids": [],
                    "time_created": "2023-04-11 07:56:27.506 +0000 UTC",
                    "time_updated": "2023-04-11 07:56:27.506 +0000 UTC"
                  }
                ]
              }
            ],
            "display_name": "OCI Activity Detector Recipe",
            "filter": null,
            "id": "CloudGuardDetectorRecipesDataSource-2172382915",
            "resource_metadata_only": null,
            "state": null
          },
          "sensitive_attributes": []
        }
      ]
    },
    {
      "module": "module.lz_cloud_guard[0]",
      "mode": "data",
      "type": "oci_cloud_guard_detector_recipes",
      "name": "configuration",
      "provider": "provider[\"registry.terraform.io/oracle/oci\"].home",
      "instances": [
        {
          "schema_version": 0,
          "attributes": {
            "access_level": null,
            "compartment_id": "ocid1.tenancy.oc1..aaaaaaaaybaroxvhi6u2kygooe3qswfhxfc6q7jo3gyh26r27pl7lfwriq2a",
            "compartment_id_in_subtree": null,
            "detector_recipe_collection": [
              {
                "items": [
                  {
                    "compartment_id": "ocid1.tenancy.oc1..aaaaaaaaybaroxvhi6u2kygooe3qswfhxfc6q7jo3gyh26r27pl7lfwriq2a",
                    "defined_tags": {},
                    "description": "This is an Oracle managed Oracle Cloud Infrastructure recipe with configuration detector rules. To create your own recipe, clone an existing Oracle managed recipe from the root compartment",
                    "detector": "IAAS_CONFIGURATION_DETECTOR",
                    "detector_rules": [],
                    "display_name": "OCI Configuration Detector Recipe",
                    "effective_detector_rules": [],
                    "freeform_tags": {},
                    "id": "ocid1.cloudguarddetectorrecipe.oc1.eu-paris-1.amaaaaaa6aytp6cq2mcqfradabevpgoygubu7ufocoq3pngzcrhdvb3jemwq",
                    "owner": "ORACLE",
                    "source_detector_recipe_id": "Oracle_Managed_Recipe_Configuration",
                    "state": "ACTIVE",
                    "system_tags": {},
                    "target_ids": [],
                    "time_created": "2023-04-11 07:56:27.497 +0000 UTC",
                    "time_updated": "2023-04-11 07:56:27.497 +0000 UTC"
                  }
                ]
              }
            ],
            "display_name": "OCI Configuration Detector Recipe",
            "filter": null,
            "id": "CloudGuardDetectorRecipesDataSource-4290572437",
            "resource_metadata_only": null,
            "state": null
          },
          "sensitive_attributes": []
        }
      ]
    },
    {
      "module": "module.lz_cloud_guard[0]",
      "mode": "data",
      "type": "oci_cloud_guard_detector_recipes",
      "name": "threat",
      "provider": "provider[\"registry.terraform.io/oracle/oci\"].home",
      "instances": [
        {
          "schema_version": 0,
          "attributes": {
            "access_level": null,
            "compartment_id": "ocid1.tenancy.oc1..aaaaaaaaybaroxvhi6u2kygooe3qswfhxfc6q7jo3gyh26r27pl7lfwriq2a",
            "compartment_id_in_subtree": null,
            "detector_recipe_collection": [
              {
                "items": [
                  {
                    "compartment_id": "ocid1.tenancy.oc1..aaaaaaaaybaroxvhi6u2kygooe3qswfhxfc6q7jo3gyh26r27pl7lfwriq2a",
                    "defined_tags": {},
                    "description": "This is an Oracle managed Oracle Cloud Infrastructure recipe with threat detector rules. To create your own recipe, clone an existing Oracle managed recipe from the root compartment",
                    "detector": "IAAS_THREAT_DETECTOR",
                    "detector_rules": [],
                    "display_name": "OCI Threat Detector Recipe",
                    "effective_detector_rules": [],
                    "freeform_tags": {},
                    "id": "ocid1.cloudguarddetectorrecipe.oc1.eu-paris-1.amaaaaaa6aytp6cquu4z6fr3qfein2yc5munvn6dwxeue32roqkgebmyrn3q",
                    "owner": "ORACLE",
                    "source_detector_recipe_id": "Oracle_Managed_Recipe_Threat",
                    "state": "ACTIVE",
                    "system_tags": {},
                    "target_ids": [],
                    "time_created": "2023-04-11 07:56:27.511 +0000 UTC",
                    "time_updated": "2023-04-11 07:56:27.511 +0000 UTC"
                  }
                ]
              }
            ],
            "display_name": "OCI Threat Detector Recipe",
            "filter": null,
            "id": "CloudGuardDetectorRecipesDataSource-1627095108",
            "resource_metadata_only": null,
            "state": null
          },
          "sensitive_attributes": []
        }
      ]
    },
    {
      "module": "module.lz_cloud_guard[0]",
      "mode": "data",
      "type": "oci_cloud_guard_responder_recipes",
      "name": "responder",
      "provider": "provider[\"registry.terraform.io/oracle/oci\"].home",
      "instances": [
        {
          "schema_version": 0,
          "attributes": {
            "access_level": null,
            "compartment_id": "ocid1.tenancy.oc1..aaaaaaaaybaroxvhi6u2kygooe3qswfhxfc6q7jo3gyh26r27pl7lfwriq2a",
            "compartment_id_in_subtree": null,
            "display_name": "OCI Responder Recipe",
            "filter": null,
            "id": "CloudGuardResponderRecipesDataSource-3414229056",
            "resource_metadata_only": null,
            "responder_recipe_collection": [
              {
                "items": [
                  {
                    "compartment_id": "ocid1.tenancy.oc1..aaaaaaaaybaroxvhi6u2kygooe3qswfhxfc6q7jo3gyh26r27pl7lfwriq2a",
                    "defined_tags": {},
                    "description": "This is an Oracle managed Oracle Cloud Infrastructure recipe with notification and remediation responder rules. To create your own recipe, clone an existing Oracle managed recipe from the root compartment",
                    "display_name": "OCI Responder Recipe",
                    "effective_responder_rules": [],
                    "freeform_tags": {},
                    "id": "ocid1.cloudguardresponderrecipe.oc1.eu-paris-1.amaaaaaa6aytp6cqg6zvzgjyu4iczyo5lvvixppj6qs33qrkurzefblupova",
                    "lifecycle_details": "",
                    "owner": "ORACLE",
                    "responder_rules": [],
                    "source_responder_recipe_id": "Oracle_Managed_Responder_Recipe",
                    "state": "ACTIVE",
                    "system_tags": {},
                    "time_created": "2023-04-11 07:56:27.605 +0000 UTC",
                    "time_updated": "2023-04-11 07:56:27.605 +0000 UTC"
                  }
                ]
              }
            ],
            "state": null
          },
          "sensitive_attributes": []
        }
      ]
    },
    {
      "module": "module.lz_cloud_guard[0]",
      "mode": "managed",
      "type": "oci_cloud_guard_cloud_guard_configuration",
      "name": "this",
      "provider": "provider[\"registry.terraform.io/oracle/oci\"].home",
      "instances": [
        {
          "schema_version": 0,
          "attributes": {
            "compartment_id": "ocid1.tenancy.oc1..aaaaaaaaybaroxvhi6u2kygooe3qswfhxfc6q7jo3gyh26r27pl7lfwriq2a",
            "id": "configuration",
            "reporting_region": "eu-paris-1",
            "self_manage_resources": false,
            "status": "ENABLED",
            "timeouts": null
          },
          "sensitive_attributes": [],
          "private": "eyJlMmJmYjczMC1lY2FhLTExZTYtOGY4OC0zNDM2M2JjN2M0YzAiOnsiY3JlYXRlIjoxMjAwMDAwMDAwMDAwLCJkZWxldGUiOjEyMDAwMDAwMDAwMDAsInVwZGF0ZSI6MTIwMDAwMDAwMDAwMH19",
          "dependencies": [
            "data.oci_identity_compartment.existing_enclosing_compartment",
            "data.oci_identity_regions.these",
            "data.oci_identity_tenancy.this",
            "module.lz_compartments.oci_identity_compartment.these",
            "module.lz_dynamic_groups.oci_identity_dynamic_group.these",
            "module.lz_services_policy.oci_identity_policy.these",
            "module.lz_top_compartment.oci_identity_compartment.these",
            "null_resource.wait_on_services_policy"
          ]
        }
      ]
    },
    {
      "module": "module.lz_cloud_guard[0]",
      "mode": "managed",
      "type": "oci_cloud_guard_target",
      "name": "this",
      "provider": "provider[\"registry.terraform.io/oracle/oci\"].home",
      "instances": [
        {
          "index_key": 0,
          "schema_version": 0,
          "attributes": {
            "compartment_id": "ocid1.tenancy.oc1..aaaaaaaaybaroxvhi6u2kygooe3qswfhxfc6q7jo3gyh26r27pl7lfwriq2a",
            "defined_tags": {
              "Oracle-Tags.CreatedBy": "default/mohamed.youssef.fersi@looyas.com",
              "Oracle-Tags.CreatedOn": "2024-05-09T09:19:34.059Z"
            },
            "description": null,
            "display_name": "LZdemo-cloud-guard-root-target",
            "freeform_tags": {
              "cis-landing-zone": "LZdemo-quickstart"
            },
            "id": "ocid1.cloudguardtarget.oc1.eu-paris-1.amaaaaaa6aytp6aabrl4yzhx23wu7m4xvfd2zaehj3cthxnc34gpqllgcovq",
            "inherited_by_compartments": [
              "ocid1.compartment.oc1..aaaaaaaazxskkhfpbjhfx25ude2qb7uqquuhz4vpo2ffzciyfo6qx2aczglq",
              "ocid1.compartment.oc1..aaaaaaaarcnomheb6ckz3wxjsdweboj7vreg2kx725ltq4ng3qohyfrupgxa",
              "ocid1.compartment.oc1..aaaaaaaa6f7wdw77gbtihannm3tlmciepdtcl4m4to33qwjyem35up4lrg2q",
              "ocid1.compartment.oc1..aaaaaaaahw3uzinqqlqmxiisol2xdrz6erw4lqmgxuyvsz5qmsfdo7w2xkha",
              "ocid1.compartment.oc1..aaaaaaaausf7nolbx3aph6vrubbqo3q6an2ezrymubjbe7hjxl7xravgvzzq",
              "ocid1.compartment.oc1..aaaaaaaa4ofr3xaz4qwganqar57r2sgjeeod4ejxtsrx46dnerwlowwvf3eq",
              "ocid1.compartment.oc1..aaaaaaaacqujyl6pn73322mlwfnp2u6dmuvq2kehnizvrgk5o5gihvtc577q",
              "ocid1.compartment.oc1..aaaaaaaa7urm5fv2z2o5j7dmx6uotao3v36umb7ui3betbvdonzvtqt4phra",
              "ocid1.compartment.oc1..aaaaaaaadasmsbtdyd5ygcd6g544bcg2obnkuvdlyfy5zbdl6esom3ju5r6a"
            ],
            "lifecyle_details": null,
            "recipe_count": 4,
            "state": "ACTIVE",
            "system_tags": {},
            "target_details": [],
            "target_detector_recipes": [
              {
                "compartment_id": "ocid1.tenancy.oc1..aaaaaaaaybaroxvhi6u2kygooe3qswfhxfc6q7jo3gyh26r27pl7lfwriq2a",
                "description": "This is an Oracle managed Oracle Cloud Infrastructure recipe with threat detector rules. To create your own recipe, clone an existing Oracle managed recipe from the root compartment",
                "detector": "IAAS_THREAT_DETECTOR",
                "detector_recipe_id": "ocid1.cloudguarddetectorrecipe.oc1.eu-paris-1.amaaaaaa6aytp6cquu4z6fr3qfein2yc5munvn6dwxeue32roqkgebmyrn3q",
                "detector_rules": [],
                "display_name": "OCI Threat Detector Recipe",
                "effective_detector_rules": [
                  {
                    "data_source_id": "",
                    "description": "Adversaries may use brute force techniques to gain access to accounts when passwords are unknown. Users may abuse their assigned privileges and perform tasks well beyond business requirements, that can be detrimental to the organization. This User has performed activities which resulted in an elevated Risk Score that is above the Problem Threshold, which may indicate a compromised account or an insider threat.",
                    "details": [
                      {
                        "condition_groups": [],
                        "configurations": [],
                        "is_configuration_allowed": false,
                        "is_enabled": true,
                        "labels": [],
                        "risk_level": "MINOR"
                      }
                    ],
                    "detector": "IAAS_THREAT_DETECTOR",
                    "detector_rule_id": "ROGUE_USER",
                    "display_name": "Rogue User",
                    "entities_mappings": [],
                    "lifecycle_details": "",
                    "managed_list_types": [
                      "RESOURCE_OCID"
                    ],
                    "recommendation": "Evaluate the Sightings provided as evidence and consider reaching out to the user to ascertain they follow a valid business requirements. Consider temporarily disabling the account during the investigation, and require a password reset if the user doesn't recognize the activity",
                    "resource_type": "User",
                    "service_type": "IAM",
                    "state": "ACTIVE",
                    "time_created": "2024-05-09 09:19:34.89 +0000 UTC",
                    "time_updated": "2024-05-09 09:19:34.89 +0000 UTC"
                  }
                ],
                "id": "ocid1.cloudguarddetectorrecipe.oc1.eu-paris-1.amaaaaaa6aytp6cqofxbhlp6bbrlsyjocz2ht52rq4aokyhs6lnl5dr5edma",
                "owner": "ORACLE",
                "state": "ACTIVE",
                "time_created": "2024-05-09 09:19:34.89 +0000 UTC",
                "time_updated": "2024-05-09 09:19:34.89 +0000 UTC"
              },
              {
                "compartment_id": "ocid1.tenancy.oc1..aaaaaaaaybaroxvhi6u2kygooe3qswfhxfc6q7jo3gyh26r27pl7lfwriq2a",
                "description": "This is an Oracle managed Oracle Cloud Infrastructure recipe with configuration detector rules. To create your own recipe, clone an existing Oracle managed recipe from the root compartment",
                "detector": "IAAS_CONFIGURATION_DETECTOR",
                "detector_recipe_id": "ocid1.cloudguarddetectorrecipe.oc1.eu-paris-1.amaaaaaa6aytp6cq2mcqfradabevpgoygubu7ufocoq3pngzcrhdvb3jemwq",
                "detector_rules": [],
                "display_name": "OCI Configuration Detector Recipe",
                "effective_detector_rules": [
                  {
                    "data_source_id": "",
                    "description": "This detector rule identifies all instances that have a public IP assigned and reside on a public subnet reachable via an Internet Gateway, has a route table entry to the Internet Gateway and allows traffic from any protocol.",
                    "details": [
                      {
                        "condition_groups": [],
                        "configurations": [],
                        "is_configuration_allowed": false,
                        "is_enabled": true,
                        "labels": [
                          "CIS_OCI_V1.0_NETWORK",
                          "CIS_OCI_V1.1_NETWORK",
                          "Compute"
                        ],
                        "risk_level": "CRITICAL"
                      }
                    ],
                    "detector": "IAAS_CONFIGURATION_DETECTOR",
                    "detector_rule_id": "INSTANCE_PUBLICLY_ACCESSIBLE",
                    "display_name": "Instance is publicly accessible",
                    "entities_mappings": [],
                    "lifecycle_details": "",
                    "managed_list_types": [
                      "RESOURCE_OCID"
                    ],
                    "recommendation": "Carefully consider allowing internet access to any instances. For an instance to be publicly addressable, it must have a public IP, exist in a public VCN subnet or in VCN NSG ingress security rule, the VCN must have an Internet Gateway enabled and be configured for outbound traffic and the security list for the subnet must be configured for all IPs and all ports (0.0.0.0/0).",
                    "resource_type": "Instance",
                    "service_type": "Compute",
                    "state": "ACTIVE",
                    "time_created": "2024-05-09 09:19:34.89 +0000 UTC",
                    "time_updated": "2024-05-09 09:19:34.89 +0000 UTC"
                  },
                  {
                    "data_source_id": "",
                    "description": "Checks public IP only",
                    "details": [
                      {
                        "condition_groups": [],
                        "configurations": [],
                        "is_configuration_allowed": false,
                        "is_enabled": true,
                        "labels": [
                          "CIS_OCI_V1.0_NETWORK",
                          "CIS_OCI_V1.1_NETWORK",
                          "COMPUTE"
                        ],
                        "risk_level": "HIGH"
                      }
                    ],
                    "detector": "IAAS_CONFIGURATION_DETECTOR",
                    "detector_rule_id": "INSTANCE_WITH_PUBLIC_IP",
                    "display_name": "Instance has a public IP address",
                    "entities_mappings": [],
                    "lifecycle_details": "",
                    "managed_list_types": [
                      "RESOURCE_OCID"
                    ],
                    "recommendation": "Carefully consider allowing internet access to any instances. For example, you do not want to accidentally allow internet access to sensitive database instances.",
                    "resource_type": "Instance",
                    "service_type": "Compute",
                    "state": "ACTIVE",
                    "time_created": "2024-05-09 09:19:34.89 +0000 UTC",
                    "time_updated": "2024-05-09 09:19:34.89 +0000 UTC"
                  },
                  {
                    "data_source_id": "",
                    "description": "Untagged resources in OCI indicate that infrastructure has been created without the use of corporate-sanctioned tags. Uncontrolled infrastructure can result in a weakened security posture. Alert if an untagged resource is found. Resource types that will trigger an alert if untagged: compute images (IMAGE), compute instances (INSTANCE), database systems (DB_SYSTEM), VCNs (VCN), object storage (BUCKET), and storage block volumes (VOLUME).",
                    "details": [
                      {
                        "condition_groups": [],
                        "configurations": [],
                        "is_configuration_allowed": true,
                        "is_enabled": true,
                        "labels": [
                          "CIS_OCI_V1.0_MONITORING",
                          "CIS_OCI_V1.1_MONITORING",
                          "TAGS"
                        ],
                        "risk_level": "LOW"
                      }
                    ],
                    "detector": "IAAS_CONFIGURATION_DETECTOR",
                    "detector_rule_id": "RESOURCE_NOT_TAGGED",
                    "display_name": "Resource is not tagged appropriately",
                    "entities_mappings": [],
                    "lifecycle_details": "",
                    "managed_list_types": [
                      "RESOURCE_OCID"
                    ],
                    "recommendation": "Verify that the configured tags are in use for compute images, compute instances, database systems, VCNs, object storage, and storage block volumes.",
                    "resource_type": "ResourceTag",
                    "service_type": "ResourceTag",
                    "state": "ACTIVE",
                    "time_created": "2024-05-09 09:19:34.89 +0000 UTC",
                    "time_updated": "2024-05-09 09:19:34.89 +0000 UTC"
                  },
                  {
                    "data_source_id": "",
                    "description": "This detector rule identifies all database systems that have a public IP assigned and reside on a public subnet reachable via an Internet Gateway and allows traffic from \"All protocols\"",
                    "details": [
                      {
                        "condition_groups": [],
                        "configurations": [],
                        "is_configuration_allowed": false,
                        "is_enabled": true,
                        "labels": [
                          "Database"
                        ],
                        "risk_level": "CRITICAL"
                      }
                    ],
                    "detector": "IAAS_CONFIGURATION_DETECTOR",
                    "detector_rule_id": "DATABASE_PUBLICLY_ACCESSIBLE",
                    "display_name": "Database System is publicly accessible",
                    "entities_mappings": [],
                    "lifecycle_details": "",
                    "managed_list_types": [
                      "RESOURCE_OCID"
                    ],
                    "recommendation": "Carefully consider allowing internet access to any database system. For a database system to be publicly addressable, it must have a public IP, exist in a public VCN subnet or in VCN NSG ingress security rule, the VCN must have an Internet Gateway enabled and be configured for outbound traffic and the security list for the subnet must be configured for all IPs and all ports (0.0.0.0/0).",
                    "resource_type": "ExadataBareMetalVM",
                    "service_type": "Database",
                    "state": "ACTIVE",
                    "time_created": "2024-05-09 09:19:34.89 +0000 UTC",
                    "time_updated": "2024-05-09 09:19:34.89 +0000 UTC"
                  },
                  {
                    "data_source_id": "",
                    "description": "Changing IAM Auth Tokens at least every 90 days is a security best practice. The longer that IAM credentials remain unchanged, the greater the risk that they can become compromised.",
                    "details": [
                      {
                        "condition_groups": [],
                        "configurations": [
                          {
                            "config_key": "authTokenTooOldConfig",
                            "data_type": "int",
                            "name": "Days",
                            "value": "90",
                            "values": []
                          }
                        ],
                        "is_configuration_allowed": true,
                        "is_enabled": true,
                        "labels": [
                          "CIS_OCI_V1.0_IAM",
                          "CIS_OCI_V1.1_IAM",
                          "IAM"
                        ],
                        "risk_level": "MEDIUM"
                      }
                    ],
                    "detector": "IAAS_CONFIGURATION_DETECTOR",
                    "detector_rule_id": "AUTH_TOKEN_TOO_OLD",
                    "display_name": "IAM Auth token is too old",
                    "entities_mappings": [],
                    "lifecycle_details": "",
                    "managed_list_types": [
                      "RESOURCE_OCID"
                    ],
                    "recommendation": "Rotate IAM Auth token regularly, at least every 90 days.",
                    "resource_type": "IAM auth token key",
                    "service_type": "IAM",
                    "state": "ACTIVE",
                    "time_created": "2024-05-09 09:19:34.89 +0000 UTC",
                    "time_updated": "2024-05-09 09:19:34.89 +0000 UTC"
                  },
                  {
                    "data_source_id": "",
                    "description": "This identifies all instances built from Oracle public images. Platform Images, Oracle Images and Partner images are considered as Oracle public images.",
                    "details": [
                      {
                        "condition_groups": [],
                        "configurations": [],
                        "is_configuration_allowed": false,
                        "is_enabled": false,
                        "labels": [
                          "Compute"
                        ],
                        "risk_level": "LOW"
                      }
                    ],
                    "detector": "IAAS_CONFIGURATION_DETECTOR",
                    "detector_rule_id": "INSTANCE_RUNNING_OPC",
                    "display_name": "Instance is running an Oracle public image",
                    "entities_mappings": [],
                    "lifecycle_details": "",
                    "managed_list_types": [
                      "RESOURCE_OCID"
                    ],
                    "recommendation": "Ensure that your instances are all running sanctioned images from trusted sources.",
                    "resource_type": "Instance",
                    "service_type": "Compute",
                    "state": "ACTIVE",
                    "time_created": "2024-05-09 09:19:34.89 +0000 UTC",
                    "time_updated": "2024-05-09 09:19:34.89 +0000 UTC"
                  },
                  {
                    "data_source_id": "",
                    "description": "For information security, you should periodically change or rotate, passwords, keys, and cryptographic materials. Rotating your keys in vault reduces the impact and probability of key compromise.",
                    "details": [
                      {
                        "condition_groups": [],
                        "configurations": [
                          {
                            "config_key": "keyNotRotatedConfig",
                            "data_type": "int",
                            "name": "Days",
                            "value": "365",
                            "values": []
                          }
                        ],
                        "is_configuration_allowed": true,
                        "is_enabled": true,
                        "labels": [
                          "CIS_OCI_V1.1_MONITORING",
                          "KMS"
                        ],
                        "risk_level": "MEDIUM"
                      }
                    ],
                    "detector": "IAAS_CONFIGURATION_DETECTOR",
                    "detector_rule_id": "KEY_NOT_ROTATED",
                    "display_name": "Key has not been rotated",
                    "entities_mappings": [],
                    "lifecycle_details": "",
                    "managed_list_types": [
                      "RESOURCE_OCID"
                    ],
                    "recommendation": "Ensure that you rotate the vault keys regularly.",
                    "resource_type": "VaultKey",
                    "service_type": "Vault",
                    "state": "ACTIVE",
                    "time_created": "2024-05-09 09:19:34.89 +0000 UTC",
                    "time_updated": "2024-05-09 09:19:34.89 +0000 UTC"
                  },
                  {
                    "data_source_id": "",
                    "description": "Use of a public IP address to access a database increases your exposure to potential security and business continuity risks.",
                    "details": [
                      {
                        "condition_groups": [],
                        "configurations": [],
                        "is_configuration_allowed": false,
                        "is_enabled": true,
                        "labels": [
                          "Database"
                        ],
                        "risk_level": "HIGH"
                      }
                    ],
                    "detector": "IAAS_CONFIGURATION_DETECTOR",
                    "detector_rule_id": "DATABASE_HAS_PUBLIC_IP",
                    "display_name": "Database System has public IP address",
                    "entities_mappings": [],
                    "lifecycle_details": "",
                    "managed_list_types": [
                      "RESOURCE_OCID"
                    ],
                    "recommendation": "Ensure that the database system does not have a public IP address.",
                    "resource_type": "ExadataBareMetalVM",
                    "service_type": "Database",
                    "state": "ACTIVE",
                    "time_created": "2024-05-09 09:19:34.89 +0000 UTC",
                    "time_updated": "2024-05-09 09:19:34.89 +0000 UTC"
                  },
                  {
                    "data_source_id": "",
                    "description": "IAM group membership frequently grants access to resources and features. Group memberships that have too many members may represent overly permissive privileges being given to too many users.",
                    "details": [
                      {
                        "condition_groups": [],
                        "configurations": [
                          {
                            "config_key": "iamGroupMaxMemberConfig",
                            "data_type": "int",
                            "name": "Maximum Group Members",
                            "value": "100",
                            "values": []
                          }
                        ],
                        "is_configuration_allowed": true,
                        "is_enabled": true,
                        "labels": [
                          "IAM"
                        ],
                        "risk_level": "MEDIUM"
                      }
                    ],
                    "detector": "IAAS_CONFIGURATION_DETECTOR",
                    "detector_rule_id": "OCI_IAM_GRP_TOO_MANY_MEMBERS_FOUND",
                    "display_name": "IAM group has too many members",
                    "entities_mappings": [],
                    "lifecycle_details": "",
                    "managed_list_types": [
                      "RESOURCE_OCID"
                    ],
                    "recommendation": "Review the group membership and related privileges to ensure that excessive privileges or overly broad memberships to privileges are not present.",
                    "resource_type": "Group",
                    "service_type": "IAM",
                    "state": "ACTIVE",
                    "time_created": "2024-05-09 09:19:34.89 +0000 UTC",
                    "time_updated": "2024-05-09 09:19:34.89 +0000 UTC"
                  },
                  {
                    "data_source_id": "",
                    "description": "If your OCI tenancy uses tags as a control for your environment, this control will alert when an instance is running without required tags.",
                    "details": [
                      {
                        "condition_groups": [],
                        "configurations": [],
                        "is_configuration_allowed": true,
                        "is_enabled": true,
                        "labels": [
                          "CIS_OCI_V1.0_MONITORING",
                          "CIS_OCI_V1.1_MONITORING",
                          "TAGS"
                        ],
                        "risk_level": "MEDIUM"
                      }
                    ],
                    "detector": "IAAS_CONFIGURATION_DETECTOR",
                    "detector_rule_id": "INSTANCE_WITHOUT_REQUIRED_TAGS",
                    "display_name": "Instance is running without required Tags",
                    "entities_mappings": [],
                    "lifecycle_details": "",
                    "managed_list_types": [
                      "RESOURCE_OCID"
                    ],
                    "recommendation": "Ensure that the instances are using required tags.",
                    "resource_type": "Instance",
                    "service_type": "Compute",
                    "state": "ACTIVE",
                    "time_created": "2024-05-09 09:19:34.89 +0000 UTC",
                    "time_updated": "2024-05-09 09:19:34.89 +0000 UTC"
                  },
                  {
                    "data_source_id": "",
                    "description": "Data Safe helps ensure your databases are securely configured. This service should be activated to help monitor, secure, and mitigate risks inside your Oracle cloud databases.",
                    "details": [
                      {
                        "condition_groups": [],
                        "configurations": [],
                        "is_configuration_allowed": false,
                        "is_enabled": true,
                        "labels": [
                          "Database Security"
                        ],
                        "risk_level": "HIGH"
                      }
                    ],
                    "detector": "IAAS_CONFIGURATION_DETECTOR",
                    "detector_rule_id": "DATA_SAFE_NOT_ENABLED",
                    "display_name": "Data Safe is not enabled",
                    "entities_mappings": [],
                    "lifecycle_details": "",
                    "managed_list_types": [
                      "RESOURCE_OCID"
                    ],
                    "recommendation": "Enable Data Safe and configure assessments to evaluate and monitor configuration, check user activities, and mitigate risks.",
                    "resource_type": "Tenancy",
                    "service_type": "Database Security",
                    "state": "ACTIVE",
                    "time_created": "2024-05-09 09:19:34.89 +0000 UTC",
                    "time_updated": "2024-05-09 09:19:34.89 +0000 UTC"
                  },
                  {
                    "data_source_id": "",
                    "description": "Running unsanctioned versions of DB Systems may increase your chances of a security breach, putting your data confidentiality, integrity, and availability at risk.",
                    "details": [
                      {
                        "condition_groups": [],
                        "configurations": [],
                        "is_configuration_allowed": true,
                        "is_enabled": true,
                        "labels": [
                          "Database"
                        ],
                        "risk_level": "CRITICAL"
                      }
                    ],
                    "detector": "IAAS_CONFIGURATION_DETECTOR",
                    "detector_rule_id": "DATABASE_SYSTEM_VERSION_NOT_SANCTIONED",
                    "display_name": "Database System version is not sanctioned",
                    "entities_mappings": [],
                    "lifecycle_details": "",
                    "managed_list_types": [
                      "RESOURCE_OCID"
                    ],
                    "recommendation": "Oracle recommends that the deployed Database system version is approved and tested.",
                    "resource_type": "ExadataBareMetalVM",
                    "service_type": "Database",
                    "state": "ACTIVE",
                    "time_created": "2024-05-09 09:19:34.89 +0000 UTC",
                    "time_updated": "2024-05-09 09:19:34.89 +0000 UTC"
                  },
                  {
                    "data_source_id": "",
                    "description": "Changing IAM Console password at least every 90 days is a security best practice. The longer that IAM credentials remain unchanged, the greater the risk that they can become compromised.",
                    "details": [
                      {
                        "condition_groups": [],
                        "configurations": [
                          {
                            "config_key": "passwordTooOldConfig",
                            "data_type": "int",
                            "name": "Days",
                            "value": "90",
                            "values": []
                          }
                        ],
                        "is_configuration_allowed": true,
                        "is_enabled": true,
                        "labels": [
                          "CIS_OCI_V1.0_IAM",
                          "CIS_OCI_V1.1_IAM",
                          "IAM"
                        ],
                        "risk_level": "MEDIUM"
                      }
                    ],
                    "detector": "IAAS_CONFIGURATION_DETECTOR",
                    "detector_rule_id": "PASSWORD_TOO_OLD",
                    "display_name": "Password is too old",
                    "entities_mappings": [],
                    "lifecycle_details": "",
                    "managed_list_types": [
                      "RESOURCE_OCID"
                    ],
                    "recommendation": "Rotate IAM Console password regularly, at least every 90 days.",
                    "resource_type": "User",
                    "service_type": "IAM",
                    "state": "ACTIVE",
                    "time_created": "2024-05-09 09:19:34.89 +0000 UTC",
                    "time_updated": "2024-05-09 09:19:34.89 +0000 UTC"
                  },
                  {
                    "data_source_id": "",
                    "description": "Multifactor authentication provides an additional layer of security, on top of user name and password. A second verification factor is required each time a user logs in. During the authentication process, users can enable a single device as a trusted device for a maximum period of one day. The email passcode must not be valid for more than 10 minutes. All this provides a degree of protection from password spraying, credential stuffing, and account takeover attacks.",
                    "details": [
                      {
                        "condition_groups": [],
                        "configurations": [],
                        "is_configuration_allowed": false,
                        "is_enabled": true,
                        "labels": [
                          "CIS_OCI_V1.0_IAM",
                          "CIS_OCI_V1.1_IAM",
                          "IAM"
                        ],
                        "risk_level": "CRITICAL"
                      }
                    ],
                    "detector": "IAAS_CONFIGURATION_DETECTOR",
                    "detector_rule_id": "NO_MFA_ENABLED_FOR_USER",
                    "display_name": "User does not have MFA enabled",
                    "entities_mappings": [],
                    "lifecycle_details": "",
                    "managed_list_types": [
                      "RESOURCE_OCID"
                    ],
                    "recommendation": "Enable MFA for all users, using the Oracle Mobile Authenticator (OMA) application on each user's mobile device and the one-time passcode (OTP) sent to the user's registered email address.",
                    "resource_type": "User",
                    "service_type": "IAM",
                    "state": "ACTIVE",
                    "time_created": "2024-05-09 09:19:34.89 +0000 UTC",
                    "time_updated": "2024-05-09 09:19:34.89 +0000 UTC"
                  },
                  {
                    "data_source_id": "",
                    "description": "Complex passwords are harder to guess and can decrease the chances of unauthorized access or compromised data.",
                    "details": [
                      {
                        "condition_groups": [],
                        "configurations": [
                          {
                            "config_key": "passwordPolicyMinLength",
                            "data_type": "int",
                            "name": "Required password length",
                            "value": "14",
                            "values": []
                          },
                          {
                            "config_key": "passwordPolicyUpperCharRequired",
                            "data_type": "boolean",
                            "name": "Uppercase character requirement",
                            "value": "true",
                            "values": []
                          },
                          {
                            "config_key": "passwordPolicyLowerCharRequired",
                            "data_type": "boolean",
                            "name": "Lowercase character requirement",
                            "value": "true",
                            "values": []
                          },
                          {
                            "config_key": "passwordPolicyNumericCharRequired",
                            "data_type": "boolean",
                            "name": "Numeric character requirement",
                            "value": "true",
                            "values": []
                          },
                          {
                            "config_key": "passwordPolicySpecialCharRequired",
                            "data_type": "boolean",
                            "name": "Special character requirement",
                            "value": "true",
                            "values": []
                          }
                        ],
                        "is_configuration_allowed": true,
                        "is_enabled": true,
                        "labels": [
                          "CIS_OCI_V1.1_IAM",
                          "CIS_OCI_V1.0_IAM",
                          "IAM"
                        ],
                        "risk_level": "LOW"
                      }
                    ],
                    "detector": "IAAS_CONFIGURATION_DETECTOR",
                    "detector_rule_id": "PASSWORD_POLICY_NOT_COMPLEX",
                    "display_name": "Password policy does not meet complexity requirements",
                    "entities_mappings": [],
                    "lifecycle_details": "",
                    "managed_list_types": [
                      "RESOURCE_OCID"
                    ],
                    "recommendation": "Oracle recommends that a strong password policy include combination of the lower and upper case alphabets, numbers and special characters with appropriate password length. Enable right policy rules under Identity -\u003e Authentication settings",
                    "resource_type": "Policy",
                    "service_type": "IAM",
                    "state": "ACTIVE",
                    "time_created": "2024-05-09 09:19:34.89 +0000 UTC",
                    "time_updated": "2024-05-09 09:19:34.89 +0000 UTC"
                  },
                  {
                    "data_source_id": "",
                    "description": "This detector rule triggers a problem when the cipher suite configured for the load balancer's listener or backendSet is oci-wider-compatible-ssl-cipher-suite-v1. This cipher suite includes algorithms like DES and RC4, which are largely considered weak and are prone to attacks. This detector is only applicable for predefined Cipher suites and not the Custom cipher suite values.",
                    "details": [
                      {
                        "condition_groups": [],
                        "configurations": [],
                        "is_configuration_allowed": false,
                        "is_enabled": true,
                        "labels": [
                          "Network"
                        ],
                        "risk_level": "MEDIUM"
                      }
                    ],
                    "detector": "IAAS_CONFIGURATION_DETECTOR",
                    "detector_rule_id": "LB_WEAK_CIPHER_SUITE",
                    "display_name": "Load balancer allows weak cipher suite",
                    "entities_mappings": [],
                    "lifecycle_details": "",
                    "managed_list_types": [
                      "RESOURCE_OCID"
                    ],
                    "recommendation": "Recommended to use default/modern/compatible cipher suites that support stronger encryption.",
                    "resource_type": "LoadBalancer",
                    "service_type": "Networking",
                    "state": "ACTIVE",
                    "time_created": "2024-05-09 09:19:34.89 +0000 UTC",
                    "time_updated": "2024-05-09 09:19:34.89 +0000 UTC"
                  },
                  {
                    "data_source_id": "",
                    "description": "Network security groups (NSGs) act as a virtual firewall for compute instances and other kinds of resources. NSGs inbound (ingress) security rules apply to a set of virtual NICs in a VCN to allow access to specific ports and IP addresses.",
                    "details": [
                      {
                        "condition_groups": [],
                        "configurations": [
                          {
                            "config_key": "nsgIngressRuleDisallowedPortsConfig",
                            "data_type": "string",
                            "name": "Default disallowed ports",
                            "value": "TCP:[11,17-19,21,23-25,43,49,53,70-74,79-81,88,111,123,389,636,445,500,3306,3389,5901,5985,5986,7001,8000,8080,8443,8888], UDP:[11,17-19,49,69,80,82,83-85,389,443,656,8080]",
                            "values": []
                          }
                        ],
                        "is_configuration_allowed": true,
                        "is_enabled": true,
                        "labels": [
                          "CIS_OCI_V1.0_NETWORK",
                          "CIS_OCI_V1.1_NETWORK",
                          "Network"
                        ],
                        "risk_level": "HIGH"
                      }
                    ],
                    "detector": "IAAS_CONFIGURATION_DETECTOR",
                    "detector_rule_id": "VCN_NSG_INGRESS_RULE_PORTS_CHECK",
                    "display_name": "NSG ingress rule contains disallowed IP/port",
                    "entities_mappings": [],
                    "lifecycle_details": "",
                    "managed_list_types": [
                      "RESOURCE_OCID"
                    ],
                    "recommendation": "Ensure that the ingress rules for communication with the IP/port are permitted for this NSG.",
                    "resource_type": "NSG",
                    "service_type": "Networking",
                    "state": "ACTIVE",
                    "time_created": "2024-05-09 09:19:34.89 +0000 UTC",
                    "time_updated": "2024-05-09 09:19:34.89 +0000 UTC"
                  },
                  {
                    "data_source_id": "",
                    "description": "Changing IAM Customer secret keys at least every 90 days is a security best practice. The longer that IAM credentials remain unchanged, the greater the risk that they can become compromised.",
                    "details": [
                      {
                        "condition_groups": [],
                        "configurations": [
                          {
                            "config_key": "secretKeyTooOldConfig",
                            "data_type": "int",
                            "name": "Days",
                            "value": "90",
                            "values": []
                          }
                        ],
                        "is_configuration_allowed": true,
                        "is_enabled": true,
                        "labels": [
                          "CIS_OCI_V1.0_IAM",
                          "CIS_OCI_V1.1_IAM",
                          "IAM"
                        ],
                        "risk_level": "MEDIUM"
                      }
                    ],
                    "detector": "IAAS_CONFIGURATION_DETECTOR",
                    "detector_rule_id": "SECRET_KEY_TOO_OLD",
                    "display_name": "IAM Customer secret key is too old",
                    "entities_mappings": [],
                    "lifecycle_details": "",
                    "managed_list_types": [
                      "RESOURCE_OCID"
                    ],
                    "recommendation": "Rotate IAM Customer secret  keys regularly, at least every 90 days.",
                    "resource_type": "IAM customer secret key",
                    "service_type": "IAM",
                    "state": "ACTIVE",
                    "time_created": "2024-05-09 09:19:34.89 +0000 UTC",
                    "time_updated": "2024-05-09 09:19:34.89 +0000 UTC"
                  },
                  {
                    "data_source_id": "",
                    "description": "To ensure continuous security and usability, SSL certificates must be rotated in OCI.",
                    "details": [
                      {
                        "condition_groups": [],
                        "configurations": [
                          {
                            "config_key": "lbCertificateExpiringSoonConfig",
                            "data_type": "int",
                            "name": "Days before expiring",
                            "value": "45",
                            "values": []
                          }
                        ],
                        "is_configuration_allowed": true,
                        "is_enabled": true,
                        "labels": [
                          "Network"
                        ],
                        "risk_level": "CRITICAL"
                      }
                    ],
                    "detector": "IAAS_CONFIGURATION_DETECTOR",
                    "detector_rule_id": "LB_CERTIFICATE_EXPIRING_SOON",
                    "display_name": "Load balancer SSL certificate expiring soon",
                    "entities_mappings": [],
                    "lifecycle_details": "",
                    "managed_list_types": [
                      "RESOURCE_OCID"
                    ],
                    "recommendation": "Ensure that certificates are rotated on a timely basis.",
                    "resource_type": "LoadBalancer",
                    "service_type": "Networking",
                    "state": "ACTIVE",
                    "time_created": "2024-05-09 09:19:34.89 +0000 UTC",
                    "time_updated": "2024-05-09 09:19:34.89 +0000 UTC"
                  },
                  {
                    "data_source_id": "",
                    "description": "Gateways provide external connectivity to hosts in a VCN. They include Internet Gateway (IGW) for Internet connectivity. ",
                    "details": [
                      {
                        "condition_groups": [],
                        "configurations": [],
                        "is_configuration_allowed": false,
                        "is_enabled": true,
                        "labels": [
                          "Network"
                        ],
                        "risk_level": "LOW"
                      }
                    ],
                    "detector": "IAAS_CONFIGURATION_DETECTOR",
                    "detector_rule_id": "VCN_HAS_INTERNET_GATEWAY_ATTACHED",
                    "display_name": "VCN has InternetGateway attached",
                    "entities_mappings": [],
                    "lifecycle_details": "",
                    "managed_list_types": [
                      "RESOURCE_OCID"
                    ],
                    "recommendation": "Ensure that internet gateways are authorized to be attached to a VCN, and that this attachment doesn’t expose resources to the internet. Ensure that security lists with ingress / inbound rules and those security lists are not configured to allow access from all IP addresses 0.0.0.0/0.",
                    "resource_type": "VCN",
                    "service_type": "Networking",
                    "state": "ACTIVE",
                    "time_created": "2024-05-09 09:19:34.89 +0000 UTC",
                    "time_updated": "2024-05-09 09:19:34.89 +0000 UTC"
                  },
                  {
                    "data_source_id": "",
                    "description": "IAM group membership frequently grants access to resources and features. Group memberships that have too few members may represent excess privileges being \"orphaned\".",
                    "details": [
                      {
                        "condition_groups": [],
                        "configurations": [
                          {
                            "config_key": "iamGroupMinMemberConfig",
                            "data_type": "int",
                            "name": "Minimum Group Members",
                            "value": "1",
                            "values": []
                          }
                        ],
                        "is_configuration_allowed": true,
                        "is_enabled": true,
                        "labels": [
                          "IAM"
                        ],
                        "risk_level": "LOW"
                      }
                    ],
                    "detector": "IAAS_CONFIGURATION_DETECTOR",
                    "detector_rule_id": "OCI_IAM_GRP_FEW_MEMBERS_FOUND",
                    "display_name": "IAM group has too few members",
                    "entities_mappings": [],
                    "lifecycle_details": "",
                    "managed_list_types": [
                      "RESOURCE_OCID"
                    ],
                    "recommendation": "Review the group membership related privileges to ensure that excessive or orphaned privileges are not present.",
                    "resource_type": "Group",
                    "service_type": "IAM",
                    "state": "ACTIVE",
                    "time_created": "2024-05-09 09:19:34.89 +0000 UTC",
                    "time_updated": "2024-05-09 09:19:34.89 +0000 UTC"
                  },
                  {
                    "data_source_id": "",
                    "description": "Database system patches often include updates that eliminate known security vulnerabilities. Raise a problem when a database system is discovered which has one or more patches, available for 90 days or more, that have not been applied.",
                    "details": [
                      {
                        "condition_groups": [],
                        "configurations": [
                          {
                            "config_key": "databaseSystemPatchNotAppliedConfig",
                            "data_type": "int",
                            "name": "Number of days to apply patch",
                            "value": "10",
                            "values": []
                          }
                        ],
                        "is_configuration_allowed": true,
                        "is_enabled": true,
                        "labels": [
                          "Database"
                        ],
                        "risk_level": "MEDIUM"
                      }
                    ],
                    "detector": "IAAS_CONFIGURATION_DETECTOR",
                    "detector_rule_id": "DATABASE_SYSTEM_PATCH_NOT_APPLIED",
                    "display_name": "Database system patch is not applied",
                    "entities_mappings": [],
                    "lifecycle_details": "",
                    "managed_list_types": [
                      "RESOURCE_OCID"
                    ],
                    "recommendation": "Oracle recommends that released patches be applied to the DB system as soon as possible.",
                    "resource_type": "DB System",
                    "service_type": "Database",
                    "state": "ACTIVE",
                    "time_created": "2024-05-09 09:19:34.89 +0000 UTC",
                    "time_updated": "2024-05-09 09:19:34.89 +0000 UTC"
                  },
                  {
                    "data_source_id": "",
                    "description": "Database patches address functionality, security, and performance issues. The vast majority of security breaches can be prevented by applying available patches.",
                    "details": [
                      {
                        "condition_groups": [],
                        "configurations": [
                          {
                            "config_key": "databasePatchNotAppliedConfig",
                            "data_type": "int",
                            "name": "Number of days to apply patch",
                            "value": "10",
                            "values": []
                          }
                        ],
                        "is_configuration_allowed": true,
                        "is_enabled": true,
                        "labels": [
                          "Database"
                        ],
                        "risk_level": "MEDIUM"
                      }
                    ],
                    "detector": "IAAS_CONFIGURATION_DETECTOR",
                    "detector_rule_id": "DATABASE_PATCH_NOT_APPLIED",
                    "display_name": "Database patch is not applied",
                    "entities_mappings": [],
                    "lifecycle_details": "",
                    "managed_list_types": [
                      "RESOURCE_OCID"
                    ],
                    "recommendation": "Oracle recommends that released patches be applied to the database as soon as possible.",
                    "resource_type": "DB System",
                    "service_type": "Database",
                    "state": "ACTIVE",
                    "time_created": "2024-05-09 09:19:34.89 +0000 UTC",
                    "time_updated": "2024-05-09 09:19:34.89 +0000 UTC"
                  },
                  {
                    "data_source_id": "",
                    "description": "A back-end set is a logical entity defined by a load balancing policy, a health check policy, and a list of back-end servers.",
                    "details": [
                      {
                        "condition_groups": [],
                        "configurations": [],
                        "is_configuration_allowed": false,
                        "is_enabled": true,
                        "labels": [
                          "Network"
                        ],
                        "risk_level": "LOW"
                      }
                    ],
                    "detector": "IAAS_CONFIGURATION_DETECTOR",
                    "detector_rule_id": "LB_NO_BACK_END_SET",
                    "display_name": "Load balancer has no back-end set",
                    "entities_mappings": [],
                    "lifecycle_details": "",
                    "managed_list_types": [
                      "RESOURCE_OCID"
                    ],
                    "recommendation": "Ensure that you configure load balancers with back-end sets to control the health and access to a load balancer by defined instances.",
                    "resource_type": "LoadBalancer",
                    "service_type": "Networking",
                    "state": "ACTIVE",
                    "time_created": "2024-05-09 09:19:34.89 +0000 UTC",
                    "time_updated": "2024-05-09 09:19:34.89 +0000 UTC"
                  },
                  {
                    "data_source_id": "",
                    "description": "Prerequisite: Create a Host Scan Recipe and a Host Scan Target in the Scanning service. The Scanning service scans compute hosts to identify known cybersecurity vulnerabilities related to applications, libraries, operating systems, and services. This detector triggers a problem when the Scanning service has reported that an instance has one or more CRITICAL (or lower severity, based on the Input Settings within the detector config) vulnerabilities.",
                    "details": [
                      {
                        "condition_groups": [],
                        "configurations": [
                          {
                            "config_key": "cveSeverityLevel",
                            "data_type": "string",
                            "name": "CVE Severity Level",
                            "value": "HIGH",
                            "values": []
                          }
                        ],
                        "is_configuration_allowed": true,
                        "is_enabled": true,
                        "labels": [
                          "VSS"
                        ],
                        "risk_level": "CRITICAL"
                      }
                    ],
                    "detector": "IAAS_CONFIGURATION_DETECTOR",
                    "detector_rule_id": "SCANNED_HOST_VULNERABILITY",
                    "display_name": "Scanned host has vulnerabilities",
                    "entities_mappings": [],
                    "lifecycle_details": "",
                    "managed_list_types": [
                      "RESOURCE_OCID"
                    ],
                    "recommendation": "Patch the reported CVE's detected on host by performing actions recommended for each CVE.",
                    "resource_type": "HostAgentScan",
                    "service_type": "Scanning",
                    "state": "ACTIVE",
                    "time_created": "2024-05-09 09:19:34.89 +0000 UTC",
                    "time_updated": "2024-05-09 09:19:34.89 +0000 UTC"
                  },
                  {
                    "data_source_id": "",
                    "description": "Encryption of volumes provides an additional level of security on your data. Management of encryption keys is critical to protecting and accessing protected data. Some customers want to identify Block Volumes encrypted Oracle-managed keys in order to apply their own key lifecycle management to the volume.",
                    "details": [
                      {
                        "condition_groups": [],
                        "configurations": [],
                        "is_configuration_allowed": false,
                        "is_enabled": true,
                        "labels": [
                          "Storage",
                          "KMS"
                        ],
                        "risk_level": "MINOR"
                      }
                    ],
                    "detector": "IAAS_CONFIGURATION_DETECTOR",
                    "detector_rule_id": "BLOCK_VOLUME_ENCRYPTED_WITH_ORACLE_MANAGED_KEY",
                    "display_name": "Block Volume is encrypted with Oracle-managed key",
                    "entities_mappings": [],
                    "lifecycle_details": "",
                    "managed_list_types": [
                      "RESOURCE_OCID"
                    ],
                    "recommendation": "Assign a vault key to this volume",
                    "resource_type": "BlockVolume",
                    "service_type": "Storage",
                    "state": "ACTIVE",
                    "time_created": "2024-05-09 09:19:34.89 +0000 UTC",
                    "time_updated": "2024-05-09 09:19:34.89 +0000 UTC"
                  },
                  {
                    "data_source_id": "",
                    "description": "Network security groups (NSGs) act as a virtual firewall for compute instances and other kinds of resources. NSGs outbound (egress) security rules apply to a set of virtual NICs in a VCN to allow access to specific ports and IP addresses.",
                    "details": [
                      {
                        "condition_groups": [],
                        "configurations": [
                          {
                            "config_key": "nsgEgressRuleDisallowedPortsConfig",
                            "data_type": "string",
                            "name": "Default disallowed ports",
                            "value": "TCP:[11,17-19,21,23-25,43,49,53,70-74,79-81,88,111,123,389,636,445,500,3306,3389,5901,5985,5986,7001,8000,8080,8443,8888], UDP:[11,17-19,49,69,80,82,83-85,389,443,656,8080]",
                            "values": []
                          }
                        ],
                        "is_configuration_allowed": true,
                        "is_enabled": true,
                        "labels": [
                          "CIS_OCI_V1.0_NETWORK",
                          "CIS_OCI_V1.1_NETWORK",
                          "Network"
                        ],
                        "risk_level": "MEDIUM"
                      }
                    ],
                    "detector": "IAAS_CONFIGURATION_DETECTOR",
                    "detector_rule_id": "VCN_NSG_EGRESS_RULE_PORTS_CHECK",
                    "display_name": "NSG egress rule contains disallowed IP/port",
                    "entities_mappings": [],
                    "lifecycle_details": "",
                    "managed_list_types": [
                      "RESOURCE_OCID"
                    ],
                    "recommendation": "Ensure that the egress rules for communication with the IP/port are permitted for this NSG.",
                    "resource_type": "NSG",
                    "service_type": "Networking",
                    "state": "ACTIVE",
                    "time_created": "2024-05-09 09:19:34.89 +0000 UTC",
                    "time_updated": "2024-05-09 09:19:34.89 +0000 UTC"
                  },
                  {
                    "data_source_id": "",
                    "description": "Detector triggers a problem when the write access logs are not enabled for an Object Storage bucket. Access logs help customers secure their sensitive objects by providing visibility into the activities around read and write operations of the objects within the Object storage bucket.",
                    "details": [
                      {
                        "condition_groups": [],
                        "configurations": [],
                        "is_configuration_allowed": false,
                        "is_enabled": false,
                        "labels": [
                          "CIS_OCI_V1.1_MONITORING",
                          "CIS_OCI_V1.1_OBJECTSTORAGE",
                          "ObjectStorage"
                        ],
                        "risk_level": "LOW"
                      }
                    ],
                    "detector": "IAAS_CONFIGURATION_DETECTOR",
                    "detector_rule_id": "BUCKET_WRITE_LOG_ACCESS_DISABLED",
                    "display_name": "Write Log access disabled for bucket",
                    "entities_mappings": [],
                    "lifecycle_details": "",
                    "managed_list_types": [
                      "RESOURCE_OCID"
                    ],
                    "recommendation": "Ensure write logs are enabled for the bucket and the logs are being continuously monitored by the security tools.",
                    "resource_type": "Bucket",
                    "service_type": "Storage",
                    "state": "ACTIVE",
                    "time_created": "2024-05-09 09:19:34.89 +0000 UTC",
                    "time_updated": "2024-05-09 09:19:34.89 +0000 UTC"
                  },
                  {
                    "data_source_id": "",
                    "description": "Prerequisite: Create a Host Scan Recipe and a Host Scan Target in the Scanning service. The Scanning service scans compute hosts to identify open ports. This detector triggers a problem when the Scanning service has reported that an instance has one or more open ports. Certain ports are required for operation and delivery of services but any open port beyond the intended list can potentially be used to exploit the services. You can modify the default list of allowed ports or disallowed ports in Input Settings within the detector.",
                    "details": [
                      {
                        "condition_groups": [],
                        "configurations": [
                          {
                            "config_key": "disallowedPortsConfig",
                            "data_type": "list",
                            "name": "Disallowed ports",
                            "value": "TCP:[11,17-19,21,23-25,43,49,53,70-74,79-81,88,111,123,389,636,445,500,3306,3389,5901,5985,5986,7001,8000,8080,8443,8888], UDP:[11,17-19,49,69,80,82,83-85,389,443,656,8080]",
                            "values": []
                          },
                          {
                            "config_key": "allowedPortsConfig",
                            "data_type": "list",
                            "name": "Allowed ports",
                            "value": "TCP:[22], UDP:[]",
                            "values": []
                          }
                        ],
                        "is_configuration_allowed": true,
                        "is_enabled": true,
                        "labels": [
                          "VSS"
                        ],
                        "risk_level": "CRITICAL"
                      }
                    ],
                    "detector": "IAAS_CONFIGURATION_DETECTOR",
                    "detector_rule_id": "SCANNED_HOST_OPEN_PORTS",
                    "display_name": "Scanned host has open ports",
                    "entities_mappings": [],
                    "lifecycle_details": "",
                    "managed_list_types": [
                      "RESOURCE_OCID"
                    ],
                    "recommendation": "Review if identified ports should be open on this host and close them if they are not required to be open.",
                    "resource_type": "HostPortScan",
                    "service_type": "Scanning",
                    "state": "ACTIVE",
                    "time_created": "2024-05-09 09:19:34.89 +0000 UTC",
                    "time_updated": "2024-05-09 09:19:34.89 +0000 UTC"
                  },
                  {
                    "data_source_id": "",
                    "description": "This detector rule triggers a problem when the protocol configured as part of SSL policy for the load balancer's listener or backendSet includes any version lesser than TLS 1.2. Older versions of Transport Layer Security are extremely risky and vulnerable to many attacks. The use of TLS 1.2+ is strongly encouraged by several standards like PCI-DSS and NIST.",
                    "details": [
                      {
                        "condition_groups": [],
                        "configurations": [],
                        "is_configuration_allowed": false,
                        "is_enabled": true,
                        "labels": [
                          "Network"
                        ],
                        "risk_level": "HIGH"
                      }
                    ],
                    "detector": "IAAS_CONFIGURATION_DETECTOR",
                    "detector_rule_id": "LB_WEAK_SSL_COMMUNICATION",
                    "display_name": "Load balancer allows weak SSL communication",
                    "entities_mappings": [],
                    "lifecycle_details": "",
                    "managed_list_types": [
                      "RESOURCE_OCID"
                    ],
                    "recommendation": "Ensure that the SSL policy version configured for load balancer's listener and backendSet is at least TLS1.2.",
                    "resource_type": "LoadBalancer",
                    "service_type": "Networking",
                    "state": "ACTIVE",
                    "time_created": "2024-05-09 09:19:34.89 +0000 UTC",
                    "time_updated": "2024-05-09 09:19:34.89 +0000 UTC"
                  },
                  {
                    "data_source_id": "",
                    "description": "A virtual network interface card (VNIC) is a networking component that enables a resource such as a compute instance to connect to a virtual cloud network (VCN). The VNIC determines how the instance connects with endpoints inside and outside the VCN. Each VNIC resides in a subnet in a VCN. An VNIC with an NSG may trigger a connectivity issue.",
                    "details": [
                      {
                        "condition_groups": [],
                        "configurations": [],
                        "is_configuration_allowed": false,
                        "is_enabled": true,
                        "labels": [
                          "COMPUTE",
                          "Network"
                        ],
                        "risk_level": "MINOR"
                      }
                    ],
                    "detector": "IAAS_CONFIGURATION_DETECTOR",
                    "detector_rule_id": "VNIC_WITHOUT_NETWORK_SECURITY_GROUP",
                    "display_name": "VNIC without associated network security group",
                    "entities_mappings": [],
                    "lifecycle_details": "",
                    "managed_list_types": [
                      "RESOURCE_OCID"
                    ],
                    "recommendation": "Ensure that the missing NSG association from this VNIC is expected.",
                    "resource_type": "Instance",
                    "service_type": "Compute",
                    "state": "ACTIVE",
                    "time_created": "2024-05-09 09:19:34.89 +0000 UTC",
                    "time_updated": "2024-05-09 09:19:34.89 +0000 UTC"
                  },
                  {
                    "data_source_id": "",
                    "description": "Default tenancy administrator group members can perform any action on all resources in that tenancy. This high-privilege entitlement must be controlled and restricted to only those users who need it to perform their job functions.",
                    "details": [
                      {
                        "condition_groups": [],
                        "configurations": [],
                        "is_configuration_allowed": true,
                        "is_enabled": true,
                        "labels": [
                          "CIS_OCI_V1.1_IAM",
                          "CIS_OCI_V1.0_IAM",
                          "IAM"
                        ],
                        "risk_level": "MEDIUM"
                      }
                    ],
                    "detector": "IAAS_CONFIGURATION_DETECTOR",
                    "detector_rule_id": "POLICY_TENANCY_ADMIN_GROUP_PRIVILEGES",
                    "display_name": "Tenancy admin privilege granted to group",
                    "entities_mappings": [],
                    "lifecycle_details": "",
                    "managed_list_types": [
                      "RESOURCE_OCID"
                    ],
                    "recommendation": "Verify with the OCI administrator that this entitlement grant was sanctioned and that the membership of the group remains valid after the grant of the administrator privilege.",
                    "resource_type": "Policy",
                    "service_type": "IAM",
                    "state": "ACTIVE",
                    "time_created": "2024-05-09 09:19:34.89 +0000 UTC",
                    "time_updated": "2024-05-09 09:19:34.89 +0000 UTC"
                  },
                  {
                    "data_source_id": "",
                    "description": "Encryption of storage buckets provides an additional level of security on your data. Management of encryption keys is critical to protecting and accessing protected data. Some customers want to identify storage buckets encrypted Oracle-managed keys in order to apply their own key lifecycle management to the bucket.",
                    "details": [
                      {
                        "condition_groups": [],
                        "configurations": [],
                        "is_configuration_allowed": false,
                        "is_enabled": true,
                        "labels": [
                          "CIS_OCI_V1.1_OBJECTSTORAGE",
                          "ObjectStorage",
                          "KMS"
                        ],
                        "risk_level": "MINOR"
                      }
                    ],
                    "detector": "IAAS_CONFIGURATION_DETECTOR",
                    "detector_rule_id": "BUCKET_ENCRYPTED_WITH_ORACLE_MANAGED_KEY",
                    "display_name": "Object Storage bucket is encrypted with Oracle-managed key",
                    "entities_mappings": [],
                    "lifecycle_details": "",
                    "managed_list_types": [
                      "RESOURCE_OCID"
                    ],
                    "recommendation": "Assign a vault key to this bucket",
                    "resource_type": "Bucket",
                    "service_type": "Storage",
                    "state": "ACTIVE",
                    "time_created": "2024-05-09 09:19:34.89 +0000 UTC",
                    "time_updated": "2024-05-09 09:19:34.89 +0000 UTC"
                  },
                  {
                    "data_source_id": "",
                    "description": "Data Safe helps ensure your databases are securely configured. An Oracle cloud database has been discovered that is not yet registered with Data Safe.",
                    "details": [
                      {
                        "condition_groups": [],
                        "configurations": [],
                        "is_configuration_allowed": false,
                        "is_enabled": true,
                        "labels": [
                          "Database Security"
                        ],
                        "risk_level": "MEDIUM"
                      }
                    ],
                    "detector": "IAAS_CONFIGURATION_DETECTOR",
                    "detector_rule_id": "DATA_SAFE_DB_NOT_REGISTERED",
                    "display_name": "Database is not registered in Data Safe",
                    "entities_mappings": [],
                    "lifecycle_details": "",
                    "managed_list_types": [
                      "RESOURCE_OCID"
                    ],
                    "recommendation": "Register this database instance with Data Safe and configure assessments to evaluate and monitor configuration, check user activities, and mitigate risks.",
                    "resource_type": "Database",
                    "service_type": "Database Security",
                    "state": "ACTIVE",
                    "time_created": "2024-05-09 09:19:34.89 +0000 UTC",
                    "time_updated": "2024-05-09 09:19:34.89 +0000 UTC"
                  },
                  {
                    "data_source_id": "",
                    "description": "Security lists provide stateful and stateless firewall capability to control network access to your instances. A security list is configured at the subnet level and enforced at the instance level. You can apply multiple security lists to a subnet where a network packet is allowed if it matches any rule in the security lists.",
                    "details": [
                      {
                        "condition_groups": [],
                        "configurations": [],
                        "is_configuration_allowed": false,
                        "is_enabled": false,
                        "labels": [
                          "Network"
                        ],
                        "risk_level": "MEDIUM"
                      }
                    ],
                    "detector": "IAAS_CONFIGURATION_DETECTOR",
                    "detector_rule_id": "VCN_NO_INBOUND_SECURITY_LIST",
                    "display_name": "VCN has no inbound Security List",
                    "entities_mappings": [],
                    "lifecycle_details": "",
                    "managed_list_types": [
                      "RESOURCE_OCID"
                    ],
                    "recommendation": "Ensure that your OCI VCNs use security lists with ingress or inbound rules to only allow access from known resources.",
                    "resource_type": "VCN",
                    "service_type": "Networking",
                    "state": "ACTIVE",
                    "time_created": "2024-05-09 09:19:34.89 +0000 UTC",
                    "time_updated": "2024-05-09 09:19:34.89 +0000 UTC"
                  },
                  {
                    "data_source_id": "",
                    "description": "Object Storage supports anonymous, unauthenticated access to a bucket. A public bucket that has read access enabled for anonymous users allows anyone to obtain object metadata, download bucket objects, and optionally list bucket contents.",
                    "details": [
                      {
                        "condition_groups": [],
                        "configurations": [],
                        "is_configuration_allowed": false,
                        "is_enabled": true,
                        "labels": [
                          "CIS_OCI_V1.1_OBJECTSTORAGE",
                          "ObjectStorage"
                        ],
                        "risk_level": "CRITICAL"
                      }
                    ],
                    "detector": "IAAS_CONFIGURATION_DETECTOR",
                    "detector_rule_id": "BUCKET_IS_PUBLIC",
                    "display_name": "Bucket is public",
                    "entities_mappings": [],
                    "lifecycle_details": "",
                    "managed_list_types": [
                      "RESOURCE_OCID"
                    ],
                    "recommendation": "Ensure that the bucket is sanctioned for public access, and if not, direct the OCI administrator to restrict the bucket policy to allow only specific users access to the resources required to accomplish their job functions.",
                    "resource_type": "Bucket",
                    "service_type": "Storage",
                    "state": "ACTIVE",
                    "time_created": "2024-05-09 09:19:34.89 +0000 UTC",
                    "time_updated": "2024-05-09 09:19:34.89 +0000 UTC"
                  },
                  {
                    "data_source_id": "",
                    "description": "OCI load balancers enable end-to-end TLS connections between a client's applications and your VCN. A listener is a logical entity that checks for incoming traffic on the load balancer's IP address. To handle TCP, HTTP, and HTTPS traffic, you must configure at least one listener per traffic type.",
                    "details": [
                      {
                        "condition_groups": [],
                        "configurations": [],
                        "is_configuration_allowed": false,
                        "is_enabled": true,
                        "labels": [
                          "Network"
                        ],
                        "risk_level": "MINOR"
                      }
                    ],
                    "detector": "IAAS_CONFIGURATION_DETECTOR",
                    "detector_rule_id": "LB_NO_INBOUND_RULES_OR_LISTENERS",
                    "display_name": "Load balancer has no inbound rules or listeners",
                    "entities_mappings": [],
                    "lifecycle_details": "",
                    "managed_list_types": [
                      "RESOURCE_OCID"
                    ],
                    "recommendation": "Ensure that your OCI load balancers use inbound rules or listeners to only allow access from known resources.",
                    "resource_type": "LoadBalancer",
                    "service_type": "Networking",
                    "state": "ACTIVE",
                    "time_created": "2024-05-09 09:19:34.89 +0000 UTC",
                    "time_updated": "2024-05-09 09:19:34.89 +0000 UTC"
                  },
                  {
                    "data_source_id": "",
                    "description": "Use VCN security lists to restrict network access to instances in a subnet. To prevent unauthorized access or attacks on compute instances, Oracle recommends that you use a VCN security list to allow SSH or RDP access only from authorized ICIDR blocks, rather than leaving them open to the internet (0.0.0.0/0)",
                    "details": [
                      {
                        "condition_groups": [],
                        "configurations": [],
                        "is_configuration_allowed": true,
                        "is_enabled": true,
                        "labels": [
                          "CIS_OCI_V1.0_NETWORK",
                          "CIS_OCI_V1.1_NETWORK",
                          "Network"
                        ],
                        "risk_level": "CRITICAL"
                      }
                    ],
                    "detector": "IAAS_CONFIGURATION_DETECTOR",
                    "detector_rule_id": "SECURITY_LISTS_OPEN_SOURCE",
                    "display_name": "VCN Security list allows traffic to non-public port from all sources (0.0.0.0/0)",
                    "entities_mappings": [],
                    "lifecycle_details": "",
                    "managed_list_types": [
                      "RESOURCE_OCID"
                    ],
                    "recommendation": "To prevent unauthorized access or attacks on compute instances, Oracle recommends that you use a VCN security list to allow SSH or RDP access only from authorized CIDR blocks, rather than leaving them open to the internet (0.0.0.0/0).",
                    "resource_type": "VCN",
                    "service_type": "Networking",
                    "state": "ACTIVE",
                    "time_created": "2024-05-09 09:19:34.89 +0000 UTC",
                    "time_updated": "2024-05-09 09:19:34.89 +0000 UTC"
                  },
                  {
                    "data_source_id": "",
                    "description": "Changing IAM API keys at least every 90 days is a security best practice. The longer that IAM credentials remain unchanged, the greater the risk that they can become compromised.",
                    "details": [
                      {
                        "condition_groups": [],
                        "configurations": [
                          {
                            "config_key": "apiKeyTooOldConfig",
                            "data_type": "int",
                            "name": "Days",
                            "value": "90",
                            "values": []
                          }
                        ],
                        "is_configuration_allowed": true,
                        "is_enabled": true,
                        "labels": [
                          "CIS_OCI_V1.0_IAM",
                          "CIS_OCI_V1.1_IAM",
                          "IAM"
                        ],
                        "risk_level": "MEDIUM"
                      }
                    ],
                    "detector": "IAAS_CONFIGURATION_DETECTOR",
                    "detector_rule_id": "API_KEY_TOO_OLD",
                    "display_name": "API key is too old",
                    "entities_mappings": [],
                    "lifecycle_details": "",
                    "managed_list_types": [
                      "RESOURCE_OCID"
                    ],
                    "recommendation": "Rotate API keys regularly, at least every 90 days.",
                    "resource_type": "IAMKey",
                    "service_type": "IAM",
                    "state": "ACTIVE",
                    "time_created": "2024-05-09 09:19:34.89 +0000 UTC",
                    "time_updated": "2024-05-09 09:19:34.89 +0000 UTC"
                  },
                  {
                    "data_source_id": "",
                    "description": "Enabling automatic backup ensures that you will be able to restore the database with minimal data loss, if there is a catastrophic hardware failure.",
                    "details": [
                      {
                        "condition_groups": [],
                        "configurations": [],
                        "is_configuration_allowed": false,
                        "is_enabled": true,
                        "labels": [
                          "Database"
                        ],
                        "risk_level": "HIGH"
                      }
                    ],
                    "detector": "IAAS_CONFIGURATION_DETECTOR",
                    "detector_rule_id": "DATABASE_HAS_NO_AUTO_BACKUP",
                    "display_name": "Database is not backed up automatically",
                    "entities_mappings": [],
                    "lifecycle_details": "",
                    "managed_list_types": [
                      "RESOURCE_OCID"
                    ],
                    "recommendation": "Ensure that automatic backup is enabled.",
                    "resource_type": "DB System",
                    "service_type": "Database",
                    "state": "ACTIVE",
                    "time_created": "2024-05-09 09:19:34.89 +0000 UTC",
                    "time_updated": "2024-05-09 09:19:34.89 +0000 UTC"
                  },
                  {
                    "data_source_id": "",
                    "description": "Detector triggers a problem when the read access logs are not enabled for an Object Storage bucket. Access logs help customers secure their sensitive objects by providing visibility into the activities around read and write operations of the objects within the Object storage bucket.",
                    "details": [
                      {
                        "condition_groups": [],
                        "configurations": [],
                        "is_configuration_allowed": false,
                        "is_enabled": false,
                        "labels": [
                          "CIS_OCI_V1.1_OBJECTSTORAGE",
                          "ObjectStorage"
                        ],
                        "risk_level": "LOW"
                      }
                    ],
                    "detector": "IAAS_CONFIGURATION_DETECTOR",
                    "detector_rule_id": "BUCKET_READ_LOG_ACCESS_DISABLED",
                    "display_name": "Read Log access disabled for bucket",
                    "entities_mappings": [],
                    "lifecycle_details": "",
                    "managed_list_types": [
                      "RESOURCE_OCID"
                    ],
                    "recommendation": "Ensure read logs are enabled for the bucket and the logs are being continuously monitored by the security tools.",
                    "resource_type": "Bucket",
                    "service_type": "Storage",
                    "state": "ACTIVE",
                    "time_created": "2024-05-09 09:19:34.89 +0000 UTC",
                    "time_updated": "2024-05-09 09:19:34.89 +0000 UTC"
                  },
                  {
                    "data_source_id": "",
                    "description": "This detector rule triggers a problem when traffic is allowed to certain restricted ports (see Input Settings, Restricted Protocol:Ports List) as part of the Security list ingress rule. If \"Restricted Protocol:Ports List\" includes port values that are identified or allowed for your workloads, then modify the list of ports in Input Settings accordingly.",
                    "details": [
                      {
                        "condition_groups": [],
                        "configurations": [
                          {
                            "config_key": "lsecurityListsOpenPortsConfig",
                            "data_type": "list",
                            "name": "Restricted Protocol:Ports List",
                            "value": "TCP:[11,17-19,21,23-25,43,49,53,70-74,79-81,88,111,123,389,636,445,500,3306,3389,5901,5985,5986,7001,8000,8080,8443,8888], UDP:[11,17-19,49,69,80,82,83-85,389,443,656,8080]",
                            "values": []
                          }
                        ],
                        "is_configuration_allowed": true,
                        "is_enabled": true,
                        "labels": [
                          "CIS_OCI_V1.0_NETWORK",
                          "CIS_OCI_V1.1_NETWORK",
                          "Network"
                        ],
                        "risk_level": "CRITICAL"
                      }
                    ],
                    "detector": "IAAS_CONFIGURATION_DETECTOR",
                    "detector_rule_id": "SECURITY_LISTS_OPEN_PORTS",
                    "display_name": "VCN Security list allows traffic to restricted port",
                    "entities_mappings": [],
                    "lifecycle_details": "",
                    "managed_list_types": [
                      "RESOURCE_OCID"
                    ],
                    "recommendation": "Additional details section of the problem provides a list of open Restricted ports that triggered this problem. Ensure that your OCI VCNs use security lists with ingress or inbound rules to only allow traffic access to identified ports. Review if detected ports should be open on this security list Ingress rule and close them if they are not required to be open. It is also recommended to check the \"Restricted Protocol:Ports List\" in the Input setting of this detector rule and modify it to allow certain required ports and thus notifying Cloud Guard to not detect a problem for those ports.",
                    "resource_type": "VCN",
                    "service_type": "Networking",
                    "state": "ACTIVE",
                    "time_created": "2024-05-09 09:19:34.89 +0000 UTC",
                    "time_updated": "2024-05-09 09:19:34.89 +0000 UTC"
                  },
                  {
                    "data_source_id": "",
                    "description": "Detaching a block volume decouples the volume from its associated instance and could affect data available. This could affect data availability from business-critical data to point-in-time copies of volumes as backups.",
                    "details": [
                      {
                        "condition_groups": [],
                        "configurations": [],
                        "is_configuration_allowed": false,
                        "is_enabled": false,
                        "labels": [
                          "Storage"
                        ],
                        "risk_level": "MEDIUM"
                      }
                    ],
                    "detector": "IAAS_CONFIGURATION_DETECTOR",
                    "detector_rule_id": "BLOCK_VOLUME_NOT_ATTACHED",
                    "display_name": "Block Volume is not attached",
                    "entities_mappings": [],
                    "lifecycle_details": "",
                    "managed_list_types": [
                      "RESOURCE_OCID"
                    ],
                    "recommendation": "Ensure that the block volume is not required to be attached to a compute instance for proper operation.",
                    "resource_type": "BlockVolume",
                    "service_type": "Storage",
                    "state": "ACTIVE",
                    "time_created": "2024-05-09 09:19:34.89 +0000 UTC",
                    "time_updated": "2024-05-09 09:19:34.89 +0000 UTC"
                  },
                  {
                    "data_source_id": "",
                    "description": "Prerequisite: Create a Container Scan Recipe and a Container Scan Target in the Scanning service. The Scanning service scans OCIR images to identify known cybersecurity vulnerabilities related to applications, libraries, operating systems, and services. This detector triggers a problem when the Scanning service has reported that an image has one or more CRITICAL (or lower severity, based on the Input Settings within the detector config) vulnerabilities.",
                    "details": [
                      {
                        "condition_groups": [],
                        "configurations": [
                          {
                            "config_key": "cveSeverityLevel",
                            "data_type": "string",
                            "name": "CVE Severity Level",
                            "value": "HIGH",
                            "values": []
                          }
                        ],
                        "is_configuration_allowed": true,
                        "is_enabled": true,
                        "labels": [
                          "VSS"
                        ],
                        "risk_level": "CRITICAL"
                      }
                    ],
                    "detector": "IAAS_CONFIGURATION_DETECTOR",
                    "detector_rule_id": "SCANNED_CONTAINER_IMAGE_VULNERABILITY",
                    "display_name": "Scanned container image has vulnerabilities",
                    "entities_mappings": [],
                    "lifecycle_details": "",
                    "managed_list_types": [
                      "RESOURCE_OCID"
                    ],
                    "recommendation": "Patch the reported CVE's detected on image by performing actions recommended for each CVE.",
                    "resource_type": "Container",
                    "service_type": "Scanning",
                    "state": "ACTIVE",
                    "time_created": "2024-05-09 09:19:34.89 +0000 UTC",
                    "time_updated": "2024-05-09 09:19:34.89 +0000 UTC"
                  },
                  {
                    "data_source_id": "",
                    "description": "Use of a public IP address to access a load balancer increases your exposure to potential security and business continuity risks.",
                    "details": [
                      {
                        "condition_groups": [],
                        "configurations": [],
                        "is_configuration_allowed": false,
                        "is_enabled": true,
                        "labels": [
                          "Network"
                        ],
                        "risk_level": "HIGH"
                      }
                    ],
                    "detector": "IAAS_CONFIGURATION_DETECTOR",
                    "detector_rule_id": "LB_HAS_PUBLIC_IP",
                    "display_name": "Load Balancer has public IP address",
                    "entities_mappings": [],
                    "lifecycle_details": "",
                    "managed_list_types": [
                      "RESOURCE_OCID"
                    ],
                    "recommendation": "Ensure that the load balancer have a public IP address only if it is necessary.",
                    "resource_type": "LoadBalancer",
                    "service_type": "Networking",
                    "state": "ACTIVE",
                    "time_created": "2024-05-09 09:19:34.89 +0000 UTC",
                    "time_updated": "2024-05-09 09:19:34.89 +0000 UTC"
                  },
                  {
                    "data_source_id": "",
                    "description": "Gateways provide external connectivity to hosts in a VCN. They include Local Peering Gateway (LPG) for connectivity to peered VCN. ",
                    "details": [
                      {
                        "condition_groups": [],
                        "configurations": [],
                        "is_configuration_allowed": false,
                        "is_enabled": true,
                        "labels": [
                          "Network"
                        ],
                        "risk_level": "LOW"
                      }
                    ],
                    "detector": "IAAS_CONFIGURATION_DETECTOR",
                    "detector_rule_id": "VCN_HAS_LPG_ATTACHED",
                    "display_name": "VCN has Local Peering Gateway attached",
                    "entities_mappings": [],
                    "lifecycle_details": "",
                    "managed_list_types": [
                      "RESOURCE_OCID"
                    ],
                    "recommendation": "Ensure that local peering gateways are authorized to be attached to a VCN, and that this attachment doesn’t expose resources to the internet.",
                    "resource_type": "VCN",
                    "service_type": "Networking",
                    "state": "ACTIVE",
                    "time_created": "2024-05-09 09:19:34.89 +0000 UTC",
                    "time_updated": "2024-05-09 09:19:34.89 +0000 UTC"
                  },
                  {
                    "data_source_id": "",
                    "description": "The sanctioned version of a database has the most recent security features and vulnerability patches.",
                    "details": [
                      {
                        "condition_groups": [],
                        "configurations": [],
                        "is_configuration_allowed": true,
                        "is_enabled": true,
                        "labels": [
                          "Database"
                        ],
                        "risk_level": "CRITICAL"
                      }
                    ],
                    "detector": "IAAS_CONFIGURATION_DETECTOR",
                    "detector_rule_id": "DATABASE_VERSION_NOT_SANCTIONED",
                    "display_name": "Database version is not sanctioned",
                    "entities_mappings": [],
                    "lifecycle_details": "",
                    "managed_list_types": [
                      "RESOURCE_OCID"
                    ],
                    "recommendation": "Oracle recommends that the deployed Database version is approved and tested.",
                    "resource_type": "ExadataBareMetalVM",
                    "service_type": "Database",
                    "state": "ACTIVE",
                    "time_created": "2024-05-09 09:19:34.89 +0000 UTC",
                    "time_updated": "2024-05-09 09:19:34.89 +0000 UTC"
                  },
                  {
                    "data_source_id": "",
                    "description": "This identifies all instances not built from Oracle public images. Custom Images and Boot volumes are considered as non-public Oracle images.",
                    "details": [
                      {
                        "condition_groups": [],
                        "configurations": [],
                        "is_configuration_allowed": false,
                        "is_enabled": false,
                        "labels": [
                          "Compute"
                        ],
                        "risk_level": "LOW"
                      }
                    ],
                    "detector": "IAAS_CONFIGURATION_DETECTOR",
                    "detector_rule_id": "INSTANCE_NOT_RUNNING_OPC",
                    "display_name": "Instance is not running an Oracle public image",
                    "entities_mappings": [],
                    "lifecycle_details": "",
                    "managed_list_types": [
                      "RESOURCE_OCID"
                    ],
                    "recommendation": "Ensure that your instances are all running sanctioned images from trusted sources.",
                    "resource_type": "Instance",
                    "service_type": "Compute",
                    "state": "ACTIVE",
                    "time_created": "2024-05-09 09:19:34.89 +0000 UTC",
                    "time_updated": "2024-05-09 09:19:34.89 +0000 UTC"
                  },
                  {
                    "data_source_id": "",
                    "description": "IAM API keys are credentials used to grant programmatic access to resources. ",
                    "details": [
                      {
                        "condition_groups": [],
                        "configurations": [],
                        "is_configuration_allowed": false,
                        "is_enabled": true,
                        "labels": [
                          "CIS_OCI_V1.0_IAM",
                          "CIS_OCI_V1.1_IAM",
                          "IAM"
                        ],
                        "risk_level": "LOW"
                      }
                    ],
                    "detector": "IAAS_CONFIGURATION_DETECTOR",
                    "detector_rule_id": "USER_HAS_API_KEYS",
                    "display_name": "User has API keys",
                    "entities_mappings": [],
                    "lifecycle_details": "",
                    "managed_list_types": [
                      "RESOURCE_OCID"
                    ],
                    "recommendation": "Ensure that OCI access by administrators via API keys is performed as an exception. Do not hard code IAM credentials directly in software or documents to a wide audience.",
                    "resource_type": "User",
                    "service_type": "IAM",
                    "state": "ACTIVE",
                    "time_created": "2024-05-09 09:19:34.89 +0000 UTC",
                    "time_updated": "2024-05-09 09:19:34.89 +0000 UTC"
                  },
                  {
                    "data_source_id": "",
                    "description": "IAM policies give access and control of resources. If an IAM policy entry grants management (full control) of a family of resources or all resources to either the tenancy OR a compartment (e.g., allow \u003cuser|group\u003e to manage \u003csome-resource|all-resources\u003e [in tenancy|in compartment]) and that group’s OCID or the policy OCID is NOT exempted from this check, a problem is created.",
                    "details": [
                      {
                        "condition_groups": [],
                        "configurations": [],
                        "is_configuration_allowed": true,
                        "is_enabled": true,
                        "labels": [
                          "CIS_OCI_V1.1_IAM",
                          "CIS_OCI_V1.0_IAM",
                          "IAM"
                        ],
                        "risk_level": "MEDIUM"
                      }
                    ],
                    "detector": "IAAS_CONFIGURATION_DETECTOR",
                    "detector_rule_id": "POLICY_GIVES_MANY_PRIVILEGES",
                    "display_name": "Policy gives too many privileges",
                    "entities_mappings": [],
                    "lifecycle_details": "",
                    "managed_list_types": [
                      "RESOURCE_OCID"
                    ],
                    "recommendation": "Ensure that the policy is restricted to allow only specific users to access the resources required to accomplish their job functions.",
                    "resource_type": "Policy",
                    "service_type": "IAM",
                    "state": "ACTIVE",
                    "time_created": "2024-05-09 09:19:34.89 +0000 UTC",
                    "time_updated": "2024-05-09 09:19:34.89 +0000 UTC"
                  }
                ],
                "id": "ocid1.cloudguarddetectorrecipe.oc1.eu-paris-1.amaaaaaa6aytp6cqtqpnxdgfqlnuyhwsx35zhilmhjxikzy5o44cb3freija",
                "owner": "ORACLE",
                "state": "ACTIVE",
                "time_created": "2024-05-09 09:19:34.89 +0000 UTC",
                "time_updated": "2024-05-09 09:19:34.89 +0000 UTC"
              },
              {
                "compartment_id": "ocid1.tenancy.oc1..aaaaaaaaybaroxvhi6u2kygooe3qswfhxfc6q7jo3gyh26r27pl7lfwriq2a",
                "description": "This is an Oracle managed Oracle Cloud Infrastructure recipe with activity detector rules. To create your own recipe, clone an existing Oracle managed recipe from the root compartment",
                "detector": "IAAS_ACTIVITY_DETECTOR",
                "detector_recipe_id": "ocid1.cloudguarddetectorrecipe.oc1.eu-paris-1.amaaaaaa6aytp6cqp37hivbzzeggrjruwth26pkfc3mtgzako2v66y3mqnja",
                "detector_rules": [],
                "display_name": "OCI Activity Detector Recipe",
                "effective_detector_rules": [
                  {
                    "data_source_id": "",
                    "description": "User logged in from a known list of malicious IP blocks which can be a potential threat.",
                    "details": [
                      {
                        "condition_groups": [],
                        "configurations": [],
                        "is_configuration_allowed": true,
                        "is_enabled": true,
                        "labels": [
                          "Network"
                        ],
                        "risk_level": "CRITICAL"
                      }
                    ],
                    "detector": "IAAS_ACTIVITY_DETECTOR",
                    "detector_rule_id": "SUSPICIOUS_IP_ACTIVITY",
                    "display_name": "Suspicious Ip Activity",
                    "entities_mappings": [],
                    "lifecycle_details": "",
                    "managed_list_types": [
                      "RESOURCE_OCID"
                    ],
                    "recommendation": "Ensure that the user is a genuinely logged in user and the credentials are not compromised. This can be done by enabling Multi Factor Authentication (MFA).",
                    "resource_type": "Security",
                    "service_type": "CloudGuard",
                    "state": "ACTIVE",
                    "time_created": "2024-05-09 09:19:34.89 +0000 UTC",
                    "time_updated": "2024-05-09 09:19:34.89 +0000 UTC"
                  },
                  {
                    "data_source_id": "",
                    "description": "Auth tokens can be used to authenticate with third-party APIs. This detector creates a problem whenever an Auth token is created for a user. They can be created by users themselves or by an admin with the right privileges.",
                    "details": [
                      {
                        "condition_groups": [],
                        "configurations": [],
                        "is_configuration_allowed": false,
                        "is_enabled": false,
                        "labels": [
                          "IAM_Credentials",
                          "CIS_OCI_V1.0_MONITORING",
                          "CIS_OCI_V1.1_MONITORING",
                          "IAM"
                        ],
                        "risk_level": "LOW"
                      }
                    ],
                    "detector": "IAAS_ACTIVITY_DETECTOR",
                    "detector_rule_id": "IAM_AUTH_TOKEN_CREATED",
                    "display_name": "IAM Auth token created",
                    "entities_mappings": [],
                    "lifecycle_details": "",
                    "managed_list_types": [
                      "RESOURCE_OCID"
                    ],
                    "recommendation": "Ensure these keys or credentials are being created by and for authorized users.",
                    "resource_type": "User",
                    "service_type": "IAM",
                    "state": "ACTIVE",
                    "time_created": "2024-05-09 09:19:34.89 +0000 UTC",
                    "time_updated": "2024-05-09 09:19:34.89 +0000 UTC"
                  },
                  {
                    "data_source_id": "",
                    "description": "Network security groups (NSGs) act as a virtual firewall for compute instances and other kinds of resources. NSGs have a set of inbound (ingress) and outbound (egress) security rules applied to a set of virtual NICs in a VCN. Deleting NSGs can remove protections between resources in the VCN.",
                    "details": [
                      {
                        "condition_groups": [],
                        "configurations": [],
                        "is_configuration_allowed": false,
                        "is_enabled": true,
                        "labels": [
                          "CIS_OCI_V1.0_MONITORING",
                          "CIS_OCI_V1.1_MONITORING",
                          "Network"
                        ],
                        "risk_level": "HIGH"
                      }
                    ],
                    "detector": "IAAS_ACTIVITY_DETECTOR",
                    "detector_rule_id": "NSG_DELETE",
                    "display_name": "VCN Network Security Group Deleted",
                    "entities_mappings": [],
                    "lifecycle_details": "",
                    "managed_list_types": [
                      "RESOURCE_OCID"
                    ],
                    "recommendation": "Ensure that the removal of the NSG is permitted for this VCN and its related resources. ",
                    "resource_type": "NSG",
                    "service_type": "Networking",
                    "state": "ACTIVE",
                    "time_created": "2024-05-09 09:19:34.89 +0000 UTC",
                    "time_updated": "2024-05-09 09:19:34.89 +0000 UTC"
                  },
                  {
                    "data_source_id": "",
                    "description": "Network security groups (NSGs) act as a virtual firewall for compute instances and other kinds of resources. NSGs have a set of inbound (ingress) and outbound (egress) security rules applied to a set of virtual NICs in a VCN. Changes to NSGs egress rules may allow connections and traffic to new resources and VNICs in the VCN.",
                    "details": [
                      {
                        "condition_groups": [],
                        "configurations": [],
                        "is_configuration_allowed": false,
                        "is_enabled": true,
                        "labels": [
                          "CIS_OCI_V1.0_MONITORING",
                          "CIS_OCI_V1.1_MONITORING",
                          "Network"
                        ],
                        "risk_level": "MEDIUM"
                      }
                    ],
                    "detector": "IAAS_ACTIVITY_DETECTOR",
                    "detector_rule_id": "NSG_EGRESS_RULE_CHANGED",
                    "display_name": "VCN Network Security Group egress rule changed",
                    "entities_mappings": [],
                    "lifecycle_details": "",
                    "managed_list_types": [
                      "RESOURCE_OCID"
                    ],
                    "recommendation": "Ensure that the new egress rules are permitted for this NSG and its related resources. ",
                    "resource_type": "NSG",
                    "service_type": "Networking",
                    "state": "ACTIVE",
                    "time_created": "2024-05-09 09:19:34.89 +0000 UTC",
                    "time_updated": "2024-05-09 09:19:34.89 +0000 UTC"
                  },
                  {
                    "data_source_id": "",
                    "description": "Certificate Authorities are the root of trust for all certificates issued by the CA. To prevent any service impacts where leaf certificates of the CA are being used, CA deletion should only be performed by authorized personnel. All certificates the Certificate Authority (CA) issued will have to be deleted before you can delete the CA.",
                    "details": [
                      {
                        "condition_groups": [],
                        "configurations": [],
                        "is_configuration_allowed": false,
                        "is_enabled": true,
                        "labels": [
                          "Certificates"
                        ],
                        "risk_level": "MEDIUM"
                      }
                    ],
                    "detector": "IAAS_ACTIVITY_DETECTOR",
                    "detector_rule_id": "CERTIFICATE_AUTHORITY_DELETED",
                    "display_name": "Certificate Authority (CA) deleted",
                    "entities_mappings": [],
                    "lifecycle_details": "",
                    "managed_list_types": [
                      "RESOURCE_OCID"
                    ],
                    "recommendation": "Make sure the deletion was done by an expected user. If not authorized, cancel the scheduled deletion of the CA.",
                    "resource_type": "CertificateAuthority",
                    "service_type": "Certificates",
                    "state": "ACTIVE",
                    "time_created": "2024-05-09 09:19:34.89 +0000 UTC",
                    "time_updated": "2024-05-09 09:19:34.89 +0000 UTC"
                  },
                  {
                    "data_source_id": "",
                    "description": "A Bastion Session provides secure and time-bound access to the customer’s target host.",
                    "details": [
                      {
                        "condition_groups": [],
                        "configurations": [],
                        "is_configuration_allowed": false,
                        "is_enabled": false,
                        "labels": [
                          "Bastion"
                        ],
                        "risk_level": "LOW"
                      }
                    ],
                    "detector": "IAAS_ACTIVITY_DETECTOR",
                    "detector_rule_id": "BASTION_SESSION_CREATED",
                    "display_name": "Bastion session created",
                    "entities_mappings": [],
                    "lifecycle_details": "",
                    "managed_list_types": [
                      "RESOURCE_OCID"
                    ],
                    "recommendation": "A session allows users to access the target hosts via the bastion so ensure the session is created by the authorized user.",
                    "resource_type": "bastionsession",
                    "service_type": "Bastion",
                    "state": "ACTIVE",
                    "time_created": "2024-05-09 09:19:34.89 +0000 UTC",
                    "time_updated": "2024-05-09 09:19:34.89 +0000 UTC"
                  },
                  {
                    "data_source_id": "",
                    "description": "Bastions provides users with secure and seamless ssh access to target hosts in private subnets thus restricting direct public access. This detector creates a problem when a new Bastion instance has been created.",
                    "details": [
                      {
                        "condition_groups": [],
                        "configurations": [],
                        "is_configuration_allowed": false,
                        "is_enabled": false,
                        "labels": [
                          "Bastion"
                        ],
                        "risk_level": "LOW"
                      }
                    ],
                    "detector": "IAAS_ACTIVITY_DETECTOR",
                    "detector_rule_id": "BASTION_CREATED",
                    "display_name": "Bastion created",
                    "entities_mappings": [],
                    "lifecycle_details": "",
                    "managed_list_types": [
                      "RESOURCE_OCID"
                    ],
                    "recommendation": "Ensure the bastions are created by the right admins/users and this operation is permitted by them.",
                    "resource_type": "bastion",
                    "service_type": "Bastion",
                    "state": "ACTIVE",
                    "time_created": "2024-05-09 09:19:34.89 +0000 UTC",
                    "time_updated": "2024-05-09 09:19:34.89 +0000 UTC"
                  },
                  {
                    "data_source_id": "",
                    "description": "IAM OAuth 2.0 credentials are for interacting with the APIs of those services that use OAuth 2.0 authorization. This detector creates a problem whenever an OAuth 2.0 credential is created for a user. They can be created by users themselves or by an admin with the right privileges.",
                    "details": [
                      {
                        "condition_groups": [],
                        "configurations": [],
                        "is_configuration_allowed": false,
                        "is_enabled": false,
                        "labels": [
                          "IAM_Credentials",
                          "CIS_OCI_V1.0_MONITORING",
                          "CIS_OCI_V1.1_MONITORING",
                          "IAM"
                        ],
                        "risk_level": "LOW"
                      }
                    ],
                    "detector": "IAAS_ACTIVITY_DETECTOR",
                    "detector_rule_id": "IAM_OAUTH_CREDENTIAL_CREATED",
                    "display_name": "IAM OAuth 2.0 credentials created",
                    "entities_mappings": [],
                    "lifecycle_details": "",
                    "managed_list_types": [
                      "RESOURCE_OCID"
                    ],
                    "recommendation": "Ensure these keys or credentials are being created by and for authorized users.",
                    "resource_type": "User",
                    "service_type": "IAM",
                    "state": "ACTIVE",
                    "time_created": "2024-05-09 09:19:34.89 +0000 UTC",
                    "time_updated": "2024-05-09 09:19:34.89 +0000 UTC"
                  },
                  {
                    "data_source_id": "",
                    "description": "API keys are needed if you are using one of Oracle SDKs or tools. This detector creates a problem whenever an API key is created for a user. It can be created by users themselves or by an admin with the right privileges.",
                    "details": [
                      {
                        "condition_groups": [],
                        "configurations": [],
                        "is_configuration_allowed": false,
                        "is_enabled": false,
                        "labels": [
                          "IAM_Credentials",
                          "CIS_OCI_V1.0_MONITORING",
                          "CIS_OCI_V1.1_MONITORING",
                          "IAM"
                        ],
                        "risk_level": "LOW"
                      }
                    ],
                    "detector": "IAAS_ACTIVITY_DETECTOR",
                    "detector_rule_id": "IAM_API_KEY_CREATED",
                    "display_name": "IAM API keys created",
                    "entities_mappings": [],
                    "lifecycle_details": "",
                    "managed_list_types": [
                      "RESOURCE_OCID"
                    ],
                    "recommendation": "Ensure these keys or credentials are being created by and for authorized users.",
                    "resource_type": "User",
                    "service_type": "IAM",
                    "state": "ACTIVE",
                    "time_created": "2024-05-09 09:19:34.89 +0000 UTC",
                    "time_updated": "2024-05-09 09:19:34.89 +0000 UTC"
                  },
                  {
                    "data_source_id": "",
                    "description": "Triggers a problem when a user creates or resets their Console password. Any user with the corresponding IAM manage privileges can also reset other user's password.",
                    "details": [
                      {
                        "condition_groups": [],
                        "configurations": [],
                        "is_configuration_allowed": false,
                        "is_enabled": false,
                        "labels": [
                          "IAM",
                          "IAM_Credentials",
                          "CIS_OCI_V1.0_MONITORING",
                          "CIS_OCI_V1.1_MONITORING"
                        ],
                        "risk_level": "LOW"
                      }
                    ],
                    "detector": "IAAS_ACTIVITY_DETECTOR",
                    "detector_rule_id": "IAM_USER_UI_PASSWORD_CREATED_OR_RESET",
                    "display_name": "IAM User UI password created or reset",
                    "entities_mappings": [],
                    "lifecycle_details": "",
                    "managed_list_types": [
                      "RESOURCE_OCID"
                    ],
                    "recommendation": "Resetting a password too many times of resetting other's credentials could be a possible security alert hence ensure this action is permitted by the correct user.",
                    "resource_type": "User",
                    "service_type": "IAM",
                    "state": "ACTIVE",
                    "time_created": "2024-05-09 09:19:34.89 +0000 UTC",
                    "time_updated": "2024-05-09 09:19:34.89 +0000 UTC"
                  },
                  {
                    "data_source_id": "",
                    "description": "Triggers a Cloud Guard problem when a user revokes an Intermediate CA. Revoking an intermediate would incur all its leaf certificates unusable. This is an operation that needs to be done by authorized personal while making sure it's not impacting any of your existing workloads. All certificates the Certificate Authority (CA) issued will no longer be valid if a Certificate Revocation List (CRL) was configured.",
                    "details": [
                      {
                        "condition_groups": [],
                        "configurations": [],
                        "is_configuration_allowed": false,
                        "is_enabled": true,
                        "labels": [
                          "Certificates"
                        ],
                        "risk_level": "HIGH"
                      }
                    ],
                    "detector": "IAAS_ACTIVITY_DETECTOR",
                    "detector_rule_id": "INTERMEDIATE_CERTIFICATE_AUTHORITY_REVOKED",
                    "display_name": "Intermediate Certificate Authority (CA) revoked",
                    "entities_mappings": [],
                    "lifecycle_details": "",
                    "managed_list_types": [
                      "RESOURCE_OCID"
                    ],
                    "recommendation": "Make sure the revocation was done by an expected user. Ensure all subordinate Certificate Authority (CA) versions and certificate versions created by the revoked CA are not in use. When the new CRL is hosted, the validation for any of the revoked CA's descendants will fail. Users should issue a new, uncompromised CA version and rebuild the descendant hierarchy using newly issued resources.",
                    "resource_type": "CertificateAuthority",
                    "service_type": "Certificates",
                    "state": "ACTIVE",
                    "time_created": "2024-05-09 09:19:34.89 +0000 UTC",
                    "time_updated": "2024-05-09 09:19:34.89 +0000 UTC"
                  },
                  {
                    "data_source_id": "",
                    "description": "A VCN (virtual cloud network) is a virtual, private network that you set up in Oracle data centers. Like a traditional network, it may contain firewall rules and specific types of communication gateways.",
                    "details": [
                      {
                        "condition_groups": [],
                        "configurations": [],
                        "is_configuration_allowed": false,
                        "is_enabled": true,
                        "labels": [
                          "CIS_OCI_V1.0_MONITORING",
                          "CIS_OCI_V1.1_MONITORING",
                          "Network"
                        ],
                        "risk_level": "LOW"
                      }
                    ],
                    "detector": "IAAS_ACTIVITY_DETECTOR",
                    "detector_rule_id": "VCN_CREATE",
                    "display_name": "VCN created",
                    "entities_mappings": [],
                    "lifecycle_details": "",
                    "managed_list_types": [
                      "RESOURCE_OCID"
                    ],
                    "recommendation": "Ensure that the creation of a new VCN is permitted and expected in this compartment.",
                    "resource_type": "VCN",
                    "service_type": "Networking",
                    "state": "ACTIVE",
                    "time_created": "2024-05-09 09:19:34.89 +0000 UTC",
                    "time_updated": "2024-05-09 09:19:34.89 +0000 UTC"
                  },
                  {
                    "data_source_id": "",
                    "description": "IAM OAuth 2.0 credentials are for interacting with the APIs of those services that use OAuth 2.0 authorization. This detector creates a problem whenever an OAuth 2.0 credential is deleted for a user.",
                    "details": [
                      {
                        "condition_groups": [],
                        "configurations": [],
                        "is_configuration_allowed": false,
                        "is_enabled": false,
                        "labels": [
                          "IAM_Credentials",
                          "CIS_OCI_V1.0_MONITORING",
                          "CIS_OCI_V1.1_MONITORING",
                          "IAM"
                        ],
                        "risk_level": "MINOR"
                      }
                    ],
                    "detector": "IAAS_ACTIVITY_DETECTOR",
                    "detector_rule_id": "IAM_OAUTH_CREDENTIAL_DELETED",
                    "display_name": "IAM OAuth 2.0 credentials deleted",
                    "entities_mappings": [],
                    "lifecycle_details": "",
                    "managed_list_types": [
                      "RESOURCE_OCID"
                    ],
                    "recommendation": "Ensure these keys or credentials are being deleted by and for authorized users.",
                    "resource_type": "User",
                    "service_type": "IAM",
                    "state": "ACTIVE",
                    "time_created": "2024-05-09 09:19:34.89 +0000 UTC",
                    "time_updated": "2024-05-09 09:19:34.89 +0000 UTC"
                  },
                  {
                    "data_source_id": "",
                    "description": "API keys are needed if you are using one of Oracle SDKs or tools. This detector creates a problem whenever an API key is deleted for a user. It can be deleted by users themselves or by an admin with the right privileges.",
                    "details": [
                      {
                        "condition_groups": [],
                        "configurations": [],
                        "is_configuration_allowed": false,
                        "is_enabled": false,
                        "labels": [
                          "IAM_Credentials",
                          "CIS_OCI_V1.0_MONITORING",
                          "CIS_OCI_V1.1_MONITORING",
                          "IAM"
                        ],
                        "risk_level": "MINOR"
                      }
                    ],
                    "detector": "IAAS_ACTIVITY_DETECTOR",
                    "detector_rule_id": "IAM_API_KEY_DELETED",
                    "display_name": "IAM API keys deleted",
                    "entities_mappings": [],
                    "lifecycle_details": "",
                    "managed_list_types": [
                      "RESOURCE_OCID"
                    ],
                    "recommendation": "Ensure these keys or credentials are being deleted by and for authorized users.",
                    "resource_type": "User",
                    "service_type": "IAM",
                    "state": "ACTIVE",
                    "time_created": "2024-05-09 09:19:34.89 +0000 UTC",
                    "time_updated": "2024-05-09 09:19:34.89 +0000 UTC"
                  },
                  {
                    "data_source_id": "",
                    "description": "Security lists act as virtual firewalls for compute instances and other resources and consists of sets of ingress and egress rules that apply to all the VNICs in any subnet associated with that security list. Multiple security lists may apply to resources and give access to ports and IP addresses for those resources.",
                    "details": [
                      {
                        "condition_groups": [],
                        "configurations": [],
                        "is_configuration_allowed": false,
                        "is_enabled": true,
                        "labels": [
                          "CIS_OCI_V1.0_MONITORING",
                          "CIS_OCI_V1.1_MONITORING",
                          "Network"
                        ],
                        "risk_level": "MEDIUM"
                      }
                    ],
                    "detector": "IAAS_ACTIVITY_DETECTOR",
                    "detector_rule_id": "VCN_SECURITY_LIST_DELETED",
                    "display_name": "VCN Security List deleted",
                    "entities_mappings": [],
                    "lifecycle_details": "",
                    "managed_list_types": [
                      "RESOURCE_OCID"
                    ],
                    "recommendation": "Ensure that the removal of this security list is permitted for this VCN and its related resources. ",
                    "resource_type": "SecurityList",
                    "service_type": "Networking",
                    "state": "ACTIVE",
                    "time_created": "2024-05-09 09:19:34.89 +0000 UTC",
                    "time_updated": "2024-05-09 09:19:34.89 +0000 UTC"
                  },
                  {
                    "data_source_id": "",
                    "description": "Groups may control access to resources and privileges. This detector rule triggers a problem when an IAM group is deleted.",
                    "details": [
                      {
                        "condition_groups": [],
                        "configurations": [],
                        "is_configuration_allowed": false,
                        "is_enabled": false,
                        "labels": [
                          "CIS_OCI_V1.0_MONITORING",
                          "CIS_OCI_V1.1_MONITORING",
                          "IAM"
                        ],
                        "risk_level": "MINOR"
                      }
                    ],
                    "detector": "IAAS_ACTIVITY_DETECTOR",
                    "detector_rule_id": "IAM_GROUP_DELETED",
                    "display_name": "IAM Group deleted",
                    "entities_mappings": [],
                    "lifecycle_details": "",
                    "managed_list_types": [
                      "RESOURCE_OCID"
                    ],
                    "recommendation": "Groups may control access to resources and privileges, hence any group deletion should be monitored.",
                    "resource_type": "Group",
                    "service_type": "IAM",
                    "state": "ACTIVE",
                    "time_created": "2024-05-09 09:19:34.89 +0000 UTC",
                    "time_updated": "2024-05-09 09:19:34.89 +0000 UTC"
                  },
                  {
                    "data_source_id": "",
                    "description": "DRG or Dynamic Routing gateways are used when connecting your existing on-premises network to your virtual cloud network (VCN) with IPSEC VPN or FastConnect. This detector triggers a problem when a DRG is deleted.",
                    "details": [
                      {
                        "condition_groups": [],
                        "configurations": [],
                        "is_configuration_allowed": false,
                        "is_enabled": false,
                        "labels": [
                          "CIS_OCI_V1.0_MONITORING",
                          "CIS_OCI_V1.1_MONITORING",
                          "Network"
                        ],
                        "risk_level": "MINOR"
                      }
                    ],
                    "detector": "IAAS_ACTIVITY_DETECTOR",
                    "detector_rule_id": "DRG_DELETED",
                    "display_name": "DRG deleted",
                    "entities_mappings": [],
                    "lifecycle_details": "",
                    "managed_list_types": [
                      "RESOURCE_OCID"
                    ],
                    "recommendation": "Ensure that the deletion of a DRG is permitted by the resource (User).",
                    "resource_type": "DRG",
                    "service_type": "Networking",
                    "state": "ACTIVE",
                    "time_created": "2024-05-09 09:19:34.89 +0000 UTC",
                    "time_updated": "2024-05-09 09:19:34.89 +0000 UTC"
                  },
                  {
                    "data_source_id": "",
                    "description": "Subnets are subnet a subdivision of a VCN. Subnets may connect Compute instances in a given subnet use the same route table, security lists, and DHCP options.",
                    "details": [
                      {
                        "condition_groups": [],
                        "configurations": [],
                        "is_configuration_allowed": false,
                        "is_enabled": true,
                        "labels": [
                          "Network"
                        ],
                        "risk_level": "LOW"
                      }
                    ],
                    "detector": "IAAS_ACTIVITY_DETECTOR",
                    "detector_rule_id": "SUBNET_CHANGED",
                    "display_name": "Subnet Changed",
                    "entities_mappings": [],
                    "lifecycle_details": "",
                    "managed_list_types": [
                      "RESOURCE_OCID"
                    ],
                    "recommendation": "Ensure that the change to the VCN is permitted and expected in this compartment.",
                    "resource_type": "Subnet",
                    "service_type": "Networking",
                    "state": "ACTIVE",
                    "time_created": "2024-05-09 09:19:34.89 +0000 UTC",
                    "time_updated": "2024-05-09 09:19:34.89 +0000 UTC"
                  },
                  {
                    "data_source_id": "",
                    "description": "An IAM user can be an individual employee or system that needs to manage or use your company's Oracle Cloud Infrastructure resources.This detector triggers a problem when a local or federated user is created in OCI IAM.",
                    "details": [
                      {
                        "condition_groups": [],
                        "configurations": [],
                        "is_configuration_allowed": false,
                        "is_enabled": false,
                        "labels": [
                          "CIS_OCI_V1.0_MONITORING",
                          "CIS_OCI_V1.1_MONITORING",
                          "IAM"
                        ],
                        "risk_level": "MINOR"
                      }
                    ],
                    "detector": "IAAS_ACTIVITY_DETECTOR",
                    "detector_rule_id": "IAM_USER_CREATED",
                    "display_name": "IAM User created",
                    "entities_mappings": [],
                    "lifecycle_details": "",
                    "managed_list_types": [
                      "RESOURCE_OCID"
                    ],
                    "recommendation": "Ensure that the creation of a new user is permitted and expected to be created by the user who did this operation.",
                    "resource_type": "User",
                    "service_type": "IAM",
                    "state": "ACTIVE",
                    "time_created": "2024-05-09 09:19:34.89 +0000 UTC",
                    "time_updated": "2024-05-09 09:19:34.89 +0000 UTC"
                  },
                  {
                    "data_source_id": "",
                    "description": "DHCP options control certain types of configuration on the instances in a VCN. These include the specification of search domains and DNS resolvers, which can direct communications within VCNs across to Internet resources.",
                    "details": [
                      {
                        "condition_groups": [],
                        "configurations": [],
                        "is_configuration_allowed": false,
                        "is_enabled": true,
                        "labels": [
                          "CIS_OCI_V1.0_MONITORING",
                          "CIS_OCI_V1.1_MONITORING",
                          "Network"
                        ],
                        "risk_level": "MEDIUM"
                      }
                    ],
                    "detector": "IAAS_ACTIVITY_DETECTOR",
                    "detector_rule_id": "VCN_DHCP_OPTION_CHANGED",
                    "display_name": "VCN DHCP Option changed",
                    "entities_mappings": [],
                    "lifecycle_details": "",
                    "managed_list_types": [
                      "RESOURCE_OCID"
                    ],
                    "recommendation": "Ensure that the change to DHCP and DNS information is permitted for this VCN and related resources.",
                    "resource_type": "DHCP",
                    "service_type": "Networking",
                    "state": "ACTIVE",
                    "time_created": "2024-05-09 09:19:34.89 +0000 UTC",
                    "time_updated": "2024-05-09 09:19:34.89 +0000 UTC"
                  },
                  {
                    "data_source_id": "",
                    "description": "Compute instances may deliver critical functions. ",
                    "details": [
                      {
                        "condition_groups": [],
                        "configurations": [],
                        "is_configuration_allowed": false,
                        "is_enabled": true,
                        "labels": [
                          "Compute"
                        ],
                        "risk_level": "HIGH"
                      }
                    ],
                    "detector": "IAAS_ACTIVITY_DETECTOR",
                    "detector_rule_id": "INSTANCE_TERMINATED",
                    "display_name": "Instance terminated",
                    "entities_mappings": [],
                    "lifecycle_details": "",
                    "managed_list_types": [
                      "RESOURCE_OCID"
                    ],
                    "recommendation": "Ensure that the termination of the compute instance is sanctioned and performed by a permitted administrator.",
                    "resource_type": "Instance",
                    "service_type": "Compute",
                    "state": "ACTIVE",
                    "time_created": "2024-05-09 09:19:34.89 +0000 UTC",
                    "time_updated": "2024-05-09 09:19:34.89 +0000 UTC"
                  },
                  {
                    "data_source_id": "",
                    "description": "A new CA bundle is updated via API. A CA bundle is the chain of trust for your resources. If your resource receives a certificate created by a CA in the chain of trust the certificate will be accepted.",
                    "details": [
                      {
                        "condition_groups": [],
                        "configurations": [],
                        "is_configuration_allowed": false,
                        "is_enabled": false,
                        "labels": [
                          "Certificates"
                        ],
                        "risk_level": "LOW"
                      }
                    ],
                    "detector": "IAAS_ACTIVITY_DETECTOR",
                    "detector_rule_id": "CA_BUNDLE_UPDATED",
                    "display_name": "CA bundle updated",
                    "entities_mappings": [],
                    "lifecycle_details": "",
                    "managed_list_types": [
                      "RESOURCE_OCID"
                    ],
                    "recommendation": "CA bundle content has been updated. Verify this is correct. A CA Bundle is the chain of trust from which your resources will accept certificates. Ensure your bundle has the correct information for your trusted resources.",
                    "resource_type": "CABundle",
                    "service_type": "Certificates",
                    "state": "ACTIVE",
                    "time_created": "2024-05-09 09:19:34.89 +0000 UTC",
                    "time_updated": "2024-05-09 09:19:34.89 +0000 UTC"
                  },
                  {
                    "data_source_id": "",
                    "description": "Changes to policies apply to all members within the scope of the policy and may be granted to users who do not require them.",
                    "details": [
                      {
                        "condition_groups": [],
                        "configurations": [],
                        "is_configuration_allowed": false,
                        "is_enabled": true,
                        "labels": [
                          "CIS_OCI_V1.1_MONITORING",
                          "IAM"
                        ],
                        "risk_level": "LOW"
                      }
                    ],
                    "detector": "IAAS_ACTIVITY_DETECTOR",
                    "detector_rule_id": "SECURITY_POLICY_MODIFIED",
                    "display_name": "Security policy modified",
                    "entities_mappings": [],
                    "lifecycle_details": "",
                    "managed_list_types": [
                      "RESOURCE_OCID"
                    ],
                    "recommendation": "Ensure that the policy is restricted to allow only specific users to access the resources required to accomplish their job functions and the modification was sanctioned.",
                    "resource_type": "Policy",
                    "service_type": "IAM",
                    "state": "ACTIVE",
                    "time_created": "2024-05-09 09:19:34.89 +0000 UTC",
                    "time_updated": "2024-05-09 09:19:34.89 +0000 UTC"
                  },
                  {
                    "data_source_id": "",
                    "description": "Database systems may hold sensitive data and provide critical functionality. Termination of a database system permanently deletes the system, any databases running on it, and any storage volumes attached to it.",
                    "details": [
                      {
                        "condition_groups": [],
                        "configurations": [],
                        "is_configuration_allowed": false,
                        "is_enabled": true,
                        "labels": [
                          "Database"
                        ],
                        "risk_level": "HIGH"
                      }
                    ],
                    "detector": "IAAS_ACTIVITY_DETECTOR",
                    "detector_rule_id": "DATABASE_SYSTEM_TERMINATED",
                    "display_name": "Database System terminated",
                    "entities_mappings": [],
                    "lifecycle_details": "",
                    "managed_list_types": [
                      "RESOURCE_OCID"
                    ],
                    "recommendation": "Ensure that the termination of the database system and related databases is sanctioned and performed by a permitted administrator.",
                    "resource_type": "System",
                    "service_type": "DBSystem",
                    "state": "ACTIVE",
                    "time_created": "2024-05-09 09:19:34.89 +0000 UTC",
                    "time_updated": "2024-05-09 09:19:34.89 +0000 UTC"
                  },
                  {
                    "data_source_id": "",
                    "description": "VCN local peering gateways (LPG) connect 2 VCNs in the same region without routing traffic over the internet. This allows resources in the VCNs to communicate directly with private IP addresses. Changes to LPGs can impact resource access and cross-VCN communications.",
                    "details": [
                      {
                        "condition_groups": [],
                        "configurations": [],
                        "is_configuration_allowed": false,
                        "is_enabled": true,
                        "labels": [
                          "CIS_OCI_V1.0_MONITORING",
                          "CIS_OCI_V1.1_MONITORING",
                          "Network"
                        ],
                        "risk_level": "MEDIUM"
                      }
                    ],
                    "detector": "IAAS_ACTIVITY_DETECTOR",
                    "detector_rule_id": "VCN_LOCAL_PEERING_GATEWAY_CHANGED",
                    "display_name": "VCN Local Peering Gateway changed",
                    "entities_mappings": [],
                    "lifecycle_details": "",
                    "managed_list_types": [
                      "RESOURCE_OCID"
                    ],
                    "recommendation": "Ensure that the changes to the LPGs are permitted for this VCN and its related resources. ",
                    "resource_type": "LocalPeeringGateway",
                    "service_type": "Networking",
                    "state": "ACTIVE",
                    "time_created": "2024-05-09 09:19:34.89 +0000 UTC",
                    "time_updated": "2024-05-09 09:19:34.89 +0000 UTC"
                  },
                  {
                    "data_source_id": "",
                    "description": "Compute images are the foundations for compute instances. A modifications to images impacts every future compute instance launched from that image. Images and any changes related to them should come from known and trusted sources.",
                    "details": [
                      {
                        "condition_groups": [],
                        "configurations": [],
                        "is_configuration_allowed": false,
                        "is_enabled": true,
                        "labels": [
                          "Compute"
                        ],
                        "risk_level": "LOW"
                      }
                    ],
                    "detector": "IAAS_ACTIVITY_DETECTOR",
                    "detector_rule_id": "UPDATE_IMAGE",
                    "display_name": "Update Image",
                    "entities_mappings": [],
                    "lifecycle_details": "",
                    "managed_list_types": [
                      "RESOURCE_OCID"
                    ],
                    "recommendation": "Ensure that the compute image change was expected and performed by a trusted administrator permitted to make the change in your environment.",
                    "resource_type": "Instance",
                    "service_type": "Compute",
                    "state": "ACTIVE",
                    "time_created": "2024-05-09 09:19:34.89 +0000 UTC",
                    "time_updated": "2024-05-09 09:19:34.89 +0000 UTC"
                  },
                  {
                    "data_source_id": "",
                    "description": "Groups may control access to resources and privileges. Sensitive groups should be closely monitored for membership changes",
                    "details": [
                      {
                        "condition_groups": [],
                        "configurations": [],
                        "is_configuration_allowed": false,
                        "is_enabled": true,
                        "labels": [
                          "CIS_OCI_V1.0_MONITORING",
                          "CIS_OCI_V1.1_MONITORING",
                          "IAM"
                        ],
                        "risk_level": "MINOR"
                      }
                    ],
                    "detector": "IAAS_ACTIVITY_DETECTOR",
                    "detector_rule_id": "USER_ADDED_TO_GROUP",
                    "display_name": "User added to group",
                    "entities_mappings": [],
                    "lifecycle_details": "",
                    "managed_list_types": [
                      "RESOURCE_OCID"
                    ],
                    "recommendation": "Ensure that the user is entitled to be a member of the group.",
                    "resource_type": "Group",
                    "service_type": "IAM",
                    "state": "ACTIVE",
                    "time_created": "2024-05-09 09:19:34.89 +0000 UTC",
                    "time_updated": "2024-05-09 09:19:34.89 +0000 UTC"
                  },
                  {
                    "data_source_id": "",
                    "description": "A VCN (virtual cloud network) is a virtual, private network that you set up in Oracle data centers. Like a traditional network, it may contain firewall rules and specific types of communication gateways.",
                    "details": [
                      {
                        "condition_groups": [],
                        "configurations": [],
                        "is_configuration_allowed": false,
                        "is_enabled": true,
                        "labels": [
                          "CIS_OCI_V1.0_MONITORING",
                          "CIS_OCI_V1.1_MONITORING",
                          "Network"
                        ],
                        "risk_level": "MEDIUM"
                      }
                    ],
                    "detector": "IAAS_ACTIVITY_DETECTOR",
                    "detector_rule_id": "VCN_DELETED",
                    "display_name": "VCN deleted",
                    "entities_mappings": [],
                    "lifecycle_details": "",
                    "managed_list_types": [
                      "RESOURCE_OCID"
                    ],
                    "recommendation": "Ensure that the deletion of a VCN is permitted and expected in this compartment.",
                    "resource_type": "VCN",
                    "service_type": "Networking",
                    "state": "ACTIVE",
                    "time_created": "2024-05-09 09:19:34.89 +0000 UTC",
                    "time_updated": "2024-05-09 09:19:34.89 +0000 UTC"
                  },
                  {
                    "data_source_id": "",
                    "description": "Attaching a DRG (Dynamic Routing gateways) to a VCN  provides a path for private traffic between your VCN and networks outside your VCN, for example your on-prem network. This detector ensures users are aware of the additional connectivity in their network.",
                    "details": [
                      {
                        "condition_groups": [],
                        "configurations": [],
                        "is_configuration_allowed": false,
                        "is_enabled": false,
                        "labels": [
                          "CIS_OCI_V1.0_MONITORING",
                          "CIS_OCI_V1.1_MONITORING",
                          "Network"
                        ],
                        "risk_level": "MINOR"
                      }
                    ],
                    "detector": "IAAS_ACTIVITY_DETECTOR",
                    "detector_rule_id": "DRG_ATTACHED_TO_VCN",
                    "display_name": "DRG attached to a VCN",
                    "entities_mappings": [],
                    "lifecycle_details": "",
                    "managed_list_types": [
                      "RESOURCE_OCID"
                    ],
                    "recommendation": "Ensure that attaching of this DRG to the VCN is permitted and expected in this compartment by the resource (User).",
                    "resource_type": "DRG",
                    "service_type": "Networking",
                    "state": "ACTIVE",
                    "time_created": "2024-05-09 09:19:34.89 +0000 UTC",
                    "time_updated": "2024-05-09 09:19:34.89 +0000 UTC"
                  },
                  {
                    "data_source_id": "",
                    "description": "Internet gateways are virtual routers you can add to your VCN to enable direct connectivity (inbound from or outbound) to the internet. ",
                    "details": [
                      {
                        "condition_groups": [],
                        "configurations": [],
                        "is_configuration_allowed": false,
                        "is_enabled": true,
                        "labels": [
                          "CIS_OCI_V1.0_MONITORING",
                          "CIS_OCI_V1.1_MONITORING",
                          "Network"
                        ],
                        "risk_level": "LOW"
                      }
                    ],
                    "detector": "IAAS_ACTIVITY_DETECTOR",
                    "detector_rule_id": "INTERNET_GATEWAY_TERMINATED",
                    "display_name": "VCN Internet Gateway terminated",
                    "entities_mappings": [],
                    "lifecycle_details": "",
                    "managed_list_types": [
                      "RESOURCE_OCID"
                    ],
                    "recommendation": "Ensure that the deletion of an internet gateway is permitted for this VCN and its related resources. ",
                    "resource_type": "InternetGateway",
                    "service_type": "Networking",
                    "state": "ACTIVE",
                    "time_created": "2024-05-09 09:19:34.89 +0000 UTC",
                    "time_updated": "2024-05-09 09:19:34.89 +0000 UTC"
                  },
                  {
                    "data_source_id": "",
                    "description": "Compute images are the foundations for compute instances. A new image impacts every future compute instance launched from that image and imported images should come from known and trusted sources.",
                    "details": [
                      {
                        "condition_groups": [],
                        "configurations": [],
                        "is_configuration_allowed": false,
                        "is_enabled": true,
                        "labels": [
                          "Compute"
                        ],
                        "risk_level": "MINOR"
                      }
                    ],
                    "detector": "IAAS_ACTIVITY_DETECTOR",
                    "detector_rule_id": "IMPORT_IMAGE",
                    "display_name": "Import Image",
                    "entities_mappings": [],
                    "lifecycle_details": "",
                    "managed_list_types": [
                      "RESOURCE_OCID"
                    ],
                    "recommendation": "Ensure that the compute image being imported is from a trusted sources like Oracle or trusted compute administrator and that it was imported by a person expected to bring new images into your environment.",
                    "resource_type": "Instance",
                    "service_type": "Compute",
                    "state": "ACTIVE",
                    "time_created": "2024-05-09 09:19:34.89 +0000 UTC",
                    "time_updated": "2024-05-09 09:19:34.89 +0000 UTC"
                  },
                  {
                    "data_source_id": "",
                    "description": "To access Oracle Cloud Infrastructure, a user must have the required credentials like API keys, auth tokens and other credentials. An IAM administrator can enable/disable these capabilities for individual users. This detector rule triggers a problem when such capabilities are modified.",
                    "details": [
                      {
                        "condition_groups": [],
                        "configurations": [],
                        "is_configuration_allowed": false,
                        "is_enabled": true,
                        "labels": [
                          "CIS_OCI_V1.0_MONITORING",
                          "CIS_OCI_V1.1_MONITORING",
                          "IAM"
                        ],
                        "risk_level": "LOW"
                      }
                    ],
                    "detector": "IAAS_ACTIVITY_DETECTOR",
                    "detector_rule_id": "IAM_USER_CAPABILITIES_MODIFIED",
                    "display_name": "IAM User capabilities modified",
                    "entities_mappings": [],
                    "lifecycle_details": "",
                    "managed_list_types": [
                      "RESOURCE_OCID"
                    ],
                    "recommendation": "Ensure that the \"User capabilities\" are allowed to be enabled/disabled for these users.",
                    "resource_type": "User",
                    "service_type": "IAM",
                    "state": "ACTIVE",
                    "time_created": "2024-05-09 09:19:34.89 +0000 UTC",
                    "time_updated": "2024-05-09 09:19:34.89 +0000 UTC"
                  },
                  {
                    "data_source_id": "",
                    "description": "Groups may control access to resources and privileges. This detector rule triggers a problem when a new IAM group is created.",
                    "details": [
                      {
                        "condition_groups": [],
                        "configurations": [],
                        "is_configuration_allowed": false,
                        "is_enabled": false,
                        "labels": [
                          "CIS_OCI_V1.0_MONITORING",
                          "CIS_OCI_V1.1_MONITORING",
                          "IAM"
                        ],
                        "risk_level": "MINOR"
                      }
                    ],
                    "detector": "IAAS_ACTIVITY_DETECTOR",
                    "detector_rule_id": "IAM_GROUP_CREATED",
                    "display_name": "IAM Group created",
                    "entities_mappings": [],
                    "lifecycle_details": "",
                    "managed_list_types": [
                      "RESOURCE_OCID"
                    ],
                    "recommendation": "Groups may control access to resources and privileges, hence any group creation should be monitored.",
                    "resource_type": "Group",
                    "service_type": "IAM",
                    "state": "ACTIVE",
                    "time_created": "2024-05-09 09:19:34.89 +0000 UTC",
                    "time_updated": "2024-05-09 09:19:34.89 +0000 UTC"
                  },
                  {
                    "data_source_id": "",
                    "description": "Internet gateways are virtual routers you can add to your VCN to enable direct connectivity (inbound from or outbound) to the internet. ",
                    "details": [
                      {
                        "condition_groups": [],
                        "configurations": [],
                        "is_configuration_allowed": false,
                        "is_enabled": true,
                        "labels": [
                          "CIS_OCI_V1.0_MONITORING",
                          "CIS_OCI_V1.1_MONITORING",
                          "Network"
                        ],
                        "risk_level": "MEDIUM"
                      }
                    ],
                    "detector": "IAAS_ACTIVITY_DETECTOR",
                    "detector_rule_id": "INTERNET_GATEWAY_CREATED",
                    "display_name": "VCN Internet Gateway created",
                    "entities_mappings": [],
                    "lifecycle_details": "",
                    "managed_list_types": [
                      "RESOURCE_OCID"
                    ],
                    "recommendation": "Ensure that the creation of an internet gateway is permitted for this VCN and its related resources. ",
                    "resource_type": "InternetGateway",
                    "service_type": "Networking",
                    "state": "ACTIVE",
                    "time_created": "2024-05-09 09:19:34.89 +0000 UTC",
                    "time_updated": "2024-05-09 09:19:34.89 +0000 UTC"
                  },
                  {
                    "data_source_id": "",
                    "description": "Customer secret keys are created for Amazon S3 Compatibility API with Object Storage. This detector creates a problem whenever a Customer secret key is created for a user. They can be created by users themselves or by an admin with the right privileges.",
                    "details": [
                      {
                        "condition_groups": [],
                        "configurations": [],
                        "is_configuration_allowed": false,
                        "is_enabled": false,
                        "labels": [
                          "IAM_Credentials",
                          "CIS_OCI_V1.0_MONITORING",
                          "CIS_OCI_V1.1_MONITORING",
                          "IAM"
                        ],
                        "risk_level": "LOW"
                      }
                    ],
                    "detector": "IAAS_ACTIVITY_DETECTOR",
                    "detector_rule_id": "IAM_CUSTOMER_KEY_CREATED",
                    "display_name": "IAM Customer keys created",
                    "entities_mappings": [],
                    "lifecycle_details": "",
                    "managed_list_types": [
                      "RESOURCE_OCID"
                    ],
                    "recommendation": "Ensure these keys or credentials are being created by and for authorized users.",
                    "resource_type": "User",
                    "service_type": "IAM",
                    "state": "ACTIVE",
                    "time_created": "2024-05-09 09:19:34.89 +0000 UTC",
                    "time_updated": "2024-05-09 09:19:34.89 +0000 UTC"
                  },
                  {
                    "data_source_id": "",
                    "description": "Removing a user from a group need to be an authorized action and should be done by a user or admin with the right privileges. This detector creates a problem when the operation is done by a user.",
                    "details": [
                      {
                        "condition_groups": [],
                        "configurations": [],
                        "is_configuration_allowed": false,
                        "is_enabled": false,
                        "labels": [
                          "IAM",
                          "CIS_OCI_V1.0_MONITORING",
                          "CIS_OCI_V1.1_MONITORING"
                        ],
                        "risk_level": "MINOR"
                      }
                    ],
                    "detector": "IAAS_ACTIVITY_DETECTOR",
                    "detector_rule_id": "USER_REMOVED_FROM_GROUP",
                    "display_name": "User removed from group",
                    "entities_mappings": [],
                    "lifecycle_details": "",
                    "managed_list_types": [
                      "RESOURCE_OCID"
                    ],
                    "recommendation": "Ensure that the group memberships modifications are done by the authorized users.",
                    "resource_type": "Group",
                    "service_type": "IAM",
                    "state": "ACTIVE",
                    "time_created": "2024-05-09 09:19:34.89 +0000 UTC",
                    "time_updated": "2024-05-09 09:19:34.89 +0000 UTC"
                  },
                  {
                    "data_source_id": "",
                    "description": "Attaching a DRG (Dynamic Routing gateways) to a VCN  provides a path for private traffic between your VCN and networks outside your VCN, for example your on-prem network. This detector triggers a problem when such DRG attachment to a VCN has been removed.",
                    "details": [
                      {
                        "condition_groups": [],
                        "configurations": [],
                        "is_configuration_allowed": false,
                        "is_enabled": false,
                        "labels": [
                          "CIS_OCI_V1.0_MONITORING",
                          "CIS_OCI_V1.1_MONITORING",
                          "Network"
                        ],
                        "risk_level": "MINOR"
                      }
                    ],
                    "detector": "IAAS_ACTIVITY_DETECTOR",
                    "detector_rule_id": "DRG_DETACHED_FROM_VCN",
                    "display_name": "DRG detached from a VCN",
                    "entities_mappings": [],
                    "lifecycle_details": "",
                    "managed_list_types": [
                      "RESOURCE_OCID"
                    ],
                    "recommendation": "Ensure that detaching of this DRG component from your VCN is permitted by the resource (User).",
                    "resource_type": "DRG",
                    "service_type": "Networking",
                    "state": "ACTIVE",
                    "time_created": "2024-05-09 09:19:34.89 +0000 UTC",
                    "time_updated": "2024-05-09 09:19:34.89 +0000 UTC"
                  },
                  {
                    "data_source_id": "",
                    "description": "Customer secret keys are created for Amazon S3 Compatibility API with Object Storage. This detector creates a problem whenever a Customer secret key is deleted for a user.",
                    "details": [
                      {
                        "condition_groups": [],
                        "configurations": [],
                        "is_configuration_allowed": false,
                        "is_enabled": false,
                        "labels": [
                          "IAM_Credentials",
                          "CIS_OCI_V1.0_MONITORING",
                          "CIS_OCI_V1.1_MONITORING",
                          "IAM"
                        ],
                        "risk_level": "MINOR"
                      }
                    ],
                    "detector": "IAAS_ACTIVITY_DETECTOR",
                    "detector_rule_id": "IAM_CUSTOMER_KEY_DELETED",
                    "display_name": "IAM Customer keys deleted",
                    "entities_mappings": [],
                    "lifecycle_details": "",
                    "managed_list_types": [
                      "RESOURCE_OCID"
                    ],
                    "recommendation": "Ensure these keys or credentials are being deleted by and for authorized users.",
                    "resource_type": "User",
                    "service_type": "IAM",
                    "state": "ACTIVE",
                    "time_created": "2024-05-09 09:19:34.89 +0000 UTC",
                    "time_updated": "2024-05-09 09:19:34.89 +0000 UTC"
                  },
                  {
                    "data_source_id": "",
                    "description": "DRG or Dynamic Routing gateways are used when connecting your existing on-premises network to your virtual cloud network (VCN) with IPSEC VPN or FastConnect. This detector triggers a problem when a new DRG is created.",
                    "details": [
                      {
                        "condition_groups": [],
                        "configurations": [],
                        "is_configuration_allowed": false,
                        "is_enabled": false,
                        "labels": [
                          "CIS_OCI_V1.0_MONITORING",
                          "CIS_OCI_V1.1_MONITORING",
                          "Network"
                        ],
                        "risk_level": "MINOR"
                      }
                    ],
                    "detector": "IAAS_ACTIVITY_DETECTOR",
                    "detector_rule_id": "DRG_CREATED",
                    "display_name": "DRG created",
                    "entities_mappings": [],
                    "lifecycle_details": "",
                    "managed_list_types": [
                      "RESOURCE_OCID"
                    ],
                    "recommendation": "Ensure that the creation of a new DRG is permitted and expected in this compartment by the resource (User).",
                    "resource_type": "DRG",
                    "service_type": "Networking",
                    "state": "ACTIVE",
                    "time_created": "2024-05-09 09:19:34.89 +0000 UTC",
                    "time_updated": "2024-05-09 09:19:34.89 +0000 UTC"
                  },
                  {
                    "data_source_id": "",
                    "description": "Auth tokens can be used to authenticate with third-party APIs. This detector creates a problem whenever an Auth token is deleted for a user.",
                    "details": [
                      {
                        "condition_groups": [],
                        "configurations": [],
                        "is_configuration_allowed": false,
                        "is_enabled": false,
                        "labels": [
                          "IAM_Credentials",
                          "CIS_OCI_V1.0_MONITORING",
                          "CIS_OCI_V1.1_MONITORING",
                          "IAM"
                        ],
                        "risk_level": "MINOR"
                      }
                    ],
                    "detector": "IAAS_ACTIVITY_DETECTOR",
                    "detector_rule_id": "IAM_AUTH_TOKEN_DELETED",
                    "display_name": "IAM Auth token deleted",
                    "entities_mappings": [],
                    "lifecycle_details": "",
                    "managed_list_types": [
                      "RESOURCE_OCID"
                    ],
                    "recommendation": "Ensure these keys or credentials are being deleted by and for authorized users.",
                    "resource_type": "User",
                    "service_type": "IAM",
                    "state": "ACTIVE",
                    "time_created": "2024-05-09 09:19:34.89 +0000 UTC",
                    "time_updated": "2024-05-09 09:19:34.89 +0000 UTC"
                  },
                  {
                    "data_source_id": "",
                    "description": "Virtual route tables have rules that look and act like traditional network route rules. Misconfigured route tables may send network traffic to be dropped (blackholed) or sent to an unintended target.",
                    "details": [
                      {
                        "condition_groups": [],
                        "configurations": [],
                        "is_configuration_allowed": false,
                        "is_enabled": true,
                        "labels": [
                          "CIS_OCI_V1.0_MONITORING",
                          "CIS_OCI_V1.1_MONITORING",
                          "Network"
                        ],
                        "risk_level": "MEDIUM"
                      }
                    ],
                    "detector": "IAAS_ACTIVITY_DETECTOR",
                    "detector_rule_id": "ROUTE_TABLE_CHANGED",
                    "display_name": "VCN Route Table changed",
                    "entities_mappings": [],
                    "lifecycle_details": "",
                    "managed_list_types": [
                      "RESOURCE_OCID"
                    ],
                    "recommendation": "Ensure that the change to the route table is permitted and expected in this compartment.",
                    "resource_type": "RouteTable",
                    "service_type": "Networking",
                    "state": "ACTIVE",
                    "time_created": "2024-05-09 09:19:34.89 +0000 UTC",
                    "time_updated": "2024-05-09 09:19:34.89 +0000 UTC"
                  },
                  {
                    "data_source_id": "",
                    "description": "Compute images may be equivalent to \"data drives\" and contain sensitive information. Images that may contain anything proprietary should be identified accordingly with export privileges permitted only to suitable OCI administrators.",
                    "details": [
                      {
                        "condition_groups": [],
                        "configurations": [],
                        "is_configuration_allowed": false,
                        "is_enabled": true,
                        "labels": [
                          "Compute"
                        ],
                        "risk_level": "MINOR"
                      }
                    ],
                    "detector": "IAAS_ACTIVITY_DETECTOR",
                    "detector_rule_id": "EXPORT_IMAGE",
                    "display_name": "Export Image",
                    "entities_mappings": [],
                    "lifecycle_details": "",
                    "managed_list_types": [
                      "RESOURCE_OCID"
                    ],
                    "recommendation": "Images that contain anything proprietary should be tagged accordingly with export privileges allowed only to suitable OCI administrators.",
                    "resource_type": "Instance",
                    "service_type": "Compute",
                    "state": "ACTIVE",
                    "time_created": "2024-05-09 09:19:34.89 +0000 UTC",
                    "time_updated": "2024-05-09 09:19:34.89 +0000 UTC"
                  },
                  {
                    "data_source_id": "",
                    "description": "Security lists act as virtual firewalls for compute instances and other resources and consists of sets of ingress and egress rules that apply to all the VNICs in any subnet associated with that security list. Multiple security lists may apply to resources and give access to ports and IP addresses for those resources.",
                    "details": [
                      {
                        "condition_groups": [],
                        "configurations": [],
                        "is_configuration_allowed": false,
                        "is_enabled": true,
                        "labels": [
                          "CIS_OCI_V1.0_MONITORING",
                          "CIS_OCI_V1.1_MONITORING",
                          "Network"
                        ],
                        "risk_level": "LOW"
                      }
                    ],
                    "detector": "IAAS_ACTIVITY_DETECTOR",
                    "detector_rule_id": "VCN_SECURITY_LIST_CREATED",
                    "display_name": "VCN Security List created",
                    "entities_mappings": [],
                    "lifecycle_details": "",
                    "managed_list_types": [
                      "RESOURCE_OCID"
                    ],
                    "recommendation": "Ensure that the creation of this security list is permitted for this VCN and its related resources. ",
                    "resource_type": "SecurityList",
                    "service_type": "Networking",
                    "state": "ACTIVE",
                    "time_created": "2024-05-09 09:19:34.89 +0000 UTC",
                    "time_updated": "2024-05-09 09:19:34.89 +0000 UTC"
                  },
                  {
                    "data_source_id": "",
                    "description": "Network security groups (NSGs) act as a virtual firewall for compute instances and other kinds of resources. NSGs have a set of inbound (ingress) and outbound (egress) security rules applied to a set of virtual NICs in a VCN. Changes to NSGs ingress rules may allow connections and traffic to new resources and VNICs in the VCN.",
                    "details": [
                      {
                        "condition_groups": [],
                        "configurations": [],
                        "is_configuration_allowed": false,
                        "is_enabled": true,
                        "labels": [
                          "CIS_OCI_V1.0_MONITORING",
                          "CIS_OCI_V1.1_MONITORING",
                          "Network"
                        ],
                        "risk_level": "MEDIUM"
                      }
                    ],
                    "detector": "IAAS_ACTIVITY_DETECTOR",
                    "detector_rule_id": "NSG_INGRESS_RULE_CHANGED",
                    "display_name": "VCN Network Security Group ingress rule changed",
                    "entities_mappings": [],
                    "lifecycle_details": "",
                    "managed_list_types": [
                      "RESOURCE_OCID"
                    ],
                    "recommendation": "Ensure that the new ingress rules are permitted for this NSG and its related resources. ",
                    "resource_type": "NSG",
                    "service_type": "Networking",
                    "state": "ACTIVE",
                    "time_created": "2024-05-09 09:19:34.89 +0000 UTC",
                    "time_updated": "2024-05-09 09:19:34.89 +0000 UTC"
                  },
                  {
                    "data_source_id": "",
                    "description": "Security lists act as virtual firewalls for compute instances and other resources and consists of sets of ingress and egress rules that apply to all the VNICs in any subnet associated with that security list. Multiple security lists may apply to resources and give access to ports and IP addresses for those resources.",
                    "details": [
                      {
                        "condition_groups": [],
                        "configurations": [],
                        "is_configuration_allowed": false,
                        "is_enabled": true,
                        "labels": [
                          "CIS_OCI_V1.0_MONITORING",
                          "CIS_OCI_V1.1_MONITORING",
                          "Network"
                        ],
                        "risk_level": "MEDIUM"
                      }
                    ],
                    "detector": "IAAS_ACTIVITY_DETECTOR",
                    "detector_rule_id": "VCN_SECURITY_LIST_EGRESS_RULES_CHANGED",
                    "display_name": "VCN Security List egress rules changed",
                    "entities_mappings": [],
                    "lifecycle_details": "",
                    "managed_list_types": [
                      "RESOURCE_OCID"
                    ],
                    "recommendation": "Ensure that the changes to the egress rules are permitted for this security list and its related resources.",
                    "resource_type": "SecurityList",
                    "service_type": "Networking",
                    "state": "ACTIVE",
                    "time_created": "2024-05-09 09:19:34.89 +0000 UTC",
                    "time_updated": "2024-05-09 09:19:34.89 +0000 UTC"
                  },
                  {
                    "data_source_id": "",
                    "description": "Security lists act as virtual firewalls for compute instances and other resources and consists of sets of ingress and egress rules that apply to all the VNICs in any subnet associated with that security list. Multiple security lists may apply to resources and give access to ports and IP addresses for those resources.",
                    "details": [
                      {
                        "condition_groups": [],
                        "configurations": [],
                        "is_configuration_allowed": false,
                        "is_enabled": true,
                        "labels": [
                          "CIS_OCI_V1.0_MONITORING",
                          "CIS_OCI_V1.1_MONITORING",
                          "Network"
                        ],
                        "risk_level": "MEDIUM"
                      }
                    ],
                    "detector": "IAAS_ACTIVITY_DETECTOR",
                    "detector_rule_id": "VCN_SECURITY_LIST_INGRESS_RULES_CHANGED",
                    "display_name": "VCN Security List ingress rules changed",
                    "entities_mappings": [],
                    "lifecycle_details": "",
                    "managed_list_types": [
                      "RESOURCE_OCID"
                    ],
                    "recommendation": "Ensure that the changes to the ingress rules are permitted for this security list and its related resources. ",
                    "resource_type": "SecurityList",
                    "service_type": "Networking",
                    "state": "ACTIVE",
                    "time_created": "2024-05-09 09:19:34.89 +0000 UTC",
                    "time_updated": "2024-05-09 09:19:34.89 +0000 UTC"
                  },
                  {
                    "data_source_id": "",
                    "description": "Subnets are subnet a subdivision of a VCN. Subnets may connect Compute instances in a given subnet use the same route table, security lists, and DHCP options. Removing a subnet is equivalent to removing a network segment.",
                    "details": [
                      {
                        "condition_groups": [],
                        "configurations": [],
                        "is_configuration_allowed": false,
                        "is_enabled": true,
                        "labels": [
                          "Network"
                        ],
                        "risk_level": "LOW"
                      }
                    ],
                    "detector": "IAAS_ACTIVITY_DETECTOR",
                    "detector_rule_id": "SUBNET_DELETED",
                    "display_name": "Subnet deleted",
                    "entities_mappings": [],
                    "lifecycle_details": "",
                    "managed_list_types": [
                      "RESOURCE_OCID"
                    ],
                    "recommendation": "Ensure that the removal of the VCN subnet is permitted and expected in this compartment.",
                    "resource_type": "Subnet",
                    "service_type": "Networking",
                    "state": "ACTIVE",
                    "time_created": "2024-05-09 09:19:34.89 +0000 UTC",
                    "time_updated": "2024-05-09 09:19:34.89 +0000 UTC"
                  },
                  {
                    "data_source_id": "",
                    "description": "Multi-factor authentication (MFA) increases security by requiring compromise of more than one credential to impersonate a user. Unauthorized users will be unable to meet the second authentication requirement and will not be able to access the environment.",
                    "details": [
                      {
                        "condition_groups": [],
                        "configurations": [],
                        "is_configuration_allowed": false,
                        "is_enabled": true,
                        "labels": [
                          "CIS_OCI_V1.0_MONITORING",
                          "CIS_OCI_V1.1_MONITORING",
                          "IAM"
                        ],
                        "risk_level": "HIGH"
                      }
                    ],
                    "detector": "IAAS_ACTIVITY_DETECTOR",
                    "detector_rule_id": "NON_MFA_USER_LOGIN",
                    "display_name": "Local user authenticated without MFA",
                    "entities_mappings": [],
                    "lifecycle_details": "",
                    "managed_list_types": [
                      "RESOURCE_OCID"
                    ],
                    "recommendation": "Ensure that the login attempt is performed by an authorised user",
                    "resource_type": "User",
                    "service_type": "IAM",
                    "state": "ACTIVE",
                    "time_created": "2024-05-09 09:19:34.89 +0000 UTC",
                    "time_updated": "2024-05-09 09:19:34.89 +0000 UTC"
                  }
                ],
                "id": "ocid1.cloudguarddetectorrecipe.oc1.eu-paris-1.amaaaaaa6aytp6cq5ccdeaf4pp7up7d4qwqdxn2mcnx37xhfjpge5w6e4zba",
                "owner": "ORACLE",
                "state": "ACTIVE",
                "time_created": "2024-05-09 09:19:34.89 +0000 UTC",
                "time_updated": "2024-05-09 09:19:34.89 +0000 UTC"
              }
            ],
            "target_resource_id": "ocid1.tenancy.oc1..aaaaaaaaybaroxvhi6u2kygooe3qswfhxfc6q7jo3gyh26r27pl7lfwriq2a",
            "target_resource_type": "COMPARTMENT",
            "target_responder_recipes": [
              {
                "compartment_id": "ocid1.tenancy.oc1..aaaaaaaaybaroxvhi6u2kygooe3qswfhxfc6q7jo3gyh26r27pl7lfwriq2a",
                "description": "This is an Oracle managed Oracle Cloud Infrastructure recipe with notification and remediation responder rules. To create your own recipe, clone an existing Oracle managed recipe from the root compartment",
                "display_name": "OCI Responder Recipe",
                "effective_responder_rules": [
                  {
                    "compartment_id": "",
                    "description": "Publishes the problem details to Oracle Cloud Infrastructure Events Service",
                    "details": [
                      {
                        "condition": "",
                        "configurations": [],
                        "is_enabled": true,
                        "mode": "AUTOACTION"
                      }
                    ],
                    "display_name": "Cloud Event",
                    "lifecycle_details": "",
                    "policies": [],
                    "responder_rule_id": "EVENT",
                    "state": "ACTIVE",
                    "supported_modes": [
                      "AUTOACTION",
                      "USERACTION"
                    ],
                    "time_created": "2024-05-09 09:19:34.89 +0000 UTC",
                    "time_updated": "2024-05-09 09:19:34.89 +0000 UTC",
                    "type": "NOTIFICATION"
                  },
                  {
                    "compartment_id": "",
                    "description": "Changes the Object Storage Bucket's visibility from public to private",
                    "details": [
                      {
                        "condition": "",
                        "configurations": [
                          {
                            "config_key": "isPostRemediateNotifyEnabled",
                            "name": "Post Remediation Notification",
                            "value": "true"
                          }
                        ],
                        "is_enabled": true,
                        "mode": "USERACTION"
                      }
                    ],
                    "display_name": "Make Bucket Private",
                    "lifecycle_details": "",
                    "policies": [
                      "Allow service cloudguard to manage buckets in {{location}}"
                    ],
                    "responder_rule_id": "MAKE_BUCKET_PRIVATE",
                    "state": "ACTIVE",
                    "supported_modes": [
                      "AUTOACTION",
                      "USERACTION"
                    ],
                    "time_created": "2024-05-09 09:19:34.89 +0000 UTC",
                    "time_updated": "2024-05-09 09:19:34.89 +0000 UTC",
                    "type": "REMEDIATION"
                  },
                  {
                    "compartment_id": "",
                    "description": "Deletes Public IPs of Oracle Cloud Infrastructure Compute Instance",
                    "details": [
                      {
                        "condition": "",
                        "configurations": [
                          {
                            "config_key": "isPostRemediateNotifyEnabled",
                            "name": "Post Remediation Notification",
                            "value": "true"
                          }
                        ],
                        "is_enabled": true,
                        "mode": "USERACTION"
                      }
                    ],
                    "display_name": "Delete Public IP(s)",
                    "lifecycle_details": "",
                    "policies": [
                      "Allow service cloudguard to manage private-ips in {{location}}",
                      "Allow service cloudguard to manage public-ips in {{location}}"
                    ],
                    "responder_rule_id": "DELETE_PUBLIC_IP",
                    "state": "ACTIVE",
                    "supported_modes": [
                      "AUTOACTION",
                      "USERACTION"
                    ],
                    "time_created": "2024-05-09 09:19:34.89 +0000 UTC",
                    "time_updated": "2024-05-09 09:19:34.89 +0000 UTC",
                    "type": "REMEDIATION"
                  },
                  {
                    "compartment_id": "",
                    "description": "Gracefully shuts down the Oracle Cloud Infrastructure Compute Instance",
                    "details": [
                      {
                        "condition": "",
                        "configurations": [
                          {
                            "config_key": "isPostRemediateNotifyEnabled",
                            "name": "Post Remediation Notification",
                            "value": "true"
                          }
                        ],
                        "is_enabled": true,
                        "mode": "USERACTION"
                      }
                    ],
                    "display_name": "Stop Compute Instance",
                    "lifecycle_details": "",
                    "policies": [
                      "Allow service cloudguard to manage instance-family in {{location}}"
                    ],
                    "responder_rule_id": "STOP_INSTANCE",
                    "state": "ACTIVE",
                    "supported_modes": [
                      "AUTOACTION",
                      "USERACTION"
                    ],
                    "time_created": "2024-05-09 09:19:34.89 +0000 UTC",
                    "time_updated": "2024-05-09 09:19:34.89 +0000 UTC",
                    "type": "REMEDIATION"
                  },
                  {
                    "compartment_id": "",
                    "description": "Preserves boot volume and terminates the Oracle Cloud Infrastructure Compute Instance",
                    "details": [
                      {
                        "condition": "",
                        "configurations": [
                          {
                            "config_key": "isPostRemediateNotifyEnabled",
                            "name": "Post Remediation Notification",
                            "value": "true"
                          }
                        ],
                        "is_enabled": true,
                        "mode": "USERACTION"
                      }
                    ],
                    "display_name": "Terminate Compute Instance",
                    "lifecycle_details": "",
                    "policies": [
                      "Allow service cloudguard to manage instance-family in {{location}}"
                    ],
                    "responder_rule_id": "TERMINATE_INSTANCE",
                    "state": "ACTIVE",
                    "supported_modes": [
                      "USERACTION"
                    ],
                    "time_created": "2024-05-09 09:19:34.89 +0000 UTC",
                    "time_updated": "2024-05-09 09:19:34.89 +0000 UTC",
                    "type": "REMEDIATION"
                  },
                  {
                    "compartment_id": "",
                    "description": "Disables IAM user's capabilities",
                    "details": [
                      {
                        "condition": "",
                        "configurations": [
                          {
                            "config_key": "isPostRemediateNotifyEnabled",
                            "name": "Post Remediation Notification",
                            "value": "true"
                          }
                        ],
                        "is_enabled": true,
                        "mode": "USERACTION"
                      }
                    ],
                    "display_name": "Disable IAM User",
                    "lifecycle_details": "",
                    "policies": [
                      "Allow service cloudguard to manage users in tenancy"
                    ],
                    "responder_rule_id": "DISABLE_IAM_USER",
                    "state": "ACTIVE",
                    "supported_modes": [
                      "AUTOACTION",
                      "USERACTION"
                    ],
                    "time_created": "2024-05-09 09:19:34.89 +0000 UTC",
                    "time_updated": "2024-05-09 09:19:34.89 +0000 UTC",
                    "type": "REMEDIATION"
                  },
                  {
                    "compartment_id": "",
                    "description": "Rotates Oracle Cloud Infrastructure Vault Key to create new key version",
                    "details": [
                      {
                        "condition": "",
                        "configurations": [
                          {
                            "config_key": "isPostRemediateNotifyEnabled",
                            "name": "Post Remediation Notification",
                            "value": "true"
                          }
                        ],
                        "is_enabled": true,
                        "mode": "USERACTION"
                      }
                    ],
                    "display_name": "Rotate Vault Key",
                    "lifecycle_details": "",
                    "policies": [
                      "Allow service cloudguard to manage keys in {{location}}"
                    ],
                    "responder_rule_id": "ROTATE_VAULT_KEY",
                    "state": "ACTIVE",
                    "supported_modes": [
                      "USERACTION"
                    ],
                    "time_created": "2024-05-09 09:19:34.89 +0000 UTC",
                    "time_updated": "2024-05-09 09:19:34.89 +0000 UTC",
                    "type": "REMEDIATION"
                  },
                  {
                    "compartment_id": "",
                    "description": "Deletes IAM policy giving too many privileges",
                    "details": [
                      {
                        "condition": "",
                        "configurations": [
                          {
                            "config_key": "isPostRemediateNotifyEnabled",
                            "name": "Post Remediation Notification",
                            "value": "true"
                          }
                        ],
                        "is_enabled": true,
                        "mode": "USERACTION"
                      }
                    ],
                    "display_name": "Delete IAM Policy",
                    "lifecycle_details": "",
                    "policies": [
                      "Allow service cloudguard to manage policies in {{location}}"
                    ],
                    "responder_rule_id": "DELETE_IAM_POLICY",
                    "state": "ACTIVE",
                    "supported_modes": [
                      "AUTOACTION",
                      "USERACTION"
                    ],
                    "time_created": "2024-05-09 09:19:34.89 +0000 UTC",
                    "time_updated": "2024-05-09 09:19:34.89 +0000 UTC",
                    "type": "REMEDIATION"
                  },
                  {
                    "compartment_id": "",
                    "description": "Enables automatic database backup to Oracle Cloud Infrastructure Object Storage",
                    "details": [
                      {
                        "condition": "",
                        "configurations": [
                          {
                            "config_key": "autoBackupWindowConfig",
                            "name": "Backup time window (Slot)",
                            "value": ""
                          },
                          {
                            "config_key": "recoveryWindowInDaysConfig",
                            "name": "Backup retention period in days",
                            "value": ""
                          },
                          {
                            "config_key": "isPostRemediateNotifyEnabled",
                            "name": "Post Remediation Notification",
                            "value": "true"
                          }
                        ],
                        "is_enabled": true,
                        "mode": "USERACTION"
                      }
                    ],
                    "display_name": "Enable DB Backup",
                    "lifecycle_details": "",
                    "policies": [
                      "Allow service cloudguard to manage backups in {{location}}",
                      "Allow service cloudguard to manage databases in {{location}}"
                    ],
                    "responder_rule_id": "ENABLE_DB_BACKUP",
                    "state": "ACTIVE",
                    "supported_modes": [
                      "AUTOACTION",
                      "USERACTION"
                    ],
                    "time_created": "2024-05-09 09:19:34.89 +0000 UTC",
                    "time_updated": "2024-05-09 09:19:34.89 +0000 UTC",
                    "type": "REMEDIATION"
                  },
                  {
                    "compartment_id": "",
                    "description": "Deletes Internet Gateway associated with a VCN",
                    "details": [
                      {
                        "condition": "",
                        "configurations": [
                          {
                            "config_key": "isPostRemediateNotifyEnabled",
                            "name": "Post Remediation Notification",
                            "value": "true"
                          }
                        ],
                        "is_enabled": true,
                        "mode": "USERACTION"
                      }
                    ],
                    "display_name": "Delete Internet Gateway",
                    "lifecycle_details": "",
                    "policies": [
                      "Allow service cloudguard to manage internet-gateways in {{location}}",
                      "Allow service cloudguard to manage vcns in {{location}}",
                      "Allow service cloudguard to manage route-tables in {{location}}"
                    ],
                    "responder_rule_id": "DELETE_INTERNET_GATEWAY",
                    "state": "ACTIVE",
                    "supported_modes": [
                      "AUTOACTION",
                      "USERACTION"
                    ],
                    "time_created": "2024-05-09 09:19:34.89 +0000 UTC",
                    "time_updated": "2024-05-09 09:19:34.89 +0000 UTC",
                    "type": "REMEDIATION"
                  }
                ],
                "id": "ocid1.cloudguardresponderrecipe.oc1.eu-paris-1.amaaaaaa6aytp6cqmvc5qpe6o5h72vyifkfnxmbwtmj7o5a3yvtxsop7hz7q",
                "owner": "ORACLE",
                "responder_recipe_id": "ocid1.cloudguardresponderrecipe.oc1.eu-paris-1.amaaaaaa6aytp6cqg6zvzgjyu4iczyo5lvvixppj6qs33qrkurzefblupova",
                "responder_rules": [],
                "time_created": "2024-05-09 09:19:34.89 +0000 UTC",
                "time_updated": "2024-05-09 09:19:34.89 +0000 UTC"
              }
            ],
            "time_created": "2024-05-09 09:19:34.89 +0000 UTC",
            "time_updated": "2024-05-09 09:19:34.89 +0000 UTC",
            "timeouts": null
          },
          "sensitive_attributes": [],
          "private": "eyJlMmJmYjczMC1lY2FhLTExZTYtOGY4OC0zNDM2M2JjN2M0YzAiOnsiY3JlYXRlIjoxMjAwMDAwMDAwMDAwLCJkZWxldGUiOjEyMDAwMDAwMDAwMDAsInVwZGF0ZSI6MTIwMDAwMDAwMDAwMH19",
          "dependencies": [
            "data.oci_identity_compartment.existing_enclosing_compartment",
            "data.oci_identity_regions.these",
            "data.oci_identity_tenancy.this",
            "module.lz_cloud_guard.data.oci_cloud_guard_detector_recipes.activity",
            "module.lz_cloud_guard.data.oci_cloud_guard_detector_recipes.configuration",
            "module.lz_cloud_guard.data.oci_cloud_guard_detector_recipes.threat",
            "module.lz_cloud_guard.data.oci_cloud_guard_responder_recipes.responder",
            "module.lz_cloud_guard.oci_cloud_guard_cloud_guard_configuration.this",
            "module.lz_cloud_guard.oci_cloud_guard_detector_recipe.activity_cloned",
            "module.lz_cloud_guard.oci_cloud_guard_detector_recipe.configuration_cloned",
            "module.lz_cloud_guard.oci_cloud_guard_detector_recipe.threat_cloned",
            "module.lz_cloud_guard.oci_cloud_guard_responder_recipe.responder_cloned",
            "module.lz_compartments.oci_identity_compartment.these",
            "module.lz_dynamic_groups.oci_identity_dynamic_group.these",
            "module.lz_services_policy.oci_identity_policy.these",
            "module.lz_top_compartment.oci_identity_compartment.these",
            "null_resource.wait_on_services_policy"
          ]
        }
      ]
    },
    {
      "module": "module.lz_compartments",
      "mode": "managed",
      "type": "oci_identity_compartment",
      "name": "these",
      "provider": "provider[\"registry.terraform.io/oracle/oci\"].home",
      "instances": [
        {
          "index_key": "LZdemo-devops-nprod-cmp",
          "schema_version": 0,
          "attributes": {
            "compartment_id": "ocid1.compartment.oc1..aaaaaaaazxskkhfpbjhfx25ude2qb7uqquuhz4vpo2ffzciyfo6qx2aczglq",
            "defined_tags": {
              "Oracle-Tags.CreatedBy": "default/mohamed.youssef.fersi@looyas.com",
              "Oracle-Tags.CreatedOn": "2024-05-09T09:17:34.451Z"
            },
            "description": "Landing Zone compartment for all devops nprod related resources.",
            "enable_delete": true,
            "freeform_tags": {
              "cis-landing-zone": "LZdemo-quickstart"
            },
            "id": "ocid1.compartment.oc1..aaaaaaaausf7nolbx3aph6vrubbqo3q6an2ezrymubjbe7hjxl7xravgvzzq",
            "inactive_state": null,
            "is_accessible": true,
            "name": "devops-nprod-cmp",
            "state": "ACTIVE",
            "time_created": "2024-05-09 09:17:34.479 +0000 UTC",
            "timeouts": null
          },
          "sensitive_attributes": [],
          "private": "eyJlMmJmYjczMC1lY2FhLTExZTYtOGY4OC0zNDM2M2JjN2M0YzAiOnsiZGVsZXRlIjo1NDAwMDAwMDAwMDAwfX0=",
          "dependencies": [
            "data.oci_identity_compartment.existing_enclosing_compartment",
            "data.oci_identity_regions.these",
            "data.oci_identity_tenancy.this",
            "module.lz_top_compartment.oci_identity_compartment.these"
          ]
        },
        {
          "index_key": "LZdemo-devops-prod-cmp",
          "schema_version": 0,
          "attributes": {
            "compartment_id": "ocid1.compartment.oc1..aaaaaaaazxskkhfpbjhfx25ude2qb7uqquuhz4vpo2ffzciyfo6qx2aczglq",
            "defined_tags": {
              "Oracle-Tags.CreatedBy": "default/mohamed.youssef.fersi@looyas.com",
              "Oracle-Tags.CreatedOn": "2024-05-09T09:17:34.293Z"
            },
            "description": "Landing Zone compartment for all devops prod related resources.",
            "enable_delete": true,
            "freeform_tags": {
              "cis-landing-zone": "LZdemo-quickstart"
            },
            "id": "ocid1.compartment.oc1..aaaaaaaahw3uzinqqlqmxiisol2xdrz6erw4lqmgxuyvsz5qmsfdo7w2xkha",
            "inactive_state": null,
            "is_accessible": true,
            "name": "devops-prod-cmp",
            "state": "ACTIVE",
            "time_created": "2024-05-09 09:17:34.346 +0000 UTC",
            "timeouts": null
          },
          "sensitive_attributes": [],
          "private": "eyJlMmJmYjczMC1lY2FhLTExZTYtOGY4OC0zNDM2M2JjN2M0YzAiOnsiZGVsZXRlIjo1NDAwMDAwMDAwMDAwfX0=",
          "dependencies": [
            "data.oci_identity_compartment.existing_enclosing_compartment",
            "data.oci_identity_regions.these",
            "data.oci_identity_tenancy.this",
            "module.lz_top_compartment.oci_identity_compartment.these"
          ]
        },
        {
          "index_key": "LZdemo-network-cmp",
          "schema_version": 0,
          "attributes": {
            "compartment_id": "ocid1.compartment.oc1..aaaaaaaazxskkhfpbjhfx25ude2qb7uqquuhz4vpo2ffzciyfo6qx2aczglq",
            "defined_tags": {
              "Oracle-Tags.CreatedBy": "default/mohamed.youssef.fersi@looyas.com",
              "Oracle-Tags.CreatedOn": "2024-05-09T09:17:34.335Z"
            },
            "description": "Landing Zone compartment for all network related resources: VCNs, subnets, network gateways, security lists, NSGs, load balancers, VNICs, and others.",
            "enable_delete": true,
            "freeform_tags": {
              "cis-landing-zone": "LZdemo-quickstart"
            },
            "id": "ocid1.compartment.oc1..aaaaaaaarcnomheb6ckz3wxjsdweboj7vreg2kx725ltq4ng3qohyfrupgxa",
            "inactive_state": null,
            "is_accessible": true,
            "name": "LZdemo-network-cmp",
            "state": "ACTIVE",
            "time_created": "2024-05-09 09:17:35.187 +0000 UTC",
            "timeouts": null
          },
          "sensitive_attributes": [],
          "private": "eyJlMmJmYjczMC1lY2FhLTExZTYtOGY4OC0zNDM2M2JjN2M0YzAiOnsiZGVsZXRlIjo1NDAwMDAwMDAwMDAwfX0=",
          "dependencies": [
            "data.oci_identity_compartment.existing_enclosing_compartment",
            "data.oci_identity_regions.these",
            "data.oci_identity_tenancy.this",
            "module.lz_top_compartment.oci_identity_compartment.these"
          ]
        },
        {
          "index_key": "LZdemo-nprod-cmp",
          "schema_version": 0,
          "attributes": {
            "compartment_id": "ocid1.compartment.oc1..aaaaaaaazxskkhfpbjhfx25ude2qb7uqquuhz4vpo2ffzciyfo6qx2aczglq",
            "defined_tags": {
              "Oracle-Tags.CreatedBy": "default/mohamed.youssef.fersi@looyas.com",
              "Oracle-Tags.CreatedOn": "2024-05-09T09:17:34.442Z"
            },
            "description": "Landing Zone compartment for all non productions related resources.",
            "enable_delete": true,
            "freeform_tags": {
              "cis-landing-zone": "LZdemo-quickstart"
            },
            "id": "ocid1.compartment.oc1..aaaaaaaa6f7wdw77gbtihannm3tlmciepdtcl4m4to33qwjyem35up4lrg2q",
            "inactive_state": null,
            "is_accessible": true,
            "name": "nprod-cmp",
            "state": "ACTIVE",
            "time_created": "2024-05-09 09:17:34.828 +0000 UTC",
            "timeouts": null
          },
          "sensitive_attributes": [],
          "private": "eyJlMmJmYjczMC1lY2FhLTExZTYtOGY4OC0zNDM2M2JjN2M0YzAiOnsiZGVsZXRlIjo1NDAwMDAwMDAwMDAwfX0=",
          "dependencies": [
            "data.oci_identity_compartment.existing_enclosing_compartment",
            "data.oci_identity_regions.these",
            "data.oci_identity_tenancy.this",
            "module.lz_top_compartment.oci_identity_compartment.these"
          ]
        },
        {
          "index_key": "LZdemo-prod-cmp",
          "schema_version": 0,
          "attributes": {
            "compartment_id": "ocid1.compartment.oc1..aaaaaaaazxskkhfpbjhfx25ude2qb7uqquuhz4vpo2ffzciyfo6qx2aczglq",
            "defined_tags": {
              "Oracle-Tags.CreatedBy": "default/mohamed.youssef.fersi@looyas.com",
              "Oracle-Tags.CreatedOn": "2024-05-09T09:17:33.922Z"
            },
            "description": "Landing Zone compartment for all productions related resources.",
            "enable_delete": true,
            "freeform_tags": {
              "cis-landing-zone": "LZdemo-quickstart"
            },
            "id": "ocid1.compartment.oc1..aaaaaaaa4ofr3xaz4qwganqar57r2sgjeeod4ejxtsrx46dnerwlowwvf3eq",
            "inactive_state": null,
            "is_accessible": true,
            "name": "prodUPDATE-cmp",
            "state": "ACTIVE",
            "time_created": "2024-05-09 09:17:33.967 +0000 UTC",
            "timeouts": null
          },
          "sensitive_attributes": [],
          "private": "eyJlMmJmYjczMC1lY2FhLTExZTYtOGY4OC0zNDM2M2JjN2M0YzAiOnsiZGVsZXRlIjo1NDAwMDAwMDAwMDAwfX0=",
          "dependencies": [
            "data.oci_identity_compartment.existing_enclosing_compartment",
            "data.oci_identity_regions.these",
            "data.oci_identity_tenancy.this",
            "module.lz_top_compartment.oci_identity_compartment.these"
          ]
        }
      ]
    },
    {
      "module": "module.lz_groups",
      "mode": "data",
      "type": "oci_identity_users",
      "name": "these",
      "provider": "provider[\"registry.terraform.io/oracle/oci\"].home",
      "instances": [
        {
          "schema_version": 0,
          "attributes": {
            "compartment_id": "ocid1.tenancy.oc1..aaaaaaaaybaroxvhi6u2kygooe3qswfhxfc6q7jo3gyh26r27pl7lfwriq2a",
            "external_identifier": null,
            "filter": null,
            "id": "IdentityUsersDataSource-390842708",
            "identity_provider_id": null,
            "name": null,
            "state": null,
            "users": [
              {
                "capabilities": [
                  {
                    "can_use_api_keys": true,
                    "can_use_auth_tokens": true,
                    "can_use_console_password": true,
                    "can_use_customer_secret_keys": true,
                    "can_use_db_credentials": true,
                    "can_use_oauth2client_credentials": true,
                    "can_use_smtp_credentials": true
                  }
                ],
                "compartment_id": "ocid1.tenancy.oc1..aaaaaaaaybaroxvhi6u2kygooe3qswfhxfc6q7jo3gyh26r27pl7lfwriq2a",
                "db_user_name": "",
                "defined_tags": {
                  "Oracle-Tags.CreatedBy": "default/hichem.maatallah@looyas.com",
                  "Oracle-Tags.CreatedOn": "2024-04-17T14:33:44.940Z"
                },
                "description": "",
                "email": "feriel.feki@esprit.tn",
                "email_verified": true,
                "external_identifier": "28c1fcd6f18e4bc280409b5d1ff38a2f",
                "freeform_tags": {},
                "id": "ocid1.user.oc1..aaaaaaaaqx3anx2ojcbx5vhk7gbgrgo24ztfwvbxwuxrlhnmwdrdaxaxhtfq",
                "identity_provider_id": "",
                "inactive_state": "",
                "last_successful_login_time": "2024-05-08 09:27:04.619 +0000 UTC",
                "name": "feriel.feki@esprit.tn",
                "previous_successful_login_time": "",
                "state": "ACTIVE",
                "time_created": "2024-04-17 14:33:44.965 +0000 UTC"
              },
              {
                "capabilities": [
                  {
                    "can_use_api_keys": true,
                    "can_use_auth_tokens": true,
                    "can_use_console_password": true,
                    "can_use_customer_secret_keys": true,
                    "can_use_db_credentials": true,
                    "can_use_oauth2client_credentials": true,
                    "can_use_smtp_credentials": true
                  }
                ],
                "compartment_id": "ocid1.tenancy.oc1..aaaaaaaaybaroxvhi6u2kygooe3qswfhxfc6q7jo3gyh26r27pl7lfwriq2a",
                "db_user_name": "",
                "defined_tags": {
                  "Oracle-Tags.CreatedBy": "default/hichem.maatallah@looyas.com",
                  "Oracle-Tags.CreatedOn": "2024-04-16T16:27:31.162Z"
                },
                "description": "",
                "email": "achkh005@gmail.com",
                "email_verified": true,
                "external_identifier": "2c141af11142411c936a4b8f0ff2c655",
                "freeform_tags": {},
                "id": "ocid1.user.oc1..aaaaaaaaf75xeuvfbxvv4soq33hdwkpxcuslrxbvqrsiesy22eoyib23tjba",
                "identity_provider_id": "",
                "inactive_state": "",
                "last_successful_login_time": "2024-05-08 20:49:39.184 +0000 UTC",
                "name": "achkh005@gmail.com",
                "previous_successful_login_time": "",
                "state": "ACTIVE",
                "time_created": "2024-04-16 16:27:31.19 +0000 UTC"
              },
              {
                "capabilities": [
                  {
                    "can_use_api_keys": true,
                    "can_use_auth_tokens": true,
                    "can_use_console_password": true,
                    "can_use_customer_secret_keys": true,
                    "can_use_db_credentials": true,
                    "can_use_oauth2client_credentials": true,
                    "can_use_smtp_credentials": true
                  }
                ],
                "compartment_id": "ocid1.tenancy.oc1..aaaaaaaaybaroxvhi6u2kygooe3qswfhxfc6q7jo3gyh26r27pl7lfwriq2a",
                "db_user_name": "",
                "defined_tags": {},
                "description": "",
                "email": "yosri.bensaad@looyas.com",
                "email_verified": true,
                "external_identifier": "475d26587a7f4ed7b5e39d06b5a623f8",
                "freeform_tags": {},
                "id": "ocid1.user.oc1..aaaaaaaaqmkvju6qwgs4ypdbeioiap6unwx75s7hfeenykdh7z3cknhpa7eq",
                "identity_provider_id": "",
                "inactive_state": "",
                "last_successful_login_time": "2024-05-08 16:42:25.741 +0000 UTC",
                "name": "yosri.bensaad@looyas.com",
                "previous_successful_login_time": "",
                "state": "ACTIVE",
                "time_created": "2022-09-19 15:51:44.908 +0000 UTC"
              },
              {
                "capabilities": [
                  {
                    "can_use_api_keys": true,
                    "can_use_auth_tokens": true,
                    "can_use_console_password": true,
                    "can_use_customer_secret_keys": true,
                    "can_use_db_credentials": true,
                    "can_use_oauth2client_credentials": true,
                    "can_use_smtp_credentials": true
                  }
                ],
                "compartment_id": "ocid1.tenancy.oc1..aaaaaaaaybaroxvhi6u2kygooe3qswfhxfc6q7jo3gyh26r27pl7lfwriq2a",
                "db_user_name": "",
                "defined_tags": {},
                "description": "",
                "email": "mohamed.youssef.fersi@looyas.com",
                "email_verified": true,
                "external_identifier": "6ab09a99b90744efae0fea1012f91a95",
                "freeform_tags": {},
                "id": "ocid1.user.oc1..aaaaaaaagkrru6zsm7jlw63euwg6oeu7oz3nxhedmgavtvudwkz2epr3tldq",
                "identity_provider_id": "",
                "inactive_state": "",
                "last_successful_login_time": "2024-05-08 22:00:17.333 +0000 UTC",
                "name": "mohamed.youssef.fersi@looyas.com",
                "previous_successful_login_time": "",
                "state": "ACTIVE",
                "time_created": "2022-09-19 15:49:16.911 +0000 UTC"
              },
              {
                "capabilities": [
                  {
                    "can_use_api_keys": true,
                    "can_use_auth_tokens": true,
                    "can_use_console_password": true,
                    "can_use_customer_secret_keys": true,
                    "can_use_db_credentials": true,
                    "can_use_oauth2client_credentials": true,
                    "can_use_smtp_credentials": true
                  }
                ],
                "compartment_id": "ocid1.tenancy.oc1..aaaaaaaaybaroxvhi6u2kygooe3qswfhxfc6q7jo3gyh26r27pl7lfwriq2a",
                "db_user_name": "",
                "defined_tags": {},
                "description": "",
                "email": "hichem.maatallah@looyas.com",
                "email_verified": true,
                "external_identifier": "7cc525d114e64047a0ea40332de2176d",
                "freeform_tags": {},
                "id": "ocid1.user.oc1..aaaaaaaa37fljivz7zuawifakglss74eywmhzhgrlpq3rcecgil7gxyhwplq",
                "identity_provider_id": "",
                "inactive_state": "",
                "last_successful_login_time": "2024-04-28 10:58:52.301 +0000 UTC",
                "name": "hichem.maatallah@looyas.com",
                "previous_successful_login_time": "",
                "state": "ACTIVE",
                "time_created": "2022-08-12 15:32:05.509 +0000 UTC"
              },
              {
                "capabilities": [
                  {
                    "can_use_api_keys": true,
                    "can_use_auth_tokens": true,
                    "can_use_console_password": true,
                    "can_use_customer_secret_keys": true,
                    "can_use_db_credentials": true,
                    "can_use_oauth2client_credentials": true,
                    "can_use_smtp_credentials": true
                  }
                ],
                "compartment_id": "ocid1.tenancy.oc1..aaaaaaaaybaroxvhi6u2kygooe3qswfhxfc6q7jo3gyh26r27pl7lfwriq2a",
                "db_user_name": "",
                "defined_tags": {
                  "Oracle-Tags.CreatedBy": "default/hichem.maatallah@looyas.com",
                  "Oracle-Tags.CreatedOn": "2023-10-25T09:47:57.636Z"
                },
                "description": "",
                "email": "ahmed.abdallah@looyas.com",
                "email_verified": true,
                "external_identifier": "a777f88a34b14189a6f32856155125dc",
                "freeform_tags": {},
                "id": "ocid1.user.oc1..aaaaaaaakyup6qhggre5p5ocqhn2vemntg653vclxoya2lflvdtcaldmvajq",
                "identity_provider_id": "",
                "inactive_state": "",
                "last_successful_login_time": "2024-05-07 08:24:10.636 +0000 UTC",
                "name": "ahmed.abdallah@looyas.com",
                "previous_successful_login_time": "",
                "state": "ACTIVE",
                "time_created": "2023-10-25 09:47:57.662 +0000 UTC"
              }
            ]
          },
          "sensitive_attributes": []
        }
      ]
    },
    {
      "module": "module.lz_groups",
      "mode": "managed",
      "type": "oci_identity_group",
      "name": "these",
      "provider": "provider[\"registry.terraform.io/oracle/oci\"].home",
      "instances": [
        {
          "index_key": "LZdemo-announcement-reader-group",
          "schema_version": 0,
          "attributes": {
            "compartment_id": "ocid1.tenancy.oc1..aaaaaaaaybaroxvhi6u2kygooe3qswfhxfc6q7jo3gyh26r27pl7lfwriq2a",
            "defined_tags": {
              "Oracle-Tags.CreatedBy": "default/mohamed.youssef.fersi@looyas.com",
              "Oracle-Tags.CreatedOn": "2024-05-09T09:17:31.205Z"
            },
            "description": "Landing Zone group for reading Console announcements.",
            "freeform_tags": {
              "cis-landing-zone": "LZdemo-quickstart"
            },
            "id": "ocid1.group.oc1..aaaaaaaa4ngg3lp72sh62cytvphcoahp6uv5fli64wq4gaol3kmg2xhmxgqq",
            "inactive_state": null,
            "name": "LZdemo-announcement-reader-group",
            "state": "ACTIVE",
            "time_created": "2024-05-09 09:17:31.227 +0000 UTC",
            "timeouts": null
          },
          "sensitive_attributes": [],
          "private": "eyJlMmJmYjczMC1lY2FhLTExZTYtOGY4OC0zNDM2M2JjN2M0YzAiOnsiY3JlYXRlIjoxMjAwMDAwMDAwMDAwLCJkZWxldGUiOjEyMDAwMDAwMDAwMDAsInVwZGF0ZSI6MTIwMDAwMDAwMDAwMH19",
          "dependencies": [
            "data.oci_identity_group.existing_announcement_reader_group",
            "data.oci_identity_group.existing_appdev_admin_group",
            "data.oci_identity_group.existing_auditor_group",
            "data.oci_identity_group.existing_cost_admin_group",
            "data.oci_identity_group.existing_cred_admin_group",
            "data.oci_identity_group.existing_devops_admin_group",
            "data.oci_identity_group.existing_exainfra_admin_group",
            "data.oci_identity_group.existing_iam_admin_group",
            "data.oci_identity_group.existing_network_admin_group",
            "data.oci_identity_group.existing_nprod_group",
            "data.oci_identity_group.existing_prod_group",
            "data.oci_identity_group.existing_storage_admin_group",
            "data.oci_identity_groups.existing_announcement_reader_group",
            "data.oci_identity_groups.existing_appdev_admin_group",
            "data.oci_identity_groups.existing_auditor_group",
            "data.oci_identity_groups.existing_cost_admin_group",
            "data.oci_identity_groups.existing_cred_admin_group",
            "data.oci_identity_groups.existing_devops_admin_group",
            "data.oci_identity_groups.existing_exainfra_admin_group",
            "data.oci_identity_groups.existing_iam_admin_group",
            "data.oci_identity_groups.existing_network_admin_group",
            "data.oci_identity_groups.existing_nprod_group",
            "data.oci_identity_groups.existing_prod_group",
            "data.oci_identity_groups.existing_storage_admin_group",
            "data.oci_identity_regions.these",
            "data.oci_identity_tenancy.this"
          ]
        },
        {
          "index_key": "LZdemo-auditor-group",
          "schema_version": 0,
          "attributes": {
            "compartment_id": "ocid1.tenancy.oc1..aaaaaaaaybaroxvhi6u2kygooe3qswfhxfc6q7jo3gyh26r27pl7lfwriq2a",
            "defined_tags": {
              "Oracle-Tags.CreatedBy": "default/mohamed.youssef.fersi@looyas.com",
              "Oracle-Tags.CreatedOn": "2024-05-09T09:17:33.941Z"
            },
            "description": "Landing Zone group for auditing the tenancy.",
            "freeform_tags": {
              "cis-landing-zone": "LZdemo-quickstart"
            },
            "id": "ocid1.group.oc1..aaaaaaaa2szt6yhhj6eg36o3ob7thjlouwdyczvbcbi5svd7t6lxowdc6nxa",
            "inactive_state": null,
            "name": "LZdemo-auditor-group",
            "state": "ACTIVE",
            "time_created": "2024-05-09 09:17:33.965 +0000 UTC",
            "timeouts": null
          },
          "sensitive_attributes": [],
          "private": "eyJlMmJmYjczMC1lY2FhLTExZTYtOGY4OC0zNDM2M2JjN2M0YzAiOnsiY3JlYXRlIjoxMjAwMDAwMDAwMDAwLCJkZWxldGUiOjEyMDAwMDAwMDAwMDAsInVwZGF0ZSI6MTIwMDAwMDAwMDAwMH19",
          "dependencies": [
            "data.oci_identity_group.existing_announcement_reader_group",
            "data.oci_identity_group.existing_appdev_admin_group",
            "data.oci_identity_group.existing_auditor_group",
            "data.oci_identity_group.existing_cost_admin_group",
            "data.oci_identity_group.existing_cred_admin_group",
            "data.oci_identity_group.existing_devops_admin_group",
            "data.oci_identity_group.existing_exainfra_admin_group",
            "data.oci_identity_group.existing_iam_admin_group",
            "data.oci_identity_group.existing_network_admin_group",
            "data.oci_identity_group.existing_nprod_group",
            "data.oci_identity_group.existing_prod_group",
            "data.oci_identity_group.existing_storage_admin_group",
            "data.oci_identity_groups.existing_announcement_reader_group",
            "data.oci_identity_groups.existing_appdev_admin_group",
            "data.oci_identity_groups.existing_auditor_group",
            "data.oci_identity_groups.existing_cost_admin_group",
            "data.oci_identity_groups.existing_cred_admin_group",
            "data.oci_identity_groups.existing_devops_admin_group",
            "data.oci_identity_groups.existing_exainfra_admin_group",
            "data.oci_identity_groups.existing_iam_admin_group",
            "data.oci_identity_groups.existing_network_admin_group",
            "data.oci_identity_groups.existing_nprod_group",
            "data.oci_identity_groups.existing_prod_group",
            "data.oci_identity_groups.existing_storage_admin_group",
            "data.oci_identity_regions.these",
            "data.oci_identity_tenancy.this"
          ]
        },
        {
          "index_key": "LZdemo-cost-admin-group",
          "schema_version": 0,
          "attributes": {
            "compartment_id": "ocid1.tenancy.oc1..aaaaaaaaybaroxvhi6u2kygooe3qswfhxfc6q7jo3gyh26r27pl7lfwriq2a",
            "defined_tags": {
              "Oracle-Tags.CreatedBy": "default/mohamed.youssef.fersi@looyas.com",
              "Oracle-Tags.CreatedOn": "2024-05-09T09:17:32.267Z"
            },
            "description": "Landing Zone group for Cost Management.",
            "freeform_tags": {
              "cis-landing-zone": "LZdemo-quickstart"
            },
            "id": "ocid1.group.oc1..aaaaaaaamcvhwb5rvuzufdotp6gzphencwqzlshtbwzjler2wegjhdaefsca",
            "inactive_state": null,
            "name": "LZdemo-cost-admin-group",
            "state": "ACTIVE",
            "time_created": "2024-05-09 09:17:32.29 +0000 UTC",
            "timeouts": null
          },
          "sensitive_attributes": [],
          "private": "eyJlMmJmYjczMC1lY2FhLTExZTYtOGY4OC0zNDM2M2JjN2M0YzAiOnsiY3JlYXRlIjoxMjAwMDAwMDAwMDAwLCJkZWxldGUiOjEyMDAwMDAwMDAwMDAsInVwZGF0ZSI6MTIwMDAwMDAwMDAwMH19",
          "dependencies": [
            "data.oci_identity_group.existing_announcement_reader_group",
            "data.oci_identity_group.existing_appdev_admin_group",
            "data.oci_identity_group.existing_auditor_group",
            "data.oci_identity_group.existing_cost_admin_group",
            "data.oci_identity_group.existing_cred_admin_group",
            "data.oci_identity_group.existing_devops_admin_group",
            "data.oci_identity_group.existing_exainfra_admin_group",
            "data.oci_identity_group.existing_iam_admin_group",
            "data.oci_identity_group.existing_network_admin_group",
            "data.oci_identity_group.existing_nprod_group",
            "data.oci_identity_group.existing_prod_group",
            "data.oci_identity_group.existing_storage_admin_group",
            "data.oci_identity_groups.existing_announcement_reader_group",
            "data.oci_identity_groups.existing_appdev_admin_group",
            "data.oci_identity_groups.existing_auditor_group",
            "data.oci_identity_groups.existing_cost_admin_group",
            "data.oci_identity_groups.existing_cred_admin_group",
            "data.oci_identity_groups.existing_devops_admin_group",
            "data.oci_identity_groups.existing_exainfra_admin_group",
            "data.oci_identity_groups.existing_iam_admin_group",
            "data.oci_identity_groups.existing_network_admin_group",
            "data.oci_identity_groups.existing_nprod_group",
            "data.oci_identity_groups.existing_prod_group",
            "data.oci_identity_groups.existing_storage_admin_group",
            "data.oci_identity_regions.these",
            "data.oci_identity_tenancy.this"
          ]
        },
        {
          "index_key": "LZdemo-cred-admin-group",
          "schema_version": 0,
          "attributes": {
            "compartment_id": "ocid1.tenancy.oc1..aaaaaaaaybaroxvhi6u2kygooe3qswfhxfc6q7jo3gyh26r27pl7lfwriq2a",
            "defined_tags": {
              "Oracle-Tags.CreatedBy": "default/mohamed.youssef.fersi@looyas.com",
              "Oracle-Tags.CreatedOn": "2024-05-09T09:17:31.224Z"
            },
            "description": "Landing Zone group for managing users credentials in the tenancy.",
            "freeform_tags": {
              "cis-landing-zone": "LZdemo-quickstart"
            },
            "id": "ocid1.group.oc1..aaaaaaaapofbz7ycts3cizb565upikdrr7jn3cktw5rzqig4kk6uhk3rlmja",
            "inactive_state": null,
            "name": "LZdemo-cred-admin-group",
            "state": "ACTIVE",
            "time_created": "2024-05-09 09:17:31.248 +0000 UTC",
            "timeouts": null
          },
          "sensitive_attributes": [],
          "private": "eyJlMmJmYjczMC1lY2FhLTExZTYtOGY4OC0zNDM2M2JjN2M0YzAiOnsiY3JlYXRlIjoxMjAwMDAwMDAwMDAwLCJkZWxldGUiOjEyMDAwMDAwMDAwMDAsInVwZGF0ZSI6MTIwMDAwMDAwMDAwMH19",
          "dependencies": [
            "data.oci_identity_group.existing_announcement_reader_group",
            "data.oci_identity_group.existing_appdev_admin_group",
            "data.oci_identity_group.existing_auditor_group",
            "data.oci_identity_group.existing_cost_admin_group",
            "data.oci_identity_group.existing_cred_admin_group",
            "data.oci_identity_group.existing_devops_admin_group",
            "data.oci_identity_group.existing_exainfra_admin_group",
            "data.oci_identity_group.existing_iam_admin_group",
            "data.oci_identity_group.existing_network_admin_group",
            "data.oci_identity_group.existing_nprod_group",
            "data.oci_identity_group.existing_prod_group",
            "data.oci_identity_group.existing_storage_admin_group",
            "data.oci_identity_groups.existing_announcement_reader_group",
            "data.oci_identity_groups.existing_appdev_admin_group",
            "data.oci_identity_groups.existing_auditor_group",
            "data.oci_identity_groups.existing_cost_admin_group",
            "data.oci_identity_groups.existing_cred_admin_group",
            "data.oci_identity_groups.existing_devops_admin_group",
            "data.oci_identity_groups.existing_exainfra_admin_group",
            "data.oci_identity_groups.existing_iam_admin_group",
            "data.oci_identity_groups.existing_network_admin_group",
            "data.oci_identity_groups.existing_nprod_group",
            "data.oci_identity_groups.existing_prod_group",
            "data.oci_identity_groups.existing_storage_admin_group",
            "data.oci_identity_regions.these",
            "data.oci_identity_tenancy.this"
          ]
        },
        {
          "index_key": "LZdemo-iam-admin-group",
          "schema_version": 0,
          "attributes": {
            "compartment_id": "ocid1.tenancy.oc1..aaaaaaaaybaroxvhi6u2kygooe3qswfhxfc6q7jo3gyh26r27pl7lfwriq2a",
            "defined_tags": {
              "Oracle-Tags.CreatedBy": "default/mohamed.youssef.fersi@looyas.com",
              "Oracle-Tags.CreatedOn": "2024-05-09T09:17:31.182Z"
            },
            "description": "Landing Zone group for managing IAM resources in the tenancy.",
            "freeform_tags": {
              "cis-landing-zone": "LZdemo-quickstart"
            },
            "id": "ocid1.group.oc1..aaaaaaaaejegmynpjbg2a2qjpi73flwn5rna37u45pwe3enmjpv75sercafa",
            "inactive_state": null,
            "name": "LZdemo-iam-admin-group",
            "state": "ACTIVE",
            "time_created": "2024-05-09 09:17:31.204 +0000 UTC",
            "timeouts": null
          },
          "sensitive_attributes": [],
          "private": "eyJlMmJmYjczMC1lY2FhLTExZTYtOGY4OC0zNDM2M2JjN2M0YzAiOnsiY3JlYXRlIjoxMjAwMDAwMDAwMDAwLCJkZWxldGUiOjEyMDAwMDAwMDAwMDAsInVwZGF0ZSI6MTIwMDAwMDAwMDAwMH19",
          "dependencies": [
            "data.oci_identity_group.existing_announcement_reader_group",
            "data.oci_identity_group.existing_appdev_admin_group",
            "data.oci_identity_group.existing_auditor_group",
            "data.oci_identity_group.existing_cost_admin_group",
            "data.oci_identity_group.existing_cred_admin_group",
            "data.oci_identity_group.existing_devops_admin_group",
            "data.oci_identity_group.existing_exainfra_admin_group",
            "data.oci_identity_group.existing_iam_admin_group",
            "data.oci_identity_group.existing_network_admin_group",
            "data.oci_identity_group.existing_nprod_group",
            "data.oci_identity_group.existing_prod_group",
            "data.oci_identity_group.existing_storage_admin_group",
            "data.oci_identity_groups.existing_announcement_reader_group",
            "data.oci_identity_groups.existing_appdev_admin_group",
            "data.oci_identity_groups.existing_auditor_group",
            "data.oci_identity_groups.existing_cost_admin_group",
            "data.oci_identity_groups.existing_cred_admin_group",
            "data.oci_identity_groups.existing_devops_admin_group",
            "data.oci_identity_groups.existing_exainfra_admin_group",
            "data.oci_identity_groups.existing_iam_admin_group",
            "data.oci_identity_groups.existing_network_admin_group",
            "data.oci_identity_groups.existing_nprod_group",
            "data.oci_identity_groups.existing_prod_group",
            "data.oci_identity_groups.existing_storage_admin_group",
            "data.oci_identity_regions.these",
            "data.oci_identity_tenancy.this"
          ]
        },
        {
          "index_key": "LZdemo-network-admin-group",
          "schema_version": 0,
          "attributes": {
            "compartment_id": "ocid1.tenancy.oc1..aaaaaaaaybaroxvhi6u2kygooe3qswfhxfc6q7jo3gyh26r27pl7lfwriq2a",
            "defined_tags": {
              "Oracle-Tags.CreatedBy": "default/mohamed.youssef.fersi@looyas.com",
              "Oracle-Tags.CreatedOn": "2024-05-09T09:17:31.213Z"
            },
            "description": "Landing Zone group for managing networking in compartment LZdemo-network-cmp.",
            "freeform_tags": {
              "cis-landing-zone": "LZdemo-quickstart"
            },
            "id": "ocid1.group.oc1..aaaaaaaabqqouuvsv5qolv74mirw2nsnxj4agkw5572vhzmeqeifncssb6qa",
            "inactive_state": null,
            "name": "LZdemo-network-admin-group",
            "state": "ACTIVE",
            "time_created": "2024-05-09 09:17:31.237 +0000 UTC",
            "timeouts": null
          },
          "sensitive_attributes": [],
          "private": "eyJlMmJmYjczMC1lY2FhLTExZTYtOGY4OC0zNDM2M2JjN2M0YzAiOnsiY3JlYXRlIjoxMjAwMDAwMDAwMDAwLCJkZWxldGUiOjEyMDAwMDAwMDAwMDAsInVwZGF0ZSI6MTIwMDAwMDAwMDAwMH19",
          "dependencies": [
            "data.oci_identity_group.existing_announcement_reader_group",
            "data.oci_identity_group.existing_appdev_admin_group",
            "data.oci_identity_group.existing_auditor_group",
            "data.oci_identity_group.existing_cost_admin_group",
            "data.oci_identity_group.existing_cred_admin_group",
            "data.oci_identity_group.existing_devops_admin_group",
            "data.oci_identity_group.existing_exainfra_admin_group",
            "data.oci_identity_group.existing_iam_admin_group",
            "data.oci_identity_group.existing_network_admin_group",
            "data.oci_identity_group.existing_nprod_group",
            "data.oci_identity_group.existing_prod_group",
            "data.oci_identity_group.existing_storage_admin_group",
            "data.oci_identity_groups.existing_announcement_reader_group",
            "data.oci_identity_groups.existing_appdev_admin_group",
            "data.oci_identity_groups.existing_auditor_group",
            "data.oci_identity_groups.existing_cost_admin_group",
            "data.oci_identity_groups.existing_cred_admin_group",
            "data.oci_identity_groups.existing_devops_admin_group",
            "data.oci_identity_groups.existing_exainfra_admin_group",
            "data.oci_identity_groups.existing_iam_admin_group",
            "data.oci_identity_groups.existing_network_admin_group",
            "data.oci_identity_groups.existing_nprod_group",
            "data.oci_identity_groups.existing_prod_group",
            "data.oci_identity_groups.existing_storage_admin_group",
            "data.oci_identity_regions.these",
            "data.oci_identity_tenancy.this"
          ]
        },
        {
          "index_key": "LZdemo-storage-admin-group",
          "schema_version": 0,
          "attributes": {
            "compartment_id": "ocid1.tenancy.oc1..aaaaaaaaybaroxvhi6u2kygooe3qswfhxfc6q7jo3gyh26r27pl7lfwriq2a",
            "defined_tags": {
              "Oracle-Tags.CreatedBy": "default/mohamed.youssef.fersi@looyas.com",
              "Oracle-Tags.CreatedOn": "2024-05-09T09:17:31.154Z"
            },
            "description": "Landing Zone group for Storage Management.",
            "freeform_tags": {
              "cis-landing-zone": "LZdemo-quickstart"
            },
            "id": "ocid1.group.oc1..aaaaaaaaqpblzakgpsgftt5g6e4xghfat2th7bpqojjniandxc3eqawsntda",
            "inactive_state": null,
            "name": "LZdemo-storage-admin-group",
            "state": "ACTIVE",
            "time_created": "2024-05-09 09:17:31.182 +0000 UTC",
            "timeouts": null
          },
          "sensitive_attributes": [],
          "private": "eyJlMmJmYjczMC1lY2FhLTExZTYtOGY4OC0zNDM2M2JjN2M0YzAiOnsiY3JlYXRlIjoxMjAwMDAwMDAwMDAwLCJkZWxldGUiOjEyMDAwMDAwMDAwMDAsInVwZGF0ZSI6MTIwMDAwMDAwMDAwMH19",
          "dependencies": [
            "data.oci_identity_group.existing_announcement_reader_group",
            "data.oci_identity_group.existing_appdev_admin_group",
            "data.oci_identity_group.existing_auditor_group",
            "data.oci_identity_group.existing_cost_admin_group",
            "data.oci_identity_group.existing_cred_admin_group",
            "data.oci_identity_group.existing_devops_admin_group",
            "data.oci_identity_group.existing_exainfra_admin_group",
            "data.oci_identity_group.existing_iam_admin_group",
            "data.oci_identity_group.existing_network_admin_group",
            "data.oci_identity_group.existing_nprod_group",
            "data.oci_identity_group.existing_prod_group",
            "data.oci_identity_group.existing_storage_admin_group",
            "data.oci_identity_groups.existing_announcement_reader_group",
            "data.oci_identity_groups.existing_appdev_admin_group",
            "data.oci_identity_groups.existing_auditor_group",
            "data.oci_identity_groups.existing_cost_admin_group",
            "data.oci_identity_groups.existing_cred_admin_group",
            "data.oci_identity_groups.existing_devops_admin_group",
            "data.oci_identity_groups.existing_exainfra_admin_group",
            "data.oci_identity_groups.existing_iam_admin_group",
            "data.oci_identity_groups.existing_network_admin_group",
            "data.oci_identity_groups.existing_nprod_group",
            "data.oci_identity_groups.existing_prod_group",
            "data.oci_identity_groups.existing_storage_admin_group",
            "data.oci_identity_regions.these",
            "data.oci_identity_tenancy.this"
          ]
        },
        {
          "index_key": "devops-nprod-admin-group",
          "schema_version": 0,
          "attributes": {
            "compartment_id": "ocid1.tenancy.oc1..aaaaaaaaybaroxvhi6u2kygooe3qswfhxfc6q7jo3gyh26r27pl7lfwriq2a",
            "defined_tags": {
              "Oracle-Tags.CreatedBy": "default/mohamed.youssef.fersi@looyas.com",
              "Oracle-Tags.CreatedOn": "2024-05-09T09:17:31.190Z"
            },
            "description": "Group for managing app development related services in compartment devops-nprod-cmp.",
            "freeform_tags": {
              "cis-landing-zone": "LZdemo-quickstart"
            },
            "id": "ocid1.group.oc1..aaaaaaaae4umw6667kmbyz6jdhf7f2y2eypwcor7ux22xv2bpjwzvql35ruq",
            "inactive_state": null,
            "name": "devops-nprod-admin-group",
            "state": "ACTIVE",
            "time_created": "2024-05-09 09:17:31.221 +0000 UTC",
            "timeouts": null
          },
          "sensitive_attributes": [],
          "private": "eyJlMmJmYjczMC1lY2FhLTExZTYtOGY4OC0zNDM2M2JjN2M0YzAiOnsiY3JlYXRlIjoxMjAwMDAwMDAwMDAwLCJkZWxldGUiOjEyMDAwMDAwMDAwMDAsInVwZGF0ZSI6MTIwMDAwMDAwMDAwMH19",
          "dependencies": [
            "data.oci_identity_group.existing_announcement_reader_group",
            "data.oci_identity_group.existing_appdev_admin_group",
            "data.oci_identity_group.existing_auditor_group",
            "data.oci_identity_group.existing_cost_admin_group",
            "data.oci_identity_group.existing_cred_admin_group",
            "data.oci_identity_group.existing_devops_admin_group",
            "data.oci_identity_group.existing_exainfra_admin_group",
            "data.oci_identity_group.existing_iam_admin_group",
            "data.oci_identity_group.existing_network_admin_group",
            "data.oci_identity_group.existing_nprod_group",
            "data.oci_identity_group.existing_prod_group",
            "data.oci_identity_group.existing_storage_admin_group",
            "data.oci_identity_groups.existing_announcement_reader_group",
            "data.oci_identity_groups.existing_appdev_admin_group",
            "data.oci_identity_groups.existing_auditor_group",
            "data.oci_identity_groups.existing_cost_admin_group",
            "data.oci_identity_groups.existing_cred_admin_group",
            "data.oci_identity_groups.existing_devops_admin_group",
            "data.oci_identity_groups.existing_exainfra_admin_group",
            "data.oci_identity_groups.existing_iam_admin_group",
            "data.oci_identity_groups.existing_network_admin_group",
            "data.oci_identity_groups.existing_nprod_group",
            "data.oci_identity_groups.existing_prod_group",
            "data.oci_identity_groups.existing_storage_admin_group",
            "data.oci_identity_regions.these",
            "data.oci_identity_tenancy.this"
          ]
        },
        {
          "index_key": "devops-prod-admin-group",
          "schema_version": 0,
          "attributes": {
            "compartment_id": "ocid1.tenancy.oc1..aaaaaaaaybaroxvhi6u2kygooe3qswfhxfc6q7jo3gyh26r27pl7lfwriq2a",
            "defined_tags": {
              "Oracle-Tags.CreatedBy": "default/mohamed.youssef.fersi@looyas.com",
              "Oracle-Tags.CreatedOn": "2024-05-09T09:17:31.167Z"
            },
            "description": "Group for managing app development related services in compartment devops-prod-cmp.",
            "freeform_tags": {
              "cis-landing-zone": "LZdemo-quickstart"
            },
            "id": "ocid1.group.oc1..aaaaaaaazenrkew3gipvnyhdt6yrxva4af24nvizywz6e4ohceyv75sgeh3q",
            "inactive_state": null,
            "name": "devops-prod-admin-group",
            "state": "ACTIVE",
            "time_created": "2024-05-09 09:17:31.19 +0000 UTC",
            "timeouts": null
          },
          "sensitive_attributes": [],
          "private": "eyJlMmJmYjczMC1lY2FhLTExZTYtOGY4OC0zNDM2M2JjN2M0YzAiOnsiY3JlYXRlIjoxMjAwMDAwMDAwMDAwLCJkZWxldGUiOjEyMDAwMDAwMDAwMDAsInVwZGF0ZSI6MTIwMDAwMDAwMDAwMH19",
          "dependencies": [
            "data.oci_identity_group.existing_announcement_reader_group",
            "data.oci_identity_group.existing_appdev_admin_group",
            "data.oci_identity_group.existing_auditor_group",
            "data.oci_identity_group.existing_cost_admin_group",
            "data.oci_identity_group.existing_cred_admin_group",
            "data.oci_identity_group.existing_devops_admin_group",
            "data.oci_identity_group.existing_exainfra_admin_group",
            "data.oci_identity_group.existing_iam_admin_group",
            "data.oci_identity_group.existing_network_admin_group",
            "data.oci_identity_group.existing_nprod_group",
            "data.oci_identity_group.existing_prod_group",
            "data.oci_identity_group.existing_storage_admin_group",
            "data.oci_identity_groups.existing_announcement_reader_group",
            "data.oci_identity_groups.existing_appdev_admin_group",
            "data.oci_identity_groups.existing_auditor_group",
            "data.oci_identity_groups.existing_cost_admin_group",
            "data.oci_identity_groups.existing_cred_admin_group",
            "data.oci_identity_groups.existing_devops_admin_group",
            "data.oci_identity_groups.existing_exainfra_admin_group",
            "data.oci_identity_groups.existing_iam_admin_group",
            "data.oci_identity_groups.existing_network_admin_group",
            "data.oci_identity_groups.existing_nprod_group",
            "data.oci_identity_groups.existing_prod_group",
            "data.oci_identity_groups.existing_storage_admin_group",
            "data.oci_identity_regions.these",
            "data.oci_identity_tenancy.this"
          ]
        },
        {
          "index_key": "nprod-admin-group",
          "schema_version": 0,
          "attributes": {
            "compartment_id": "ocid1.tenancy.oc1..aaaaaaaaybaroxvhi6u2kygooe3qswfhxfc6q7jo3gyh26r27pl7lfwriq2a",
            "defined_tags": {
              "Oracle-Tags.CreatedBy": "default/mohamed.youssef.fersi@looyas.com",
              "Oracle-Tags.CreatedOn": "2024-05-09T09:17:31.202Z"
            },
            "description": "Group for managing app development related services in compartment nprod-cmp.",
            "freeform_tags": {
              "cis-landing-zone": "LZdemo-quickstart"
            },
            "id": "ocid1.group.oc1..aaaaaaaa4ni3mkd56dhqhn4uzcfbyk7vkhmo7aifxw4tmevzcwnnnflxpllq",
            "inactive_state": null,
            "name": "nprod-admin-group",
            "state": "ACTIVE",
            "time_created": "2024-05-09 09:17:31.229 +0000 UTC",
            "timeouts": null
          },
          "sensitive_attributes": [],
          "private": "eyJlMmJmYjczMC1lY2FhLTExZTYtOGY4OC0zNDM2M2JjN2M0YzAiOnsiY3JlYXRlIjoxMjAwMDAwMDAwMDAwLCJkZWxldGUiOjEyMDAwMDAwMDAwMDAsInVwZGF0ZSI6MTIwMDAwMDAwMDAwMH19",
          "dependencies": [
            "data.oci_identity_group.existing_announcement_reader_group",
            "data.oci_identity_group.existing_appdev_admin_group",
            "data.oci_identity_group.existing_auditor_group",
            "data.oci_identity_group.existing_cost_admin_group",
            "data.oci_identity_group.existing_cred_admin_group",
            "data.oci_identity_group.existing_devops_admin_group",
            "data.oci_identity_group.existing_exainfra_admin_group",
            "data.oci_identity_group.existing_iam_admin_group",
            "data.oci_identity_group.existing_network_admin_group",
            "data.oci_identity_group.existing_nprod_group",
            "data.oci_identity_group.existing_prod_group",
            "data.oci_identity_group.existing_storage_admin_group",
            "data.oci_identity_groups.existing_announcement_reader_group",
            "data.oci_identity_groups.existing_appdev_admin_group",
            "data.oci_identity_groups.existing_auditor_group",
            "data.oci_identity_groups.existing_cost_admin_group",
            "data.oci_identity_groups.existing_cred_admin_group",
            "data.oci_identity_groups.existing_devops_admin_group",
            "data.oci_identity_groups.existing_exainfra_admin_group",
            "data.oci_identity_groups.existing_iam_admin_group",
            "data.oci_identity_groups.existing_network_admin_group",
            "data.oci_identity_groups.existing_nprod_group",
            "data.oci_identity_groups.existing_prod_group",
            "data.oci_identity_groups.existing_storage_admin_group",
            "data.oci_identity_regions.these",
            "data.oci_identity_tenancy.this"
          ]
        },
        {
          "index_key": "prod-admin-group",
          "schema_version": 0,
          "attributes": {
            "compartment_id": "ocid1.tenancy.oc1..aaaaaaaaybaroxvhi6u2kygooe3qswfhxfc6q7jo3gyh26r27pl7lfwriq2a",
            "defined_tags": {
              "Oracle-Tags.CreatedBy": "default/mohamed.youssef.fersi@looyas.com",
              "Oracle-Tags.CreatedOn": "2024-05-09T09:17:31.242Z"
            },
            "description": "Group for managing app development related services in compartment prodUPDATE-cmp.",
            "freeform_tags": {
              "cis-landing-zone": "LZdemo-quickstart"
            },
            "id": "ocid1.group.oc1..aaaaaaaa6hijm4zkwqxuharfwltemyvabgnw3avy5fykij45fupigwjoi2dq",
            "inactive_state": null,
            "name": "prod-admin-group",
            "state": "ACTIVE",
            "time_created": "2024-05-09 09:17:31.268 +0000 UTC",
            "timeouts": null
          },
          "sensitive_attributes": [],
          "private": "eyJlMmJmYjczMC1lY2FhLTExZTYtOGY4OC0zNDM2M2JjN2M0YzAiOnsiY3JlYXRlIjoxMjAwMDAwMDAwMDAwLCJkZWxldGUiOjEyMDAwMDAwMDAwMDAsInVwZGF0ZSI6MTIwMDAwMDAwMDAwMH19",
          "dependencies": [
            "data.oci_identity_group.existing_announcement_reader_group",
            "data.oci_identity_group.existing_appdev_admin_group",
            "data.oci_identity_group.existing_auditor_group",
            "data.oci_identity_group.existing_cost_admin_group",
            "data.oci_identity_group.existing_cred_admin_group",
            "data.oci_identity_group.existing_devops_admin_group",
            "data.oci_identity_group.existing_exainfra_admin_group",
            "data.oci_identity_group.existing_iam_admin_group",
            "data.oci_identity_group.existing_network_admin_group",
            "data.oci_identity_group.existing_nprod_group",
            "data.oci_identity_group.existing_prod_group",
            "data.oci_identity_group.existing_storage_admin_group",
            "data.oci_identity_groups.existing_announcement_reader_group",
            "data.oci_identity_groups.existing_appdev_admin_group",
            "data.oci_identity_groups.existing_auditor_group",
            "data.oci_identity_groups.existing_cost_admin_group",
            "data.oci_identity_groups.existing_cred_admin_group",
            "data.oci_identity_groups.existing_devops_admin_group",
            "data.oci_identity_groups.existing_exainfra_admin_group",
            "data.oci_identity_groups.existing_iam_admin_group",
            "data.oci_identity_groups.existing_network_admin_group",
            "data.oci_identity_groups.existing_nprod_group",
            "data.oci_identity_groups.existing_prod_group",
            "data.oci_identity_groups.existing_storage_admin_group",
            "data.oci_identity_regions.these",
            "data.oci_identity_tenancy.this"
          ]
        }
      ]
    },
    {
      "module": "module.lz_policies",
      "mode": "managed",
      "type": "oci_identity_policy",
      "name": "these",
      "provider": "provider[\"registry.terraform.io/oracle/oci\"].home",
      "instances": [
        {
          "index_key": "Devops-prod-admin-policy",
          "schema_version": 0,
          "attributes": {
            "ETag": "dc63566a350924d09ac9669f2f4838b80fd99cb7",
            "compartment_id": "ocid1.compartment.oc1..aaaaaaaazxskkhfpbjhfx25ude2qb7uqquuhz4vpo2ffzciyfo6qx2aczglq",
            "defined_tags": {
              "Oracle-Tags.CreatedBy": "default/mohamed.youssef.fersi@looyas.com",
              "Oracle-Tags.CreatedOn": "2024-05-09T09:18:03.024Z"
            },
            "description": "policy for devops-prod-admin-group group to manage Workload related services.",
            "freeform_tags": {
              "cis-landing-zone": "LZdemo-quickstart"
            },
            "id": "ocid1.policy.oc1..aaaaaaaaibzjapykhb5mew4m5p5g263ghcfyhewfzwwde5v3fjijpfm4ccya",
            "inactive_state": null,
            "lastUpdateETag": "dc63566a350924d09ac9669f2f4838b80fd99cb7",
            "name": "Devops-prod-admin-policy",
            "policyHash": "6f6967d639f725ed2de8d61b5ffcf8f1",
            "state": "ACTIVE",
            "statements": [
              "allow group devops-prod-admin-group to read all-resources in compartment devops-prod-cmp",
              "allow group devops-prod-admin-group to manage functions-family in compartment devops-prod-cmp",
              "allow group devops-prod-admin-group to manage api-gateway-family in compartment devops-prod-cmp",
              "allow group devops-prod-admin-group to manage ons-family in compartment devops-prod-cmp",
              "allow group devops-prod-admin-group to manage streams in compartment devops-prod-cmp",
              "allow group devops-prod-admin-group to manage cluster-family in compartment devops-prod-cmp",
              "allow group devops-prod-admin-group to manage alarms in compartment devops-prod-cmp",
              "allow group devops-prod-admin-group to manage metrics in compartment devops-prod-cmp",
              "allow group devops-prod-admin-group to manage logging-family in compartment devops-prod-cmp",
              "allow group devops-prod-admin-group to manage instance-family in compartment devops-prod-cmp",
              "allow group devops-prod-admin-group to manage volume-family in compartment devops-prod-cmp where all{request.permission != 'VOLUME_BACKUP_DELETE', request.permission != 'VOLUME_DELETE', request.permission != 'BOOT_VOLUME_BACKUP_DELETE'}",
              "allow group devops-prod-admin-group to manage object-family in compartment devops-prod-cmp where all{request.permission != 'OBJECT_DELETE', request.permission != 'BUCKET_DELETE'}",
              "allow group devops-prod-admin-group to manage file-family in compartment devops-prod-cmp where all{request.permission != 'FILE_SYSTEM_DELETE', request.permission != 'MOUNT_TARGET_DELETE', request.permission != 'EXPORT_SET_DELETE', request.permission != 'FILE_SYSTEM_DELETE_SNAPSHOT', request.permission != 'FILE_SYSTEM_NFSv3_UNEXPORT'}",
              "allow group devops-prod-admin-group to manage repos in compartment devops-prod-cmp",
              "allow group devops-prod-admin-group to manage orm-stacks in compartment devops-prod-cmp",
              "allow group devops-prod-admin-group to manage orm-jobs in compartment devops-prod-cmp",
              "allow group devops-prod-admin-group to manage orm-config-source-providers in compartment devops-prod-cmp",
              "allow group devops-prod-admin-group to read audit-events in compartment devops-prod-cmp",
              "allow group devops-prod-admin-group to read work-requests in compartment devops-prod-cmp",
              "allow group devops-prod-admin-group to manage bastion-session in compartment devops-prod-cmp",
              "allow group devops-prod-admin-group to manage cloudevents-rules in compartment devops-prod-cmp",
              "allow group devops-prod-admin-group to read instance-agent-plugins in compartment devops-prod-cmp",
              "allow group devops-prod-admin-group to read virtual-network-family in compartment LZdemo-network-cmp",
              "allow group devops-prod-admin-group to use subnets in compartment LZdemo-network-cmp",
              "allow group devops-prod-admin-group to use network-security-groups in compartment LZdemo-network-cmp",
              "allow group devops-prod-admin-group to use vnics in compartment LZdemo-network-cmp",
              "allow group devops-prod-admin-group to use load-balancers in compartment LZdemo-network-cmp",
              "allow group devops-prod-admin-group to read app-catalog-listing in compartment LandingZoneComp",
              "allow group devops-prod-admin-group to read instance-images in compartment LandingZoneComp",
              "allow group devops-prod-admin-group to read repos in compartment LandingZoneComp"
            ],
            "time_created": "2024-05-09 09:18:03.172 +0000 UTC",
            "timeouts": null,
            "version_date": null
          },
          "sensitive_attributes": [],
          "private": "eyJlMmJmYjczMC1lY2FhLTExZTYtOGY4OC0zNDM2M2JjN2M0YzAiOnsiY3JlYXRlIjoxMjAwMDAwMDAwMDAwLCJkZWxldGUiOjEyMDAwMDAwMDAwMDAsInVwZGF0ZSI6MTIwMDAwMDAwMDAwMH19",
          "dependencies": [
            "data.oci_identity_compartment.existing_enclosing_compartment",
            "data.oci_identity_group.existing_announcement_reader_group",
            "data.oci_identity_group.existing_appdev_admin_group",
            "data.oci_identity_group.existing_auditor_group",
            "data.oci_identity_group.existing_cost_admin_group",
            "data.oci_identity_group.existing_cred_admin_group",
            "data.oci_identity_group.existing_devops_admin_group",
            "data.oci_identity_group.existing_exainfra_admin_group",
            "data.oci_identity_group.existing_iam_admin_group",
            "data.oci_identity_group.existing_network_admin_group",
            "data.oci_identity_group.existing_nprod_group",
            "data.oci_identity_group.existing_prod_group",
            "data.oci_identity_group.existing_storage_admin_group",
            "data.oci_identity_groups.existing_announcement_reader_group",
            "data.oci_identity_groups.existing_appdev_admin_group",
            "data.oci_identity_groups.existing_auditor_group",
            "data.oci_identity_groups.existing_cost_admin_group",
            "data.oci_identity_groups.existing_cred_admin_group",
            "data.oci_identity_groups.existing_devops_admin_group",
            "data.oci_identity_groups.existing_exainfra_admin_group",
            "data.oci_identity_groups.existing_iam_admin_group",
            "data.oci_identity_groups.existing_network_admin_group",
            "data.oci_identity_groups.existing_nprod_group",
            "data.oci_identity_groups.existing_prod_group",
            "data.oci_identity_groups.existing_storage_admin_group",
            "data.oci_identity_regions.these",
            "data.oci_identity_tenancy.this",
            "module.lz_compartments.oci_identity_compartment.these",
            "module.lz_dynamic_groups.oci_identity_dynamic_group.these",
            "module.lz_groups.data.oci_identity_users.these",
            "module.lz_groups.oci_identity_group.these",
            "module.lz_groups.oci_identity_user_group_membership.these",
            "module.lz_top_compartment.oci_identity_compartment.these"
          ]
        },
        {
          "index_key": "LZdemo-iam-admin-policy",
          "schema_version": 0,
          "attributes": {
            "ETag": "d369addba4218ccc4343b4cb8319e15fc112521c",
            "compartment_id": "ocid1.compartment.oc1..aaaaaaaazxskkhfpbjhfx25ude2qb7uqquuhz4vpo2ffzciyfo6qx2aczglq",
            "defined_tags": {
              "Oracle-Tags.CreatedBy": "default/mohamed.youssef.fersi@looyas.com",
              "Oracle-Tags.CreatedOn": "2024-05-09T09:18:03.113Z"
            },
            "description": "Landing Zone policy for LZdemo-iam-admin-group group to manage IAM resources in Landing Zone enclosing compartment (compartment LandingZoneComp).",
            "freeform_tags": {
              "cis-landing-zone": "LZdemo-quickstart"
            },
            "id": "ocid1.policy.oc1..aaaaaaaab4vsawfz7jfiyo5c4j5yaok4nj3sadtexennbmwovlk444jyyiuq",
            "inactive_state": null,
            "lastUpdateETag": "d369addba4218ccc4343b4cb8319e15fc112521c",
            "name": "LZdemo-iam-admin-policy",
            "policyHash": "143f3a673d947ce3b7d0c96118f5fb1c",
            "state": "ACTIVE",
            "statements": [
              "allow group LZdemo-iam-admin-group to manage policies in compartment LandingZoneComp",
              "allow group LZdemo-iam-admin-group to manage compartments in compartment LandingZoneComp"
            ],
            "time_created": "2024-05-09 09:18:03.355 +0000 UTC",
            "timeouts": null,
            "version_date": null
          },
          "sensitive_attributes": [],
          "private": "eyJlMmJmYjczMC1lY2FhLTExZTYtOGY4OC0zNDM2M2JjN2M0YzAiOnsiY3JlYXRlIjoxMjAwMDAwMDAwMDAwLCJkZWxldGUiOjEyMDAwMDAwMDAwMDAsInVwZGF0ZSI6MTIwMDAwMDAwMDAwMH19",
          "dependencies": [
            "data.oci_identity_compartment.existing_enclosing_compartment",
            "data.oci_identity_group.existing_announcement_reader_group",
            "data.oci_identity_group.existing_appdev_admin_group",
            "data.oci_identity_group.existing_auditor_group",
            "data.oci_identity_group.existing_cost_admin_group",
            "data.oci_identity_group.existing_cred_admin_group",
            "data.oci_identity_group.existing_devops_admin_group",
            "data.oci_identity_group.existing_exainfra_admin_group",
            "data.oci_identity_group.existing_iam_admin_group",
            "data.oci_identity_group.existing_network_admin_group",
            "data.oci_identity_group.existing_nprod_group",
            "data.oci_identity_group.existing_prod_group",
            "data.oci_identity_group.existing_storage_admin_group",
            "data.oci_identity_groups.existing_announcement_reader_group",
            "data.oci_identity_groups.existing_appdev_admin_group",
            "data.oci_identity_groups.existing_auditor_group",
            "data.oci_identity_groups.existing_cost_admin_group",
            "data.oci_identity_groups.existing_cred_admin_group",
            "data.oci_identity_groups.existing_devops_admin_group",
            "data.oci_identity_groups.existing_exainfra_admin_group",
            "data.oci_identity_groups.existing_iam_admin_group",
            "data.oci_identity_groups.existing_network_admin_group",
            "data.oci_identity_groups.existing_nprod_group",
            "data.oci_identity_groups.existing_prod_group",
            "data.oci_identity_groups.existing_storage_admin_group",
            "data.oci_identity_regions.these",
            "data.oci_identity_tenancy.this",
            "module.lz_compartments.oci_identity_compartment.these",
            "module.lz_dynamic_groups.oci_identity_dynamic_group.these",
            "module.lz_groups.data.oci_identity_users.these",
            "module.lz_groups.oci_identity_group.these",
            "module.lz_groups.oci_identity_user_group_membership.these",
            "module.lz_top_compartment.oci_identity_compartment.these"
          ]
        },
        {
          "index_key": "LZdemo-network-admin-policy",
          "schema_version": 0,
          "attributes": {
            "ETag": "2f423759d1831de764205f17d30ab85caeff3557",
            "compartment_id": "ocid1.compartment.oc1..aaaaaaaazxskkhfpbjhfx25ude2qb7uqquuhz4vpo2ffzciyfo6qx2aczglq",
            "defined_tags": {
              "Oracle-Tags.CreatedBy": "default/mohamed.youssef.fersi@looyas.com",
              "Oracle-Tags.CreatedOn": "2024-05-09T09:18:03.010Z"
            },
            "description": "Landing Zone policy for LZdemo-network-admin-group group to manage network related services.",
            "freeform_tags": {
              "cis-landing-zone": "LZdemo-quickstart"
            },
            "id": "ocid1.policy.oc1..aaaaaaaapokvm4g3v3ag3rjwneptpkha4bzaccn3k3ntgf2pd3v7hlx4i4iq",
            "inactive_state": null,
            "lastUpdateETag": "2f423759d1831de764205f17d30ab85caeff3557",
            "name": "LZdemo-network-admin-policy",
            "policyHash": "82a5df7ead9e3c3cda58abe1c3af751c",
            "state": "ACTIVE",
            "statements": [
              "allow group LZdemo-network-admin-group to read all-resources in compartment LZdemo-network-cmp",
              "allow group LZdemo-network-admin-group to manage virtual-network-family in compartment LZdemo-network-cmp",
              "allow group LZdemo-network-admin-group to manage dns in compartment LZdemo-network-cmp",
              "allow group LZdemo-network-admin-group to manage load-balancers in compartment LZdemo-network-cmp",
              "allow group LZdemo-network-admin-group to manage alarms in compartment LZdemo-network-cmp",
              "allow group LZdemo-network-admin-group to manage metrics in compartment LZdemo-network-cmp",
              "allow group LZdemo-network-admin-group to manage ons-family in compartment LZdemo-network-cmp",
              "allow group LZdemo-network-admin-group to manage orm-stacks in compartment LZdemo-network-cmp",
              "allow group LZdemo-network-admin-group to manage orm-jobs in compartment LZdemo-network-cmp",
              "allow group LZdemo-network-admin-group to manage orm-config-source-providers in compartment LZdemo-network-cmp",
              "allow group LZdemo-network-admin-group to read audit-events in compartment LZdemo-network-cmp",
              "allow group LZdemo-network-admin-group to read work-requests in compartment LZdemo-network-cmp",
              "allow group LZdemo-network-admin-group to manage instance-family in compartment LZdemo-network-cmp",
              "allow group LZdemo-network-admin-group to manage volume-family in compartment LZdemo-network-cmp where all{request.permission != 'VOLUME_BACKUP_DELETE', request.permission != 'VOLUME_DELETE', request.permission != 'BOOT_VOLUME_BACKUP_DELETE'}",
              "allow group LZdemo-network-admin-group to manage object-family in compartment LZdemo-network-cmp where all{request.permission != 'OBJECT_DELETE', request.permission != 'BUCKET_DELETE'}",
              "allow group LZdemo-network-admin-group to manage file-family in compartment LZdemo-network-cmp where all{request.permission != 'FILE_SYSTEM_DELETE', request.permission != 'MOUNT_TARGET_DELETE', request.permission != 'EXPORT_SET_DELETE', request.permission != 'FILE_SYSTEM_DELETE_SNAPSHOT', request.permission != 'FILE_SYSTEM_NFSv3_UNEXPORT'}",
              "allow group LZdemo-network-admin-group to manage bastion-session in compartment LZdemo-network-cmp",
              "allow group LZdemo-network-admin-group to manage cloudevents-rules in compartment LZdemo-network-cmp",
              "allow group LZdemo-network-admin-group to manage alarms in compartment LZdemo-network-cmp",
              "allow group LZdemo-network-admin-group to manage metrics in compartment LZdemo-network-cmp",
              "allow group LZdemo-network-admin-group to read instance-agent-plugins in compartment LZdemo-network-cmp"
            ],
            "time_created": "2024-05-09 09:18:03.22 +0000 UTC",
            "timeouts": null,
            "version_date": null
          },
          "sensitive_attributes": [],
          "private": "eyJlMmJmYjczMC1lY2FhLTExZTYtOGY4OC0zNDM2M2JjN2M0YzAiOnsiY3JlYXRlIjoxMjAwMDAwMDAwMDAwLCJkZWxldGUiOjEyMDAwMDAwMDAwMDAsInVwZGF0ZSI6MTIwMDAwMDAwMDAwMH19",
          "dependencies": [
            "data.oci_identity_compartment.existing_enclosing_compartment",
            "data.oci_identity_group.existing_announcement_reader_group",
            "data.oci_identity_group.existing_appdev_admin_group",
            "data.oci_identity_group.existing_auditor_group",
            "data.oci_identity_group.existing_cost_admin_group",
            "data.oci_identity_group.existing_cred_admin_group",
            "data.oci_identity_group.existing_devops_admin_group",
            "data.oci_identity_group.existing_exainfra_admin_group",
            "data.oci_identity_group.existing_iam_admin_group",
            "data.oci_identity_group.existing_network_admin_group",
            "data.oci_identity_group.existing_nprod_group",
            "data.oci_identity_group.existing_prod_group",
            "data.oci_identity_group.existing_storage_admin_group",
            "data.oci_identity_groups.existing_announcement_reader_group",
            "data.oci_identity_groups.existing_appdev_admin_group",
            "data.oci_identity_groups.existing_auditor_group",
            "data.oci_identity_groups.existing_cost_admin_group",
            "data.oci_identity_groups.existing_cred_admin_group",
            "data.oci_identity_groups.existing_devops_admin_group",
            "data.oci_identity_groups.existing_exainfra_admin_group",
            "data.oci_identity_groups.existing_iam_admin_group",
            "data.oci_identity_groups.existing_network_admin_group",
            "data.oci_identity_groups.existing_nprod_group",
            "data.oci_identity_groups.existing_prod_group",
            "data.oci_identity_groups.existing_storage_admin_group",
            "data.oci_identity_regions.these",
            "data.oci_identity_tenancy.this",
            "module.lz_compartments.oci_identity_compartment.these",
            "module.lz_dynamic_groups.oci_identity_dynamic_group.these",
            "module.lz_groups.data.oci_identity_users.these",
            "module.lz_groups.oci_identity_group.these",
            "module.lz_groups.oci_identity_user_group_membership.these",
            "module.lz_top_compartment.oci_identity_compartment.these"
          ]
        },
        {
          "index_key": "devops-nprod-admin-policy",
          "schema_version": 0,
          "attributes": {
            "ETag": "0877f602420e9c74c50c37db73df3a2a357cb489",
            "compartment_id": "ocid1.compartment.oc1..aaaaaaaazxskkhfpbjhfx25ude2qb7uqquuhz4vpo2ffzciyfo6qx2aczglq",
            "defined_tags": {
              "Oracle-Tags.CreatedBy": "default/mohamed.youssef.fersi@looyas.com",
              "Oracle-Tags.CreatedOn": "2024-05-09T09:18:02.844Z"
            },
            "description": "policy for devops-nprod-admin-group group to manage Workload related services.",
            "freeform_tags": {
              "cis-landing-zone": "LZdemo-quickstart"
            },
            "id": "ocid1.policy.oc1..aaaaaaaarzdvuz6xqpervhhlmuasweycielklzfp65rphp3oz7s66skylluq",
            "inactive_state": null,
            "lastUpdateETag": "0877f602420e9c74c50c37db73df3a2a357cb489",
            "name": "devops-nprod-admin-policy",
            "policyHash": "6f6967d639f725ed2de8d61b5ffcf8f1",
            "state": "ACTIVE",
            "statements": [
              "allow group devops-prod-admin-group to read all-resources in compartment devops-prod-cmp",
              "allow group devops-prod-admin-group to manage functions-family in compartment devops-prod-cmp",
              "allow group devops-prod-admin-group to manage api-gateway-family in compartment devops-prod-cmp",
              "allow group devops-prod-admin-group to manage ons-family in compartment devops-prod-cmp",
              "allow group devops-prod-admin-group to manage streams in compartment devops-prod-cmp",
              "allow group devops-prod-admin-group to manage cluster-family in compartment devops-prod-cmp",
              "allow group devops-prod-admin-group to manage alarms in compartment devops-prod-cmp",
              "allow group devops-prod-admin-group to manage metrics in compartment devops-prod-cmp",
              "allow group devops-prod-admin-group to manage logging-family in compartment devops-prod-cmp",
              "allow group devops-prod-admin-group to manage instance-family in compartment devops-prod-cmp",
              "allow group devops-prod-admin-group to manage volume-family in compartment devops-prod-cmp where all{request.permission != 'VOLUME_BACKUP_DELETE', request.permission != 'VOLUME_DELETE', request.permission != 'BOOT_VOLUME_BACKUP_DELETE'}",
              "allow group devops-prod-admin-group to manage object-family in compartment devops-prod-cmp where all{request.permission != 'OBJECT_DELETE', request.permission != 'BUCKET_DELETE'}",
              "allow group devops-prod-admin-group to manage file-family in compartment devops-prod-cmp where all{request.permission != 'FILE_SYSTEM_DELETE', request.permission != 'MOUNT_TARGET_DELETE', request.permission != 'EXPORT_SET_DELETE', request.permission != 'FILE_SYSTEM_DELETE_SNAPSHOT', request.permission != 'FILE_SYSTEM_NFSv3_UNEXPORT'}",
              "allow group devops-prod-admin-group to manage repos in compartment devops-prod-cmp",
              "allow group devops-prod-admin-group to manage orm-stacks in compartment devops-prod-cmp",
              "allow group devops-prod-admin-group to manage orm-jobs in compartment devops-prod-cmp",
              "allow group devops-prod-admin-group to manage orm-config-source-providers in compartment devops-prod-cmp",
              "allow group devops-prod-admin-group to read audit-events in compartment devops-prod-cmp",
              "allow group devops-prod-admin-group to read work-requests in compartment devops-prod-cmp",
              "allow group devops-prod-admin-group to manage bastion-session in compartment devops-prod-cmp",
              "allow group devops-prod-admin-group to manage cloudevents-rules in compartment devops-prod-cmp",
              "allow group devops-prod-admin-group to read instance-agent-plugins in compartment devops-prod-cmp",
              "allow group devops-prod-admin-group to read virtual-network-family in compartment LZdemo-network-cmp",
              "allow group devops-prod-admin-group to use subnets in compartment LZdemo-network-cmp",
              "allow group devops-prod-admin-group to use network-security-groups in compartment LZdemo-network-cmp",
              "allow group devops-prod-admin-group to use vnics in compartment LZdemo-network-cmp",
              "allow group devops-prod-admin-group to use load-balancers in compartment LZdemo-network-cmp",
              "allow group devops-prod-admin-group to read app-catalog-listing in compartment LandingZoneComp",
              "allow group devops-prod-admin-group to read instance-images in compartment LandingZoneComp",
              "allow group devops-prod-admin-group to read repos in compartment LandingZoneComp"
            ],
            "time_created": "2024-05-09 09:18:03.538 +0000 UTC",
            "timeouts": null,
            "version_date": null
          },
          "sensitive_attributes": [],
          "private": "eyJlMmJmYjczMC1lY2FhLTExZTYtOGY4OC0zNDM2M2JjN2M0YzAiOnsiY3JlYXRlIjoxMjAwMDAwMDAwMDAwLCJkZWxldGUiOjEyMDAwMDAwMDAwMDAsInVwZGF0ZSI6MTIwMDAwMDAwMDAwMH19",
          "dependencies": [
            "data.oci_identity_compartment.existing_enclosing_compartment",
            "data.oci_identity_group.existing_announcement_reader_group",
            "data.oci_identity_group.existing_appdev_admin_group",
            "data.oci_identity_group.existing_auditor_group",
            "data.oci_identity_group.existing_cost_admin_group",
            "data.oci_identity_group.existing_cred_admin_group",
            "data.oci_identity_group.existing_devops_admin_group",
            "data.oci_identity_group.existing_exainfra_admin_group",
            "data.oci_identity_group.existing_iam_admin_group",
            "data.oci_identity_group.existing_network_admin_group",
            "data.oci_identity_group.existing_nprod_group",
            "data.oci_identity_group.existing_prod_group",
            "data.oci_identity_group.existing_storage_admin_group",
            "data.oci_identity_groups.existing_announcement_reader_group",
            "data.oci_identity_groups.existing_appdev_admin_group",
            "data.oci_identity_groups.existing_auditor_group",
            "data.oci_identity_groups.existing_cost_admin_group",
            "data.oci_identity_groups.existing_cred_admin_group",
            "data.oci_identity_groups.existing_devops_admin_group",
            "data.oci_identity_groups.existing_exainfra_admin_group",
            "data.oci_identity_groups.existing_iam_admin_group",
            "data.oci_identity_groups.existing_network_admin_group",
            "data.oci_identity_groups.existing_nprod_group",
            "data.oci_identity_groups.existing_prod_group",
            "data.oci_identity_groups.existing_storage_admin_group",
            "data.oci_identity_regions.these",
            "data.oci_identity_tenancy.this",
            "module.lz_compartments.oci_identity_compartment.these",
            "module.lz_dynamic_groups.oci_identity_dynamic_group.these",
            "module.lz_groups.data.oci_identity_users.these",
            "module.lz_groups.oci_identity_group.these",
            "module.lz_groups.oci_identity_user_group_membership.these",
            "module.lz_top_compartment.oci_identity_compartment.these"
          ]
        },
        {
          "index_key": "nprod-admin-policy",
          "schema_version": 0,
          "attributes": {
            "ETag": "386398edf6de08d27d147e05b33c54e9c547a6db",
            "compartment_id": "ocid1.compartment.oc1..aaaaaaaazxskkhfpbjhfx25ude2qb7uqquuhz4vpo2ffzciyfo6qx2aczglq",
            "defined_tags": {
              "Oracle-Tags.CreatedBy": "default/mohamed.youssef.fersi@looyas.com",
              "Oracle-Tags.CreatedOn": "2024-05-09T09:18:02.881Z"
            },
            "description": "policy for nprod-admin-group group to manage Workload related services.",
            "freeform_tags": {
              "cis-landing-zone": "LZdemo-quickstart"
            },
            "id": "ocid1.policy.oc1..aaaaaaaaf4pwc23xmq2qfjgcosh6atrji6emqcrx4f7f67yc5b5x7akkr7wa",
            "inactive_state": null,
            "lastUpdateETag": "386398edf6de08d27d147e05b33c54e9c547a6db",
            "name": "nprod-admin-policy",
            "policyHash": "18188c8d8185fb4fd8ce641a5bd02fb9",
            "state": "ACTIVE",
            "statements": [
              "allow group nprod-admin-group to read all-resources in compartment nprod-cmp",
              "allow group nprod-admin-group to manage functions-family in compartment nprod-cmp",
              "allow group nprod-admin-group to manage api-gateway-family in compartment nprod-cmp",
              "allow group nprod-admin-group to manage ons-family in compartment nprod-cmp",
              "allow group nprod-admin-group to manage streams in compartment nprod-cmp",
              "allow group nprod-admin-group to manage cluster-family in compartment nprod-cmp",
              "allow group nprod-admin-group to manage alarms in compartment nprod-cmp",
              "allow group nprod-admin-group to manage metrics in compartment nprod-cmp",
              "allow group nprod-admin-group to manage logging-family in compartment nprod-cmp",
              "allow group nprod-admin-group to manage instance-family in compartment nprod-cmp",
              "allow group nprod-admin-group to manage volume-family in compartment nprod-cmp where all{request.permission != 'VOLUME_BACKUP_DELETE', request.permission != 'VOLUME_DELETE', request.permission != 'BOOT_VOLUME_BACKUP_DELETE'}",
              "allow group nprod-admin-group to manage object-family in compartment nprod-cmp where all{request.permission != 'OBJECT_DELETE', request.permission != 'BUCKET_DELETE'}",
              "allow group nprod-admin-group to manage file-family in compartment nprod-cmp where all{request.permission != 'FILE_SYSTEM_DELETE', request.permission != 'MOUNT_TARGET_DELETE', request.permission != 'EXPORT_SET_DELETE', request.permission != 'FILE_SYSTEM_DELETE_SNAPSHOT', request.permission != 'FILE_SYSTEM_NFSv3_UNEXPORT'}",
              "allow group nprod-admin-group to manage repos in compartment nprod-cmp",
              "allow group nprod-admin-group to manage orm-stacks in compartment nprod-cmp",
              "allow group nprod-admin-group to manage orm-jobs in compartment nprod-cmp",
              "allow group nprod-admin-group to manage orm-config-source-providers in compartment nprod-cmp",
              "allow group nprod-admin-group to read audit-events in compartment nprod-cmp",
              "allow group nprod-admin-group to read work-requests in compartment nprod-cmp",
              "allow group nprod-admin-group to manage bastion-session in compartment nprod-cmp",
              "allow group nprod-admin-group to manage cloudevents-rules in compartment nprod-cmp",
              "allow group nprod-admin-group to read instance-agent-plugins in compartment nprod-cmp",
              "allow group nprod-admin-group to read virtual-network-family in compartment LZdemo-network-cmp",
              "allow group nprod-admin-group to use subnets in compartment LZdemo-network-cmp",
              "allow group nprod-admin-group to use network-security-groups in compartment LZdemo-network-cmp",
              "allow group nprod-admin-group to use vnics in compartment LZdemo-network-cmp",
              "allow group nprod-admin-group to use load-balancers in compartment LZdemo-network-cmp",
              "allow group nprod-admin-group to read app-catalog-listing in compartment LandingZoneComp",
              "allow group nprod-admin-group to read instance-images in compartment LandingZoneComp",
              "allow group nprod-admin-group to read repos in compartment LandingZoneComp"
            ],
            "time_created": "2024-05-09 09:18:02.997 +0000 UTC",
            "timeouts": null,
            "version_date": null
          },
          "sensitive_attributes": [],
          "private": "eyJlMmJmYjczMC1lY2FhLTExZTYtOGY4OC0zNDM2M2JjN2M0YzAiOnsiY3JlYXRlIjoxMjAwMDAwMDAwMDAwLCJkZWxldGUiOjEyMDAwMDAwMDAwMDAsInVwZGF0ZSI6MTIwMDAwMDAwMDAwMH19",
          "dependencies": [
            "data.oci_identity_compartment.existing_enclosing_compartment",
            "data.oci_identity_group.existing_announcement_reader_group",
            "data.oci_identity_group.existing_appdev_admin_group",
            "data.oci_identity_group.existing_auditor_group",
            "data.oci_identity_group.existing_cost_admin_group",
            "data.oci_identity_group.existing_cred_admin_group",
            "data.oci_identity_group.existing_devops_admin_group",
            "data.oci_identity_group.existing_exainfra_admin_group",
            "data.oci_identity_group.existing_iam_admin_group",
            "data.oci_identity_group.existing_network_admin_group",
            "data.oci_identity_group.existing_nprod_group",
            "data.oci_identity_group.existing_prod_group",
            "data.oci_identity_group.existing_storage_admin_group",
            "data.oci_identity_groups.existing_announcement_reader_group",
            "data.oci_identity_groups.existing_appdev_admin_group",
            "data.oci_identity_groups.existing_auditor_group",
            "data.oci_identity_groups.existing_cost_admin_group",
            "data.oci_identity_groups.existing_cred_admin_group",
            "data.oci_identity_groups.existing_devops_admin_group",
            "data.oci_identity_groups.existing_exainfra_admin_group",
            "data.oci_identity_groups.existing_iam_admin_group",
            "data.oci_identity_groups.existing_network_admin_group",
            "data.oci_identity_groups.existing_nprod_group",
            "data.oci_identity_groups.existing_prod_group",
            "data.oci_identity_groups.existing_storage_admin_group",
            "data.oci_identity_regions.these",
            "data.oci_identity_tenancy.this",
            "module.lz_compartments.oci_identity_compartment.these",
            "module.lz_dynamic_groups.oci_identity_dynamic_group.these",
            "module.lz_groups.data.oci_identity_users.these",
            "module.lz_groups.oci_identity_group.these",
            "module.lz_groups.oci_identity_user_group_membership.these",
            "module.lz_top_compartment.oci_identity_compartment.these"
          ]
        },
        {
          "index_key": "prod-admin-policy",
          "schema_version": 0,
          "attributes": {
            "ETag": "db3b3ce15f6e8f4851f8f138ec098ac8ffa62183",
            "compartment_id": "ocid1.compartment.oc1..aaaaaaaazxskkhfpbjhfx25ude2qb7uqquuhz4vpo2ffzciyfo6qx2aczglq",
            "defined_tags": {
              "Oracle-Tags.CreatedBy": "default/mohamed.youssef.fersi@looyas.com",
              "Oracle-Tags.CreatedOn": "2024-05-09T09:18:03.230Z"
            },
            "description": "policy for prod-admin-group group to manage Workload related services.",
            "freeform_tags": {
              "cis-landing-zone": "LZdemo-quickstart"
            },
            "id": "ocid1.policy.oc1..aaaaaaaa4epp7ert3zeb2cxz63ktq3ghc4re6673j7erj3dqnh2yoa5oipga",
            "inactive_state": null,
            "lastUpdateETag": "db3b3ce15f6e8f4851f8f138ec098ac8ffa62183",
            "name": "prod-admin-policy",
            "policyHash": "3e699ed73dc31792174ee05b77eb17c6",
            "state": "ACTIVE",
            "statements": [
              "allow group prod-admin-group to read all-resources in compartment prodUPDATE-cmp",
              "allow group prod-admin-group to manage functions-family in compartment prodUPDATE-cmp",
              "allow group prod-admin-group to manage api-gateway-family in compartment prodUPDATE-cmp",
              "allow group prod-admin-group to manage ons-family in compartment prodUPDATE-cmp",
              "allow group prod-admin-group to manage streams in compartment prodUPDATE-cmp",
              "allow group prod-admin-group to manage cluster-family in compartment prodUPDATE-cmp",
              "allow group prod-admin-group to manage alarms in compartment prodUPDATE-cmp",
              "allow group prod-admin-group to manage metrics in compartment prodUPDATE-cmp",
              "allow group prod-admin-group to manage logging-family in compartment prodUPDATE-cmp",
              "allow group prod-admin-group to manage instance-family in compartment prodUPDATE-cmp",
              "allow group prod-admin-group to manage volume-family in compartment prodUPDATE-cmp where all{request.permission != 'VOLUME_BACKUP_DELETE', request.permission != 'VOLUME_DELETE', request.permission != 'BOOT_VOLUME_BACKUP_DELETE'}",
              "allow group prod-admin-group to manage object-family in compartment prodUPDATE-cmp where all{request.permission != 'OBJECT_DELETE', request.permission != 'BUCKET_DELETE'}",
              "allow group prod-admin-group to manage file-family in compartment prodUPDATE-cmp where all{request.permission != 'FILE_SYSTEM_DELETE', request.permission != 'MOUNT_TARGET_DELETE', request.permission != 'EXPORT_SET_DELETE', request.permission != 'FILE_SYSTEM_DELETE_SNAPSHOT', request.permission != 'FILE_SYSTEM_NFSv3_UNEXPORT'}",
              "allow group prod-admin-group to manage repos in compartment prodUPDATE-cmp",
              "allow group prod-admin-group to manage orm-stacks in compartment prodUPDATE-cmp",
              "allow group prod-admin-group to manage orm-jobs in compartment prodUPDATE-cmp",
              "allow group prod-admin-group to manage orm-config-source-providers in compartment prodUPDATE-cmp",
              "allow group prod-admin-group to read audit-events in compartment prodUPDATE-cmp",
              "allow group prod-admin-group to read work-requests in compartment prodUPDATE-cmp",
              "allow group prod-admin-group to manage bastion-session in compartment prodUPDATE-cmp",
              "allow group prod-admin-group to manage cloudevents-rules in compartment prodUPDATE-cmp",
              "allow group prod-admin-group to read instance-agent-plugins in compartment prodUPDATE-cmp",
              "allow group prod-admin-group to read virtual-network-family in compartment LZdemo-network-cmp",
              "allow group prod-admin-group to use subnets in compartment LZdemo-network-cmp",
              "allow group prod-admin-group to use network-security-groups in compartment LZdemo-network-cmp",
              "allow group prod-admin-group to use vnics in compartment LZdemo-network-cmp",
              "allow group prod-admin-group to use load-balancers in compartment LZdemo-network-cmp",
              "allow group prod-admin-group to read app-catalog-listing in compartment LandingZoneComp",
              "allow group prod-admin-group to read instance-images in compartment LandingZoneComp",
              "allow group prod-admin-group to read repos in compartment LandingZoneComp"
            ],
            "time_created": "2024-05-09 09:18:03.282 +0000 UTC",
            "timeouts": null,
            "version_date": null
          },
          "sensitive_attributes": [],
          "private": "eyJlMmJmYjczMC1lY2FhLTExZTYtOGY4OC0zNDM2M2JjN2M0YzAiOnsiY3JlYXRlIjoxMjAwMDAwMDAwMDAwLCJkZWxldGUiOjEyMDAwMDAwMDAwMDAsInVwZGF0ZSI6MTIwMDAwMDAwMDAwMH19",
          "dependencies": [
            "data.oci_identity_compartment.existing_enclosing_compartment",
            "data.oci_identity_group.existing_announcement_reader_group",
            "data.oci_identity_group.existing_appdev_admin_group",
            "data.oci_identity_group.existing_auditor_group",
            "data.oci_identity_group.existing_cost_admin_group",
            "data.oci_identity_group.existing_cred_admin_group",
            "data.oci_identity_group.existing_devops_admin_group",
            "data.oci_identity_group.existing_exainfra_admin_group",
            "data.oci_identity_group.existing_iam_admin_group",
            "data.oci_identity_group.existing_network_admin_group",
            "data.oci_identity_group.existing_nprod_group",
            "data.oci_identity_group.existing_prod_group",
            "data.oci_identity_group.existing_storage_admin_group",
            "data.oci_identity_groups.existing_announcement_reader_group",
            "data.oci_identity_groups.existing_appdev_admin_group",
            "data.oci_identity_groups.existing_auditor_group",
            "data.oci_identity_groups.existing_cost_admin_group",
            "data.oci_identity_groups.existing_cred_admin_group",
            "data.oci_identity_groups.existing_devops_admin_group",
            "data.oci_identity_groups.existing_exainfra_admin_group",
            "data.oci_identity_groups.existing_iam_admin_group",
            "data.oci_identity_groups.existing_network_admin_group",
            "data.oci_identity_groups.existing_nprod_group",
            "data.oci_identity_groups.existing_prod_group",
            "data.oci_identity_groups.existing_storage_admin_group",
            "data.oci_identity_regions.these",
            "data.oci_identity_tenancy.this",
            "module.lz_compartments.oci_identity_compartment.these",
            "module.lz_dynamic_groups.oci_identity_dynamic_group.these",
            "module.lz_groups.data.oci_identity_users.these",
            "module.lz_groups.oci_identity_group.these",
            "module.lz_groups.oci_identity_user_group_membership.these",
            "module.lz_top_compartment.oci_identity_compartment.these"
          ]
        }
      ]
    },
    {
      "module": "module.lz_root_policies",
      "mode": "managed",
      "type": "oci_identity_policy",
      "name": "these",
      "provider": "provider[\"registry.terraform.io/oracle/oci\"].home",
      "instances": [
        {
          "index_key": "LZdemo-announcement-reader-policy",
          "schema_version": 0,
          "attributes": {
            "ETag": "727358c4aae7947a4fcf778c6031b01729d58ed9",
            "compartment_id": "ocid1.tenancy.oc1..aaaaaaaaybaroxvhi6u2kygooe3qswfhxfc6q7jo3gyh26r27pl7lfwriq2a",
            "defined_tags": {
              "Oracle-Tags.CreatedBy": "default/mohamed.youssef.fersi@looyas.com",
              "Oracle-Tags.CreatedOn": "2024-05-09T09:18:02.636Z"
            },
            "description": "Landing Zone LZdemo-announcement-reader-group's root compartment policy.",
            "freeform_tags": {
              "cis-landing-zone": "LZdemo-quickstart"
            },
            "id": "ocid1.policy.oc1..aaaaaaaaht554avtrkezm5bxeolr66na2vitne45dqqvdoxkma62uo2h7tya",
            "inactive_state": null,
            "lastUpdateETag": "727358c4aae7947a4fcf778c6031b01729d58ed9",
            "name": "LZdemo-announcement-reader-policy",
            "policyHash": "4fa36f928edf27df02b07bb37338afa4",
            "state": "ACTIVE",
            "statements": [
              "allow group LZdemo-announcement-reader-group to read announcements in tenancy",
              "allow group LZdemo-announcement-reader-group to use cloud-shell in tenancy"
            ],
            "time_created": "2024-05-09 09:18:02.644 +0000 UTC",
            "timeouts": null,
            "version_date": null
          },
          "sensitive_attributes": [],
          "private": "eyJlMmJmYjczMC1lY2FhLTExZTYtOGY4OC0zNDM2M2JjN2M0YzAiOnsiY3JlYXRlIjoxMjAwMDAwMDAwMDAwLCJkZWxldGUiOjEyMDAwMDAwMDAwMDAsInVwZGF0ZSI6MTIwMDAwMDAwMDAwMH19",
          "dependencies": [
            "data.oci_identity_compartment.existing_enclosing_compartment",
            "data.oci_identity_group.existing_announcement_reader_group",
            "data.oci_identity_group.existing_appdev_admin_group",
            "data.oci_identity_group.existing_auditor_group",
            "data.oci_identity_group.existing_cost_admin_group",
            "data.oci_identity_group.existing_cred_admin_group",
            "data.oci_identity_group.existing_devops_admin_group",
            "data.oci_identity_group.existing_exainfra_admin_group",
            "data.oci_identity_group.existing_iam_admin_group",
            "data.oci_identity_group.existing_network_admin_group",
            "data.oci_identity_group.existing_nprod_group",
            "data.oci_identity_group.existing_prod_group",
            "data.oci_identity_group.existing_storage_admin_group",
            "data.oci_identity_groups.existing_announcement_reader_group",
            "data.oci_identity_groups.existing_appdev_admin_group",
            "data.oci_identity_groups.existing_auditor_group",
            "data.oci_identity_groups.existing_cost_admin_group",
            "data.oci_identity_groups.existing_cred_admin_group",
            "data.oci_identity_groups.existing_devops_admin_group",
            "data.oci_identity_groups.existing_exainfra_admin_group",
            "data.oci_identity_groups.existing_iam_admin_group",
            "data.oci_identity_groups.existing_network_admin_group",
            "data.oci_identity_groups.existing_nprod_group",
            "data.oci_identity_groups.existing_prod_group",
            "data.oci_identity_groups.existing_storage_admin_group",
            "data.oci_identity_regions.these",
            "data.oci_identity_tenancy.this",
            "module.lz_compartments.oci_identity_compartment.these",
            "module.lz_groups.data.oci_identity_users.these",
            "module.lz_groups.oci_identity_group.these",
            "module.lz_groups.oci_identity_user_group_membership.these",
            "module.lz_top_compartment.oci_identity_compartment.these"
          ]
        },
        {
          "index_key": "LZdemo-auditor-policy",
          "schema_version": 0,
          "attributes": {
            "ETag": "2597d1ed33c8e5fd01bef03f0d021699e2771e54",
            "compartment_id": "ocid1.tenancy.oc1..aaaaaaaaybaroxvhi6u2kygooe3qswfhxfc6q7jo3gyh26r27pl7lfwriq2a",
            "defined_tags": {
              "Oracle-Tags.CreatedBy": "default/mohamed.youssef.fersi@looyas.com",
              "Oracle-Tags.CreatedOn": "2024-05-09T09:18:02.907Z"
            },
            "description": "Landing Zone LZdemo-auditor-group's root compartment policy.",
            "freeform_tags": {
              "cis-landing-zone": "LZdemo-quickstart"
            },
            "id": "ocid1.policy.oc1..aaaaaaaaflu42dvoaiwkicu2quokgbrn2hmhabeep3brkb67j3gbxfw2sg3q",
            "inactive_state": null,
            "lastUpdateETag": "2597d1ed33c8e5fd01bef03f0d021699e2771e54",
            "name": "LZdemo-auditor-policy",
            "policyHash": "b086feea913ab40bd14dc9c40a0f30ff",
            "state": "ACTIVE",
            "statements": [
              "allow group LZdemo-auditor-group to inspect all-resources in tenancy",
              "allow group LZdemo-auditor-group to read instances in tenancy",
              "allow group LZdemo-auditor-group to read load-balancers in tenancy",
              "allow group LZdemo-auditor-group to read buckets in tenancy",
              "allow group LZdemo-auditor-group to read nat-gateways in tenancy",
              "allow group LZdemo-auditor-group to read public-ips in tenancy",
              "allow group LZdemo-auditor-group to read file-family in tenancy",
              "allow group LZdemo-auditor-group to read instance-configurations in tenancy",
              "allow group LZdemo-auditor-group to read network-security-groups in tenancy",
              "allow group LZdemo-auditor-group to read resource-availability in tenancy",
              "allow group LZdemo-auditor-group to read audit-events in tenancy",
              "allow group LZdemo-auditor-group to read users in tenancy",
              "allow group LZdemo-auditor-group to use cloud-shell in tenancy",
              "allow group LZdemo-auditor-group to read vss-family in tenancy",
              "allow group LZdemo-auditor-group to read usage-budgets in tenancy",
              "allow group LZdemo-auditor-group to read usage-reports in tenancy",
              "allow group LZdemo-auditor-group to read data-safe-family in tenancy"
            ],
            "time_created": "2024-05-09 09:18:03.074 +0000 UTC",
            "timeouts": null,
            "version_date": null
          },
          "sensitive_attributes": [],
          "private": "eyJlMmJmYjczMC1lY2FhLTExZTYtOGY4OC0zNDM2M2JjN2M0YzAiOnsiY3JlYXRlIjoxMjAwMDAwMDAwMDAwLCJkZWxldGUiOjEyMDAwMDAwMDAwMDAsInVwZGF0ZSI6MTIwMDAwMDAwMDAwMH19",
          "dependencies": [
            "data.oci_identity_compartment.existing_enclosing_compartment",
            "data.oci_identity_group.existing_announcement_reader_group",
            "data.oci_identity_group.existing_appdev_admin_group",
            "data.oci_identity_group.existing_auditor_group",
            "data.oci_identity_group.existing_cost_admin_group",
            "data.oci_identity_group.existing_cred_admin_group",
            "data.oci_identity_group.existing_devops_admin_group",
            "data.oci_identity_group.existing_exainfra_admin_group",
            "data.oci_identity_group.existing_iam_admin_group",
            "data.oci_identity_group.existing_network_admin_group",
            "data.oci_identity_group.existing_nprod_group",
            "data.oci_identity_group.existing_prod_group",
            "data.oci_identity_group.existing_storage_admin_group",
            "data.oci_identity_groups.existing_announcement_reader_group",
            "data.oci_identity_groups.existing_appdev_admin_group",
            "data.oci_identity_groups.existing_auditor_group",
            "data.oci_identity_groups.existing_cost_admin_group",
            "data.oci_identity_groups.existing_cred_admin_group",
            "data.oci_identity_groups.existing_devops_admin_group",
            "data.oci_identity_groups.existing_exainfra_admin_group",
            "data.oci_identity_groups.existing_iam_admin_group",
            "data.oci_identity_groups.existing_network_admin_group",
            "data.oci_identity_groups.existing_nprod_group",
            "data.oci_identity_groups.existing_prod_group",
            "data.oci_identity_groups.existing_storage_admin_group",
            "data.oci_identity_regions.these",
            "data.oci_identity_tenancy.this",
            "module.lz_compartments.oci_identity_compartment.these",
            "module.lz_groups.data.oci_identity_users.these",
            "module.lz_groups.oci_identity_group.these",
            "module.lz_groups.oci_identity_user_group_membership.these",
            "module.lz_top_compartment.oci_identity_compartment.these"
          ]
        },
        {
          "index_key": "LZdemo-cost-admin-root-policy",
          "schema_version": 0,
          "attributes": {
            "ETag": "09132ca25d28d5f3028fd921145dcb7f655b0edf",
            "compartment_id": "ocid1.tenancy.oc1..aaaaaaaaybaroxvhi6u2kygooe3qswfhxfc6q7jo3gyh26r27pl7lfwriq2a",
            "defined_tags": {
              "Oracle-Tags.CreatedBy": "default/mohamed.youssef.fersi@looyas.com",
              "Oracle-Tags.CreatedOn": "2024-05-09T09:18:02.923Z"
            },
            "description": "Landing Zone LZdemo-cost-admin-group's root compartment policy.",
            "freeform_tags": {
              "cis-landing-zone": "LZdemo-quickstart"
            },
            "id": "ocid1.policy.oc1..aaaaaaaa3ezceyr26czvtqv66xdnoxai3gfj5plxtedsgro5iv3uxel3hqgq",
            "inactive_state": null,
            "lastUpdateETag": "09132ca25d28d5f3028fd921145dcb7f655b0edf",
            "name": "LZdemo-cost-admin-root-policy",
            "policyHash": "90a36d9b779770fee1f2907d10173cb4",
            "state": "ACTIVE",
            "statements": [
              "define tenancy usage-report as ocid1.tenancy.oc1..aaaaaaaaned4fkpkisbwjlr56u7cj63lf3wffbilvqknstgtvzub7vhqkggq",
              "allow group LZdemo-cost-admin-group to manage usage-report in tenancy",
              "allow group LZdemo-cost-admin-group to manage usage-budgets in tenancy",
              "endorse group LZdemo-cost-admin-group to read objects in tenancy usage-report"
            ],
            "time_created": "2024-05-09 09:18:02.939 +0000 UTC",
            "timeouts": null,
            "version_date": null
          },
          "sensitive_attributes": [],
          "private": "eyJlMmJmYjczMC1lY2FhLTExZTYtOGY4OC0zNDM2M2JjN2M0YzAiOnsiY3JlYXRlIjoxMjAwMDAwMDAwMDAwLCJkZWxldGUiOjEyMDAwMDAwMDAwMDAsInVwZGF0ZSI6MTIwMDAwMDAwMDAwMH19",
          "dependencies": [
            "data.oci_identity_compartment.existing_enclosing_compartment",
            "data.oci_identity_group.existing_announcement_reader_group",
            "data.oci_identity_group.existing_appdev_admin_group",
            "data.oci_identity_group.existing_auditor_group",
            "data.oci_identity_group.existing_cost_admin_group",
            "data.oci_identity_group.existing_cred_admin_group",
            "data.oci_identity_group.existing_devops_admin_group",
            "data.oci_identity_group.existing_exainfra_admin_group",
            "data.oci_identity_group.existing_iam_admin_group",
            "data.oci_identity_group.existing_network_admin_group",
            "data.oci_identity_group.existing_nprod_group",
            "data.oci_identity_group.existing_prod_group",
            "data.oci_identity_group.existing_storage_admin_group",
            "data.oci_identity_groups.existing_announcement_reader_group",
            "data.oci_identity_groups.existing_appdev_admin_group",
            "data.oci_identity_groups.existing_auditor_group",
            "data.oci_identity_groups.existing_cost_admin_group",
            "data.oci_identity_groups.existing_cred_admin_group",
            "data.oci_identity_groups.existing_devops_admin_group",
            "data.oci_identity_groups.existing_exainfra_admin_group",
            "data.oci_identity_groups.existing_iam_admin_group",
            "data.oci_identity_groups.existing_network_admin_group",
            "data.oci_identity_groups.existing_nprod_group",
            "data.oci_identity_groups.existing_prod_group",
            "data.oci_identity_groups.existing_storage_admin_group",
            "data.oci_identity_regions.these",
            "data.oci_identity_tenancy.this",
            "module.lz_compartments.oci_identity_compartment.these",
            "module.lz_groups.data.oci_identity_users.these",
            "module.lz_groups.oci_identity_group.these",
            "module.lz_groups.oci_identity_user_group_membership.these",
            "module.lz_top_compartment.oci_identity_compartment.these"
          ]
        },
        {
          "index_key": "LZdemo-credential-admin-policy",
          "schema_version": 0,
          "attributes": {
            "ETag": "06bcc41ac69c479b9ae51c535d9ac36c59ac1390",
            "compartment_id": "ocid1.tenancy.oc1..aaaaaaaaybaroxvhi6u2kygooe3qswfhxfc6q7jo3gyh26r27pl7lfwriq2a",
            "defined_tags": {
              "Oracle-Tags.CreatedBy": "default/mohamed.youssef.fersi@looyas.com",
              "Oracle-Tags.CreatedOn": "2024-05-09T09:18:02.626Z"
            },
            "description": "Landing Zone LZdemo-cred-admin-group's root compartment policy.",
            "freeform_tags": {
              "cis-landing-zone": "LZdemo-quickstart"
            },
            "id": "ocid1.policy.oc1..aaaaaaaa7tbwcstetsda3mamnrg74v5y43suhu7svkrcwdcu2v65f6cib7qa",
            "inactive_state": null,
            "lastUpdateETag": "06bcc41ac69c479b9ae51c535d9ac36c59ac1390",
            "name": "LZdemo-credential-admin-policy",
            "policyHash": "ef2b9dad024c3d81ec363d0ae3b1a808",
            "state": "ACTIVE",
            "statements": [
              "allow group LZdemo-cred-admin-group to inspect users in tenancy",
              "allow group LZdemo-cred-admin-group to inspect groups in tenancy",
              "allow group LZdemo-cred-admin-group to manage users in tenancy  where any {request.operation = 'ListApiKeys',request.operation = 'ListAuthTokens',request.operation = 'ListCustomerSecretKeys',request.operation = 'UploadApiKey',request.operation = 'DeleteApiKey',request.operation = 'UpdateAuthToken',request.operation = 'CreateAuthToken',request.operation = 'DeleteAuthToken',request.operation = 'CreateSecretKey',request.operation = 'UpdateCustomerSecretKey',request.operation = 'DeleteCustomerSecretKey',request.operation = 'UpdateUserCapabilities'}",
              "allow group LZdemo-cred-admin-group to use cloud-shell in tenancy"
            ],
            "time_created": "2024-05-09 09:18:02.702 +0000 UTC",
            "timeouts": null,
            "version_date": null
          },
          "sensitive_attributes": [],
          "private": "eyJlMmJmYjczMC1lY2FhLTExZTYtOGY4OC0zNDM2M2JjN2M0YzAiOnsiY3JlYXRlIjoxMjAwMDAwMDAwMDAwLCJkZWxldGUiOjEyMDAwMDAwMDAwMDAsInVwZGF0ZSI6MTIwMDAwMDAwMDAwMH19",
          "dependencies": [
            "data.oci_identity_compartment.existing_enclosing_compartment",
            "data.oci_identity_group.existing_announcement_reader_group",
            "data.oci_identity_group.existing_appdev_admin_group",
            "data.oci_identity_group.existing_auditor_group",
            "data.oci_identity_group.existing_cost_admin_group",
            "data.oci_identity_group.existing_cred_admin_group",
            "data.oci_identity_group.existing_devops_admin_group",
            "data.oci_identity_group.existing_exainfra_admin_group",
            "data.oci_identity_group.existing_iam_admin_group",
            "data.oci_identity_group.existing_network_admin_group",
            "data.oci_identity_group.existing_nprod_group",
            "data.oci_identity_group.existing_prod_group",
            "data.oci_identity_group.existing_storage_admin_group",
            "data.oci_identity_groups.existing_announcement_reader_group",
            "data.oci_identity_groups.existing_appdev_admin_group",
            "data.oci_identity_groups.existing_auditor_group",
            "data.oci_identity_groups.existing_cost_admin_group",
            "data.oci_identity_groups.existing_cred_admin_group",
            "data.oci_identity_groups.existing_devops_admin_group",
            "data.oci_identity_groups.existing_exainfra_admin_group",
            "data.oci_identity_groups.existing_iam_admin_group",
            "data.oci_identity_groups.existing_network_admin_group",
            "data.oci_identity_groups.existing_nprod_group",
            "data.oci_identity_groups.existing_prod_group",
            "data.oci_identity_groups.existing_storage_admin_group",
            "data.oci_identity_regions.these",
            "data.oci_identity_tenancy.this",
            "module.lz_compartments.oci_identity_compartment.these",
            "module.lz_groups.data.oci_identity_users.these",
            "module.lz_groups.oci_identity_group.these",
            "module.lz_groups.oci_identity_user_group_membership.these",
            "module.lz_top_compartment.oci_identity_compartment.these"
          ]
        },
        {
          "index_key": "LZdemo-iam-admin-root-policy",
          "schema_version": 0,
          "attributes": {
            "ETag": "3106ae5865d13e7325c77eb416e621f6d8dd6b4a",
            "compartment_id": "ocid1.tenancy.oc1..aaaaaaaaybaroxvhi6u2kygooe3qswfhxfc6q7jo3gyh26r27pl7lfwriq2a",
            "defined_tags": {
              "Oracle-Tags.CreatedBy": "default/mohamed.youssef.fersi@looyas.com",
              "Oracle-Tags.CreatedOn": "2024-05-09T09:18:02.820Z"
            },
            "description": "Landing Zone LZdemo-iam-admin-group's root compartment policy.",
            "freeform_tags": {
              "cis-landing-zone": "LZdemo-quickstart"
            },
            "id": "ocid1.policy.oc1..aaaaaaaa4ve5d43octrabx4kyfj3tuh7zsvwzubkdgpqnddy2eewa3kq5hla",
            "inactive_state": null,
            "lastUpdateETag": "3106ae5865d13e7325c77eb416e621f6d8dd6b4a",
            "name": "LZdemo-iam-admin-root-policy",
            "policyHash": "d4ede84c8ceca49b49722180bb9a94e8",
            "state": "ACTIVE",
            "statements": [
              "allow group LZdemo-iam-admin-group to inspect users in tenancy",
              "allow group LZdemo-iam-admin-group to inspect groups in tenancy",
              "allow group LZdemo-iam-admin-group to read policies in tenancy",
              "allow group LZdemo-iam-admin-group to manage groups in tenancy where all {target.group.name != 'Administrators', target.group.name != 'LZdemo-cred-admin-group'}",
              "allow group LZdemo-iam-admin-group to inspect identity-providers in tenancy",
              "allow group LZdemo-iam-admin-group to manage identity-providers in tenancy where any {request.operation = 'AddIdpGroupMapping', request.operation = 'DeleteIdpGroupMapping'}",
              "allow group LZdemo-iam-admin-group to manage dynamic-groups in tenancy",
              "allow group LZdemo-iam-admin-group to manage authentication-policies in tenancy",
              "allow group LZdemo-iam-admin-group to manage network-sources in tenancy",
              "allow group LZdemo-iam-admin-group to manage quota in tenancy",
              "allow group LZdemo-iam-admin-group to read audit-events in tenancy",
              "allow group LZdemo-iam-admin-group to use cloud-shell in tenancy",
              "allow group LZdemo-iam-admin-group to manage tag-defaults in tenancy",
              "allow group LZdemo-iam-admin-group to manage tag-namespaces in tenancy",
              "allow group LZdemo-iam-admin-group to manage orm-stacks in tenancy",
              "allow group LZdemo-iam-admin-group to manage orm-jobs in tenancy",
              "allow group LZdemo-iam-admin-group to manage orm-config-source-providers in tenancy"
            ],
            "time_created": "2024-05-09 09:18:02.834 +0000 UTC",
            "timeouts": null,
            "version_date": null
          },
          "sensitive_attributes": [],
          "private": "eyJlMmJmYjczMC1lY2FhLTExZTYtOGY4OC0zNDM2M2JjN2M0YzAiOnsiY3JlYXRlIjoxMjAwMDAwMDAwMDAwLCJkZWxldGUiOjEyMDAwMDAwMDAwMDAsInVwZGF0ZSI6MTIwMDAwMDAwMDAwMH19",
          "dependencies": [
            "data.oci_identity_compartment.existing_enclosing_compartment",
            "data.oci_identity_group.existing_announcement_reader_group",
            "data.oci_identity_group.existing_appdev_admin_group",
            "data.oci_identity_group.existing_auditor_group",
            "data.oci_identity_group.existing_cost_admin_group",
            "data.oci_identity_group.existing_cred_admin_group",
            "data.oci_identity_group.existing_devops_admin_group",
            "data.oci_identity_group.existing_exainfra_admin_group",
            "data.oci_identity_group.existing_iam_admin_group",
            "data.oci_identity_group.existing_network_admin_group",
            "data.oci_identity_group.existing_nprod_group",
            "data.oci_identity_group.existing_prod_group",
            "data.oci_identity_group.existing_storage_admin_group",
            "data.oci_identity_groups.existing_announcement_reader_group",
            "data.oci_identity_groups.existing_appdev_admin_group",
            "data.oci_identity_groups.existing_auditor_group",
            "data.oci_identity_groups.existing_cost_admin_group",
            "data.oci_identity_groups.existing_cred_admin_group",
            "data.oci_identity_groups.existing_devops_admin_group",
            "data.oci_identity_groups.existing_exainfra_admin_group",
            "data.oci_identity_groups.existing_iam_admin_group",
            "data.oci_identity_groups.existing_network_admin_group",
            "data.oci_identity_groups.existing_nprod_group",
            "data.oci_identity_groups.existing_prod_group",
            "data.oci_identity_groups.existing_storage_admin_group",
            "data.oci_identity_regions.these",
            "data.oci_identity_tenancy.this",
            "module.lz_compartments.oci_identity_compartment.these",
            "module.lz_groups.data.oci_identity_users.these",
            "module.lz_groups.oci_identity_group.these",
            "module.lz_groups.oci_identity_user_group_membership.these",
            "module.lz_top_compartment.oci_identity_compartment.these"
          ]
        },
        {
          "index_key": "LZdemo-network-admin-root-policy",
          "schema_version": 0,
          "attributes": {
            "ETag": "ec4757b235feba4e3720381d682532590085e661",
            "compartment_id": "ocid1.tenancy.oc1..aaaaaaaaybaroxvhi6u2kygooe3qswfhxfc6q7jo3gyh26r27pl7lfwriq2a",
            "defined_tags": {
              "Oracle-Tags.CreatedBy": "default/mohamed.youssef.fersi@looyas.com",
              "Oracle-Tags.CreatedOn": "2024-05-09T09:18:02.863Z"
            },
            "description": "Landing Zone LZdemo-network-admin-group's root compartment policy.",
            "freeform_tags": {
              "cis-landing-zone": "LZdemo-quickstart"
            },
            "id": "ocid1.policy.oc1..aaaaaaaaznlxvkrwrectrghmr6kxpxyjwn3laqgqyxthzmtvdwmit325nlca",
            "inactive_state": null,
            "lastUpdateETag": "ec4757b235feba4e3720381d682532590085e661",
            "name": "LZdemo-network-admin-root-policy",
            "policyHash": "90802713ebfa85bfce39a55192a42a53",
            "state": "ACTIVE",
            "statements": [
              "allow group LZdemo-network-admin-group to use cloud-shell in tenancy",
              "allow group LZdemo-network-admin-group to read usage-budgets in tenancy",
              "allow group LZdemo-network-admin-group to read usage-reports in tenancy"
            ],
            "time_created": "2024-05-09 09:18:02.885 +0000 UTC",
            "timeouts": null,
            "version_date": null
          },
          "sensitive_attributes": [],
          "private": "eyJlMmJmYjczMC1lY2FhLTExZTYtOGY4OC0zNDM2M2JjN2M0YzAiOnsiY3JlYXRlIjoxMjAwMDAwMDAwMDAwLCJkZWxldGUiOjEyMDAwMDAwMDAwMDAsInVwZGF0ZSI6MTIwMDAwMDAwMDAwMH19",
          "dependencies": [
            "data.oci_identity_compartment.existing_enclosing_compartment",
            "data.oci_identity_group.existing_announcement_reader_group",
            "data.oci_identity_group.existing_appdev_admin_group",
            "data.oci_identity_group.existing_auditor_group",
            "data.oci_identity_group.existing_cost_admin_group",
            "data.oci_identity_group.existing_cred_admin_group",
            "data.oci_identity_group.existing_devops_admin_group",
            "data.oci_identity_group.existing_exainfra_admin_group",
            "data.oci_identity_group.existing_iam_admin_group",
            "data.oci_identity_group.existing_network_admin_group",
            "data.oci_identity_group.existing_nprod_group",
            "data.oci_identity_group.existing_prod_group",
            "data.oci_identity_group.existing_storage_admin_group",
            "data.oci_identity_groups.existing_announcement_reader_group",
            "data.oci_identity_groups.existing_appdev_admin_group",
            "data.oci_identity_groups.existing_auditor_group",
            "data.oci_identity_groups.existing_cost_admin_group",
            "data.oci_identity_groups.existing_cred_admin_group",
            "data.oci_identity_groups.existing_devops_admin_group",
            "data.oci_identity_groups.existing_exainfra_admin_group",
            "data.oci_identity_groups.existing_iam_admin_group",
            "data.oci_identity_groups.existing_network_admin_group",
            "data.oci_identity_groups.existing_nprod_group",
            "data.oci_identity_groups.existing_prod_group",
            "data.oci_identity_groups.existing_storage_admin_group",
            "data.oci_identity_regions.these",
            "data.oci_identity_tenancy.this",
            "module.lz_compartments.oci_identity_compartment.these",
            "module.lz_groups.data.oci_identity_users.these",
            "module.lz_groups.oci_identity_group.these",
            "module.lz_groups.oci_identity_user_group_membership.these",
            "module.lz_top_compartment.oci_identity_compartment.these"
          ]
        }
      ]
    },
    {
      "module": "module.lz_services_policy",
      "mode": "managed",
      "type": "oci_identity_policy",
      "name": "these",
      "provider": "provider[\"registry.terraform.io/oracle/oci\"].home",
      "instances": [
        {
          "index_key": "LZdemo-services-policy",
          "schema_version": 0,
          "attributes": {
            "ETag": "2ff2a59e2fec7ef69fa3be088ec1388726f3586b",
            "compartment_id": "ocid1.tenancy.oc1..aaaaaaaaybaroxvhi6u2kygooe3qswfhxfc6q7jo3gyh26r27pl7lfwriq2a",
            "defined_tags": {
              "Oracle-Tags.CreatedBy": "default/mohamed.youssef.fersi@looyas.com",
              "Oracle-Tags.CreatedOn": "2024-05-09T09:18:02.847Z"
            },
            "description": "Landing Zone policy for OCI services: Cloud Guard, Vulnerability Scanning and OS Management.",
            "freeform_tags": {
              "cis-landing-zone": "LZdemo-quickstart"
            },
            "id": "ocid1.policy.oc1..aaaaaaaau4meef7vuldzusemwqy5tvhzjytryu643ff53d3qe5yjjzlhfuia",
            "inactive_state": null,
            "lastUpdateETag": "2ff2a59e2fec7ef69fa3be088ec1388726f3586b",
            "name": "LZdemo-services-policy",
            "policyHash": "4cfcd3fa4653f811d5ef41c22f61eaf6",
            "state": "ACTIVE",
            "statements": [
              "Allow service cloudguard to read all-resources in tenancy",
              "Allow service cloudguard to use network-security-groups in tenancy",
              "Allow service osms to read instances in tenancy"
            ],
            "time_created": "2024-05-09 09:18:03.123 +0000 UTC",
            "timeouts": null,
            "version_date": null
          },
          "sensitive_attributes": [],
          "private": "eyJlMmJmYjczMC1lY2FhLTExZTYtOGY4OC0zNDM2M2JjN2M0YzAiOnsiY3JlYXRlIjoxMjAwMDAwMDAwMDAwLCJkZWxldGUiOjEyMDAwMDAwMDAwMDAsInVwZGF0ZSI6MTIwMDAwMDAwMDAwMH19",
          "dependencies": [
            "data.oci_identity_compartment.existing_enclosing_compartment",
            "data.oci_identity_regions.these",
            "data.oci_identity_tenancy.this",
            "module.lz_compartments.oci_identity_compartment.these",
            "module.lz_dynamic_groups.oci_identity_dynamic_group.these",
            "module.lz_top_compartment.oci_identity_compartment.these"
          ]
        }
      ]
    }
  ],
  "check_results": []
}